{
  "version": 4,
  "terraform_version": "1.12.1",
  "serial": 65,
  "lineage": "54e33fc7-f24d-001c-e6cf-fe44a18323a7",
  "outputs": {},
  "resources": [
    {
      "module": "module.rocev2_qos",
      "mode": "managed",
      "type": "aci_rest_managed",
      "name": "qos_class_congestion",
      "provider": "module.rocev2_qos.provider[\"registry.terraform.io/ciscodevnet/aci\"]",
      "instances": [
        {
          "schema_version": 0,
          "attributes": {
            "annotation": "orchestrator:terraform",
            "child": [],
            "class_name": "qosCong",
            "content": {
              "algo": "wred",
              "ecn": "enabled",
              "wredMaxThreshold": "60",
              "wredMinThreshold": "40",
              "wredProbability": "0"
            },
            "dn": "uni/infra/qosinst-default/class-level2/cong",
            "escape_html": true,
            "id": "uni/infra/qosinst-default/class-level2/cong"
          },
          "sensitive_attributes": [],
          "identity_schema_version": 0,
          "dependencies": [
            "module.rocev2_qos.aci_rest_managed.qos_class_level2"
          ]
        }
      ]
    },
    {
      "module": "module.rocev2_qos",
      "mode": "managed",
      "type": "aci_rest_managed",
      "name": "qos_class_level2",
      "provider": "module.rocev2_qos.provider[\"registry.terraform.io/ciscodevnet/aci\"]",
      "instances": [
        {
          "schema_version": 0,
          "attributes": {
            "annotation": "orchestrator:terraform",
            "child": [],
            "class_name": "qosClass",
            "content": {
              "admin": "enabled",
              "prio": "level2"
            },
            "dn": "uni/infra/qosinst-default/class-level2",
            "escape_html": true,
            "id": "uni/infra/qosinst-default/class-level2"
          },
          "sensitive_attributes": [],
          "identity_schema_version": 0
        }
      ]
    },
    {
      "module": "module.rocev2_qos",
      "mode": "managed",
      "type": "null_resource",
      "name": "enable_pfc_via_curl",
      "provider": "provider[\"registry.terraform.io/hashicorp/null\"]",
      "instances": [
        {
          "schema_version": 0,
          "attributes": {
            "id": "6476642415137991113",
            "triggers": null
          },
          "sensitive_attributes": [],
          "identity_schema_version": 0
        }
      ]
    },
    {
      "module": "module.rocev2_qos",
      "mode": "managed",
      "type": "null_resource",
      "name": "reset_congestion_on_destroy",
      "provider": "provider[\"registry.terraform.io/hashicorp/null\"]",
      "instances": [
        {
          "schema_version": 0,
          "attributes": {
            "id": "5923134252272387145",
            "triggers": null
          },
          "sensitive_attributes": [],
          "identity_schema_version": 0
        }
      ]
    }
  ],
  "check_results": null
}
