{
  "version": 4,
  "terraform_version": "1.12.1",
  "serial": 95,
  "lineage": "ebd959c0-fc75-e15f-0b4e-ada45aae5cd0",
  "outputs": {},
  "resources": [
    {
      "module": "module.qos_apic1_a",
      "mode": "managed",
      "type": "aci_rest_managed",
      "name": "qos_class_congestion",
      "provider": "provider[\"registry.terraform.io/ciscodevnet/aci\"].apic1-a",
      "instances": [
        {
          "schema_version": 0,
          "attributes": {
            "annotation": "orchestrator:terraform",
            "child": [],
            "class_name": "qosCong",
            "content": {
              "algo": "wred",
              "ecn": "enabled",
              "wredMaxThreshold": "60",
              "wredMinThreshold": "40",
              "wredProbability": "0"
            },
            "dn": "uni/infra/qosinst-default/class-level2/cong",
            "escape_html": true,
            "id": "uni/infra/qosinst-default/class-level2/cong"
          },
          "sensitive_attributes": [],
          "identity_schema_version": 0,
          "dependencies": [
            "module.qos_apic1_a.aci_rest_managed.qos_class_level2"
          ]
        }
      ]
    },
    {
      "module": "module.qos_apic1_a",
      "mode": "managed",
      "type": "aci_rest_managed",
      "name": "qos_class_level2",
      "provider": "provider[\"registry.terraform.io/ciscodevnet/aci\"].apic1-a",
      "instances": [
        {
          "schema_version": 0,
          "attributes": {
            "annotation": "orchestrator:terraform",
            "child": [],
            "class_name": "qosClass",
            "content": {
              "admin": "enabled",
              "prio": "level2"
            },
            "dn": "uni/infra/qosinst-default/class-level2",
            "escape_html": true,
            "id": "uni/infra/qosinst-default/class-level2"
          },
          "sensitive_attributes": [],
          "identity_schema_version": 0
        }
      ]
    },
    {
      "module": "module.qos_apic1_a",
      "mode": "managed",
      "type": "null_resource",
      "name": "enable_pfc_via_curl",
      "provider": "provider[\"registry.terraform.io/hashicorp/null\"]",
      "instances": [
        {
          "schema_version": 0,
          "attributes": {
            "id": "2537568319702343243",
            "triggers": null
          },
          "sensitive_attributes": [],
          "identity_schema_version": 0
        }
      ]
    },
    {
      "module": "module.qos_apic1_a",
      "mode": "managed",
      "type": "null_resource",
      "name": "reset_qos_apic1a",
      "provider": "provider[\"registry.terraform.io/hashicorp/null\"]",
      "instances": [
        {
          "schema_version": 0,
          "attributes": {
            "id": "3549949156115582632",
            "triggers": null
          },
          "sensitive_attributes": [],
          "identity_schema_version": 0
        }
      ]
    },
    {
      "module": "module.qos_apic1_a",
      "mode": "managed",
      "type": "null_resource",
      "name": "reset_qos_apic1b",
      "provider": "provider[\"registry.terraform.io/hashicorp/null\"]",
      "instances": [
        {
          "schema_version": 0,
          "attributes": {
            "id": "8786487756765540539",
            "triggers": null
          },
          "sensitive_attributes": [],
          "identity_schema_version": 0
        }
      ]
    },
    {
      "module": "module.qos_apic1_b",
      "mode": "managed",
      "type": "aci_rest_managed",
      "name": "qos_class_congestion",
      "provider": "provider[\"registry.terraform.io/ciscodevnet/aci\"].apic1-b",
      "instances": [
        {
          "schema_version": 0,
          "attributes": {
            "annotation": "orchestrator:terraform",
            "child": [],
            "class_name": "qosCong",
            "content": {
              "algo": "wred",
              "ecn": "enabled",
              "wredMaxThreshold": "60",
              "wredMinThreshold": "40",
              "wredProbability": "0"
            },
            "dn": "uni/infra/qosinst-default/class-level2/cong",
            "escape_html": true,
            "id": "uni/infra/qosinst-default/class-level2/cong"
          },
          "sensitive_attributes": [],
          "identity_schema_version": 0,
          "dependencies": [
            "module.qos_apic1_b.aci_rest_managed.qos_class_level2"
          ]
        }
      ]
    },
    {
      "module": "module.qos_apic1_b",
      "mode": "managed",
      "type": "aci_rest_managed",
      "name": "qos_class_level2",
      "provider": "provider[\"registry.terraform.io/ciscodevnet/aci\"].apic1-b",
      "instances": [
        {
          "schema_version": 0,
          "attributes": {
            "annotation": "orchestrator:terraform",
            "child": [],
            "class_name": "qosClass",
            "content": {
              "admin": "enabled",
              "prio": "level2"
            },
            "dn": "uni/infra/qosinst-default/class-level2",
            "escape_html": true,
            "id": "uni/infra/qosinst-default/class-level2"
          },
          "sensitive_attributes": [],
          "identity_schema_version": 0
        }
      ]
    },
    {
      "module": "module.qos_apic1_b",
      "mode": "managed",
      "type": "null_resource",
      "name": "enable_pfc_via_curl",
      "provider": "provider[\"registry.terraform.io/hashicorp/null\"]",
      "instances": [
        {
          "schema_version": 0,
          "attributes": {
            "id": "8630878296361581156",
            "triggers": null
          },
          "sensitive_attributes": [],
          "identity_schema_version": 0
        }
      ]
    },
    {
      "module": "module.qos_apic1_b",
      "mode": "managed",
      "type": "null_resource",
      "name": "reset_qos_apic1a",
      "provider": "provider[\"registry.terraform.io/hashicorp/null\"]",
      "instances": [
        {
          "schema_version": 0,
          "attributes": {
            "id": "7814209399932016623",
            "triggers": null
          },
          "sensitive_attributes": [],
          "identity_schema_version": 0
        }
      ]
    },
    {
      "module": "module.qos_apic1_b",
      "mode": "managed",
      "type": "null_resource",
      "name": "reset_qos_apic1b",
      "provider": "provider[\"registry.terraform.io/hashicorp/null\"]",
      "instances": [
        {
          "schema_version": 0,
          "attributes": {
            "id": "8625854199729834770",
            "triggers": null
          },
          "sensitive_attributes": [],
          "identity_schema_version": 0
        }
      ]
    }
  ],
  "check_results": null
}
