{
  "version": 4,
  "terraform_version": "1.12.1",
  "serial": 222,
  "lineage": "c694d71b-7508-439c-faf0-7fc07d67176a",
  "outputs": {},
  "resources": [
    {
      "mode": "managed",
      "type": "null_resource",
      "name": "reset_qos_apic1a",
      "provider": "provider[\"registry.terraform.io/hashicorp/null\"]",
      "instances": [
        {
          "schema_version": 0,
          "attributes": {
            "id": "8460751698203021266",
            "triggers": null
          },
          "sensitive_attributes": [],
          "identity_schema_version": 0
        }
      ]
    },
    {
      "mode": "managed",
      "type": "null_resource",
      "name": "reset_qos_apic1b",
      "provider": "provider[\"registry.terraform.io/hashicorp/null\"]",
      "instances": [
        {
          "schema_version": 0,
          "attributes": {
            "id": "5848305425071331115",
            "triggers": null
          },
          "sensitive_attributes": [],
          "identity_schema_version": 0
        }
      ]
    },
    {
      "module": "module.apic1_qos",
      "mode": "managed",
      "type": "terraform_data",
      "name": "validation",
      "provider": "provider[\"terraform.io/builtin/terraform\"]",
      "instances": [
        {
          "schema_version": 0,
          "attributes": {
            "id": "7735afd6-4ac1-10ec-fa79-32bfed8fa0af",
            "input": null,
            "output": null,
            "triggers_replace": null
          },
          "sensitive_attributes": [],
          "identity_schema_version": 0
        }
      ]
    },
    {
      "module": "module.apic1_qos.module.aci_mcp[0]",
      "mode": "managed",
      "type": "aci_rest_managed",
      "name": "mcpInstPol",
      "provider": "provider[\"registry.terraform.io/ciscodevnet/aci\"].apic1",
      "instances": [
        {
          "schema_version": 0,
          "attributes": {
            "annotation": "orchestrator:terraform",
            "child": [],
            "class_name": "mcpInstPol",
            "content": {
              "adminSt": "enabled",
              "ctrl": "pdu-per-vlan",
              "initDelayTime": "180",
              "key": "cisco",
              "loopDetectMult": "3",
              "loopProtectAct": "port-disable",
              "txFreq": "2",
              "txFreqMsec": "0"
            },
            "dn": "uni/infra/mcpInstP-default",
            "escape_html": false,
            "id": "uni/infra/mcpInstP-default"
          },
          "sensitive_attributes": [
            [
              {
                "type": "get_attr",
                "value": "content"
              },
              {
                "type": "index",
                "value": {
                  "value": "key",
                  "type": "string"
                }
              }
            ]
          ],
          "identity_schema_version": 0
        }
      ]
    },
    {
      "module": "module.apic1_qos.module.aci_qos[0]",
      "mode": "managed",
      "type": "aci_rest_managed",
      "name": "qosBuffer",
      "provider": "provider[\"registry.terraform.io/ciscodevnet/aci\"].apic1",
      "instances": [
        {
          "index_key": "2",
          "schema_version": 0,
          "attributes": {
            "annotation": "orchestrator:terraform",
            "child": [],
            "class_name": "qosBuffer",
            "content": {
              "min": "0"
            },
            "dn": "uni/infra/qosinst-default/class-level2/buffer",
            "escape_html": true,
            "id": "uni/infra/qosinst-default/class-level2/buffer"
          },
          "sensitive_attributes": [],
          "identity_schema_version": 0,
          "dependencies": [
            "module.apic1_qos.module.aci_qos.aci_rest_managed.qosClass"
          ]
        }
      ]
    },
    {
      "module": "module.apic1_qos.module.aci_qos[0]",
      "mode": "managed",
      "type": "aci_rest_managed",
      "name": "qosClass",
      "provider": "provider[\"registry.terraform.io/ciscodevnet/aci\"].apic1",
      "instances": [
        {
          "index_key": "2",
          "schema_version": 0,
          "attributes": {
            "annotation": "orchestrator:terraform",
            "child": [],
            "class_name": "qosClass",
            "content": {
              "admin": "enabled",
              "mtu": "9216",
              "prio": "level2"
            },
            "dn": "uni/infra/qosinst-default/class-level2",
            "escape_html": true,
            "id": "uni/infra/qosinst-default/class-level2"
          },
          "sensitive_attributes": [],
          "identity_schema_version": 0
        }
      ]
    },
    {
      "module": "module.apic1_qos.module.aci_qos[0]",
      "mode": "managed",
      "type": "aci_rest_managed",
      "name": "qosCong",
      "provider": "provider[\"registry.terraform.io/ciscodevnet/aci\"].apic1",
      "instances": [
        {
          "index_key": "2",
          "schema_version": 0,
          "attributes": {
            "annotation": "orchestrator:terraform",
            "child": [],
            "class_name": "qosCong",
            "content": {
              "afdQueueLength": "0",
              "algo": "wred",
              "ecn": "enabled",
              "forwardNonEcn": "disabled",
              "wredMaxThreshold": "60",
              "wredMinThreshold": "40",
              "wredProbability": "0",
              "wredWeight": "0"
            },
            "dn": "uni/infra/qosinst-default/class-level2/cong",
            "escape_html": true,
            "id": "uni/infra/qosinst-default/class-level2/cong"
          },
          "sensitive_attributes": [],
          "identity_schema_version": 0,
          "dependencies": [
            "module.apic1_qos.module.aci_qos.aci_rest_managed.qosClass"
          ]
        }
      ]
    },
    {
      "module": "module.apic1_qos.module.aci_qos[0]",
      "mode": "managed",
      "type": "aci_rest_managed",
      "name": "qosInstPol",
      "provider": "provider[\"registry.terraform.io/ciscodevnet/aci\"].apic1",
      "instances": [
        {
          "schema_version": 0,
          "attributes": {
            "annotation": "orchestrator:terraform",
            "child": [],
            "class_name": "qosInstPol",
            "content": {
              "ctrl": ""
            },
            "dn": "uni/infra/qosinst-default",
            "escape_html": true,
            "id": "uni/infra/qosinst-default"
          },
          "sensitive_attributes": [],
          "identity_schema_version": 0
        }
      ]
    },
    {
      "module": "module.apic1_qos.module.aci_qos[0]",
      "mode": "managed",
      "type": "aci_rest_managed",
      "name": "qosPfcPol",
      "provider": "provider[\"registry.terraform.io/ciscodevnet/aci\"].apic1",
      "instances": [
        {
          "index_key": "2",
          "schema_version": 0,
          "attributes": {
            "annotation": "orchestrator:terraform",
            "child": [],
            "class_name": "qosPfcPol",
            "content": {
              "adminSt": "yes",
              "enableScope": "fabric",
              "name": "default",
              "noDropCos": "cos3"
            },
            "dn": "uni/infra/qosinst-default/class-level2/pfcpol-default",
            "escape_html": true,
            "id": "uni/infra/qosinst-default/class-level2/pfcpol-default"
          },
          "sensitive_attributes": [],
          "identity_schema_version": 0,
          "dependencies": [
            "module.apic1_qos.module.aci_qos.aci_rest_managed.qosClass"
          ]
        }
      ]
    },
    {
      "module": "module.apic1_qos.module.aci_qos[0]",
      "mode": "managed",
      "type": "aci_rest_managed",
      "name": "qosQueue",
      "provider": "provider[\"registry.terraform.io/ciscodevnet/aci\"].apic1",
      "instances": [
        {
          "index_key": "2",
          "schema_version": 0,
          "attributes": {
            "annotation": "orchestrator:terraform",
            "child": [],
            "class_name": "qosQueue",
            "content": {
              "limit": "1522",
              "meth": "dynamic"
            },
            "dn": "uni/infra/qosinst-default/class-level2/queue",
            "escape_html": true,
            "id": "uni/infra/qosinst-default/class-level2/queue"
          },
          "sensitive_attributes": [],
          "identity_schema_version": 0,
          "dependencies": [
            "module.apic1_qos.module.aci_qos.aci_rest_managed.qosClass"
          ]
        }
      ]
    },
    {
      "module": "module.apic1_qos.module.aci_qos[0]",
      "mode": "managed",
      "type": "aci_rest_managed",
      "name": "qosSched",
      "provider": "provider[\"registry.terraform.io/ciscodevnet/aci\"].apic1",
      "instances": [
        {
          "index_key": "2",
          "schema_version": 0,
          "attributes": {
            "annotation": "orchestrator:terraform",
            "child": [],
            "class_name": "qosSched",
            "content": {
              "bw": "20",
              "meth": "wrr"
            },
            "dn": "uni/infra/qosinst-default/class-level2/sched",
            "escape_html": true,
            "id": "uni/infra/qosinst-default/class-level2/sched"
          },
          "sensitive_attributes": [],
          "identity_schema_version": 0,
          "dependencies": [
            "module.apic1_qos.module.aci_qos.aci_rest_managed.qosClass"
          ]
        }
      ]
    },
    {
      "module": "module.apic2_qos",
      "mode": "managed",
      "type": "terraform_data",
      "name": "validation",
      "provider": "provider[\"terraform.io/builtin/terraform\"]",
      "instances": [
        {
          "schema_version": 0,
          "attributes": {
            "id": "e2c2ac63-711b-bb24-2bf1-9332f4ccae9c",
            "input": null,
            "output": null,
            "triggers_replace": null
          },
          "sensitive_attributes": [],
          "identity_schema_version": 0
        }
      ]
    },
    {
      "module": "module.apic2_qos.module.aci_mcp[0]",
      "mode": "managed",
      "type": "aci_rest_managed",
      "name": "mcpInstPol",
      "provider": "provider[\"registry.terraform.io/ciscodevnet/aci\"].apic2",
      "instances": [
        {
          "schema_version": 0,
          "attributes": {
            "annotation": "orchestrator:terraform",
            "child": [],
            "class_name": "mcpInstPol",
            "content": {
              "adminSt": "enabled",
              "ctrl": "pdu-per-vlan",
              "initDelayTime": "180",
              "key": "cisco",
              "loopDetectMult": "3",
              "loopProtectAct": "port-disable",
              "txFreq": "2",
              "txFreqMsec": "0"
            },
            "dn": "uni/infra/mcpInstP-default",
            "escape_html": false,
            "id": "uni/infra/mcpInstP-default"
          },
          "sensitive_attributes": [
            [
              {
                "type": "get_attr",
                "value": "content"
              },
              {
                "type": "index",
                "value": {
                  "value": "key",
                  "type": "string"
                }
              }
            ]
          ],
          "identity_schema_version": 0
        }
      ]
    },
    {
      "module": "module.apic2_qos.module.aci_qos[0]",
      "mode": "managed",
      "type": "aci_rest_managed",
      "name": "qosBuffer",
      "provider": "provider[\"registry.terraform.io/ciscodevnet/aci\"].apic2",
      "instances": [
        {
          "index_key": "2",
          "schema_version": 0,
          "attributes": {
            "annotation": "orchestrator:terraform",
            "child": [],
            "class_name": "qosBuffer",
            "content": {
              "min": "0"
            },
            "dn": "uni/infra/qosinst-default/class-level2/buffer",
            "escape_html": true,
            "id": "uni/infra/qosinst-default/class-level2/buffer"
          },
          "sensitive_attributes": [],
          "identity_schema_version": 0,
          "dependencies": [
            "module.apic2_qos.module.aci_qos.aci_rest_managed.qosClass"
          ]
        }
      ]
    },
    {
      "module": "module.apic2_qos.module.aci_qos[0]",
      "mode": "managed",
      "type": "aci_rest_managed",
      "name": "qosClass",
      "provider": "provider[\"registry.terraform.io/ciscodevnet/aci\"].apic2",
      "instances": [
        {
          "index_key": "2",
          "schema_version": 0,
          "attributes": {
            "annotation": "orchestrator:terraform",
            "child": [],
            "class_name": "qosClass",
            "content": {
              "admin": "enabled",
              "mtu": "9216",
              "prio": "level2"
            },
            "dn": "uni/infra/qosinst-default/class-level2",
            "escape_html": true,
            "id": "uni/infra/qosinst-default/class-level2"
          },
          "sensitive_attributes": [],
          "identity_schema_version": 0
        }
      ]
    },
    {
      "module": "module.apic2_qos.module.aci_qos[0]",
      "mode": "managed",
      "type": "aci_rest_managed",
      "name": "qosCong",
      "provider": "provider[\"registry.terraform.io/ciscodevnet/aci\"].apic2",
      "instances": [
        {
          "index_key": "2",
          "schema_version": 0,
          "attributes": {
            "annotation": "orchestrator:terraform",
            "child": [],
            "class_name": "qosCong",
            "content": {
              "afdQueueLength": "0",
              "algo": "wred",
              "ecn": "enabled",
              "forwardNonEcn": "disabled",
              "wredMaxThreshold": "60",
              "wredMinThreshold": "40",
              "wredProbability": "0",
              "wredWeight": "0"
            },
            "dn": "uni/infra/qosinst-default/class-level2/cong",
            "escape_html": true,
            "id": "uni/infra/qosinst-default/class-level2/cong"
          },
          "sensitive_attributes": [],
          "identity_schema_version": 0,
          "dependencies": [
            "module.apic2_qos.module.aci_qos.aci_rest_managed.qosClass"
          ]
        }
      ]
    },
    {
      "module": "module.apic2_qos.module.aci_qos[0]",
      "mode": "managed",
      "type": "aci_rest_managed",
      "name": "qosInstPol",
      "provider": "provider[\"registry.terraform.io/ciscodevnet/aci\"].apic2",
      "instances": [
        {
          "schema_version": 0,
          "attributes": {
            "annotation": "orchestrator:terraform",
            "child": [],
            "class_name": "qosInstPol",
            "content": {
              "ctrl": ""
            },
            "dn": "uni/infra/qosinst-default",
            "escape_html": true,
            "id": "uni/infra/qosinst-default"
          },
          "sensitive_attributes": [],
          "identity_schema_version": 0
        }
      ]
    },
    {
      "module": "module.apic2_qos.module.aci_qos[0]",
      "mode": "managed",
      "type": "aci_rest_managed",
      "name": "qosPfcPol",
      "provider": "provider[\"registry.terraform.io/ciscodevnet/aci\"].apic2",
      "instances": [
        {
          "index_key": "2",
          "schema_version": 0,
          "attributes": {
            "annotation": "orchestrator:terraform",
            "child": [],
            "class_name": "qosPfcPol",
            "content": {
              "adminSt": "yes",
              "enableScope": "fabric",
              "name": "default",
              "noDropCos": "cos3"
            },
            "dn": "uni/infra/qosinst-default/class-level2/pfcpol-default",
            "escape_html": true,
            "id": "uni/infra/qosinst-default/class-level2/pfcpol-default"
          },
          "sensitive_attributes": [],
          "identity_schema_version": 0,
          "dependencies": [
            "module.apic2_qos.module.aci_qos.aci_rest_managed.qosClass"
          ]
        }
      ]
    },
    {
      "module": "module.apic2_qos.module.aci_qos[0]",
      "mode": "managed",
      "type": "aci_rest_managed",
      "name": "qosQueue",
      "provider": "provider[\"registry.terraform.io/ciscodevnet/aci\"].apic2",
      "instances": [
        {
          "index_key": "2",
          "schema_version": 0,
          "attributes": {
            "annotation": "orchestrator:terraform",
            "child": [],
            "class_name": "qosQueue",
            "content": {
              "limit": "1522",
              "meth": "dynamic"
            },
            "dn": "uni/infra/qosinst-default/class-level2/queue",
            "escape_html": true,
            "id": "uni/infra/qosinst-default/class-level2/queue"
          },
          "sensitive_attributes": [],
          "identity_schema_version": 0,
          "dependencies": [
            "module.apic2_qos.module.aci_qos.aci_rest_managed.qosClass"
          ]
        }
      ]
    },
    {
      "module": "module.apic2_qos.module.aci_qos[0]",
      "mode": "managed",
      "type": "aci_rest_managed",
      "name": "qosSched",
      "provider": "provider[\"registry.terraform.io/ciscodevnet/aci\"].apic2",
      "instances": [
        {
          "index_key": "2",
          "schema_version": 0,
          "attributes": {
            "annotation": "orchestrator:terraform",
            "child": [],
            "class_name": "qosSched",
            "content": {
              "bw": "20",
              "meth": "wrr"
            },
            "dn": "uni/infra/qosinst-default/class-level2/sched",
            "escape_html": true,
            "id": "uni/infra/qosinst-default/class-level2/sched"
          },
          "sensitive_attributes": [],
          "identity_schema_version": 0,
          "dependencies": [
            "module.apic2_qos.module.aci_qos.aci_rest_managed.qosClass"
          ]
        }
      ]
    }
  ],
  "check_results": [
    {
      "object_kind": "var",
      "config_addr": "module.apic2_qos.module.aci_fabric_span_destination_group.var.description",
      "status": "pass",
      "objects": null
    },
    {
      "object_kind": "var",
      "config_addr": "module.apic2_qos.module.aci_set_rule.var.dampening_suppress_limit",
      "status": "pass",
      "objects": null
    },
    {
      "object_kind": "var",
      "config_addr": "module.apic2_qos.module.aci_sr_mpls_external_endpoint_group.var.qos_class",
      "status": "pass",
      "objects": null
    },
    {
      "object_kind": "var",
      "config_addr": "module.apic1_qos.module.aci_vmware_vmm_domain.var.access_mode",
      "status": "pass",
      "objects": null
    },
    {
      "object_kind": "var",
      "config_addr": "module.apic1_qos.module.aci_fabric_leaf_switch_profile_manual.var.selectors",
      "status": "pass",
      "objects": null
    },
    {
      "object_kind": "var",
      "config_addr": "module.apic1_qos.module.aci_spine_interface_configuration.var.breakout",
      "status": "pass",
      "objects": null
    },
    {
      "object_kind": "var",
      "config_addr": "module.apic2_qos.module.aci_access_leaf_interface_selector_sub_auto.var.description",
      "status": "pass",
      "objects": null
    },
    {
      "object_kind": "var",
      "config_addr": "module.apic1_qos.module.aci_infra_dscp_translation_policy.var.level_2",
      "status": "pass",
      "objects": null
    },
    {
      "object_kind": "var",
      "config_addr": "module.apic2_qos.module.aci_tenant_span_source_group.var.sources",
      "status": "pass",
      "objects": null
    },
    {
      "object_kind": "var",
      "config_addr": "module.apic1_qos.module.aci_inband_node_address.var.pod_id",
      "status": "pass",
      "objects": null
    },
    {
      "object_kind": "var",
      "config_addr": "module.apic2_qos.module.aci_storm_control_policy.var.configuration_type",
      "status": "pass",
      "objects": null
    },
    {
      "object_kind": "var",
      "config_addr": "module.apic2_qos.module.aci_dhcp_option_policy.var.tenant",
      "status": "pass",
      "objects": null
    },
    {
      "object_kind": "var",
      "config_addr": "module.apic2_qos.module.aci_trust_control_policy.var.name",
      "status": "pass",
      "objects": null
    },
    {
      "object_kind": "var",
      "config_addr": "module.apic2_qos.module.aci_l3out_interface_profile_auto.var.custom_qos_policy",
      "status": "pass",
      "objects": null
    },
    {
      "object_kind": "var",
      "config_addr": "module.apic1_qos.module.aci_oob_node_address.var.endpoint_group",
      "status": "pass",
      "objects": null
    },
    {
      "object_kind": "var",
      "config_addr": "module.apic2_qos.module.aci_service_epg_policy.var.tenant",
      "status": "pass",
      "objects": null
    },
    {
      "object_kind": "var",
      "config_addr": "module.apic1_qos.module.aci_sr_mpls_l3out_interface_profile_manual.var.eigrp_interface_profile_name",
      "status": "pass",
      "objects": null
    },
    {
      "object_kind": "var",
      "config_addr": "module.apic1_qos.module.aci_service_graph_template.var.annotation",
      "status": "pass",
      "objects": null
    },
    {
      "object_kind": "var",
      "config_addr": "module.apic2_qos.module.aci_ospf_timer_policy.var.reference_bandwidth",
      "status": "pass",
      "objects": null
    },
    {
      "object_kind": "var",
      "config_addr": "module.apic1_qos.module.aci_set_rule.var.external_endpoint_group",
      "status": "pass",
      "objects": null
    },
    {
      "object_kind": "var",
      "config_addr": "module.apic1_qos.module.aci_ospf_timer_policy.var.lsa_start_interval",
      "status": "pass",
      "objects": null
    },
    {
      "object_kind": "var",
      "config_addr": "module.apic1_qos.module.aci_sr_mpls_l3out.var.route_maps",
      "status": "pass",
      "objects": null
    },
    {
      "object_kind": "var",
      "config_addr": "module.apic1_qos.module.aci_maintenance_group.var.target_version",
      "status": "pass",
      "objects": null
    },
    {
      "object_kind": "var",
      "config_addr": "module.apic1_qos.module.aci_bgp_address_family_context_policy.var.local_max_ecmp",
      "status": "pass",
      "objects": null
    },
    {
      "object_kind": "var",
      "config_addr": "module.apic1_qos.module.aci_access_leaf_interface_policy_group.var.macsec_interface_policy",
      "status": "pass",
      "objects": null
    },
    {
      "object_kind": "var",
      "config_addr": "module.apic2_qos.module.aci_subinterface_shutdown.var.port",
      "status": "pass",
      "objects": null
    },
    {
      "object_kind": "var",
      "config_addr": "module.apic1_qos.module.aci_set_rule.var.set_as_paths",
      "status": "pass",
      "objects": null
    },
    {
      "object_kind": "var",
      "config_addr": "module.apic2_qos.module.aci_redirect_policy.var.alias",
      "status": "pass",
      "objects": null
    },
    {
      "object_kind": "var",
      "config_addr": "module.apic2_qos.module.aci_ospf_interface_policy.var.tenant",
      "status": "pass",
      "objects": null
    },
    {
      "object_kind": "var",
      "config_addr": "module.apic2_qos.module.aci_igmp_snooping_policy.var.description",
      "status": "pass",
      "objects": null
    },
    {
      "object_kind": "var",
      "config_addr": "module.apic1_qos.module.aci_application_profile.var.annotation",
      "status": "pass",
      "objects": null
    },
    {
      "object_kind": "var",
      "config_addr": "module.apic1_qos.module.aci_device_selection_policy.var.consumer_custom_qos_policy",
      "status": "pass",
      "objects": null
    },
    {
      "object_kind": "var",
      "config_addr": "module.apic2_qos.module.aci_l4l7_device.var.name",
      "status": "pass",
      "objects": null
    },
    {
      "object_kind": "var",
      "config_addr": "module.apic2_qos.module.aci_l3out_interface_profile_auto.var.ospf_interface_profile_name",
      "status": "pass",
      "objects": null
    },
    {
      "object_kind": "var",
      "config_addr": "module.apic2_qos.module.aci_user.var.status",
      "status": "pass",
      "objects": null
    },
    {
      "object_kind": "var",
      "config_addr": "module.apic2_qos.module.aci_fabric_scheduler.var.recurring_windows",
      "status": "pass",
      "objects": null
    },
    {
      "object_kind": "var",
      "config_addr": "module.apic2_qos.module.aci_eigrp_interface_policy.var.tenant",
      "status": "pass",
      "objects": null
    },
    {
      "object_kind": "var",
      "config_addr": "module.apic2_qos.module.aci_maintenance_group.var.node_ids",
      "status": "pass",
      "objects": null
    },
    {
      "object_kind": "var",
      "config_addr": "module.apic2_qos.module.aci_physical_domain.var.security_domains",
      "status": "pass",
      "objects": null
    },
    {
      "object_kind": "var",
      "config_addr": "module.apic2_qos.module.aci_fex_interface_shutdown.var.port",
      "status": "pass",
      "objects": null
    },
    {
      "object_kind": "var",
      "config_addr": "module.apic1_qos.module.aci_fabric_leaf_switch_profile_manual.var.name",
      "status": "pass",
      "objects": null
    },
    {
      "object_kind": "var",
      "config_addr": "module.apic2_qos.module.aci_mpls_custom_qos_policy.var.alias",
      "status": "pass",
      "objects": null
    },
    {
      "object_kind": "var",
      "config_addr": "module.apic2_qos.module.aci_useg_endpoint_group.var.match_type",
      "status": "pass",
      "objects": null
    },
    {
      "object_kind": "var",
      "config_addr": "module.apic1_qos.module.aci_link_level_policy.var.fec_mode",
      "status": "pass",
      "objects": null
    },
    {
      "object_kind": "var",
      "config_addr": "module.apic2_qos.module.aci_netflow_monitor.var.flow_record",
      "status": "pass",
      "objects": null
    },
    {
      "object_kind": "var",
      "config_addr": "module.apic2_qos.module.aci_device_selection_policy.var.sgt_device_name",
      "status": "pass",
      "objects": null
    },
    {
      "object_kind": "var",
      "config_addr": "module.apic2_qos.module.aci_bfd_interface_policy.var.description",
      "status": "pass",
      "objects": null
    },
    {
      "object_kind": "var",
      "config_addr": "module.apic2_qos.module.aci_endpoint_security_group.var.description",
      "status": "pass",
      "objects": null
    },
    {
      "object_kind": "var",
      "config_addr": "module.apic2_qos.module.aci_l3out.var.import_route_map_contexts",
      "status": "pass",
      "objects": null
    },
    {
      "object_kind": "var",
      "config_addr": "module.apic1_qos.module.aci_ptp_profile.var.template",
      "status": "pass",
      "objects": null
    },
    {
      "object_kind": "var",
      "config_addr": "module.apic1_qos.module.aci_interface_configuration_fex.var.description",
      "status": "pass",
      "objects": null
    },
    {
      "object_kind": "var",
      "config_addr": "module.apic1_qos.module.aci_eigrp_interface_policy.var.bandwidth",
      "status": "pass",
      "objects": null
    },
    {
      "object_kind": "var",
      "config_addr": "module.apic1_qos.module.aci_ptp_profile.var.sync_interval",
      "status": "pass",
      "objects": null
    },
    {
      "object_kind": "var",
      "config_addr": "module.apic1_qos.module.aci_bridge_domain.var.tenant",
      "status": "pass",
      "objects": null
    },
    {
      "object_kind": "var",
      "config_addr": "module.apic2_qos.module.aci_vrf.var.route_summarization_policies",
      "status": "pass",
      "objects": null
    },
    {
      "object_kind": "var",
      "config_addr": "module.apic1_qos.module.aci_l3out_node_profile_manual.var.bgp_protocol_profile_name",
      "status": "pass",
      "objects": null
    },
    {
      "object_kind": "var",
      "config_addr": "module.apic1_qos.module.aci_redirect_policy.var.hashing",
      "status": "pass",
      "objects": null
    },
    {
      "object_kind": "var",
      "config_addr": "module.apic2_qos.module.aci_route_tag_policy.var.name",
      "status": "pass",
      "objects": null
    },
    {
      "object_kind": "var",
      "config_addr": "module.apic2_qos.module.aci_access_fex_interface_selector_manual.var.port_blocks",
      "status": "pass",
      "objects": null
    },
    {
      "object_kind": "var",
      "config_addr": "module.apic1_qos.module.aci_l4l7_device.var.name",
      "status": "pass",
      "objects": null
    },
    {
      "object_kind": "var",
      "config_addr": "module.apic2_qos.module.aci_sr_mpls_l3out_node_profile_manual.var.mpls_custom_qos_policy",
      "status": "pass",
      "objects": null
    },
    {
      "object_kind": "var",
      "config_addr": "module.apic2_qos.module.aci_rogue_endpoint_control.var.hold_interval",
      "status": "pass",
      "objects": null
    },
    {
      "object_kind": "var",
      "config_addr": "module.apic2_qos.module.aci_fabric_leaf_switch_profile_auto.var.selectors",
      "status": "pass",
      "objects": null
    },
    {
      "object_kind": "var",
      "config_addr": "module.apic1_qos.module.aci_mpls_custom_qos_policy.var.description",
      "status": "pass",
      "objects": null
    },
    {
      "object_kind": "var",
      "config_addr": "module.apic1_qos.module.aci_leaf_interface_configuration.var.breakout",
      "status": "pass",
      "objects": null
    },
    {
      "object_kind": "var",
      "config_addr": "module.apic1_qos.module.aci_endpoint_group.var.l4l7_virtual_ips",
      "status": "pass",
      "objects": null
    },
    {
      "object_kind": "var",
      "config_addr": "module.apic2_qos.module.aci_endpoint_group.var.description",
      "status": "pass",
      "objects": null
    },
    {
      "object_kind": "var",
      "config_addr": "module.apic2_qos.module.aci_date_time_policy.var.ntp_keys",
      "status": "pass",
      "objects": null
    },
    {
      "object_kind": "var",
      "config_addr": "module.apic1_qos.module.aci_ptp.var.sync_interval",
      "status": "pass",
      "objects": null
    },
    {
      "object_kind": "var",
      "config_addr": "module.apic1_qos.module.aci_storm_control_policy.var.multicast_burst_pps",
      "status": "pass",
      "objects": null
    },
    {
      "object_kind": "var",
      "config_addr": "module.apic1_qos.module.aci_access_spine_interface_selector_auto.var.port_blocks",
      "status": "pass",
      "objects": null
    },
    {
      "object_kind": "var",
      "config_addr": "module.apic1_qos.module.aci_device_selection_policy.var.provider_custom_qos_policy",
      "status": "pass",
      "objects": null
    },
    {
      "object_kind": "var",
      "config_addr": "module.apic1_qos.module.aci_sr_mpls_l3out_interface_profile_manual.var.bfd_policy",
      "status": "pass",
      "objects": null
    },
    {
      "object_kind": "var",
      "config_addr": "module.apic2_qos.module.aci_bfd_ipv4_policy.var.slow_timer_interval",
      "status": "pass",
      "objects": null
    },
    {
      "object_kind": "var",
      "config_addr": "module.apic2_qos.module.aci_macsec_parameters_policy.var.cipher_suite",
      "status": "pass",
      "objects": null
    },
    {
      "object_kind": "var",
      "config_addr": "module.apic1_qos.module.aci_vrf.var.leaked_internal_prefixes",
      "status": "pass",
      "objects": null
    },
    {
      "object_kind": "var",
      "config_addr": "module.apic2_qos.module.aci_redirect_policy.var.redirect_backup_policy",
      "status": "pass",
      "objects": null
    },
    {
      "object_kind": "var",
      "config_addr": "module.apic1_qos.module.aci_endpoint_security_group.var.contract_imported_consumers",
      "status": "pass",
      "objects": null
    },
    {
      "object_kind": "var",
      "config_addr": "module.apic2_qos.module.aci_access_spine_switch_policy_group.var.bfd_ipv4_policy",
      "status": "pass",
      "objects": null
    },
    {
      "object_kind": "var",
      "config_addr": "module.apic1_qos.module.aci_set_rule.var.description",
      "status": "pass",
      "objects": null
    },
    {
      "object_kind": "var",
      "config_addr": "module.apic1_qos.module.aci_login_domain.var.realm",
      "status": "pass",
      "objects": null
    },
    {
      "object_kind": "var",
      "config_addr": "module.apic1_qos.module.aci_spine_interface_configuration.var.sub_port",
      "status": "pass",
      "objects": null
    },
    {
      "object_kind": "var",
      "config_addr": "module.apic2_qos.module.aci_netflow_exporter.var.vrf",
      "status": "pass",
      "objects": null
    },
    {
      "object_kind": "var",
      "config_addr": "module.apic1_qos.module.aci_access_leaf_switch_profile_manual.var.name",
      "status": "pass",
      "objects": null
    },
    {
      "object_kind": "var",
      "config_addr": "module.apic1_qos.module.aci_device_selection_policy.var.consumer_redirect_policy",
      "status": "pass",
      "objects": null
    },
    {
      "object_kind": "var",
      "config_addr": "module.apic1_qos.module.aci_sr_mpls_l3out.var.tenant",
      "status": "pass",
      "objects": null
    },
    {
      "object_kind": "var",
      "config_addr": "module.apic1_qos.module.aci_access_span_filter_group.var.name",
      "status": "pass",
      "objects": null
    },
    {
      "object_kind": "var",
      "config_addr": "module.apic2_qos.module.aci_vmware_vmm_domain.var.vswitch_lldp_policy",
      "status": "pass",
      "objects": null
    },
    {
      "object_kind": "var",
      "config_addr": "module.apic1_qos.module.aci_netflow_monitor.var.description",
      "status": "pass",
      "objects": null
    },
    {
      "object_kind": "var",
      "config_addr": "module.apic2_qos.module.aci_access_leaf_interface_selector_sub_auto.var.sub_port_blocks",
      "status": "pass",
      "objects": null
    },
    {
      "object_kind": "var",
      "config_addr": "module.apic2_qos.module.aci_bgp_best_path_policy.var.description",
      "status": "pass",
      "objects": null
    },
    {
      "object_kind": "var",
      "config_addr": "module.apic1_qos.module.aci_device_selection_policy.var.sgt_device_name",
      "status": "pass",
      "objects": null
    },
    {
      "object_kind": "var",
      "config_addr": "module.apic1_qos.module.aci_vrf.var.pim_bsr_filter_multicast_route_map",
      "status": "pass",
      "objects": null
    },
    {
      "object_kind": "var",
      "config_addr": "module.apic2_qos.module.aci_l3out.var.export_route_map_description",
      "status": "pass",
      "objects": null
    },
    {
      "object_kind": "var",
      "config_addr": "module.apic2_qos.module.aci_set_rule.var.external_endpoint_group_l3out",
      "status": "pass",
      "objects": null
    },
    {
      "object_kind": "var",
      "config_addr": "module.apic2_qos.module.aci_access_span_filter_group.var.name",
      "status": "pass",
      "objects": null
    },
    {
      "object_kind": "var",
      "config_addr": "module.apic1_qos.module.aci_fabric_span_source_group.var.name",
      "status": "pass",
      "objects": null
    },
    {
      "object_kind": "var",
      "config_addr": "module.apic2_qos.module.aci_interface_shutdown.var.sub_port",
      "status": "pass",
      "objects": null
    },
    {
      "object_kind": "var",
      "config_addr": "module.apic2_qos.module.aci_fabric_leaf_switch_profile_manual.var.selectors",
      "status": "pass",
      "objects": null
    },
    {
      "object_kind": "var",
      "config_addr": "module.apic2_qos.module.aci_spine_interface_configuration.var.sub_port",
      "status": "pass",
      "objects": null
    },
    {
      "object_kind": "var",
      "config_addr": "module.apic2_qos.module.aci_igmp_interface_policy.var.grp_timeout",
      "status": "pass",
      "objects": null
    },
    {
      "object_kind": "var",
      "config_addr": "module.apic1_qos.module.aci_login_domain.var.tacacs_providers",
      "status": "pass",
      "objects": null
    },
    {
      "object_kind": "var",
      "config_addr": "module.apic2_qos.module.aci_l3out_interface_profile_manual.var.transport_data_plane",
      "status": "pass",
      "objects": null
    },
    {
      "object_kind": "var",
      "config_addr": "module.apic1_qos.module.aci_radius.var.retries",
      "status": "pass",
      "objects": null
    },
    {
      "object_kind": "var",
      "config_addr": "module.apic1_qos.module.aci_sr_mpls_l3out_interface_profile_manual.var.custom_qos_policy",
      "status": "pass",
      "objects": null
    },
    {
      "object_kind": "var",
      "config_addr": "module.apic1_qos.module.aci_nd_interface_policy.var.nud_retransmit_count",
      "status": "pass",
      "objects": null
    },
    {
      "object_kind": "var",
      "config_addr": "module.apic2_qos.module.aci_ptp_profile.var.mismatch_handling",
      "status": "pass",
      "objects": null
    },
    {
      "object_kind": "var",
      "config_addr": "module.apic2_qos.module.aci_remote_location.var.mgmt_epg_type",
      "status": "pass",
      "objects": null
    },
    {
      "object_kind": "var",
      "config_addr": "module.apic2_qos.module.aci_radius.var.mgmt_epg_name",
      "status": "pass",
      "objects": null
    },
    {
      "object_kind": "var",
      "config_addr": "module.apic1_qos.module.aci_access_leaf_interface_policy_group.var.name",
      "status": "pass",
      "objects": null
    },
    {
      "object_kind": "var",
      "config_addr": "module.apic1_qos.module.aci_application_profile.var.tenant",
      "status": "pass",
      "objects": null
    },
    {
      "object_kind": "var",
      "config_addr": "module.apic2_qos.module.aci_imported_l4l7_device.var.description",
      "status": "pass",
      "objects": null
    },
    {
      "object_kind": "var",
      "config_addr": "module.apic2_qos.module.aci_l3out_interface_profile_manual.var.ospf_authentication_type",
      "status": "pass",
      "objects": null
    },
    {
      "object_kind": "var",
      "config_addr": "module.apic1_qos.module.aci_vspan_destination_group.var.destinations",
      "status": "pass",
      "objects": null
    },
    {
      "object_kind": "var",
      "config_addr": "module.apic2_qos.module.aci_monitoring_policy.var.snmp_trap_policies",
      "status": "pass",
      "objects": null
    },
    {
      "object_kind": "var",
      "config_addr": "module.apic1_qos.module.aci_system_performance.var.top_slowest_requests",
      "status": "pass",
      "objects": null
    },
    {
      "object_kind": "var",
      "config_addr": "module.apic1_qos.module.aci_bridge_domain.var.multi_destination_flooding",
      "status": "pass",
      "objects": null
    },
    {
      "object_kind": "var",
      "config_addr": "module.apic1_qos.module.aci_sr_mpls_external_endpoint_group.var.contract_consumers",
      "status": "pass",
      "objects": null
    },
    {
      "object_kind": "var",
      "config_addr": "module.apic1_qos.module.aci_infra_dhcp_relay_policy.var.providers_",
      "status": "pass",
      "objects": null
    },
    {
      "object_kind": "var",
      "config_addr": "module.apic2_qos.module.aci_vrf.var.bgp_ipv6_export_route_target",
      "status": "pass",
      "objects": null
    },
    {
      "object_kind": "var",
      "config_addr": "module.apic2_qos.module.aci_l3out_interface_profile_auto.var.l3out",
      "status": "pass",
      "objects": null
    },
    {
      "object_kind": "var",
      "config_addr": "module.apic1_qos.module.aci_snmp_policy.var.name",
      "status": "pass",
      "objects": null
    },
    {
      "object_kind": "var",
      "config_addr": "module.apic2_qos.module.aci_user.var.certificates",
      "status": "pass",
      "objects": null
    },
    {
      "object_kind": "var",
      "config_addr": "module.apic1_qos.module.aci_interface_configuration_fex.var.port_channel_member_policy",
      "status": "pass",
      "objects": null
    },
    {
      "object_kind": "var",
      "config_addr": "module.apic2_qos.module.aci_route_control_route_map.var.contexts",
      "status": "pass",
      "objects": null
    },
    {
      "object_kind": "var",
      "config_addr": "module.apic1_qos.module.aci_infra_dscp_translation_policy.var.level_5",
      "status": "pass",
      "objects": null
    },
    {
      "object_kind": "var",
      "config_addr": "module.apic1_qos.module.aci_l3out.var.export_route_map_description",
      "status": "pass",
      "objects": null
    },
    {
      "object_kind": "var",
      "config_addr": "module.apic2_qos.module.aci_tenant_span_destination_group.var.destination_application_profile",
      "status": "pass",
      "objects": null
    },
    {
      "object_kind": "var",
      "config_addr": "module.apic2_qos.module.aci_sr_mpls_l3out.var.import_route_map_description",
      "status": "pass",
      "objects": null
    },
    {
      "object_kind": "var",
      "config_addr": "module.apic1_qos.module.aci_ospf_interface_policy.var.tenant",
      "status": "pass",
      "objects": null
    },
    {
      "object_kind": "var",
      "config_addr": "module.apic1_qos.module.aci_remote_location.var.port",
      "status": "pass",
      "objects": null
    },
    {
      "object_kind": "var",
      "config_addr": "module.apic2_qos.module.aci_sr_mpls_l3out_interface_profile_manual.var.transport_data_plane",
      "status": "pass",
      "objects": null
    },
    {
      "object_kind": "var",
      "config_addr": "module.apic1_qos.module.aci_leaf_fabric_interface_configuration.var.node_id",
      "status": "pass",
      "objects": null
    },
    {
      "object_kind": "var",
      "config_addr": "module.apic1_qos.module.aci_vrf.var.contract_providers",
      "status": "pass",
      "objects": null
    },
    {
      "object_kind": "var",
      "config_addr": "module.apic1_qos.module.aci_external_endpoint_group.var.alias",
      "status": "pass",
      "objects": null
    },
    {
      "object_kind": "var",
      "config_addr": "module.apic1_qos.module.aci_endpoint_group.var.contract_masters",
      "status": "pass",
      "objects": null
    },
    {
      "object_kind": "var",
      "config_addr": "module.apic1_qos.module.aci_storm_control_policy.var.broadcast_burst_pps",
      "status": "pass",
      "objects": null
    },
    {
      "object_kind": "var",
      "config_addr": "module.apic2_qos.module.aci_infra_dhcp_relay_policy.var.providers_",
      "status": "pass",
      "objects": null
    },
    {
      "object_kind": "var",
      "config_addr": "module.apic2_qos.module.aci_spine_interface_configuration.var.description",
      "status": "pass",
      "objects": null
    },
    {
      "object_kind": "var",
      "config_addr": "module.apic1_qos.module.aci_l3out_node_profile_auto.var.bfd_multihop_node_policy",
      "status": "pass",
      "objects": null
    },
    {
      "object_kind": "var",
      "config_addr": "module.apic2_qos.module.aci_l4l7_device.var.type",
      "status": "pass",
      "objects": null
    },
    {
      "object_kind": "var",
      "config_addr": "module.apic1_qos.module.aci_access_leaf_interface_selector_auto.var.policy_group",
      "status": "pass",
      "objects": null
    },
    {
      "object_kind": "var",
      "config_addr": "module.apic2_qos.module.aci_access_spine_interface_policy_group.var.link_level_policy",
      "status": "pass",
      "objects": null
    },
    {
      "object_kind": "var",
      "config_addr": "module.apic2_qos.module.aci_remote_location.var.mgmt_epg_name",
      "status": "pass",
      "objects": null
    },
    {
      "object_kind": "var",
      "config_addr": "module.apic1_qos.module.aci_tenant_span_destination_group.var.dscp",
      "status": "pass",
      "objects": null
    },
    {
      "object_kind": "var",
      "config_addr": "module.apic1_qos.module.aci_l3out_node_profile_manual.var.tenant",
      "status": "pass",
      "objects": null
    },
    {
      "object_kind": "var",
      "config_addr": "module.apic1_qos.module.aci_bgp_peer_prefix_policy.var.name",
      "status": "pass",
      "objects": null
    },
    {
      "object_kind": "var",
      "config_addr": "module.apic2_qos.module.aci_nd_ra_prefix_policy.var.name",
      "status": "pass",
      "objects": null
    },
    {
      "object_kind": "var",
      "config_addr": "module.apic1_qos.module.aci_access_fex_interface_profile_manual.var.name",
      "status": "pass",
      "objects": null
    },
    {
      "object_kind": "var",
      "config_addr": "module.apic1_qos.module.aci_vmware_vmm_domain.var.vswitch_enhanced_lags",
      "status": "pass",
      "objects": null
    },
    {
      "object_kind": "var",
      "config_addr": "module.apic2_qos.module.aci_access_leaf_interface_selector_auto.var.port_blocks",
      "status": "pass",
      "objects": null
    },
    {
      "object_kind": "var",
      "config_addr": "module.apic1_qos.module.aci_netflow_vmm_exporter.var.name",
      "status": "pass",
      "objects": null
    },
    {
      "object_kind": "var",
      "config_addr": "module.apic2_qos.module.aci_vspan_session.var.destination_description",
      "status": "pass",
      "objects": null
    },
    {
      "object_kind": "var",
      "config_addr": "module.apic2_qos.module.aci_device_selection_policy.var.provider_external_endpoint_group_l3out",
      "status": "pass",
      "objects": null
    },
    {
      "object_kind": "var",
      "config_addr": "module.apic2_qos.module.aci_aaa.var.web_token_timeout",
      "status": "pass",
      "objects": null
    },
    {
      "object_kind": "var",
      "config_addr": "module.apic1_qos.module.aci_device_selection_policy.var.provider_service_epg_policy_tenant",
      "status": "pass",
      "objects": null
    },
    {
      "object_kind": "var",
      "config_addr": "module.apic2_qos.module.aci_dhcp_option_policy.var.description",
      "status": "pass",
      "objects": null
    },
    {
      "object_kind": "var",
      "config_addr": "module.apic2_qos.module.aci_useg_endpoint_group.var.contract_imported_consumers",
      "status": "pass",
      "objects": null
    },
    {
      "object_kind": "var",
      "config_addr": "module.apic2_qos.module.aci_config_passphrase.var.config_passphrase",
      "status": "pass",
      "objects": null
    },
    {
      "object_kind": "var",
      "config_addr": "module.apic1_qos.module.aci_application_profile.var.name",
      "status": "pass",
      "objects": null
    },
    {
      "object_kind": "var",
      "config_addr": "module.apic2_qos.module.aci_external_connectivity_policy.var.site_id",
      "status": "pass",
      "objects": null
    },
    {
      "object_kind": "var",
      "config_addr": "module.apic1_qos.module.aci_fabric_pod_policy_group.var.date_time_policy",
      "status": "pass",
      "objects": null
    },
    {
      "object_kind": "var",
      "config_addr": "module.apic2_qos.module.aci_qos_policy.var.tenant",
      "status": "pass",
      "objects": null
    },
    {
      "object_kind": "var",
      "config_addr": "module.apic1_qos.module.aci_external_endpoint_group.var.target_dscp",
      "status": "pass",
      "objects": null
    },
    {
      "object_kind": "var",
      "config_addr": "module.apic2_qos.module.aci_useg_endpoint_group.var.tenant",
      "status": "pass",
      "objects": null
    },
    {
      "object_kind": "var",
      "config_addr": "module.apic1_qos.module.aci_access_spine_interface_policy_group.var.aaep",
      "status": "pass",
      "objects": null
    },
    {
      "object_kind": "var",
      "config_addr": "module.apic2_qos.module.aci_imported_l4l7_device.var.tenant",
      "status": "pass",
      "objects": null
    },
    {
      "object_kind": "var",
      "config_addr": "module.apic1_qos.module.aci_access_span_destination_group.var.dscp",
      "status": "pass",
      "objects": null
    },
    {
      "object_kind": "var",
      "config_addr": "module.apic2_qos.module.aci_device_selection_policy.var.provider_logical_interface",
      "status": "pass",
      "objects": null
    },
    {
      "object_kind": "var",
      "config_addr": "module.apic1_qos.module.aci_access_leaf_switch_policy_group.var.bfd_ipv6_policy",
      "status": "pass",
      "objects": null
    },
    {
      "object_kind": "var",
      "config_addr": "module.apic1_qos.module.aci_access_leaf_interface_policy_group.var.mcp_policy",
      "status": "pass",
      "objects": null
    },
    {
      "object_kind": "var",
      "config_addr": "module.apic1_qos.module.aci_atomic_counter.var.mode",
      "status": "pass",
      "objects": null
    },
    {
      "object_kind": "var",
      "config_addr": "module.apic1_qos.module.aci_nd_ra_prefix_policy.var.description",
      "status": "pass",
      "objects": null
    },
    {
      "object_kind": "var",
      "config_addr": "module.apic2_qos.module.aci_bgp_address_family_context_policy.var.ibgp_distance",
      "status": "pass",
      "objects": null
    },
    {
      "object_kind": "var",
      "config_addr": "module.apic1_qos.module.aci_set_rule.var.dampening_suppress_limit",
      "status": "pass",
      "objects": null
    },
    {
      "object_kind": "var",
      "config_addr": "module.apic2_qos.module.aci_sr_mpls_external_endpoint_group.var.contract_consumers",
      "status": "pass",
      "objects": null
    },
    {
      "object_kind": "var",
      "config_addr": "module.apic2_qos.module.aci_interface_type.var.type",
      "status": "pass",
      "objects": null
    },
    {
      "object_kind": "var",
      "config_addr": "module.apic1_qos.module.aci_tenant_span_destination_group.var.destination_endpoint_group",
      "status": "pass",
      "objects": null
    },
    {
      "object_kind": "var",
      "config_addr": "module.apic2_qos.module.aci_useg_endpoint_group.var.physical_domains",
      "status": "pass",
      "objects": null
    },
    {
      "object_kind": "var",
      "config_addr": "module.apic1_qos.module.aci_match_rule.var.description",
      "status": "pass",
      "objects": null
    },
    {
      "object_kind": "var",
      "config_addr": "module.apic1_qos.module.aci_bgp_address_family_context_policy.var.description",
      "status": "pass",
      "objects": null
    },
    {
      "object_kind": "var",
      "config_addr": "module.apic2_qos.module.aci_l3out_interface_profile_manual.var.ospf_authentication_key_id",
      "status": "pass",
      "objects": null
    },
    {
      "object_kind": "var",
      "config_addr": "module.apic2_qos.module.aci_access_spine_switch_configuration.var.node_id",
      "status": "pass",
      "objects": null
    },
    {
      "object_kind": "var",
      "config_addr": "module.apic1_qos.module.aci_leaf_fabric_interface_configuration_sub.var.sub_port",
      "status": "pass",
      "objects": null
    },
    {
      "object_kind": "var",
      "config_addr": "module.apic1_qos.module.aci_l3out_interface_profile_manual.var.ospf_authentication_key_id",
      "status": "pass",
      "objects": null
    },
    {
      "object_kind": "var",
      "config_addr": "module.apic1_qos.module.aci_endpoint_retention_policy.var.bounce_entry_aging_interval",
      "status": "pass",
      "objects": null
    },
    {
      "object_kind": "var",
      "config_addr": "module.apic1_qos.module.aci_access_fex_interface_selector_auto.var.interface_profile",
      "status": "pass",
      "objects": null
    },
    {
      "object_kind": "var",
      "config_addr": "module.apic2_qos.module.aci_bgp_timer_policy.var.maximum_as_limit",
      "status": "pass",
      "objects": null
    },
    {
      "object_kind": "var",
      "config_addr": "module.apic2_qos.module.aci_oob_contract.var.scope",
      "status": "pass",
      "objects": null
    },
    {
      "object_kind": "var",
      "config_addr": "module.apic2_qos.module.aci_ip_sla_policy.var.description",
      "status": "pass",
      "objects": null
    },
    {
      "object_kind": "var",
      "config_addr": "module.apic2_qos.module.aci_leaf_interface_configuration.var.module",
      "status": "pass",
      "objects": null
    },
    {
      "object_kind": "var",
      "config_addr": "module.apic1_qos.module.aci_spine_interface_configuration.var.port_channel_member_policy",
      "status": "pass",
      "objects": null
    },
    {
      "object_kind": "var",
      "config_addr": "module.apic2_qos.module.aci_spine_fabric_interface_configuration.var.sub_port",
      "status": "pass",
      "objects": null
    },
    {
      "object_kind": "var",
      "config_addr": "module.apic1_qos.module.aci_igmp_interface_policy.var.last_member_count",
      "status": "pass",
      "objects": null
    },
    {
      "object_kind": "var",
      "config_addr": "module.apic1_qos.module.aci_vrf.var.pim_static_rps",
      "status": "pass",
      "objects": null
    },
    {
      "object_kind": "var",
      "config_addr": "module.apic1_qos.module.aci_fabric_spine_switch_policy_group.var.node_control_policy",
      "status": "pass",
      "objects": null
    },
    {
      "object_kind": "var",
      "config_addr": "module.apic1_qos.module.aci_aaa.var.max_password_length",
      "status": "pass",
      "objects": null
    },
    {
      "object_kind": "var",
      "config_addr": "module.apic1_qos.module.aci_tenant.var.description",
      "status": "pass",
      "objects": null
    },
    {
      "object_kind": "var",
      "config_addr": "module.apic1_qos.module.aci_sr_mpls_l3out.var.import_route_map_contexts",
      "status": "pass",
      "objects": null
    },
    {
      "object_kind": "var",
      "config_addr": "module.apic2_qos.module.aci_management_access_policy.var.http_allow_origins",
      "status": "pass",
      "objects": null
    },
    {
      "object_kind": "var",
      "config_addr": "module.apic2_qos.module.aci_lldp_policy.var.name",
      "status": "pass",
      "objects": null
    },
    {
      "object_kind": "var",
      "config_addr": "module.apic1_qos.module.aci_useg_endpoint_group.var.qos_class",
      "status": "pass",
      "objects": null
    },
    {
      "object_kind": "var",
      "config_addr": "module.apic1_qos.module.aci_access_spine_interface_selector_manual.var.policy_group",
      "status": "pass",
      "objects": null
    },
    {
      "object_kind": "var",
      "config_addr": "module.apic1_qos.module.aci_redirect_policy.var.alias",
      "status": "pass",
      "objects": null
    },
    {
      "object_kind": "var",
      "config_addr": "module.apic2_qos.module.aci_device_selection_policy.var.consumer_external_endpoint_group",
      "status": "pass",
      "objects": null
    },
    {
      "object_kind": "var",
      "config_addr": "module.apic2_qos.module.aci_vrf.var.leaked_external_prefixes",
      "status": "pass",
      "objects": null
    },
    {
      "object_kind": "var",
      "config_addr": "module.apic2_qos.module.aci_redirect_policy.var.threshold_down_action",
      "status": "pass",
      "objects": null
    },
    {
      "object_kind": "var",
      "config_addr": "module.apic2_qos.module.aci_external_endpoint_group.var.l3out",
      "status": "pass",
      "objects": null
    },
    {
      "object_kind": "var",
      "config_addr": "module.apic1_qos.module.aci_vrf.var.pim_ssm_group_range_multicast_route_map",
      "status": "pass",
      "objects": null
    },
    {
      "object_kind": "var",
      "config_addr": "module.apic1_qos.module.aci_vmware_vmm_domain.var.uplinks",
      "status": "pass",
      "objects": null
    },
    {
      "object_kind": "var",
      "config_addr": "module.apic2_qos.module.aci_eigrp_interface_policy.var.bandwidth",
      "status": "pass",
      "objects": null
    },
    {
      "object_kind": "var",
      "config_addr": "module.apic2_qos.module.aci_interface_configuration_fex.var.policy_group",
      "status": "pass",
      "objects": null
    },
    {
      "object_kind": "var",
      "config_addr": "module.apic2_qos.module.aci_igmp_interface_policy.var.robustness_variable",
      "status": "pass",
      "objects": null
    },
    {
      "object_kind": "var",
      "config_addr": "module.apic2_qos.module.aci_smart_licensing.var.mode",
      "status": "pass",
      "objects": null
    },
    {
      "object_kind": "var",
      "config_addr": "module.apic2_qos.module.aci_sr_mpls_l3out.var.name",
      "status": "pass",
      "objects": null
    },
    {
      "object_kind": "var",
      "config_addr": "module.apic1_qos.module.aci_set_rule.var.name",
      "status": "pass",
      "objects": null
    },
    {
      "object_kind": "var",
      "config_addr": "module.apic2_qos.module.aci_l3out_node_profile_auto.var.bgp_infra_peers",
      "status": "pass",
      "objects": null
    },
    {
      "object_kind": "var",
      "config_addr": "module.apic2_qos.module.aci_l3out.var.redistribution_route_maps",
      "status": "pass",
      "objects": null
    },
    {
      "object_kind": "var",
      "config_addr": "module.apic2_qos.module.aci_interface_configuration_fex.var.fex_id",
      "status": "pass",
      "objects": null
    },
    {
      "object_kind": "var",
      "config_addr": "module.apic1_qos.module.aci_physical_domain.var.security_domains",
      "status": "pass",
      "objects": null
    },
    {
      "object_kind": "var",
      "config_addr": "module.apic2_qos.module.aci_useg_endpoint_group.var.contract_masters",
      "status": "pass",
      "objects": null
    },
    {
      "object_kind": "var",
      "config_addr": "module.apic1_qos.module.aci_spine_fabric_interface_configuration.var.port",
      "status": "pass",
      "objects": null
    },
    {
      "object_kind": "var",
      "config_addr": "module.apic1_qos.module.aci_l3out_node_profile_manual.var.bgp_as_path_policy",
      "status": "pass",
      "objects": null
    },
    {
      "object_kind": "var",
      "config_addr": "module.apic1_qos.module.aci_l3out.var.ospf_area_cost",
      "status": "pass",
      "objects": null
    },
    {
      "object_kind": "var",
      "config_addr": "module.apic2_qos.module.aci_ptp_profile.var.announce_interval",
      "status": "pass",
      "objects": null
    },
    {
      "object_kind": "var",
      "config_addr": "module.apic1_qos.module.aci_aaep.var.infra_vlan",
      "status": "pass",
      "objects": null
    },
    {
      "object_kind": "var",
      "config_addr": "module.apic1_qos.module.aci_bfd_multihop_node_policy.var.min_tx_interval",
      "status": "pass",
      "objects": null
    },
    {
      "object_kind": "var",
      "config_addr": "module.apic2_qos.module.aci_sr_mpls_l3out.var.import_route_map_name",
      "status": "pass",
      "objects": null
    },
    {
      "object_kind": "var",
      "config_addr": "module.apic1_qos.module.aci_access_span_destination_group.var.mtu",
      "status": "pass",
      "objects": null
    },
    {
      "object_kind": "var",
      "config_addr": "module.apic2_qos.module.aci_service_graph_template.var.device_name",
      "status": "pass",
      "objects": null
    },
    {
      "object_kind": "var",
      "config_addr": "module.apic2_qos.module.aci_endpoint_group.var.vmware_vmm_domains",
      "status": "pass",
      "objects": null
    },
    {
      "object_kind": "var",
      "config_addr": "module.apic2_qos.module.aci_fabric_leaf_switch_configuration.var.node_id",
      "status": "pass",
      "objects": null
    },
    {
      "object_kind": "var",
      "config_addr": "module.apic2_qos.module.aci_access_leaf_interface_policy_group.var.name",
      "status": "pass",
      "objects": null
    },
    {
      "object_kind": "var",
      "config_addr": "module.apic2_qos.module.aci_snmp_trap_policy.var.description",
      "status": "pass",
      "objects": null
    },
    {
      "object_kind": "var",
      "config_addr": "module.apic1_qos.module.aci_fex_interface_shutdown.var.pod_id",
      "status": "pass",
      "objects": null
    },
    {
      "object_kind": "var",
      "config_addr": "module.apic1_qos.module.aci_useg_endpoint_group.var.physical_domains",
      "status": "pass",
      "objects": null
    },
    {
      "object_kind": "var",
      "config_addr": "module.apic2_qos.module.aci_access_spine_switch_profile_manual.var.interface_profiles",
      "status": "pass",
      "objects": null
    },
    {
      "object_kind": "var",
      "config_addr": "module.apic1_qos.module.aci_igmp_interface_policy.var.description",
      "status": "pass",
      "objects": null
    },
    {
      "object_kind": "var",
      "config_addr": "module.apic1_qos.module.aci_bgp_peer_prefix_policy.var.description",
      "status": "pass",
      "objects": null
    },
    {
      "object_kind": "var",
      "config_addr": "module.apic2_qos.module.aci_infra_dscp_translation_policy.var.level_4",
      "status": "pass",
      "objects": null
    },
    {
      "object_kind": "var",
      "config_addr": "module.apic2_qos.module.aci_netflow_vmm_exporter.var.destination_port",
      "status": "pass",
      "objects": null
    },
    {
      "object_kind": "var",
      "config_addr": "module.apic1_qos.module.aci_ptp.var.profile",
      "status": "pass",
      "objects": null
    },
    {
      "object_kind": "var",
      "config_addr": "module.apic1_qos.module.aci_access_spine_switch_profile_manual.var.interface_profiles",
      "status": "pass",
      "objects": null
    },
    {
      "object_kind": "var",
      "config_addr": "module.apic2_qos.module.aci_bfd_ipv6_policy.var.description",
      "status": "pass",
      "objects": null
    },
    {
      "object_kind": "var",
      "config_addr": "module.apic1_qos.module.aci_netflow_vmm_exporter.var.destination_port",
      "status": "pass",
      "objects": null
    },
    {
      "object_kind": "var",
      "config_addr": "module.apic1_qos.module.aci_bfd_ipv4_policy.var.name",
      "status": "pass",
      "objects": null
    },
    {
      "object_kind": "var",
      "config_addr": "module.apic1_qos.module.aci_useg_endpoint_group.var.alias",
      "status": "pass",
      "objects": null
    },
    {
      "object_kind": "var",
      "config_addr": "module.apic2_qos.module.aci_aaa.var.password_class_flags",
      "status": "pass",
      "objects": null
    },
    {
      "object_kind": "var",
      "config_addr": "module.apic2_qos.module.aci_spine_fabric_interface_configuration.var.policy_group",
      "status": "pass",
      "objects": null
    },
    {
      "object_kind": "var",
      "config_addr": "module.apic2_qos.module.aci_vrf.var.name",
      "status": "pass",
      "objects": null
    },
    {
      "object_kind": "var",
      "config_addr": "module.apic2_qos.module.aci_aaa.var.password_change_interval",
      "status": "pass",
      "objects": null
    },
    {
      "object_kind": "var",
      "config_addr": "module.apic2_qos.module.aci_spine_fabric_interface_configuration.var.node_id",
      "status": "pass",
      "objects": null
    },
    {
      "object_kind": "var",
      "config_addr": "module.apic1_qos.module.aci_radius.var.mgmt_epg_name",
      "status": "pass",
      "objects": null
    },
    {
      "object_kind": "var",
      "config_addr": "module.apic2_qos.module.aci_vmware_vmm_domain.var.allocation",
      "status": "pass",
      "objects": null
    },
    {
      "object_kind": "var",
      "config_addr": "module.apic1_qos.module.aci_access_fex_interface_selector_manual.var.policy_group_type",
      "status": "pass",
      "objects": null
    },
    {
      "object_kind": "var",
      "config_addr": "module.apic2_qos.module.aci_track_list.var.type",
      "status": "pass",
      "objects": null
    },
    {
      "object_kind": "var",
      "config_addr": "module.apic2_qos.module.aci_eigrp_interface_policy.var.description",
      "status": "pass",
      "objects": null
    },
    {
      "object_kind": "var",
      "config_addr": "module.apic1_qos.module.aci_bridge_domain.var.subnets",
      "status": "pass",
      "objects": null
    },
    {
      "object_kind": "var",
      "config_addr": "module.apic1_qos.module.aci_l3out.var.import_route_map_description",
      "status": "pass",
      "objects": null
    },
    {
      "object_kind": "var",
      "config_addr": "module.apic1_qos.module.aci_radius.var.timeout",
      "status": "pass",
      "objects": null
    },
    {
      "object_kind": "var",
      "config_addr": "module.apic2_qos.module.aci_vrf.var.pim_max_multicast_entries",
      "status": "pass",
      "objects": null
    },
    {
      "object_kind": "var",
      "config_addr": "module.apic1_qos.module.aci_oob_contract.var.scope",
      "status": "pass",
      "objects": null
    },
    {
      "object_kind": "var",
      "config_addr": "module.apic2_qos.module.aci_fabric_pod_policy_group.var.name",
      "status": "pass",
      "objects": null
    },
    {
      "object_kind": "var",
      "config_addr": "module.apic2_qos.module.aci_eigrp_interface_policy.var.hold_interval",
      "status": "pass",
      "objects": null
    },
    {
      "object_kind": "var",
      "config_addr": "module.apic1_qos.module.aci_vrf.var.enforcement_preference",
      "status": "pass",
      "objects": null
    },
    {
      "object_kind": "var",
      "config_addr": "module.apic2_qos.module.aci_subinterface_shutdown.var.node_id",
      "status": "pass",
      "objects": null
    },
    {
      "object_kind": "var",
      "config_addr": "module.apic2_qos.module.aci_date_time_policy.var.ntp_servers",
      "status": "pass",
      "objects": null
    },
    {
      "object_kind": "var",
      "config_addr": "module.apic2_qos.module.aci_date_time_policy.var.name",
      "status": "pass",
      "objects": null
    },
    {
      "object_kind": "var",
      "config_addr": "module.apic1_qos.module.aci_bgp_peer_prefix_policy.var.max_prefixes",
      "status": "pass",
      "objects": null
    },
    {
      "object_kind": "var",
      "config_addr": "module.apic2_qos.module.aci_match_rule.var.description",
      "status": "pass",
      "objects": null
    },
    {
      "object_kind": "var",
      "config_addr": "module.apic2_qos.module.aci_config_export.var.name",
      "status": "pass",
      "objects": null
    },
    {
      "object_kind": "var",
      "config_addr": "module.apic2_qos.module.aci_access_fex_interface_selector_auto.var.description",
      "status": "pass",
      "objects": null
    },
    {
      "object_kind": "var",
      "config_addr": "module.apic1_qos.module.aci_bfd_ipv4_policy.var.startup_timer_interval",
      "status": "pass",
      "objects": null
    },
    {
      "object_kind": "var",
      "config_addr": "module.apic1_qos.module.aci_access_fex_interface_selector_auto.var.policy_group_type",
      "status": "pass",
      "objects": null
    },
    {
      "object_kind": "var",
      "config_addr": "module.apic1_qos.module.aci_l4l7_device.var.vmm_provider",
      "status": "pass",
      "objects": null
    },
    {
      "object_kind": "var",
      "config_addr": "module.apic1_qos.module.aci_contract.var.subjects",
      "status": "pass",
      "objects": null
    },
    {
      "object_kind": "var",
      "config_addr": "module.apic2_qos.module.aci_ospf_timer_policy.var.lsa_hold_interval",
      "status": "pass",
      "objects": null
    },
    {
      "object_kind": "var",
      "config_addr": "module.apic2_qos.module.aci_l3out.var.interleak_route_map",
      "status": "pass",
      "objects": null
    },
    {
      "object_kind": "var",
      "config_addr": "module.apic1_qos.module.aci_config_export.var.scheduler",
      "status": "pass",
      "objects": null
    },
    {
      "object_kind": "var",
      "config_addr": "module.apic1_qos.module.aci_sr_mpls_l3out.var.export_route_map_description",
      "status": "pass",
      "objects": null
    },
    {
      "object_kind": "var",
      "config_addr": "module.apic2_qos.module.aci_useg_endpoint_group.var.vmware_vmm_domains",
      "status": "pass",
      "objects": null
    },
    {
      "object_kind": "var",
      "config_addr": "module.apic1_qos.module.aci_endpoint_security_group.var.contract_intra_esgs",
      "status": "pass",
      "objects": null
    },
    {
      "object_kind": "var",
      "config_addr": "module.apic1_qos.module.aci_fabric_spine_switch_configuration.var.role",
      "status": "pass",
      "objects": null
    },
    {
      "object_kind": "var",
      "config_addr": "module.apic2_qos.module.aci_fabric_span_destination_group.var.ttl",
      "status": "pass",
      "objects": null
    },
    {
      "object_kind": "var",
      "config_addr": "module.apic2_qos.module.aci_tenant.var.description",
      "status": "pass",
      "objects": null
    },
    {
      "object_kind": "var",
      "config_addr": "module.apic2_qos.module.aci_bgp_route_summarization_policy.var.description",
      "status": "pass",
      "objects": null
    },
    {
      "object_kind": "var",
      "config_addr": "module.apic2_qos.module.aci_node_registration.var.remote_pool_id",
      "status": "pass",
      "objects": null
    },
    {
      "object_kind": "var",
      "config_addr": "module.apic1_qos.module.aci_nd_ra_prefix_policy.var.preferred_lifetime",
      "status": "pass",
      "objects": null
    },
    {
      "object_kind": "var",
      "config_addr": "module.apic2_qos.module.aci_useg_endpoint_group.var.qos_class",
      "status": "pass",
      "objects": null
    },
    {
      "object_kind": "var",
      "config_addr": "module.apic1_qos.module.aci_external_endpoint_group.var.contract_imported_consumers",
      "status": "pass",
      "objects": null
    },
    {
      "object_kind": "var",
      "config_addr": "module.apic2_qos.module.aci_set_rule.var.community_mode",
      "status": "pass",
      "objects": null
    },
    {
      "object_kind": "var",
      "config_addr": "module.apic2_qos.module.aci_aaa.var.password_change_count",
      "status": "pass",
      "objects": null
    },
    {
      "object_kind": "var",
      "config_addr": "module.apic1_qos.module.aci_mst_policy.var.revision",
      "status": "pass",
      "objects": null
    },
    {
      "object_kind": "var",
      "config_addr": "module.apic2_qos.module.aci_fabric_span_destination_group.var.flow_id",
      "status": "pass",
      "objects": null
    },
    {
      "object_kind": "var",
      "config_addr": "module.apic1_qos.module.aci_access_leaf_interface_profile_manual.var.name",
      "status": "pass",
      "objects": null
    },
    {
      "object_kind": "var",
      "config_addr": "module.apic1_qos.module.aci_l3out_interface_profile_auto.var.transport_data_plane",
      "status": "pass",
      "objects": null
    },
    {
      "object_kind": "var",
      "config_addr": "module.apic2_qos.module.aci_leaf_interface_configuration_sub.var.fex_id",
      "status": "pass",
      "objects": null
    },
    {
      "object_kind": "var",
      "config_addr": "module.apic2_qos.module.aci_fabric_link_level_policy.var.name",
      "status": "pass",
      "objects": null
    },
    {
      "object_kind": "var",
      "config_addr": "module.apic1_qos.module.aci_l3out_node_profile_auto.var.l3out",
      "status": "pass",
      "objects": null
    },
    {
      "object_kind": "var",
      "config_addr": "module.apic2_qos.module.aci_management_access_policy.var.description",
      "status": "pass",
      "objects": null
    },
    {
      "object_kind": "var",
      "config_addr": "module.apic1_qos.module.aci_l3out_interface_profile_auto.var.bfd_policy",
      "status": "pass",
      "objects": null
    },
    {
      "object_kind": "var",
      "config_addr": "module.apic2_qos.module.aci_access_leaf_interface_selector_sub_auto.var.policy_group_type",
      "status": "pass",
      "objects": null
    },
    {
      "object_kind": "var",
      "config_addr": "module.apic1_qos.module.aci_endpoint_retention_policy.var.local_endpoint_aging_interval",
      "status": "pass",
      "objects": null
    },
    {
      "object_kind": "var",
      "config_addr": "module.apic2_qos.module.aci_vpc_group.var.groups",
      "status": "pass",
      "objects": null
    },
    {
      "object_kind": "var",
      "config_addr": "module.apic2_qos.module.aci_l2_policy.var.qinq",
      "status": "pass",
      "objects": null
    },
    {
      "object_kind": "var",
      "config_addr": "module.apic1_qos.module.aci_infra_dscp_translation_policy.var.policy_plane",
      "status": "pass",
      "objects": null
    },
    {
      "object_kind": "var",
      "config_addr": "module.apic1_qos.module.aci_login_domain.var.auth_choice",
      "status": "pass",
      "objects": null
    },
    {
      "object_kind": "var",
      "config_addr": "module.apic2_qos.module.aci_vpc_policy.var.name",
      "status": "pass",
      "objects": null
    },
    {
      "object_kind": "var",
      "config_addr": "module.apic1_qos.module.aci_endpoint_group.var.trust_control_policy",
      "status": "pass",
      "objects": null
    },
    {
      "object_kind": "var",
      "config_addr": "module.apic2_qos.module.aci_multicast_route_map.var.name",
      "status": "pass",
      "objects": null
    },
    {
      "object_kind": "var",
      "config_addr": "module.apic1_qos.module.aci_vrf.var.bgp_ipv6_address_family_context_policy",
      "status": "pass",
      "objects": null
    },
    {
      "object_kind": "var",
      "config_addr": "module.apic1_qos.module.aci_access_spine_switch_policy_group.var.lldp_policy",
      "status": "pass",
      "objects": null
    },
    {
      "object_kind": "var",
      "config_addr": "module.apic2_qos.module.aci_access_span_filter_group.var.description",
      "status": "pass",
      "objects": null
    },
    {
      "object_kind": "var",
      "config_addr": "module.apic2_qos.module.aci_syslog_policy.var.description",
      "status": "pass",
      "objects": null
    },
    {
      "object_kind": "var",
      "config_addr": "module.apic2_qos.module.aci_access_leaf_interface_selector_sub_auto.var.port_blocks",
      "status": "pass",
      "objects": null
    },
    {
      "object_kind": "var",
      "config_addr": "module.apic2_qos.module.aci_vpc_group.var.mode",
      "status": "pass",
      "objects": null
    },
    {
      "object_kind": "var",
      "config_addr": "module.apic1_qos.module.aci_redirect_policy.var.description",
      "status": "pass",
      "objects": null
    },
    {
      "object_kind": "var",
      "config_addr": "module.apic2_qos.module.aci_useg_endpoint_group.var.static_leafs",
      "status": "pass",
      "objects": null
    },
    {
      "object_kind": "var",
      "config_addr": "module.apic2_qos.module.aci_track_list.var.percentage_up",
      "status": "pass",
      "objects": null
    },
    {
      "object_kind": "var",
      "config_addr": "module.apic2_qos.module.aci_endpoint_loop_protection.var.detection_interval",
      "status": "pass",
      "objects": null
    },
    {
      "object_kind": "var",
      "config_addr": "module.apic1_qos.module.aci_l3out_interface_profile_auto.var.tenant",
      "status": "pass",
      "objects": null
    },
    {
      "object_kind": "var",
      "config_addr": "module.apic1_qos.module.aci_sr_mpls_l3out_interface_profile_manual.var.name",
      "status": "pass",
      "objects": null
    },
    {
      "object_kind": "var",
      "config_addr": "module.apic2_qos.module.aci_bgp_policy.var.fabric_bgp_as",
      "status": "pass",
      "objects": null
    },
    {
      "object_kind": "var",
      "config_addr": "module.apic2_qos.module.aci_snmp_policy.var.communities",
      "status": "pass",
      "objects": null
    },
    {
      "object_kind": "var",
      "config_addr": "module.apic1_qos.module.aci_access_span_destination_group.var.tenant",
      "status": "pass",
      "objects": null
    },
    {
      "object_kind": "var",
      "config_addr": "module.apic2_qos.module.aci_l3out_node_profile_manual.var.bgp_peers",
      "status": "pass",
      "objects": null
    },
    {
      "object_kind": "var",
      "config_addr": "module.apic1_qos.module.aci_endpoint_security_group.var.tag_selectors",
      "status": "pass",
      "objects": null
    },
    {
      "object_kind": "var",
      "config_addr": "module.apic1_qos.module.aci_smart_licensing.var.proxy_port",
      "status": "pass",
      "objects": null
    },
    {
      "object_kind": "var",
      "config_addr": "module.apic1_qos.module.aci_nd_interface_policy.var.nud_retransmit_base",
      "status": "pass",
      "objects": null
    },
    {
      "object_kind": "var",
      "config_addr": "module.apic2_qos.module.aci_device_selection_policy.var.provider_service_epg_policy",
      "status": "pass",
      "objects": null
    },
    {
      "object_kind": "var",
      "config_addr": "module.apic1_qos.module.aci_netflow_monitor.var.flow_exporters",
      "status": "pass",
      "objects": null
    },
    {
      "object_kind": "var",
      "config_addr": "module.apic2_qos.module.aci_endpoint_mac_tag_policy.var.tags",
      "status": "pass",
      "objects": null
    },
    {
      "object_kind": "var",
      "config_addr": "module.apic2_qos.module.aci_sr_mpls_external_endpoint_group.var.target_dscp",
      "status": "pass",
      "objects": null
    },
    {
      "object_kind": "var",
      "config_addr": "module.apic1_qos.module.aci_oob_endpoint_group.var.oob_contract_providers",
      "status": "pass",
      "objects": null
    },
    {
      "object_kind": "var",
      "config_addr": "module.apic2_qos.module.aci_useg_endpoint_group.var.contract_consumers",
      "status": "pass",
      "objects": null
    },
    {
      "object_kind": "var",
      "config_addr": "module.apic1_qos.module.aci_pim_policy.var.hello_interval",
      "status": "pass",
      "objects": null
    },
    {
      "object_kind": "var",
      "config_addr": "module.apic1_qos.module.aci_track_member.var.description",
      "status": "pass",
      "objects": null
    },
    {
      "object_kind": "var",
      "config_addr": "module.apic2_qos.module.aci_dhcp_relay_policy.var.name",
      "status": "pass",
      "objects": null
    },
    {
      "object_kind": "var",
      "config_addr": "module.apic1_qos.module.aci_bfd_interface_policy.var.detection_multiplier",
      "status": "pass",
      "objects": null
    },
    {
      "object_kind": "var",
      "config_addr": "module.apic2_qos.module.aci_l3out_interface_profile_auto.var.dhcp_labels",
      "status": "pass",
      "objects": null
    },
    {
      "object_kind": "var",
      "config_addr": "module.apic2_qos.module.aci_access_leaf_interface_policy_group.var.type",
      "status": "pass",
      "objects": null
    },
    {
      "object_kind": "var",
      "config_addr": "module.apic2_qos.module.aci_external_connectivity_policy.var.peering_type",
      "status": "pass",
      "objects": null
    },
    {
      "object_kind": "var",
      "config_addr": "module.apic1_qos.module.aci_imported_contract.var.tenant",
      "status": "pass",
      "objects": null
    },
    {
      "object_kind": "var",
      "config_addr": "module.apic2_qos.module.aci_route_tag_policy.var.tag",
      "status": "pass",
      "objects": null
    },
    {
      "object_kind": "var",
      "config_addr": "module.apic1_qos.module.aci_rogue_endpoint_control.var.detection_interval",
      "status": "pass",
      "objects": null
    },
    {
      "object_kind": "var",
      "config_addr": "module.apic1_qos.module.aci_macsec_parameters_policy.var.key_expiry_time",
      "status": "pass",
      "objects": null
    },
    {
      "object_kind": "var",
      "config_addr": "module.apic2_qos.module.aci_sr_mpls_l3out_interface_profile_manual.var.eigrp_keychain_policy",
      "status": "pass",
      "objects": null
    },
    {
      "object_kind": "var",
      "config_addr": "module.apic2_qos.module.aci_link_level_policy.var.name",
      "status": "pass",
      "objects": null
    },
    {
      "object_kind": "var",
      "config_addr": "module.apic2_qos.module.aci_leaf_fabric_interface_configuration.var.module",
      "status": "pass",
      "objects": null
    },
    {
      "object_kind": "var",
      "config_addr": "module.apic1_qos.module.aci_l3out_node_profile_auto.var.bgp_protocol_profile_name",
      "status": "pass",
      "objects": null
    },
    {
      "object_kind": "var",
      "config_addr": "module.apic2_qos.module.aci_useg_endpoint_group.var.name",
      "status": "pass",
      "objects": null
    },
    {
      "object_kind": "var",
      "config_addr": "module.apic2_qos.module.aci_access_leaf_switch_policy_group.var.name",
      "status": "pass",
      "objects": null
    },
    {
      "object_kind": "var",
      "config_addr": "module.apic2_qos.module.aci_ldap.var.group_map_rules",
      "status": "pass",
      "objects": null
    },
    {
      "object_kind": "var",
      "config_addr": "module.apic1_qos.module.aci_fabric_span_source_group.var.description",
      "status": "pass",
      "objects": null
    },
    {
      "object_kind": "var",
      "config_addr": "module.apic1_qos.module.aci_mcp.var.frequency_sec",
      "status": "pass",
      "objects": [
        {
          "object_addr": "module.apic1_qos.module.aci_mcp[0].var.frequency_sec",
          "status": "pass"
        }
      ]
    },
    {
      "object_kind": "var",
      "config_addr": "module.apic2_qos.module.aci_fabric_isis_policy.var.redistribute_metric",
      "status": "pass",
      "objects": null
    },
    {
      "object_kind": "var",
      "config_addr": "module.apic1_qos.module.aci_set_rule.var.tenant",
      "status": "pass",
      "objects": null
    },
    {
      "object_kind": "var",
      "config_addr": "module.apic2_qos.module.aci_fabric_span_destination_group.var.dscp",
      "status": "pass",
      "objects": null
    },
    {
      "object_kind": "var",
      "config_addr": "module.apic1_qos.module.aci_leaf_fabric_interface_configuration_sub.var.node_id",
      "status": "pass",
      "objects": null
    },
    {
      "object_kind": "var",
      "config_addr": "module.apic1_qos.module.aci_access_spine_interface_profile_auto.var.name",
      "status": "pass",
      "objects": null
    },
    {
      "object_kind": "var",
      "config_addr": "module.apic1_qos.module.aci_ospf_interface_policy.var.hello_interval",
      "status": "pass",
      "objects": null
    },
    {
      "object_kind": "var",
      "config_addr": "module.apic1_qos.module.aci_vmware_vmm_domain.var.name",
      "status": "pass",
      "objects": null
    },
    {
      "object_kind": "var",
      "config_addr": "module.apic2_qos.module.aci_device_selection_policy.var.provider_external_endpoint_group",
      "status": "pass",
      "objects": null
    },
    {
      "object_kind": "var",
      "config_addr": "module.apic2_qos.module.aci_spine_fabric_interface_configuration.var.port",
      "status": "pass",
      "objects": null
    },
    {
      "object_kind": "var",
      "config_addr": "module.apic1_qos.module.aci_macsec_parameters_policy.var.window_size",
      "status": "pass",
      "objects": null
    },
    {
      "object_kind": "var",
      "config_addr": "module.apic1_qos.module.aci_l4l7_device.var.type",
      "status": "pass",
      "objects": null
    },
    {
      "object_kind": "var",
      "config_addr": "module.apic1_qos.module.aci_application_profile.var.description",
      "status": "pass",
      "objects": null
    },
    {
      "object_kind": "var",
      "config_addr": "module.apic1_qos.module.aci_l3out_node_profile_manual.var.bgp_infra_peers",
      "status": "pass",
      "objects": null
    },
    {
      "object_kind": "var",
      "config_addr": "module.apic2_qos.module.aci_user.var.first_name",
      "status": "pass",
      "objects": null
    },
    {
      "object_kind": "var",
      "config_addr": "module.apic2_qos.module.aci_date_time_format.var.display_format",
      "status": "pass",
      "objects": null
    },
    {
      "object_kind": "var",
      "config_addr": "module.apic2_qos.module.aci_leaf_interface_configuration.var.port_channel_member_policy",
      "status": "pass",
      "objects": null
    },
    {
      "object_kind": "var",
      "config_addr": "module.apic1_qos.module.aci_vrf.var.name",
      "status": "pass",
      "objects": null
    },
    {
      "object_kind": "var",
      "config_addr": "module.apic2_qos.module.aci_vspan_destination_group.var.description",
      "status": "pass",
      "objects": null
    },
    {
      "object_kind": "var",
      "config_addr": "module.apic2_qos.module.aci_ospf_interface_policy.var.description",
      "status": "pass",
      "objects": null
    },
    {
      "object_kind": "var",
      "config_addr": "module.apic2_qos.module.aci_user.var.password",
      "status": "pass",
      "objects": null
    },
    {
      "object_kind": "var",
      "config_addr": "module.apic2_qos.module.aci_external_endpoint_group.var.name",
      "status": "pass",
      "objects": null
    },
    {
      "object_kind": "var",
      "config_addr": "module.apic2_qos.module.aci_device_selection_policy.var.node_name",
      "status": "pass",
      "objects": null
    },
    {
      "object_kind": "var",
      "config_addr": "module.apic2_qos.module.aci_port_channel_member_policy.var.priority",
      "status": "pass",
      "objects": null
    },
    {
      "object_kind": "var",
      "config_addr": "module.apic2_qos.module.aci_netflow_exporter.var.epg_type",
      "status": "pass",
      "objects": null
    },
    {
      "object_kind": "var",
      "config_addr": "module.apic1_qos.module.aci_igmp_snooping_policy.var.last_member_query_interval",
      "status": "pass",
      "objects": null
    },
    {
      "object_kind": "var",
      "config_addr": "module.apic2_qos.module.aci_access_leaf_switch_configuration.var.fabric_policy_group",
      "status": "pass",
      "objects": null
    },
    {
      "object_kind": "var",
      "config_addr": "module.apic1_qos.module.aci_access_leaf_interface_policy_group.var.lldp_policy",
      "status": "pass",
      "objects": null
    },
    {
      "object_kind": "var",
      "config_addr": "module.apic1_qos.module.aci_device_selection_policy.var.provider_external_endpoint_group_tenant",
      "status": "pass",
      "objects": null
    },
    {
      "object_kind": "var",
      "config_addr": "module.apic2_qos.module.aci_track_list.var.tenant",
      "status": "pass",
      "objects": null
    },
    {
      "object_kind": "var",
      "config_addr": "module.apic2_qos.module.aci_sr_mpls_l3out_interface_profile_manual.var.tenant",
      "status": "pass",
      "objects": null
    },
    {
      "object_kind": "var",
      "config_addr": "module.apic2_qos.module.aci_imported_contract.var.source_contract",
      "status": "pass",
      "objects": null
    },
    {
      "object_kind": "var",
      "config_addr": "module.apic2_qos.module.aci_device_selection_policy.var.copy_logical_interface",
      "status": "pass",
      "objects": null
    },
    {
      "object_kind": "var",
      "config_addr": "module.apic2_qos.module.aci_l3out_node_profile_manual.var.bgp_timer_policy",
      "status": "pass",
      "objects": null
    },
    {
      "object_kind": "var",
      "config_addr": "module.apic2_qos.module.aci_nd_interface_policy.var.description",
      "status": "pass",
      "objects": null
    },
    {
      "object_kind": "var",
      "config_addr": "module.apic1_qos.module.aci_bfd_ipv4_policy.var.slow_timer_interval",
      "status": "pass",
      "objects": null
    },
    {
      "object_kind": "var",
      "config_addr": "module.apic2_qos.module.aci_fabric_pod_profile_auto.var.selectors",
      "status": "pass",
      "objects": null
    },
    {
      "object_kind": "var",
      "config_addr": "module.apic1_qos.module.aci_date_time_policy.var.apic_ntp_server_master_stratum",
      "status": "pass",
      "objects": null
    },
    {
      "object_kind": "var",
      "config_addr": "module.apic2_qos.module.aci_endpoint_group.var.trust_control_policy",
      "status": "pass",
      "objects": null
    },
    {
      "object_kind": "var",
      "config_addr": "module.apic1_qos.module.aci_leaf_fabric_interface_configuration.var.module",
      "status": "pass",
      "objects": null
    },
    {
      "object_kind": "var",
      "config_addr": "module.apic2_qos.module.aci_firmware_group.var.name",
      "status": "pass",
      "objects": null
    },
    {
      "object_kind": "var",
      "config_addr": "module.apic1_qos.module.aci_ospf_timer_policy.var.lsa_arrival_interval",
      "status": "pass",
      "objects": null
    },
    {
      "object_kind": "var",
      "config_addr": "module.apic1_qos.module.aci_access_leaf_switch_profile_manual.var.selectors",
      "status": "pass",
      "objects": null
    },
    {
      "object_kind": "var",
      "config_addr": "module.apic1_qos.module.aci_endpoint_group.var.tenant",
      "status": "pass",
      "objects": null
    },
    {
      "object_kind": "var",
      "config_addr": "module.apic2_qos.module.aci_access_span_destination_group.var.port",
      "status": "pass",
      "objects": null
    },
    {
      "object_kind": "var",
      "config_addr": "module.apic1_qos.module.aci_pim_policy.var.tenant",
      "status": "pass",
      "objects": null
    },
    {
      "object_kind": "var",
      "config_addr": "module.apic1_qos.module.aci_bfd_ipv6_policy.var.slow_timer_interval",
      "status": "pass",
      "objects": null
    },
    {
      "object_kind": "var",
      "config_addr": "module.apic2_qos.module.aci_vrf.var.ospf_timer_policy",
      "status": "pass",
      "objects": null
    },
    {
      "object_kind": "var",
      "config_addr": "module.apic1_qos.module.aci_macsec_parameters_policy.var.name",
      "status": "pass",
      "objects": null
    },
    {
      "object_kind": "var",
      "config_addr": "module.apic2_qos.module.aci_sr_mpls_l3out_interface_profile_manual.var.name",
      "status": "pass",
      "objects": null
    },
    {
      "object_kind": "var",
      "config_addr": "module.apic2_qos.module.aci_interface_configuration_fex.var.port",
      "status": "pass",
      "objects": null
    },
    {
      "object_kind": "var",
      "config_addr": "module.apic2_qos.module.aci_access_spine_switch_configuration.var.role",
      "status": "pass",
      "objects": null
    },
    {
      "object_kind": "var",
      "config_addr": "module.apic2_qos.module.aci_bridge_domain.var.description",
      "status": "pass",
      "objects": null
    },
    {
      "object_kind": "var",
      "config_addr": "module.apic2_qos.module.aci_fabric_link_level_policy.var.description",
      "status": "pass",
      "objects": null
    },
    {
      "object_kind": "var",
      "config_addr": "module.apic1_qos.module.aci_keyring.var.ca_certificate",
      "status": "pass",
      "objects": null
    },
    {
      "object_kind": "var",
      "config_addr": "module.apic2_qos.module.aci_sr_mpls_l3out_node_profile_manual.var.tenant",
      "status": "pass",
      "objects": null
    },
    {
      "object_kind": "var",
      "config_addr": "module.apic2_qos.module.aci_leaf_interface_configuration.var.sub_port",
      "status": "pass",
      "objects": null
    },
    {
      "object_kind": "var",
      "config_addr": "module.apic1_qos.module.aci_eigrp_interface_policy.var.tenant",
      "status": "pass",
      "objects": null
    },
    {
      "object_kind": "var",
      "config_addr": "module.apic2_qos.module.aci_l4l7_device.var.vmm_domain",
      "status": "pass",
      "objects": null
    },
    {
      "object_kind": "var",
      "config_addr": "module.apic1_qos.module.aci_access_spine_interface_selector_auto.var.name",
      "status": "pass",
      "objects": null
    },
    {
      "object_kind": "var",
      "config_addr": "module.apic2_qos.module.aci_device_selection_policy.var.copy_custom_qos_policy",
      "status": "pass",
      "objects": null
    },
    {
      "object_kind": "var",
      "config_addr": "module.apic1_qos.module.aci_sr_mpls_l3out.var.import_route_map_name",
      "status": "pass",
      "objects": null
    },
    {
      "object_kind": "var",
      "config_addr": "module.apic1_qos.module.aci_track_member.var.scope_type",
      "status": "pass",
      "objects": null
    },
    {
      "object_kind": "var",
      "config_addr": "module.apic1_qos.module.aci_interface_configuration_fex.var.fex_id",
      "status": "pass",
      "objects": null
    },
    {
      "object_kind": "var",
      "config_addr": "module.apic2_qos.module.aci_device_selection_policy.var.provider_service_epg_policy_tenant",
      "status": "pass",
      "objects": null
    },
    {
      "object_kind": "var",
      "config_addr": "module.apic1_qos.module.aci_netflow_exporter.var.application_profile",
      "status": "pass",
      "objects": null
    },
    {
      "object_kind": "var",
      "config_addr": "module.apic1_qos.module.aci_user.var.domains",
      "status": "pass",
      "objects": null
    },
    {
      "object_kind": "var",
      "config_addr": "module.apic1_qos.module.aci_ip_sla_policy.var.tenant",
      "status": "pass",
      "objects": null
    },
    {
      "object_kind": "var",
      "config_addr": "module.apic2_qos.module.aci_access_leaf_interface_policy_group.var.storm_control_policy",
      "status": "pass",
      "objects": null
    },
    {
      "object_kind": "var",
      "config_addr": "module.apic1_qos.module.aci_rbac_node_rule.var.port_rules",
      "status": "pass",
      "objects": null
    },
    {
      "object_kind": "var",
      "config_addr": "module.apic1_qos.module.aci_vmware_vmm_domain.var.credential_policies",
      "status": "pass",
      "objects": null
    },
    {
      "object_kind": "var",
      "config_addr": "module.apic1_qos.module.aci_ptp.var.announce_timeout",
      "status": "pass",
      "objects": null
    },
    {
      "object_kind": "var",
      "config_addr": "module.apic1_qos.module.aci_nd_interface_policy.var.retransmit_timer",
      "status": "pass",
      "objects": null
    },
    {
      "object_kind": "var",
      "config_addr": "module.apic1_qos.module.aci_rogue_endpoint_control.var.detection_multiplier",
      "status": "pass",
      "objects": null
    },
    {
      "object_kind": "var",
      "config_addr": "module.apic1_qos.module.aci_device_selection_policy.var.copy_custom_qos_policy",
      "status": "pass",
      "objects": null
    },
    {
      "object_kind": "var",
      "config_addr": "module.apic2_qos.module.aci_radius.var.mgmt_epg_type",
      "status": "pass",
      "objects": null
    },
    {
      "object_kind": "var",
      "config_addr": "module.apic1_qos.module.aci_access_leaf_switch_configuration.var.fabric_policy_group",
      "status": "pass",
      "objects": null
    },
    {
      "object_kind": "var",
      "config_addr": "module.apic1_qos.module.aci_access_leaf_interface_policy_group.var.l2_policy",
      "status": "pass",
      "objects": null
    },
    {
      "object_kind": "var",
      "config_addr": "module.apic2_qos.module.aci_external_endpoint_group.var.subnets",
      "status": "pass",
      "objects": null
    },
    {
      "object_kind": "var",
      "config_addr": "module.apic1_qos.module.aci_ospf_interface_policy.var.network_type",
      "status": "pass",
      "objects": null
    },
    {
      "object_kind": "var",
      "config_addr": "module.apic2_qos.module.aci_vmware_vmm_domain.var.name",
      "status": "pass",
      "objects": null
    },
    {
      "object_kind": "var",
      "config_addr": "module.apic1_qos.module.aci_fabric_link_level_policy.var.description",
      "status": "pass",
      "objects": null
    },
    {
      "object_kind": "var",
      "config_addr": "module.apic1_qos.module.aci_nd_interface_policy.var.router_lifetime",
      "status": "pass",
      "objects": null
    },
    {
      "object_kind": "var",
      "config_addr": "module.apic2_qos.module.aci_useg_endpoint_group.var.ip_statements",
      "status": "pass",
      "objects": null
    },
    {
      "object_kind": "var",
      "config_addr": "module.apic2_qos.module.aci_subinterface_shutdown.var.pod_id",
      "status": "pass",
      "objects": null
    },
    {
      "object_kind": "var",
      "config_addr": "module.apic2_qos.module.aci_bfd_ipv4_policy.var.min_rx_interval",
      "status": "pass",
      "objects": null
    },
    {
      "object_kind": "var",
      "config_addr": "module.apic1_qos.module.aci_interface_configuration_fex.var.module",
      "status": "pass",
      "objects": null
    },
    {
      "object_kind": "var",
      "config_addr": "module.apic1_qos.module.aci_fabric_spine_interface_profile_auto.var.name",
      "status": "pass",
      "objects": null
    },
    {
      "object_kind": "var",
      "config_addr": "module.apic1_qos.module.aci_set_rule.var.dampening_reuse_limit",
      "status": "pass",
      "objects": null
    },
    {
      "object_kind": "var",
      "config_addr": "module.apic2_qos.module.aci_macsec_parameters_policy.var.description",
      "status": "pass",
      "objects": null
    },
    {
      "object_kind": "var",
      "config_addr": "module.apic2_qos.module.aci_inband_node_address.var.endpoint_group_vlan",
      "status": "pass",
      "objects": null
    },
    {
      "object_kind": "var",
      "config_addr": "module.apic1_qos.module.aci_access_span_source_group.var.name",
      "status": "pass",
      "objects": null
    },
    {
      "object_kind": "var",
      "config_addr": "module.apic1_qos.module.aci_oob_node_address.var.node_id",
      "status": "pass",
      "objects": null
    },
    {
      "object_kind": "var",
      "config_addr": "module.apic1_qos.module.aci_access_leaf_interface_selector_sub_auto.var.port_blocks",
      "status": "pass",
      "objects": null
    },
    {
      "object_kind": "var",
      "config_addr": "module.apic2_qos.module.aci_storm_control_policy.var.unknown_unicast_burst_pps",
      "status": "pass",
      "objects": null
    },
    {
      "object_kind": "var",
      "config_addr": "module.apic1_qos.module.aci_psu_policy.var.name",
      "status": "pass",
      "objects": null
    },
    {
      "object_kind": "var",
      "config_addr": "module.apic1_qos.module.aci_fabric_span_destination_group.var.application_profile",
      "status": "pass",
      "objects": null
    },
    {
      "object_kind": "var",
      "config_addr": "module.apic2_qos.module.aci_igmp_snooping_policy.var.last_member_query_interval",
      "status": "pass",
      "objects": null
    },
    {
      "object_kind": "var",
      "config_addr": "module.apic2_qos.module.aci_access_leaf_interface_selector_manual.var.fex_id",
      "status": "pass",
      "objects": null
    },
    {
      "object_kind": "var",
      "config_addr": "module.apic1_qos.module.aci_vpc_policy.var.delay_restore_timer",
      "status": "pass",
      "objects": null
    },
    {
      "object_kind": "var",
      "config_addr": "module.apic1_qos.module.aci_dhcp_relay_policy.var.tenant",
      "status": "pass",
      "objects": null
    },
    {
      "object_kind": "var",
      "config_addr": "module.apic2_qos.module.aci_application_profile.var.name",
      "status": "pass",
      "objects": null
    },
    {
      "object_kind": "var",
      "config_addr": "module.apic1_qos.module.aci_external_endpoint_group.var.name",
      "status": "pass",
      "objects": null
    },
    {
      "object_kind": "var",
      "config_addr": "module.apic2_qos.module.aci_leaf_interface_configuration.var.description",
      "status": "pass",
      "objects": null
    },
    {
      "object_kind": "var",
      "config_addr": "module.apic1_qos.module.aci_access_leaf_switch_profile_auto.var.name",
      "status": "pass",
      "objects": null
    },
    {
      "object_kind": "var",
      "config_addr": "module.apic2_qos.module.aci_fabric_span_destination_group.var.span_version",
      "status": "pass",
      "objects": null
    },
    {
      "object_kind": "var",
      "config_addr": "module.apic2_qos.module.aci_device_selection_policy.var.sgt_device_tenant",
      "status": "pass",
      "objects": null
    },
    {
      "object_kind": "var",
      "config_addr": "module.apic1_qos.module.aci_physical_domain.var.vlan_pool_allocation",
      "status": "pass",
      "objects": null
    },
    {
      "object_kind": "var",
      "config_addr": "module.apic2_qos.module.aci_vrf.var.ospf_ipv4_address_family_context_policy",
      "status": "pass",
      "objects": null
    },
    {
      "object_kind": "var",
      "config_addr": "module.apic2_qos.module.aci_sr_mpls_l3out_node_profile_manual.var.bfd_multihop_node_policy",
      "status": "pass",
      "objects": null
    },
    {
      "object_kind": "var",
      "config_addr": "module.apic1_qos.module.aci_vlan_pool.var.description",
      "status": "pass",
      "objects": null
    },
    {
      "object_kind": "var",
      "config_addr": "module.apic2_qos.module.aci_service_graph_template.var.device_function",
      "status": "pass",
      "objects": null
    },
    {
      "object_kind": "var",
      "config_addr": "module.apic2_qos.module.aci_login_domain.var.description",
      "status": "pass",
      "objects": null
    },
    {
      "object_kind": "var",
      "config_addr": "module.apic1_qos.module.aci_storm_control_policy.var.description",
      "status": "pass",
      "objects": null
    },
    {
      "object_kind": "var",
      "config_addr": "module.apic1_qos.module.aci_dns_policy.var.domains",
      "status": "pass",
      "objects": null
    },
    {
      "object_kind": "var",
      "config_addr": "module.apic1_qos.module.aci_bfd_multihop_node_policy.var.detection_multiplier",
      "status": "pass",
      "objects": null
    },
    {
      "object_kind": "var",
      "config_addr": "module.apic2_qos.module.aci_access_leaf_switch_profile_auto.var.selectors",
      "status": "pass",
      "objects": null
    },
    {
      "object_kind": "var",
      "config_addr": "module.apic1_qos.module.aci_bfd_multihop_node_policy.var.description",
      "status": "pass",
      "objects": null
    },
    {
      "object_kind": "var",
      "config_addr": "module.apic2_qos.module.aci_fabric_scheduler.var.name",
      "status": "pass",
      "objects": null
    },
    {
      "object_kind": "var",
      "config_addr": "module.apic2_qos.module.aci_useg_endpoint_group.var.custom_qos_policy",
      "status": "pass",
      "objects": null
    },
    {
      "object_kind": "var",
      "config_addr": "module.apic1_qos.module.aci_bfd_ipv6_policy.var.name",
      "status": "pass",
      "objects": null
    },
    {
      "object_kind": "var",
      "config_addr": "module.apic1_qos.module.aci_redirect_backup_policy.var.name",
      "status": "pass",
      "objects": null
    },
    {
      "object_kind": "var",
      "config_addr": "module.apic2_qos.module.aci_device_selection_policy.var.provider_external_endpoint_group_tenant",
      "status": "pass",
      "objects": null
    },
    {
      "object_kind": "var",
      "config_addr": "module.apic1_qos.module.aci_sr_mpls_l3out_node_profile_manual.var.l3out",
      "status": "pass",
      "objects": null
    },
    {
      "object_kind": "var",
      "config_addr": "module.apic1_qos.module.aci_dns_policy.var.mgmt_epg_name",
      "status": "pass",
      "objects": null
    },
    {
      "object_kind": "var",
      "config_addr": "module.apic2_qos.module.aci_ptp.var.announce_timeout",
      "status": "pass",
      "objects": null
    },
    {
      "object_kind": "var",
      "config_addr": "module.apic2_qos.module.aci_maintenance_group.var.target_version",
      "status": "pass",
      "objects": null
    },
    {
      "object_kind": "var",
      "config_addr": "module.apic2_qos.module.aci_sr_mpls_l3out.var.import_route_map_type",
      "status": "pass",
      "objects": null
    },
    {
      "object_kind": "var",
      "config_addr": "module.apic1_qos.module.aci_access_leaf_interface_selector_sub_auto.var.sub_port_blocks",
      "status": "pass",
      "objects": null
    },
    {
      "object_kind": "var",
      "config_addr": "module.apic2_qos.module.aci_application_profile.var.tenant",
      "status": "pass",
      "objects": null
    },
    {
      "object_kind": "var",
      "config_addr": "module.apic1_qos.module.aci_track_list.var.track_members",
      "status": "pass",
      "objects": null
    },
    {
      "object_kind": "var",
      "config_addr": "module.apic2_qos.module.aci_firmware_group.var.node_ids",
      "status": "pass",
      "objects": null
    },
    {
      "object_kind": "var",
      "config_addr": "module.apic2_qos.module.aci_imported_l4l7_device.var.source_tenant",
      "status": "pass",
      "objects": null
    },
    {
      "object_kind": "var",
      "config_addr": "module.apic2_qos.module.aci_fabric_span_source_group.var.sources",
      "status": "pass",
      "objects": null
    },
    {
      "object_kind": "var",
      "config_addr": "module.apic1_qos.module.aci_subinterface_shutdown.var.module",
      "status": "pass",
      "objects": null
    },
    {
      "object_kind": "var",
      "config_addr": "module.apic1_qos.module.aci_l3out_node_profile_auto.var.bgp_as_path_policy",
      "status": "pass",
      "objects": null
    },
    {
      "object_kind": "var",
      "config_addr": "module.apic2_qos.module.aci_radius.var.description",
      "status": "pass",
      "objects": null
    },
    {
      "object_kind": "var",
      "config_addr": "module.apic1_qos.module.aci_set_rule.var.community_mode",
      "status": "pass",
      "objects": null
    },
    {
      "object_kind": "var",
      "config_addr": "module.apic2_qos.module.aci_l3out_node_profile_auto.var.bgp_timer_policy",
      "status": "pass",
      "objects": null
    },
    {
      "object_kind": "var",
      "config_addr": "module.apic2_qos.module.aci_igmp_interface_policy.var.static_report_multicast_route_map",
      "status": "pass",
      "objects": null
    },
    {
      "object_kind": "var",
      "config_addr": "module.apic2_qos.module.aci_interface_configuration_fex.var.policy_group_type",
      "status": "pass",
      "objects": null
    },
    {
      "object_kind": "var",
      "config_addr": "module.apic1_qos.module.aci_l3out_interface_profile_auto.var.interfaces",
      "status": "pass",
      "objects": null
    },
    {
      "object_kind": "var",
      "config_addr": "module.apic2_qos.module.aci_tenant_span_destination_group.var.destination_tenant",
      "status": "pass",
      "objects": null
    },
    {
      "object_kind": "var",
      "config_addr": "module.apic2_qos.module.aci_geolocation.var.name",
      "status": "pass",
      "objects": null
    },
    {
      "object_kind": "var",
      "config_addr": "module.apic1_qos.module.aci_fabric_spine_switch_policy_group.var.name",
      "status": "pass",
      "objects": null
    },
    {
      "object_kind": "var",
      "config_addr": "module.apic1_qos.module.aci_device_selection_policy.var.consumer_bridge_domain_tenant",
      "status": "pass",
      "objects": null
    },
    {
      "object_kind": "var",
      "config_addr": "module.apic2_qos.module.aci_useg_endpoint_group.var.alias",
      "status": "pass",
      "objects": null
    },
    {
      "object_kind": "var",
      "config_addr": "module.apic1_qos.module.aci_imported_l4l7_device.var.source_tenant",
      "status": "pass",
      "objects": null
    },
    {
      "object_kind": "var",
      "config_addr": "module.apic2_qos.module.aci_rogue_endpoint_control.var.detection_interval",
      "status": "pass",
      "objects": null
    },
    {
      "object_kind": "var",
      "config_addr": "module.apic2_qos.module.aci_vrf.var.pim_auto_rp_filter_multicast_route_map",
      "status": "pass",
      "objects": null
    },
    {
      "object_kind": "var",
      "config_addr": "module.apic1_qos.module.aci_ospf_timer_policy.var.lsa_max_interval",
      "status": "pass",
      "objects": null
    },
    {
      "object_kind": "var",
      "config_addr": "module.apic1_qos.module.aci_vmware_vmm_domain.var.vswitch_netflow_policy",
      "status": "pass",
      "objects": null
    },
    {
      "object_kind": "var",
      "config_addr": "module.apic1_qos.module.aci_forwarding_scale_policy.var.profile",
      "status": "pass",
      "objects": null
    },
    {
      "object_kind": "var",
      "config_addr": "module.apic2_qos.module.aci_endpoint_group.var.static_leafs",
      "status": "pass",
      "objects": null
    },
    {
      "object_kind": "var",
      "config_addr": "module.apic1_qos.module.aci_dhcp_relay_policy.var.description",
      "status": "pass",
      "objects": null
    },
    {
      "object_kind": "var",
      "config_addr": "module.apic1_qos.module.aci_access_leaf_switch_configuration.var.role",
      "status": "pass",
      "objects": null
    },
    {
      "object_kind": "var",
      "config_addr": "module.apic2_qos.module.aci_pim_policy.var.join_prune_filter_policy_in",
      "status": "pass",
      "objects": null
    },
    {
      "object_kind": "var",
      "config_addr": "module.apic2_qos.module.aci_tacacs.var.retries",
      "status": "pass",
      "objects": null
    },
    {
      "object_kind": "var",
      "config_addr": "module.apic2_qos.module.aci_nd_interface_policy.var.nud_retransmit_base",
      "status": "pass",
      "objects": null
    },
    {
      "object_kind": "var",
      "config_addr": "module.apic1_qos.module.aci_fabric_leaf_switch_profile_auto.var.interface_profiles",
      "status": "pass",
      "objects": null
    },
    {
      "object_kind": "var",
      "config_addr": "module.apic1_qos.module.aci_interface_configuration_fex.var.role",
      "status": "pass",
      "objects": null
    },
    {
      "object_kind": "var",
      "config_addr": "module.apic2_qos.module.aci_spine_interface_configuration.var.node_id",
      "status": "pass",
      "objects": null
    },
    {
      "object_kind": "var",
      "config_addr": "module.apic1_qos.module.aci_bgp_timer_policy.var.maximum_as_limit",
      "status": "pass",
      "objects": null
    },
    {
      "object_kind": "var",
      "config_addr": "module.apic2_qos.module.aci_bfd_ipv6_policy.var.slow_timer_interval",
      "status": "pass",
      "objects": null
    },
    {
      "object_kind": "var",
      "config_addr": "module.apic1_qos.module.aci_macsec_parameters_policy.var.security_policy",
      "status": "pass",
      "objects": null
    },
    {
      "object_kind": "var",
      "config_addr": "module.apic1_qos.module.aci_sr_mpls_external_endpoint_group.var.l3out",
      "status": "pass",
      "objects": null
    },
    {
      "object_kind": "var",
      "config_addr": "module.apic1_qos.module.aci_vrf.var.pim_asm_shared_range_multicast_route_map",
      "status": "pass",
      "objects": null
    },
    {
      "object_kind": "var",
      "config_addr": "module.apic2_qos.module.aci_sr_mpls_l3out.var.target_dscp",
      "status": "pass",
      "objects": null
    },
    {
      "object_kind": "var",
      "config_addr": "module.apic2_qos.module.aci_endpoint_group.var.bridge_domain",
      "status": "pass",
      "objects": null
    },
    {
      "object_kind": "var",
      "config_addr": "module.apic1_qos.module.aci_leaf_interface_configuration_sub.var.description",
      "status": "pass",
      "objects": null
    },
    {
      "object_kind": "var",
      "config_addr": "module.apic2_qos.module.aci_bgp_policy.var.fabric_bgp_rr",
      "status": "pass",
      "objects": null
    },
    {
      "object_kind": "var",
      "config_addr": "module.apic1_qos.module.aci_remote_location.var.mgmt_epg_name",
      "status": "pass",
      "objects": null
    },
    {
      "object_kind": "var",
      "config_addr": "module.apic1_qos.module.aci_l3out.var.dampening_ipv6_route_map",
      "status": "pass",
      "objects": null
    },
    {
      "object_kind": "var",
      "config_addr": "module.apic2_qos.module.aci_sr_mpls_l3out_node_profile_manual.var.bgp_peers",
      "status": "pass",
      "objects": null
    },
    {
      "object_kind": "var",
      "config_addr": "module.apic1_qos.module.aci_bgp_address_family_context_policy.var.local_distance",
      "status": "pass",
      "objects": null
    },
    {
      "object_kind": "var",
      "config_addr": "module.apic2_qos.module.aci_netflow_exporter.var.endpoint_group",
      "status": "pass",
      "objects": null
    },
    {
      "object_kind": "var",
      "config_addr": "module.apic2_qos.module.aci_endpoint_group.var.contract_masters",
      "status": "pass",
      "objects": null
    },
    {
      "object_kind": "var",
      "config_addr": "module.apic2_qos.module.aci_user.var.last_name",
      "status": "pass",
      "objects": null
    },
    {
      "object_kind": "var",
      "config_addr": "module.apic2_qos.module.aci_device_selection_policy.var.consumer_external_endpoint_group_tenant",
      "status": "pass",
      "objects": null
    },
    {
      "object_kind": "var",
      "config_addr": "module.apic1_qos.module.aci_nd_interface_policy.var.hop_limit",
      "status": "pass",
      "objects": null
    },
    {
      "object_kind": "var",
      "config_addr": "module.apic1_qos.module.aci_node_registration.var.role",
      "status": "pass",
      "objects": null
    },
    {
      "object_kind": "var",
      "config_addr": "module.apic1_qos.module.aci_l3out.var.interleak_route_map",
      "status": "pass",
      "objects": null
    },
    {
      "object_kind": "var",
      "config_addr": "module.apic2_qos.module.aci_oob_node_address.var.pod_id",
      "status": "pass",
      "objects": null
    },
    {
      "object_kind": "var",
      "config_addr": "module.apic1_qos.module.aci_vspan_destination_group.var.name",
      "status": "pass",
      "objects": null
    },
    {
      "object_kind": "var",
      "config_addr": "module.apic1_qos.module.aci_dhcp_option_policy.var.tenant",
      "status": "pass",
      "objects": null
    },
    {
      "object_kind": "var",
      "config_addr": "module.apic2_qos.module.aci_contract.var.target_dscp",
      "status": "pass",
      "objects": null
    },
    {
      "object_kind": "var",
      "config_addr": "module.apic2_qos.module.aci_bfd_interface_policy.var.min_tx_interval",
      "status": "pass",
      "objects": null
    },
    {
      "object_kind": "var",
      "config_addr": "module.apic1_qos.module.aci_tenant_span_source_group.var.destination",
      "status": "pass",
      "objects": null
    },
    {
      "object_kind": "var",
      "config_addr": "module.apic1_qos.module.aci_oob_external_management_instance.var.name",
      "status": "pass",
      "objects": null
    },
    {
      "object_kind": "var",
      "config_addr": "module.apic1_qos.module.aci_l3out_interface_profile_auto.var.ospf_authentication_key_id",
      "status": "pass",
      "objects": null
    },
    {
      "object_kind": "var",
      "config_addr": "module.apic2_qos.module.aci_fabric_spine_interface_profile_manual.var.name",
      "status": "pass",
      "objects": null
    },
    {
      "object_kind": "var",
      "config_addr": "module.apic2_qos.module.aci_storm_control_policy.var.action",
      "status": "pass",
      "objects": null
    },
    {
      "object_kind": "var",
      "config_addr": "module.apic2_qos.module.aci_macsec_keychain_policies.var.key_policies",
      "status": "pass",
      "objects": null
    },
    {
      "object_kind": "var",
      "config_addr": "module.apic1_qos.module.aci_access_spine_switch_profile_auto.var.name",
      "status": "pass",
      "objects": null
    },
    {
      "object_kind": "var",
      "config_addr": "module.apic1_qos.module.aci_spine_fabric_interface_configuration.var.node_id",
      "status": "pass",
      "objects": null
    },
    {
      "object_kind": "var",
      "config_addr": "module.apic1_qos.module.aci_vmware_vmm_domain.var.vcenters",
      "status": "pass",
      "objects": null
    },
    {
      "object_kind": "var",
      "config_addr": "module.apic1_qos.module.aci_service_graph_template.var.alias",
      "status": "pass",
      "objects": null
    },
    {
      "object_kind": "var",
      "config_addr": "module.apic1_qos.module.aci_l2_policy.var.qinq",
      "status": "pass",
      "objects": null
    },
    {
      "object_kind": "var",
      "config_addr": "module.apic1_qos.module.aci_igmp_interface_policy.var.query_interval",
      "status": "pass",
      "objects": null
    },
    {
      "object_kind": "var",
      "config_addr": "module.apic1_qos.module.aci_infra_dscp_translation_policy.var.control_plane",
      "status": "pass",
      "objects": null
    },
    {
      "object_kind": "var",
      "config_addr": "module.apic2_qos.module.aci_aaa.var.default_realm",
      "status": "pass",
      "objects": null
    },
    {
      "object_kind": "var",
      "config_addr": "module.apic2_qos.module.aci_access_leaf_interface_policy_group.var.macsec_interface_policy",
      "status": "pass",
      "objects": null
    },
    {
      "object_kind": "var",
      "config_addr": "module.apic2_qos.module.aci_l3out_interface_profile_manual.var.interfaces",
      "status": "pass",
      "objects": null
    },
    {
      "object_kind": "var",
      "config_addr": "module.apic1_qos.module.aci_bfd_ipv6_policy.var.echo_rx_interval",
      "status": "pass",
      "objects": null
    },
    {
      "object_kind": "var",
      "config_addr": "module.apic1_qos.module.aci_imported_contract.var.source_contract",
      "status": "pass",
      "objects": null
    },
    {
      "object_kind": "var",
      "config_addr": "module.apic2_qos.module.aci_infra_dscp_translation_policy.var.level_3",
      "status": "pass",
      "objects": null
    },
    {
      "object_kind": "var",
      "config_addr": "module.apic1_qos.module.aci_access_span_destination_group.var.channel",
      "status": "pass",
      "objects": null
    },
    {
      "object_kind": "var",
      "config_addr": "module.apic2_qos.module.aci_l4l7_device.var.vmm_provider",
      "status": "pass",
      "objects": null
    },
    {
      "object_kind": "var",
      "config_addr": "module.apic1_qos.module.aci_vrf.var.route_summarization_policies",
      "status": "pass",
      "objects": null
    },
    {
      "object_kind": "var",
      "config_addr": "module.apic2_qos.module.aci_fabric_spine_switch_profile_manual.var.name",
      "status": "pass",
      "objects": null
    },
    {
      "object_kind": "var",
      "config_addr": "module.apic1_qos.module.aci_user.var.certificate_name",
      "status": "pass",
      "objects": null
    },
    {
      "object_kind": "var",
      "config_addr": "module.apic2_qos.module.aci_interface_configuration_fex.var.sub_port",
      "status": "pass",
      "objects": null
    },
    {
      "object_kind": "var",
      "config_addr": "module.apic2_qos.module.aci_vrf.var.dns_labels",
      "status": "pass",
      "objects": null
    },
    {
      "object_kind": "var",
      "config_addr": "module.apic1_qos.module.aci_storm_control_policy.var.rate",
      "status": "pass",
      "objects": null
    },
    {
      "object_kind": "var",
      "config_addr": "module.apic1_qos.module.aci_infra_dscp_translation_policy.var.level_4",
      "status": "pass",
      "objects": null
    },
    {
      "object_kind": "var",
      "config_addr": "module.apic2_qos.module.aci_config_export.var.description",
      "status": "pass",
      "objects": null
    },
    {
      "object_kind": "var",
      "config_addr": "module.apic1_qos.module.aci_leaf_interface_configuration.var.node_id",
      "status": "pass",
      "objects": null
    },
    {
      "object_kind": "var",
      "config_addr": "module.apic1_qos.module.aci_leaf_interface_configuration_sub.var.node_id",
      "status": "pass",
      "objects": null
    },
    {
      "object_kind": "var",
      "config_addr": "module.apic1_qos.module.aci_ip_sla_policy.var.frequency",
      "status": "pass",
      "objects": null
    },
    {
      "object_kind": "var",
      "config_addr": "module.apic1_qos.module.aci_l2_mtu_policy.var.port_mtu_size",
      "status": "pass",
      "objects": null
    },
    {
      "object_kind": "var",
      "config_addr": "module.apic2_qos.module.aci_tenant_span_destination_group.var.name",
      "status": "pass",
      "objects": null
    },
    {
      "object_kind": "var",
      "config_addr": "module.apic2_qos.module.aci_bgp_address_family_context_policy.var.ebgp_max_ecmp",
      "status": "pass",
      "objects": null
    },
    {
      "object_kind": "var",
      "config_addr": "module.apic2_qos.module.aci_device_selection_policy.var.consumer_bridge_domain",
      "status": "pass",
      "objects": null
    },
    {
      "object_kind": "var",
      "config_addr": "module.apic1_qos.module.aci_vrf.var.annotation",
      "status": "pass",
      "objects": null
    },
    {
      "object_kind": "var",
      "config_addr": "module.apic2_qos.module.aci_track_member.var.tenant",
      "status": "pass",
      "objects": null
    },
    {
      "object_kind": "var",
      "config_addr": "module.apic1_qos.module.aci_management_access_policy.var.telnet_port",
      "status": "pass",
      "objects": null
    },
    {
      "object_kind": "var",
      "config_addr": "module.apic1_qos.module.aci_vmware_vmm_domain.var.vswitch_port_channel_policy",
      "status": "pass",
      "objects": null
    },
    {
      "object_kind": "var",
      "config_addr": "module.apic2_qos.module.aci_aaa.var.remote_user_login_policy",
      "status": "pass",
      "objects": null
    },
    {
      "object_kind": "var",
      "config_addr": "module.apic2_qos.module.aci_leaf_interface_configuration_sub.var.policy_group_type",
      "status": "pass",
      "objects": null
    },
    {
      "object_kind": "var",
      "config_addr": "module.apic1_qos.module.aci_oob_contract.var.description",
      "status": "pass",
      "objects": null
    },
    {
      "object_kind": "var",
      "config_addr": "module.apic2_qos.module.aci_pim_policy.var.designated_router_delay",
      "status": "pass",
      "objects": null
    },
    {
      "object_kind": "var",
      "config_addr": "module.apic2_qos.module.aci_leaf_fabric_interface_configuration_sub.var.policy_group",
      "status": "pass",
      "objects": null
    },
    {
      "object_kind": "var",
      "config_addr": "module.apic1_qos.module.aci_netflow_record.var.match_parameters",
      "status": "pass",
      "objects": null
    },
    {
      "object_kind": "var",
      "config_addr": "module.apic2_qos.module.aci_leaf_interface_configuration_sub.var.port_channel_member_policy",
      "status": "pass",
      "objects": null
    },
    {
      "object_kind": "var",
      "config_addr": "module.apic2_qos.module.aci_sr_mpls_external_endpoint_group.var.route_control_profiles",
      "status": "pass",
      "objects": null
    },
    {
      "object_kind": "var",
      "config_addr": "module.apic1_qos.module.aci_l2_policy.var.vlan_scope",
      "status": "pass",
      "objects": null
    },
    {
      "object_kind": "var",
      "config_addr": "module.apic2_qos.module.aci_set_rule.var.preference",
      "status": "pass",
      "objects": null
    },
    {
      "object_kind": "var",
      "config_addr": "module.apic1_qos.module.aci_access_span_destination_group.var.application_profile",
      "status": "pass",
      "objects": null
    },
    {
      "object_kind": "var",
      "config_addr": "module.apic1_qos.module.aci_endpoint_mac_tag_policy.var.bridge_domain",
      "status": "pass",
      "objects": null
    },
    {
      "object_kind": "var",
      "config_addr": "module.apic1_qos.module.aci_spine_interface_configuration.var.policy_group_type",
      "status": "pass",
      "objects": null
    },
    {
      "object_kind": "var",
      "config_addr": "module.apic1_qos.module.aci_igmp_snooping_policy.var.name",
      "status": "pass",
      "objects": null
    },
    {
      "object_kind": "var",
      "config_addr": "module.apic2_qos.module.aci_fabric_spine_interface_profile_auto.var.name",
      "status": "pass",
      "objects": null
    },
    {
      "object_kind": "var",
      "config_addr": "module.apic1_qos.module.aci_leaf_interface_configuration.var.port",
      "status": "pass",
      "objects": null
    },
    {
      "object_kind": "var",
      "config_addr": "module.apic2_qos.module.aci_igmp_snooping_policy.var.name",
      "status": "pass",
      "objects": null
    },
    {
      "object_kind": "var",
      "config_addr": "module.apic2_qos.module.aci_endpoint_security_group.var.contract_imported_consumers",
      "status": "pass",
      "objects": null
    },
    {
      "object_kind": "var",
      "config_addr": "module.apic1_qos.module.aci_sr_mpls_l3out_interface_profile_manual.var.transport_data_plane",
      "status": "pass",
      "objects": null
    },
    {
      "object_kind": "var",
      "config_addr": "module.apic2_qos.module.aci_oob_contract.var.name",
      "status": "pass",
      "objects": null
    },
    {
      "object_kind": "var",
      "config_addr": "module.apic1_qos.module.aci_igmp_snooping_policy.var.start_query_count",
      "status": "pass",
      "objects": null
    },
    {
      "object_kind": "var",
      "config_addr": "module.apic2_qos.module.aci_bridge_domain.var.mac",
      "status": "pass",
      "objects": null
    },
    {
      "object_kind": "var",
      "config_addr": "module.apic2_qos.module.aci_l2_mtu_policy.var.name",
      "status": "pass",
      "objects": null
    },
    {
      "object_kind": "var",
      "config_addr": "module.apic1_qos.module.aci_access_span_source_group.var.sources",
      "status": "pass",
      "objects": null
    },
    {
      "object_kind": "var",
      "config_addr": "module.apic2_qos.module.aci_bgp_timer_policy.var.stale_interval",
      "status": "pass",
      "objects": null
    },
    {
      "object_kind": "var",
      "config_addr": "module.apic1_qos.module.aci_bfd_ipv4_policy.var.min_rx_interval",
      "status": "pass",
      "objects": null
    },
    {
      "object_kind": "var",
      "config_addr": "module.apic2_qos.module.aci_access_fex_interface_selector_manual.var.policy_group_type",
      "status": "pass",
      "objects": null
    },
    {
      "object_kind": "var",
      "config_addr": "module.apic1_qos.module.aci_nd_interface_policy.var.mtu",
      "status": "pass",
      "objects": null
    },
    {
      "object_kind": "var",
      "config_addr": "module.apic2_qos.module.aci_l3out_node_profile_auto.var.bgp_as_path_policy",
      "status": "pass",
      "objects": null
    },
    {
      "object_kind": "var",
      "config_addr": "module.apic2_qos.module.aci_l3out_node_profile_manual.var.nodes",
      "status": "pass",
      "objects": null
    },
    {
      "object_kind": "var",
      "config_addr": "module.apic1_qos.module.aci_sr_mpls_external_endpoint_group.var.target_dscp",
      "status": "pass",
      "objects": null
    },
    {
      "object_kind": "var",
      "config_addr": "module.apic2_qos.module.aci_track_member.var.description",
      "status": "pass",
      "objects": null
    },
    {
      "object_kind": "var",
      "config_addr": "module.apic1_qos.module.aci_l4l7_device.var.physical_domain",
      "status": "pass",
      "objects": null
    },
    {
      "object_kind": "var",
      "config_addr": "module.apic2_qos.module.aci_access_leaf_switch_policy_group.var.forwarding_scale_policy",
      "status": "pass",
      "objects": null
    },
    {
      "object_kind": "var",
      "config_addr": "module.apic1_qos.module.aci_l3out_interface_profile_auto.var.l3out",
      "status": "pass",
      "objects": null
    },
    {
      "object_kind": "var",
      "config_addr": "module.apic2_qos.module.aci_sr_mpls_l3out.var.dampening_ipv6_route_map",
      "status": "pass",
      "objects": null
    },
    {
      "object_kind": "var",
      "config_addr": "module.apic2_qos.module.aci_node_registration.var.pod_id",
      "status": "pass",
      "objects": null
    },
    {
      "object_kind": "var",
      "config_addr": "module.apic1_qos.module.aci_access_spine_switch_profile_auto.var.interface_profiles",
      "status": "pass",
      "objects": null
    },
    {
      "object_kind": "var",
      "config_addr": "module.apic2_qos.module.aci_useg_endpoint_group.var.subnets",
      "status": "pass",
      "objects": null
    },
    {
      "object_kind": "var",
      "config_addr": "module.apic2_qos.module.aci_access_spine_switch_profile_auto.var.name",
      "status": "pass",
      "objects": null
    },
    {
      "object_kind": "var",
      "config_addr": "module.apic1_qos.module.aci_aaa.var.web_token_timeout",
      "status": "pass",
      "objects": null
    },
    {
      "object_kind": "var",
      "config_addr": "module.apic1_qos.module.aci_access_spine_switch_configuration.var.access_policy_group",
      "status": "pass",
      "objects": null
    },
    {
      "object_kind": "var",
      "config_addr": "module.apic2_qos.module.aci_nd_ra_prefix_policy.var.valid_lifetime",
      "status": "pass",
      "objects": null
    },
    {
      "object_kind": "var",
      "config_addr": "module.apic1_qos.module.aci_remote_location.var.username",
      "status": "pass",
      "objects": null
    },
    {
      "object_kind": "var",
      "config_addr": "module.apic2_qos.module.aci_aaa.var.max_password_length",
      "status": "pass",
      "objects": null
    },
    {
      "object_kind": "var",
      "config_addr": "module.apic2_qos.module.aci_inband_endpoint_group.var.contract_consumers",
      "status": "pass",
      "objects": null
    },
    {
      "object_kind": "var",
      "config_addr": "module.apic1_qos.module.aci_endpoint_group.var.application_profile",
      "status": "pass",
      "objects": null
    },
    {
      "object_kind": "var",
      "config_addr": "module.apic2_qos.module.aci_fex_interface_shutdown.var.pod_id",
      "status": "pass",
      "objects": null
    },
    {
      "object_kind": "var",
      "config_addr": "module.apic1_qos.module.aci_ip_sla_policy.var.sla_type",
      "status": "pass",
      "objects": null
    },
    {
      "object_kind": "var",
      "config_addr": "module.apic2_qos.module.aci_login_domain.var.auth_choice",
      "status": "pass",
      "objects": null
    },
    {
      "object_kind": "var",
      "config_addr": "module.apic2_qos.module.aci_match_rule.var.prefixes",
      "status": "pass",
      "objects": null
    },
    {
      "object_kind": "var",
      "config_addr": "module.apic2_qos.module.aci_l3out_interface_profile_auto.var.name",
      "status": "pass",
      "objects": null
    },
    {
      "object_kind": "var",
      "config_addr": "module.apic1_qos.module.aci_snmp_policy.var.clients",
      "status": "pass",
      "objects": null
    },
    {
      "object_kind": "var",
      "config_addr": "module.apic1_qos.module.aci_imported_contract.var.source_tenant",
      "status": "pass",
      "objects": null
    },
    {
      "object_kind": "var",
      "config_addr": "module.apic2_qos.module.aci_useg_endpoint_group.var.description",
      "status": "pass",
      "objects": null
    },
    {
      "object_kind": "var",
      "config_addr": "module.apic1_qos.module.aci_track_list.var.weight_up",
      "status": "pass",
      "objects": null
    },
    {
      "object_kind": "var",
      "config_addr": "module.apic2_qos.module.aci_service_graph_template.var.device_tenant",
      "status": "pass",
      "objects": null
    },
    {
      "object_kind": "var",
      "config_addr": "module.apic2_qos.module.aci_device_selection_policy.var.contract",
      "status": "pass",
      "objects": null
    },
    {
      "object_kind": "var",
      "config_addr": "module.apic1_qos.module.aci_igmp_interface_policy.var.startup_query_interval",
      "status": "pass",
      "objects": null
    },
    {
      "object_kind": "var",
      "config_addr": "module.apic2_qos.module.aci_ospf_interface_policy.var.name",
      "status": "pass",
      "objects": null
    },
    {
      "object_kind": "var",
      "config_addr": "module.apic2_qos.module.aci_sr_mpls_l3out.var.export_route_map_description",
      "status": "pass",
      "objects": null
    },
    {
      "object_kind": "var",
      "config_addr": "module.apic1_qos.module.aci_user.var.phone",
      "status": "pass",
      "objects": null
    },
    {
      "object_kind": "var",
      "config_addr": "module.apic2_qos.module.aci_subinterface_shutdown.var.fex_id",
      "status": "pass",
      "objects": null
    },
    {
      "object_kind": "var",
      "config_addr": "module.apic2_qos.module.aci_bfd_multihop_node_policy.var.min_tx_interval",
      "status": "pass",
      "objects": null
    },
    {
      "object_kind": "var",
      "config_addr": "module.apic1_qos.module.aci_bgp_policy.var.fabric_bgp_as",
      "status": "pass",
      "objects": null
    },
    {
      "object_kind": "var",
      "config_addr": "module.apic1_qos.module.aci_management_access_policy.var.http_allow_origins",
      "status": "pass",
      "objects": null
    },
    {
      "object_kind": "var",
      "config_addr": "module.apic2_qos.module.aci_geolocation.var.description",
      "status": "pass",
      "objects": null
    },
    {
      "object_kind": "var",
      "config_addr": "module.apic1_qos.module.aci_fabric_leaf_switch_profile_manual.var.interface_profiles",
      "status": "pass",
      "objects": null
    },
    {
      "object_kind": "var",
      "config_addr": "module.apic1_qos.module.aci_contract.var.description",
      "status": "pass",
      "objects": null
    },
    {
      "object_kind": "var",
      "config_addr": "module.apic1_qos.module.aci_device_selection_policy.var.provider_redirect_policy",
      "status": "pass",
      "objects": null
    },
    {
      "object_kind": "var",
      "config_addr": "module.apic1_qos.module.aci_interface_configuration_fex.var.policy_group_type",
      "status": "pass",
      "objects": null
    },
    {
      "object_kind": "var",
      "config_addr": "module.apic2_qos.module.aci_useg_endpoint_group.var.l4l7_address_pools",
      "status": "pass",
      "objects": null
    },
    {
      "object_kind": "var",
      "config_addr": "module.apic2_qos.module.aci_multicast_route_map.var.tenant",
      "status": "pass",
      "objects": null
    },
    {
      "object_kind": "var",
      "config_addr": "module.apic2_qos.module.aci_l3out_node_profile_manual.var.name",
      "status": "pass",
      "objects": null
    },
    {
      "object_kind": "var",
      "config_addr": "module.apic1_qos.module.aci_l3out_node_profile_manual.var.bfd_multihop_node_policy",
      "status": "pass",
      "objects": null
    },
    {
      "object_kind": "var",
      "config_addr": "module.apic1_qos.module.aci_sr_mpls_l3out.var.ospf_area",
      "status": "pass",
      "objects": null
    },
    {
      "object_kind": "var",
      "config_addr": "module.apic2_qos.module.aci_leaf_fabric_interface_configuration_sub.var.module",
      "status": "pass",
      "objects": null
    },
    {
      "object_kind": "var",
      "config_addr": "module.apic1_qos.module.aci_cdp_policy.var.name",
      "status": "pass",
      "objects": null
    },
    {
      "object_kind": "var",
      "config_addr": "module.apic2_qos.module.aci_bfd_multihop_node_policy.var.min_rx_interval",
      "status": "pass",
      "objects": null
    },
    {
      "object_kind": "var",
      "config_addr": "module.apic1_qos.module.aci_bridge_domain.var.unknown_ipv4_multicast",
      "status": "pass",
      "objects": null
    },
    {
      "object_kind": "var",
      "config_addr": "module.apic2_qos.module.aci_sr_mpls_l3out_node_profile_manual.var.bgp_infra_peers",
      "status": "pass",
      "objects": null
    },
    {
      "object_kind": "var",
      "config_addr": "module.apic2_qos.module.aci_sr_mpls_l3out.var.eigrp_asn",
      "status": "pass",
      "objects": null
    },
    {
      "object_kind": "var",
      "config_addr": "module.apic2_qos.module.aci_netflow_monitor.var.flow_exporters",
      "status": "pass",
      "objects": null
    },
    {
      "object_kind": "var",
      "config_addr": "module.apic1_qos.module.aci_date_time_policy.var.ntp_keys",
      "status": "pass",
      "objects": null
    },
    {
      "object_kind": "var",
      "config_addr": "module.apic1_qos.module.aci_access_leaf_interface_selector_manual.var.policy_group",
      "status": "pass",
      "objects": null
    },
    {
      "object_kind": "var",
      "config_addr": "module.apic1_qos.module.aci_sr_mpls_l3out_interface_profile_manual.var.eigrp_interface_policy",
      "status": "pass",
      "objects": null
    },
    {
      "object_kind": "var",
      "config_addr": "module.apic2_qos.module.aci_netflow_exporter.var.description",
      "status": "pass",
      "objects": null
    },
    {
      "object_kind": "var",
      "config_addr": "module.apic1_qos.module.aci_nd_interface_policy.var.reachable_time",
      "status": "pass",
      "objects": null
    },
    {
      "object_kind": "var",
      "config_addr": "module.apic2_qos.module.aci_bgp_best_path_policy.var.tenant",
      "status": "pass",
      "objects": null
    },
    {
      "object_kind": "var",
      "config_addr": "module.apic2_qos.module.aci_l3out.var.eigrp_asn",
      "status": "pass",
      "objects": null
    },
    {
      "object_kind": "var",
      "config_addr": "module.apic2_qos.module.aci_login_domain.var.name",
      "status": "pass",
      "objects": null
    },
    {
      "object_kind": "var",
      "config_addr": "module.apic1_qos.module.aci_ospf_timer_policy.var.max_lsa_sleep_count",
      "status": "pass",
      "objects": null
    },
    {
      "object_kind": "var",
      "config_addr": "module.apic2_qos.module.aci_vmware_vmm_domain.var.vswitch_netflow_policy",
      "status": "pass",
      "objects": null
    },
    {
      "object_kind": "var",
      "config_addr": "module.apic2_qos.module.aci_l3out.var.route_maps",
      "status": "pass",
      "objects": null
    },
    {
      "object_kind": "var",
      "config_addr": "module.apic2_qos.module.aci_leaf_fabric_interface_configuration_sub.var.port",
      "status": "pass",
      "objects": null
    },
    {
      "object_kind": "var",
      "config_addr": "module.apic2_qos.module.aci_access_fex_interface_selector_auto.var.policy_group_type",
      "status": "pass",
      "objects": null
    },
    {
      "object_kind": "var",
      "config_addr": "module.apic2_qos.module.aci_l3out_interface_profile_auto.var.description",
      "status": "pass",
      "objects": null
    },
    {
      "object_kind": "var",
      "config_addr": "module.apic2_qos.module.aci_l2_mtu_policy.var.port_mtu_size",
      "status": "pass",
      "objects": null
    },
    {
      "object_kind": "var",
      "config_addr": "module.apic1_qos.module.aci_maintenance_group.var.name",
      "status": "pass",
      "objects": null
    },
    {
      "object_kind": "var",
      "config_addr": "module.apic2_qos.module.aci_redirect_policy.var.ip_sla_policy",
      "status": "pass",
      "objects": null
    },
    {
      "object_kind": "var",
      "config_addr": "module.apic1_qos.module.aci_fabric_spine_switch_profile_auto.var.interface_profiles",
      "status": "pass",
      "objects": null
    },
    {
      "object_kind": "var",
      "config_addr": "module.apic2_qos.module.aci_management_access_policy.var.https_keyring",
      "status": "pass",
      "objects": null
    },
    {
      "object_kind": "var",
      "config_addr": "module.apic2_qos.module.aci_sr_mpls_l3out_interface_profile_manual.var.node_profile",
      "status": "pass",
      "objects": null
    },
    {
      "object_kind": "var",
      "config_addr": "module.apic2_qos.module.aci_dns_policy.var.name",
      "status": "pass",
      "objects": null
    },
    {
      "object_kind": "var",
      "config_addr": "module.apic2_qos.module.aci_device_selection_policy.var.copy_service_epg_policy",
      "status": "pass",
      "objects": null
    },
    {
      "object_kind": "var",
      "config_addr": "module.apic2_qos.module.aci_storm_control_policy.var.name",
      "status": "pass",
      "objects": null
    },
    {
      "object_kind": "var",
      "config_addr": "module.apic1_qos.module.aci_access_span_destination_group.var.endpoint_group",
      "status": "pass",
      "objects": null
    },
    {
      "object_kind": "var",
      "config_addr": "module.apic2_qos.module.aci_macsec_parameters_policy.var.window_size",
      "status": "pass",
      "objects": null
    },
    {
      "object_kind": "var",
      "config_addr": "module.apic2_qos.module.aci_access_span_destination_group.var.mtu",
      "status": "pass",
      "objects": null
    },
    {
      "object_kind": "var",
      "config_addr": "module.apic1_qos.module.aci_endpoint_security_group.var.vrf",
      "status": "pass",
      "objects": null
    },
    {
      "object_kind": "var",
      "config_addr": "module.apic1_qos.module.aci_leaf_fabric_interface_configuration_sub.var.port",
      "status": "pass",
      "objects": null
    },
    {
      "object_kind": "var",
      "config_addr": "module.apic1_qos.module.aci_ospf_interface_policy.var.lsa_transmit_delay",
      "status": "pass",
      "objects": null
    },
    {
      "object_kind": "var",
      "config_addr": "module.apic2_qos.module.aci_snmp_trap_policy.var.name",
      "status": "pass",
      "objects": null
    },
    {
      "object_kind": "var",
      "config_addr": "module.apic2_qos.module.aci_access_spine_switch_profile_manual.var.selectors",
      "status": "pass",
      "objects": null
    },
    {
      "object_kind": "var",
      "config_addr": "module.apic1_qos.module.aci_nd_interface_policy.var.name",
      "status": "pass",
      "objects": null
    },
    {
      "object_kind": "var",
      "config_addr": "module.apic2_qos.module.aci_syslog_policy.var.format",
      "status": "pass",
      "objects": null
    },
    {
      "object_kind": "var",
      "config_addr": "module.apic1_qos.module.aci_access_spine_switch_configuration.var.node_id",
      "status": "pass",
      "objects": null
    },
    {
      "object_kind": "var",
      "config_addr": "module.apic1_qos.module.aci_access_leaf_interface_selector_auto.var.port_blocks",
      "status": "pass",
      "objects": null
    },
    {
      "object_kind": "var",
      "config_addr": "module.apic1_qos.module.aci_access_fex_interface_selector_auto.var.policy_group",
      "status": "pass",
      "objects": null
    },
    {
      "object_kind": "var",
      "config_addr": "module.apic1_qos.module.aci_endpoint_loop_protection.var.detection_multiplier",
      "status": "pass",
      "objects": null
    },
    {
      "object_kind": "var",
      "config_addr": "module.apic1_qos.module.aci_l3out_node_profile_manual.var.name",
      "status": "pass",
      "objects": null
    },
    {
      "object_kind": "var",
      "config_addr": "module.apic2_qos.module.aci_sr_mpls_l3out_interface_profile_manual.var.dhcp_labels",
      "status": "pass",
      "objects": null
    },
    {
      "object_kind": "var",
      "config_addr": "module.apic1_qos.module.aci_leaf_fabric_interface_configuration.var.port",
      "status": "pass",
      "objects": null
    },
    {
      "object_kind": "var",
      "config_addr": "module.apic2_qos.module.aci_sr_mpls_l3out_interface_profile_manual.var.l3out",
      "status": "pass",
      "objects": null
    },
    {
      "object_kind": "var",
      "config_addr": "module.apic2_qos.module.aci_tenant_span_destination_group.var.flow_id",
      "status": "pass",
      "objects": null
    },
    {
      "object_kind": "var",
      "config_addr": "module.apic1_qos.module.aci_eigrp_interface_policy.var.hello_interval",
      "status": "pass",
      "objects": null
    },
    {
      "object_kind": "var",
      "config_addr": "module.apic1_qos.module.aci_mst_policy.var.instances",
      "status": "pass",
      "objects": null
    },
    {
      "object_kind": "var",
      "config_addr": "module.apic1_qos.module.aci_management_access_policy.var.https_allow_origins",
      "status": "pass",
      "objects": null
    },
    {
      "object_kind": "var",
      "config_addr": "module.apic1_qos.module.aci_fabric_leaf_switch_configuration.var.role",
      "status": "pass",
      "objects": null
    },
    {
      "object_kind": "var",
      "config_addr": "module.apic2_qos.module.aci_l3out_interface_profile_manual.var.pim_policy",
      "status": "pass",
      "objects": null
    },
    {
      "object_kind": "var",
      "config_addr": "module.apic1_qos.module.aci_user.var.description",
      "status": "pass",
      "objects": null
    },
    {
      "object_kind": "var",
      "config_addr": "module.apic1_qos.module.aci_mcp.var.frequency_msec",
      "status": "pass",
      "objects": [
        {
          "object_addr": "module.apic1_qos.module.aci_mcp[0].var.frequency_msec",
          "status": "pass"
        }
      ]
    },
    {
      "object_kind": "var",
      "config_addr": "module.apic1_qos.module.aci_node_registration.var.type",
      "status": "pass",
      "objects": null
    },
    {
      "object_kind": "var",
      "config_addr": "module.apic1_qos.module.aci_vmware_vmm_domain.var.vswitch_cdp_policy",
      "status": "pass",
      "objects": null
    },
    {
      "object_kind": "var",
      "config_addr": "module.apic1_qos.module.aci_l3out_interface_profile_manual.var.bfd_policy",
      "status": "pass",
      "objects": null
    },
    {
      "object_kind": "var",
      "config_addr": "module.apic1_qos.module.aci_interface_shutdown.var.port",
      "status": "pass",
      "objects": null
    },
    {
      "object_kind": "var",
      "config_addr": "module.apic2_qos.module.aci_device_selection_policy.var.provider_redirect_policy_tenant",
      "status": "pass",
      "objects": null
    },
    {
      "object_kind": "var",
      "config_addr": "module.apic1_qos.module.aci_sr_mpls_l3out.var.export_route_map_name",
      "status": "pass",
      "objects": null
    },
    {
      "object_kind": "var",
      "config_addr": "module.apic2_qos.module.aci_leaf_fabric_interface_configuration_sub.var.description",
      "status": "pass",
      "objects": null
    },
    {
      "object_kind": "var",
      "config_addr": "module.apic2_qos.module.aci_vrf.var.pim_asm_traffic_registry_max_rate",
      "status": "pass",
      "objects": null
    },
    {
      "object_kind": "var",
      "config_addr": "module.apic1_qos.module.aci_service_graph_template.var.device_node_name",
      "status": "pass",
      "objects": null
    },
    {
      "object_kind": "var",
      "config_addr": "module.apic2_qos.module.aci_rbac_node_rule.var.node_id",
      "status": "pass",
      "objects": null
    },
    {
      "object_kind": "var",
      "config_addr": "module.apic1_qos.module.aci_fabric_link_level_policy.var.link_debounce_interval",
      "status": "pass",
      "objects": null
    },
    {
      "object_kind": "var",
      "config_addr": "module.apic1_qos.module.aci_macsec_keychain_policies.var.name",
      "status": "pass",
      "objects": null
    },
    {
      "object_kind": "var",
      "config_addr": "module.apic1_qos.module.aci_endpoint_security_group.var.esg_contract_masters",
      "status": "pass",
      "objects": null
    },
    {
      "object_kind": "var",
      "config_addr": "module.apic1_qos.module.aci_dns_policy.var.name",
      "status": "pass",
      "objects": null
    },
    {
      "object_kind": "var",
      "config_addr": "module.apic2_qos.module.aci_radius.var.timeout",
      "status": "pass",
      "objects": null
    },
    {
      "object_kind": "var",
      "config_addr": "module.apic1_qos.module.aci_ospf_interface_policy.var.dead_interval",
      "status": "pass",
      "objects": null
    },
    {
      "object_kind": "var",
      "config_addr": "module.apic1_qos.module.aci_external_endpoint_group.var.contract_consumers",
      "status": "pass",
      "objects": null
    },
    {
      "object_kind": "var",
      "config_addr": "module.apic1_qos.module.aci_ospf_interface_policy.var.priority",
      "status": "pass",
      "objects": null
    },
    {
      "object_kind": "var",
      "config_addr": "module.apic1_qos.module.aci_leaf_fabric_interface_configuration.var.description",
      "status": "pass",
      "objects": null
    },
    {
      "object_kind": "var",
      "config_addr": "module.apic1_qos.module.aci_dhcp_option_policy.var.description",
      "status": "pass",
      "objects": null
    },
    {
      "object_kind": "var",
      "config_addr": "module.apic1_qos.module.aci_inband_endpoint_group.var.name",
      "status": "pass",
      "objects": null
    },
    {
      "object_kind": "var",
      "config_addr": "module.apic2_qos.module.aci_interface_type.var.port",
      "status": "pass",
      "objects": null
    },
    {
      "object_kind": "var",
      "config_addr": "module.apic1_qos.module.aci_vrf.var.dns_labels",
      "status": "pass",
      "objects": null
    },
    {
      "object_kind": "var",
      "config_addr": "module.apic2_qos.module.aci_fex_interface_shutdown.var.node_id",
      "status": "pass",
      "objects": null
    },
    {
      "object_kind": "var",
      "config_addr": "module.apic2_qos.module.aci_l3out_interface_profile_auto.var.transport_data_plane",
      "status": "pass",
      "objects": null
    },
    {
      "object_kind": "var",
      "config_addr": "module.apic1_qos.module.aci_external_endpoint_group.var.contract_providers",
      "status": "pass",
      "objects": null
    },
    {
      "object_kind": "var",
      "config_addr": "module.apic1_qos.module.aci_sr_mpls_l3out_node_profile_manual.var.bfd_multihop_node_policy",
      "status": "pass",
      "objects": null
    },
    {
      "object_kind": "var",
      "config_addr": "module.apic1_qos.module.aci_device_selection_policy.var.tenant",
      "status": "pass",
      "objects": null
    },
    {
      "object_kind": "var",
      "config_addr": "module.apic2_qos.module.aci_l3out_node_profile_manual.var.l3out",
      "status": "pass",
      "objects": null
    },
    {
      "object_kind": "var",
      "config_addr": "module.apic1_qos.module.aci_routed_domain.var.vlan_pool_allocation",
      "status": "pass",
      "objects": null
    },
    {
      "object_kind": "var",
      "config_addr": "module.apic1_qos.module.aci_filter.var.name",
      "status": "pass",
      "objects": null
    },
    {
      "object_kind": "var",
      "config_addr": "module.apic1_qos.module.aci_ptp.var.delay_interval",
      "status": "pass",
      "objects": null
    },
    {
      "object_kind": "var",
      "config_addr": "module.apic2_qos.module.aci_sr_mpls_global_configuration.var.sr_global_block_minimum",
      "status": "pass",
      "objects": null
    },
    {
      "object_kind": "var",
      "config_addr": "module.apic1_qos.module.aci_vmware_vmm_domain.var.vswitch_mtu_policy",
      "status": "pass",
      "objects": null
    },
    {
      "object_kind": "var",
      "config_addr": "module.apic1_qos.module.aci_fabric_spine_switch_configuration.var.fabric_policy_group",
      "status": "pass",
      "objects": null
    },
    {
      "object_kind": "var",
      "config_addr": "module.apic1_qos.module.aci_external_connectivity_policy.var.fabric_id",
      "status": "pass",
      "objects": null
    },
    {
      "object_kind": "var",
      "config_addr": "module.apic2_qos.module.aci_igmp_interface_policy.var.startup_query_count",
      "status": "pass",
      "objects": null
    },
    {
      "object_kind": "var",
      "config_addr": "module.apic2_qos.module.aci_macsec_parameters_policy.var.name",
      "status": "pass",
      "objects": null
    },
    {
      "object_kind": "var",
      "config_addr": "module.apic1_qos.module.aci_sr_mpls_l3out_node_profile_manual.var.bgp_as_path_policy",
      "status": "pass",
      "objects": null
    },
    {
      "object_kind": "var",
      "config_addr": "module.apic2_qos.module.aci_netflow_record.var.name",
      "status": "pass",
      "objects": null
    },
    {
      "object_kind": "var",
      "config_addr": "module.apic1_qos.module.aci_track_list.var.weight_down",
      "status": "pass",
      "objects": null
    },
    {
      "object_kind": "var",
      "config_addr": "module.apic1_qos.module.aci_ospf_timer_policy.var.max_lsa_sleep_interval",
      "status": "pass",
      "objects": null
    },
    {
      "object_kind": "var",
      "config_addr": "module.apic1_qos.module.aci_ospf_interface_policy.var.cost",
      "status": "pass",
      "objects": null
    },
    {
      "object_kind": "var",
      "config_addr": "module.apic2_qos.module.aci_bridge_domain.var.name",
      "status": "pass",
      "objects": null
    },
    {
      "object_kind": "var",
      "config_addr": "module.apic1_qos.module.aci_node_registration.var.remote_pool_id",
      "status": "pass",
      "objects": null
    },
    {
      "object_kind": "var",
      "config_addr": "module.apic2_qos.module.aci_ospf_timer_policy.var.name",
      "status": "pass",
      "objects": null
    },
    {
      "object_kind": "var",
      "config_addr": "module.apic1_qos.module.aci_aaa.var.password_no_change_interval",
      "status": "pass",
      "objects": null
    },
    {
      "object_kind": "var",
      "config_addr": "module.apic1_qos.module.aci_access_leaf_interface_policy_group.var.storm_control_policy",
      "status": "pass",
      "objects": null
    },
    {
      "object_kind": "var",
      "config_addr": "module.apic1_qos.module.aci_tenant_span_destination_group.var.name",
      "status": "pass",
      "objects": null
    },
    {
      "object_kind": "var",
      "config_addr": "module.apic1_qos.module.aci_aaa.var.login_max_failed_attempts",
      "status": "pass",
      "objects": null
    },
    {
      "object_kind": "var",
      "config_addr": "module.apic2_qos.module.aci_endpoint_security_group.var.contract_intra_esgs",
      "status": "pass",
      "objects": null
    },
    {
      "object_kind": "var",
      "config_addr": "module.apic1_qos.module.aci_syslog_policy.var.description",
      "status": "pass",
      "objects": null
    },
    {
      "object_kind": "var",
      "config_addr": "module.apic1_qos.module.aci_routed_domain.var.vlan_pool",
      "status": "pass",
      "objects": null
    },
    {
      "object_kind": "var",
      "config_addr": "module.apic1_qos.module.aci_contract.var.tenant",
      "status": "pass",
      "objects": null
    },
    {
      "object_kind": "var",
      "config_addr": "module.apic2_qos.module.aci_vrf.var.bgp_ipv4_export_route_target",
      "status": "pass",
      "objects": null
    },
    {
      "object_kind": "var",
      "config_addr": "module.apic1_qos.module.aci_ospf_timer_policy.var.reference_bandwidth",
      "status": "pass",
      "objects": null
    },
    {
      "object_kind": "var",
      "config_addr": "module.apic2_qos.module.aci_port_tracking.var.min_links",
      "status": "pass",
      "objects": null
    },
    {
      "object_kind": "var",
      "config_addr": "module.apic1_qos.module.aci_l3out.var.annotation",
      "status": "pass",
      "objects": null
    },
    {
      "object_kind": "var",
      "config_addr": "module.apic1_qos.module.aci_l3out.var.name",
      "status": "pass",
      "objects": null
    },
    {
      "object_kind": "var",
      "config_addr": "module.apic2_qos.module.aci_useg_endpoint_group.var.contract_providers",
      "status": "pass",
      "objects": null
    },
    {
      "object_kind": "var",
      "config_addr": "module.apic2_qos.module.aci_netflow_exporter.var.destination_port",
      "status": "pass",
      "objects": null
    },
    {
      "object_kind": "var",
      "config_addr": "module.apic2_qos.module.aci_dns_policy.var.mgmt_epg_type",
      "status": "pass",
      "objects": null
    },
    {
      "object_kind": "var",
      "config_addr": "module.apic1_qos.module.aci_port_tracking.var.delay",
      "status": "pass",
      "objects": null
    },
    {
      "object_kind": "var",
      "config_addr": "module.apic2_qos.module.aci_endpoint_group.var.subnets",
      "status": "pass",
      "objects": null
    },
    {
      "object_kind": "var",
      "config_addr": "module.apic2_qos.module.aci_access_leaf_interface_selector_auto.var.fex_id",
      "status": "pass",
      "objects": null
    },
    {
      "object_kind": "var",
      "config_addr": "module.apic2_qos.module.aci_ip_sla_policy.var.tenant",
      "status": "pass",
      "objects": null
    },
    {
      "object_kind": "var",
      "config_addr": "module.apic2_qos.module.aci_sr_mpls_l3out_interface_profile_manual.var.ospf_interface_profile_name",
      "status": "pass",
      "objects": null
    },
    {
      "object_kind": "var",
      "config_addr": "module.apic2_qos.module.aci_access_spine_switch_policy_group.var.lldp_policy",
      "status": "pass",
      "objects": null
    },
    {
      "object_kind": "var",
      "config_addr": "module.apic2_qos.module.aci_inband_endpoint_group.var.static_routes",
      "status": "pass",
      "objects": null
    },
    {
      "object_kind": "var",
      "config_addr": "module.apic2_qos.module.aci_access_leaf_interface_selector_auto.var.fex_interface_profile",
      "status": "pass",
      "objects": null
    },
    {
      "object_kind": "var",
      "config_addr": "module.apic1_qos.module.aci_sr_mpls_l3out_node_profile_manual.var.tenant",
      "status": "pass",
      "objects": null
    },
    {
      "object_kind": "var",
      "config_addr": "module.apic1_qos.module.aci_useg_endpoint_group.var.subnets",
      "status": "pass",
      "objects": null
    },
    {
      "object_kind": "var",
      "config_addr": "module.apic1_qos.module.aci_igmp_interface_policy.var.query_response_interval",
      "status": "pass",
      "objects": null
    },
    {
      "object_kind": "var",
      "config_addr": "module.apic1_qos.module.aci_radius.var.monitoring_username",
      "status": "pass",
      "objects": null
    },
    {
      "object_kind": "var",
      "config_addr": "module.apic2_qos.module.aci_endpoint_retention_policy.var.tenant",
      "status": "pass",
      "objects": null
    },
    {
      "object_kind": "var",
      "config_addr": "module.apic1_qos.module.aci_vpc_group.var.mode",
      "status": "pass",
      "objects": null
    },
    {
      "object_kind": "var",
      "config_addr": "module.apic1_qos.module.aci_access_fex_interface_selector_manual.var.interface_profile",
      "status": "pass",
      "objects": null
    },
    {
      "object_kind": "var",
      "config_addr": "module.apic1_qos.module.aci_bgp_peer_prefix_policy.var.restart_time",
      "status": "pass",
      "objects": null
    },
    {
      "object_kind": "var",
      "config_addr": "module.apic1_qos.module.aci_mpls_custom_qos_policy.var.egress_rules",
      "status": "pass",
      "objects": null
    },
    {
      "object_kind": "var",
      "config_addr": "module.apic2_qos.module.aci_endpoint_group.var.tags",
      "status": "pass",
      "objects": null
    },
    {
      "object_kind": "var",
      "config_addr": "module.apic2_qos.module.aci_smart_licensing.var.proxy_port",
      "status": "pass",
      "objects": null
    },
    {
      "object_kind": "var",
      "config_addr": "module.apic2_qos.module.aci_fabric_leaf_switch_configuration.var.role",
      "status": "pass",
      "objects": null
    },
    {
      "object_kind": "var",
      "config_addr": "module.apic1_qos.module.aci_leaf_fabric_interface_configuration.var.role",
      "status": "pass",
      "objects": null
    },
    {
      "object_kind": "var",
      "config_addr": "module.apic2_qos.module.aci_qos_policy.var.description",
      "status": "pass",
      "objects": null
    },
    {
      "object_kind": "var",
      "config_addr": "module.apic1_qos.module.aci_vrf.var.pim_inter_vrf_policies",
      "status": "pass",
      "objects": null
    },
    {
      "object_kind": "var",
      "config_addr": "module.apic1_qos.module.aci_trust_control_policy.var.description",
      "status": "pass",
      "objects": null
    },
    {
      "object_kind": "var",
      "config_addr": "module.apic2_qos.module.aci_l4l7_device.var.alias",
      "status": "pass",
      "objects": null
    },
    {
      "object_kind": "var",
      "config_addr": "module.apic2_qos.module.aci_mcp.var.frequency_msec",
      "status": "pass",
      "objects": [
        {
          "object_addr": "module.apic2_qos.module.aci_mcp[0].var.frequency_msec",
          "status": "pass"
        }
      ]
    },
    {
      "object_kind": "var",
      "config_addr": "module.apic2_qos.module.aci_bgp_peer_prefix_policy.var.action",
      "status": "pass",
      "objects": null
    },
    {
      "object_kind": "var",
      "config_addr": "module.apic1_qos.module.aci_user.var.certificates",
      "status": "pass",
      "objects": null
    },
    {
      "object_kind": "var",
      "config_addr": "module.apic1_qos.module.aci_bfd_multihop_node_policy.var.min_rx_interval",
      "status": "pass",
      "objects": null
    },
    {
      "object_kind": "var",
      "config_addr": "module.apic2_qos.module.aci_storm_control_policy.var.alias",
      "status": "pass",
      "objects": null
    },
    {
      "object_kind": "var",
      "config_addr": "module.apic1_qos.module.aci_aaa.var.remote_user_login_policy",
      "status": "pass",
      "objects": null
    },
    {
      "object_kind": "var",
      "config_addr": "module.apic2_qos.module.aci_bridge_domain.var.unknown_unicast",
      "status": "pass",
      "objects": null
    },
    {
      "object_kind": "var",
      "config_addr": "module.apic2_qos.module.aci_bridge_domain.var.subnets",
      "status": "pass",
      "objects": null
    },
    {
      "object_kind": "var",
      "config_addr": "module.apic1_qos.module.aci_vrf.var.transit_route_tag_policy",
      "status": "pass",
      "objects": null
    },
    {
      "object_kind": "var",
      "config_addr": "module.apic2_qos.module.aci_fabric_spine_switch_policy_group.var.psu_policy",
      "status": "pass",
      "objects": null
    },
    {
      "object_kind": "var",
      "config_addr": "module.apic1_qos.module.aci_ip_sla_policy.var.multiplier",
      "status": "pass",
      "objects": null
    },
    {
      "object_kind": "var",
      "config_addr": "module.apic1_qos.module.aci_access_leaf_interface_selector_auto.var.fex_interface_profile",
      "status": "pass",
      "objects": null
    },
    {
      "object_kind": "var",
      "config_addr": "module.apic2_qos.module.aci_aaa.var.password_strength_test_type",
      "status": "pass",
      "objects": null
    },
    {
      "object_kind": "var",
      "config_addr": "module.apic2_qos.module.aci_dhcp_option_policy.var.name",
      "status": "pass",
      "objects": null
    },
    {
      "object_kind": "var",
      "config_addr": "module.apic2_qos.module.aci_sr_mpls_l3out.var.export_route_map_type",
      "status": "pass",
      "objects": null
    },
    {
      "object_kind": "var",
      "config_addr": "module.apic2_qos.module.aci_access_leaf_interface_policy_group.var.map",
      "status": "pass",
      "objects": null
    },
    {
      "object_kind": "var",
      "config_addr": "module.apic1_qos.module.aci_endpoint_group.var.static_ports",
      "status": "pass",
      "objects": null
    },
    {
      "object_kind": "var",
      "config_addr": "module.apic2_qos.module.aci_management_access_policy.var.http_port",
      "status": "pass",
      "objects": null
    },
    {
      "object_kind": "var",
      "config_addr": "module.apic2_qos.module.aci_leaf_fabric_interface_configuration.var.description",
      "status": "pass",
      "objects": null
    },
    {
      "object_kind": "var",
      "config_addr": "module.apic2_qos.module.aci_maintenance_group.var.name",
      "status": "pass",
      "objects": null
    },
    {
      "object_kind": "var",
      "config_addr": "module.apic2_qos.module.aci_bfd_ipv4_policy.var.description",
      "status": "pass",
      "objects": null
    },
    {
      "object_kind": "var",
      "config_addr": "module.apic1_qos.module.aci_netflow_record.var.description",
      "status": "pass",
      "objects": null
    },
    {
      "object_kind": "var",
      "config_addr": "module.apic1_qos.module.aci_bgp_policy.var.fabric_bgp_rr",
      "status": "pass",
      "objects": null
    },
    {
      "object_kind": "var",
      "config_addr": "module.apic1_qos.module.aci_l3out.var.vrf",
      "status": "pass",
      "objects": null
    },
    {
      "object_kind": "var",
      "config_addr": "module.apic1_qos.module.aci_access_leaf_switch_profile_manual.var.interface_profiles",
      "status": "pass",
      "objects": null
    },
    {
      "object_kind": "var",
      "config_addr": "module.apic1_qos.module.aci_vspan_destination_group.var.description",
      "status": "pass",
      "objects": null
    },
    {
      "object_kind": "var",
      "config_addr": "module.apic1_qos.module.aci_route_tag_policy.var.tenant",
      "status": "pass",
      "objects": null
    },
    {
      "object_kind": "var",
      "config_addr": "module.apic2_qos.module.aci_sr_mpls_l3out_interface_profile_manual.var.interfaces",
      "status": "pass",
      "objects": null
    },
    {
      "object_kind": "var",
      "config_addr": "module.apic1_qos.module.aci_set_rule.var.metric",
      "status": "pass",
      "objects": null
    },
    {
      "object_kind": "var",
      "config_addr": "module.apic2_qos.module.aci_contract.var.subjects",
      "status": "pass",
      "objects": null
    },
    {
      "object_kind": "var",
      "config_addr": "module.apic1_qos.module.aci_endpoint_group.var.description",
      "status": "pass",
      "objects": null
    },
    {
      "object_kind": "var",
      "config_addr": "module.apic1_qos.module.aci_useg_endpoint_group.var.contract_masters",
      "status": "pass",
      "objects": null
    },
    {
      "object_kind": "var",
      "config_addr": "module.apic1_qos.module.aci_ptp_profile.var.delay_interval",
      "status": "pass",
      "objects": null
    },
    {
      "object_kind": "var",
      "config_addr": "module.apic1_qos.module.aci_bridge_domain.var.annotation",
      "status": "pass",
      "objects": null
    },
    {
      "object_kind": "var",
      "config_addr": "module.apic1_qos.module.aci_vrf.var.pim_mtu",
      "status": "pass",
      "objects": null
    },
    {
      "object_kind": "var",
      "config_addr": "module.apic1_qos.module.aci_access_span_source_group.var.filter_group",
      "status": "pass",
      "objects": null
    },
    {
      "object_kind": "var",
      "config_addr": "module.apic2_qos.module.aci_ptp_profile.var.announce_timeout",
      "status": "pass",
      "objects": null
    },
    {
      "object_kind": "var",
      "config_addr": "module.apic2_qos.module.aci_bfd_ipv4_policy.var.detection_multiplier",
      "status": "pass",
      "objects": null
    },
    {
      "object_kind": "var",
      "config_addr": "module.apic2_qos.module.aci_igmp_interface_policy.var.version_",
      "status": "pass",
      "objects": null
    },
    {
      "object_kind": "var",
      "config_addr": "module.apic2_qos.module.aci_pim_policy.var.join_prune_filter_policy_out",
      "status": "pass",
      "objects": null
    },
    {
      "object_kind": "var",
      "config_addr": "module.apic2_qos.module.aci_aaa.var.web_session_idle_timeout",
      "status": "pass",
      "objects": null
    },
    {
      "object_kind": "var",
      "config_addr": "module.apic1_qos.module.aci_redirect_backup_policy.var.l3_destinations",
      "status": "pass",
      "objects": null
    },
    {
      "object_kind": "var",
      "config_addr": "module.apic2_qos.module.aci_forwarding_scale_policy.var.profile",
      "status": "pass",
      "objects": null
    },
    {
      "object_kind": "var",
      "config_addr": "module.apic2_qos.module.aci_spine_interface_configuration.var.module",
      "status": "pass",
      "objects": null
    },
    {
      "object_kind": "var",
      "config_addr": "module.apic1_qos.module.aci_interface_shutdown.var.fex_id",
      "status": "pass",
      "objects": null
    },
    {
      "object_kind": "var",
      "config_addr": "module.apic2_qos.module.aci_endpoint_retention_policy.var.bounce_entry_aging_interval",
      "status": "pass",
      "objects": null
    },
    {
      "object_kind": "var",
      "config_addr": "module.apic1_qos.module.aci_ldap.var.group_maps",
      "status": "pass",
      "objects": null
    },
    {
      "object_kind": "var",
      "config_addr": "module.apic1_qos.module.aci_ospf_timer_policy.var.distance",
      "status": "pass",
      "objects": null
    },
    {
      "object_kind": "var",
      "config_addr": "module.apic2_qos.module.aci_storm_control_policy.var.broadcast_burst_rate",
      "status": "pass",
      "objects": null
    },
    {
      "object_kind": "var",
      "config_addr": "module.apic1_qos.module.aci_ptp_profile.var.announce_interval",
      "status": "pass",
      "objects": null
    },
    {
      "object_kind": "var",
      "config_addr": "module.apic1_qos.module.aci_management_access_policy.var.https_dh",
      "status": "pass",
      "objects": null
    },
    {
      "object_kind": "var",
      "config_addr": "module.apic2_qos.module.aci_vrf.var.ospf_ipv6_address_family_context_policy",
      "status": "pass",
      "objects": null
    },
    {
      "object_kind": "var",
      "config_addr": "module.apic2_qos.module.aci_spine_interface_configuration.var.port_channel_member_policy",
      "status": "pass",
      "objects": null
    },
    {
      "object_kind": "var",
      "config_addr": "module.apic1_qos.module.aci_eigrp_interface_policy.var.delay",
      "status": "pass",
      "objects": null
    },
    {
      "object_kind": "var",
      "config_addr": "module.apic1_qos.module.aci_external_endpoint_group.var.tenant",
      "status": "pass",
      "objects": null
    },
    {
      "object_kind": "var",
      "config_addr": "module.apic1_qos.module.aci_sr_mpls_l3out.var.eigrp_asn",
      "status": "pass",
      "objects": null
    },
    {
      "object_kind": "var",
      "config_addr": "module.apic1_qos.module.aci_qos_policy.var.dscp_priority_maps",
      "status": "pass",
      "objects": null
    },
    {
      "object_kind": "var",
      "config_addr": "module.apic1_qos.module.aci_dhcp_relay_policy.var.name",
      "status": "pass",
      "objects": null
    },
    {
      "object_kind": "var",
      "config_addr": "module.apic2_qos.module.aci_access_leaf_interface_policy_group.var.port_channel_policy",
      "status": "pass",
      "objects": null
    },
    {
      "object_kind": "var",
      "config_addr": "module.apic2_qos.module.aci_access_fex_interface_selector_auto.var.port_blocks",
      "status": "pass",
      "objects": null
    },
    {
      "object_kind": "var",
      "config_addr": "module.apic1_qos.module.aci_snmp_trap_policy.var.name",
      "status": "pass",
      "objects": null
    },
    {
      "object_kind": "var",
      "config_addr": "module.apic2_qos.module.aci_access_leaf_switch_configuration.var.access_policy_group",
      "status": "pass",
      "objects": null
    },
    {
      "object_kind": "var",
      "config_addr": "module.apic1_qos.module.aci_route_tag_policy.var.name",
      "status": "pass",
      "objects": null
    },
    {
      "object_kind": "var",
      "config_addr": "module.apic2_qos.module.aci_bgp_peer_prefix_policy.var.threshold",
      "status": "pass",
      "objects": null
    },
    {
      "object_kind": "var",
      "config_addr": "module.apic2_qos.module.aci_route_control_route_map.var.name",
      "status": "pass",
      "objects": null
    },
    {
      "object_kind": "var",
      "config_addr": "module.apic1_qos.module.aci_endpoint_mac_tag_policy.var.tenant",
      "status": "pass",
      "objects": null
    },
    {
      "object_kind": "var",
      "config_addr": "module.apic2_qos.module.aci_access_span_destination_group.var.ttl",
      "status": "pass",
      "objects": null
    },
    {
      "object_kind": "var",
      "config_addr": "module.apic1_qos.module.aci_leaf_interface_configuration.var.policy_group_type",
      "status": "pass",
      "objects": null
    },
    {
      "object_kind": "var",
      "config_addr": "module.apic1_qos.module.aci_access_spine_switch_policy_group.var.bfd_ipv4_policy",
      "status": "pass",
      "objects": null
    },
    {
      "object_kind": "var",
      "config_addr": "module.apic2_qos.module.aci_pim_policy.var.tenant",
      "status": "pass",
      "objects": null
    },
    {
      "object_kind": "var",
      "config_addr": "module.apic1_qos.module.aci_sr_mpls_l3out.var.description",
      "status": "pass",
      "objects": null
    },
    {
      "object_kind": "var",
      "config_addr": "module.apic1_qos.module.aci_sr_mpls_l3out.var.import_route_map_description",
      "status": "pass",
      "objects": null
    },
    {
      "object_kind": "var",
      "config_addr": "module.apic2_qos.module.aci_vpc_policy.var.delay_restore_timer",
      "status": "pass",
      "objects": null
    },
    {
      "object_kind": "var",
      "config_addr": "module.apic2_qos.module.aci_leaf_fabric_interface_configuration.var.role",
      "status": "pass",
      "objects": null
    },
    {
      "object_kind": "var",
      "config_addr": "module.apic2_qos.module.aci_inband_endpoint_group.var.contract_imported_consumers",
      "status": "pass",
      "objects": null
    },
    {
      "object_kind": "var",
      "config_addr": "module.apic1_qos.module.aci_redirect_policy.var.type",
      "status": "pass",
      "objects": null
    },
    {
      "object_kind": "var",
      "config_addr": "module.apic1_qos.module.aci_device_selection_policy.var.provider_bridge_domain",
      "status": "pass",
      "objects": null
    },
    {
      "object_kind": "var",
      "config_addr": "module.apic2_qos.module.aci_igmp_snooping_policy.var.query_response_interval",
      "status": "pass",
      "objects": null
    },
    {
      "object_kind": "var",
      "config_addr": "module.apic1_qos.module.aci_device_selection_policy.var.consumer_bridge_domain",
      "status": "pass",
      "objects": null
    },
    {
      "object_kind": "var",
      "config_addr": "module.apic2_qos.module.aci_nd_ra_prefix_policy.var.tenant",
      "status": "pass",
      "objects": null
    },
    {
      "object_kind": "var",
      "config_addr": "module.apic2_qos.module.aci_vmware_vmm_domain.var.vcenters",
      "status": "pass",
      "objects": null
    },
    {
      "object_kind": "var",
      "config_addr": "module.apic1_qos.module.aci_device_selection_policy.var.consumer_service_epg_policy",
      "status": "pass",
      "objects": null
    },
    {
      "object_kind": "var",
      "config_addr": "module.apic2_qos.module.aci_keyring.var.name",
      "status": "pass",
      "objects": null
    },
    {
      "object_kind": "var",
      "config_addr": "module.apic2_qos.module.aci_vspan_session.var.name",
      "status": "pass",
      "objects": null
    },
    {
      "object_kind": "var",
      "config_addr": "module.apic2_qos.module.aci_nd_interface_policy.var.nud_retransmit_count",
      "status": "pass",
      "objects": null
    },
    {
      "object_kind": "var",
      "config_addr": "module.apic1_qos.module.aci_sr_mpls_l3out.var.export_route_map_contexts",
      "status": "pass",
      "objects": null
    },
    {
      "object_kind": "var",
      "config_addr": "module.apic1_qos.module.aci_access_spine_interface_selector_manual.var.interface_profile",
      "status": "pass",
      "objects": null
    },
    {
      "object_kind": "var",
      "config_addr": "module.apic2_qos.module.aci_vmware_vmm_domain.var.vswitch_cdp_policy",
      "status": "pass",
      "objects": null
    },
    {
      "object_kind": "var",
      "config_addr": "module.apic2_qos.module.aci_interface_configuration_fex.var.module",
      "status": "pass",
      "objects": null
    },
    {
      "object_kind": "var",
      "config_addr": "module.apic1_qos.module.aci_external_connectivity_policy.var.unicast_teps",
      "status": "pass",
      "objects": null
    },
    {
      "object_kind": "var",
      "config_addr": "module.apic2_qos.module.aci_leaf_fabric_interface_configuration.var.policy_group",
      "status": "pass",
      "objects": null
    },
    {
      "object_kind": "var",
      "config_addr": "module.apic2_qos.module.aci_access_fex_interface_selector_auto.var.interface_profile",
      "status": "pass",
      "objects": null
    },
    {
      "object_kind": "var",
      "config_addr": "module.apic2_qos.module.aci_ospf_timer_policy.var.tenant",
      "status": "pass",
      "objects": null
    },
    {
      "object_kind": "var",
      "config_addr": "module.apic2_qos.module.aci_endpoint_group.var.annotation",
      "status": "pass",
      "objects": null
    },
    {
      "object_kind": "var",
      "config_addr": "module.apic2_qos.module.aci_aaep.var.physical_domains",
      "status": "pass",
      "objects": null
    },
    {
      "object_kind": "var",
      "config_addr": "module.apic1_qos.module.aci_l3out_interface_profile_manual.var.custom_qos_policy",
      "status": "pass",
      "objects": null
    },
    {
      "object_kind": "var",
      "config_addr": "module.apic2_qos.module.aci_vrf.var.alias",
      "status": "pass",
      "objects": null
    },
    {
      "object_kind": "var",
      "config_addr": "module.apic2_qos.module.aci_device_selection_policy.var.provider_custom_qos_policy",
      "status": "pass",
      "objects": null
    },
    {
      "object_kind": "var",
      "config_addr": "module.apic1_qos.module.aci_vrf.var.pim_resource_policy_multicast_route_map",
      "status": "pass",
      "objects": null
    },
    {
      "object_kind": "var",
      "config_addr": "module.apic2_qos.module.aci_leaf_fabric_interface_configuration_sub.var.sub_port",
      "status": "pass",
      "objects": null
    },
    {
      "object_kind": "var",
      "config_addr": "module.apic1_qos.module.aci_l3out_interface_profile_auto.var.eigrp_interface_profile_name",
      "status": "pass",
      "objects": null
    },
    {
      "object_kind": "var",
      "config_addr": "module.apic2_qos.module.aci_external_endpoint_group.var.qos_class",
      "status": "pass",
      "objects": null
    },
    {
      "object_kind": "var",
      "config_addr": "module.apic1_qos.module.aci_external_endpoint_group.var.l3out",
      "status": "pass",
      "objects": null
    },
    {
      "object_kind": "var",
      "config_addr": "module.apic2_qos.module.aci_fabric_l2_mtu.var.l2_port_mtu",
      "status": "pass",
      "objects": null
    },
    {
      "object_kind": "var",
      "config_addr": "module.apic2_qos.module.aci_leaf_interface_configuration_sub.var.breakout",
      "status": "pass",
      "objects": null
    },
    {
      "object_kind": "var",
      "config_addr": "module.apic1_qos.module.aci_bfd_ipv4_policy.var.type",
      "status": "pass",
      "objects": null
    },
    {
      "object_kind": "var",
      "config_addr": "module.apic1_qos.module.aci_vpc_policy.var.name",
      "status": "pass",
      "objects": null
    },
    {
      "object_kind": "var",
      "config_addr": "module.apic1_qos.module.aci_link_level_policy.var.link_delay_interval",
      "status": "pass",
      "objects": null
    },
    {
      "object_kind": "var",
      "config_addr": "module.apic2_qos.module.aci_leaf_fabric_interface_configuration_sub.var.node_id",
      "status": "pass",
      "objects": null
    },
    {
      "object_kind": "var",
      "config_addr": "module.apic1_qos.module.aci_fabric_leaf_switch_configuration.var.fabric_policy_group",
      "status": "pass",
      "objects": null
    },
    {
      "object_kind": "var",
      "config_addr": "module.apic2_qos.module.aci_redirect_policy.var.min_threshold",
      "status": "pass",
      "objects": null
    },
    {
      "object_kind": "var",
      "config_addr": "module.apic1_qos.module.aci_l3out_interface_profile_manual.var.eigrp_keychain_policy",
      "status": "pass",
      "objects": null
    },
    {
      "object_kind": "var",
      "config_addr": "module.apic1_qos.module.aci_filter.var.tenant",
      "status": "pass",
      "objects": null
    },
    {
      "object_kind": "var",
      "config_addr": "module.apic2_qos.module.aci_endpoint_loop_protection.var.detection_multiplier",
      "status": "pass",
      "objects": null
    },
    {
      "object_kind": "var",
      "config_addr": "module.apic2_qos.module.aci_bridge_domain.var.multi_destination_flooding",
      "status": "pass",
      "objects": null
    },
    {
      "object_kind": "var",
      "config_addr": "module.apic2_qos.module.aci_redirect_policy.var.hashing",
      "status": "pass",
      "objects": null
    },
    {
      "object_kind": "var",
      "config_addr": "module.apic2_qos.module.aci_netflow_vmm_exporter.var.description",
      "status": "pass",
      "objects": null
    },
    {
      "object_kind": "var",
      "config_addr": "module.apic2_qos.module.aci_access_spine_interface_selector_auto.var.interface_profile",
      "status": "pass",
      "objects": null
    },
    {
      "object_kind": "var",
      "config_addr": "module.apic2_qos.module.aci_port_channel_policy.var.max_links",
      "status": "pass",
      "objects": null
    },
    {
      "object_kind": "var",
      "config_addr": "module.apic1_qos.module.aci_access_leaf_interface_selector_manual.var.name",
      "status": "pass",
      "objects": null
    },
    {
      "object_kind": "var",
      "config_addr": "module.apic1_qos.module.aci_tenant_span_destination_group.var.tenant",
      "status": "pass",
      "objects": null
    },
    {
      "object_kind": "var",
      "config_addr": "module.apic1_qos.module.aci_l3out_interface_profile_manual.var.dhcp_labels",
      "status": "pass",
      "objects": null
    },
    {
      "object_kind": "var",
      "config_addr": "module.apic2_qos.module.aci_access_leaf_interface_policy_group.var.link_level_policy",
      "status": "pass",
      "objects": null
    },
    {
      "object_kind": "var",
      "config_addr": "module.apic2_qos.module.aci_service_graph_template.var.name",
      "status": "pass",
      "objects": null
    },
    {
      "object_kind": "var",
      "config_addr": "module.apic2_qos.module.aci_set_rule.var.external_endpoint_group_tenant",
      "status": "pass",
      "objects": null
    },
    {
      "object_kind": "var",
      "config_addr": "module.apic2_qos.module.aci_routed_domain.var.vlan_pool_allocation",
      "status": "pass",
      "objects": null
    },
    {
      "object_kind": "var",
      "config_addr": "module.apic2_qos.module.aci_igmp_interface_policy.var.startup_query_interval",
      "status": "pass",
      "objects": null
    },
    {
      "object_kind": "var",
      "config_addr": "module.apic2_qos.module.aci_l3out.var.name",
      "status": "pass",
      "objects": null
    },
    {
      "object_kind": "var",
      "config_addr": "module.apic2_qos.module.aci_set_rule.var.dampening_max_suppress_time",
      "status": "pass",
      "objects": null
    },
    {
      "object_kind": "var",
      "config_addr": "module.apic2_qos.module.aci_link_level_policy.var.speed",
      "status": "pass",
      "objects": null
    },
    {
      "object_kind": "var",
      "config_addr": "module.apic1_qos.module.aci_bfd_interface_policy.var.echo_rx_interval",
      "status": "pass",
      "objects": null
    },
    {
      "object_kind": "var",
      "config_addr": "module.apic1_qos.module.aci_track_list.var.type",
      "status": "pass",
      "objects": null
    },
    {
      "object_kind": "var",
      "config_addr": "module.apic1_qos.module.aci_l3out_interface_profile_manual.var.l3out",
      "status": "pass",
      "objects": null
    },
    {
      "object_kind": "var",
      "config_addr": "module.apic1_qos.module.aci_node_control_policy.var.telemetry",
      "status": "pass",
      "objects": null
    },
    {
      "object_kind": "var",
      "config_addr": "module.apic2_qos.module.aci_syslog_policy.var.name",
      "status": "pass",
      "objects": null
    },
    {
      "object_kind": "var",
      "config_addr": "module.apic2_qos.module.aci_application_profile.var.description",
      "status": "pass",
      "objects": null
    },
    {
      "object_kind": "var",
      "config_addr": "module.apic2_qos.module.aci_redirect_policy.var.type",
      "status": "pass",
      "objects": null
    },
    {
      "object_kind": "var",
      "config_addr": "module.apic1_qos.module.aci_vrf.var.leaked_external_prefixes",
      "status": "pass",
      "objects": null
    },
    {
      "object_kind": "var",
      "config_addr": "module.apic1_qos.module.aci_bfd_ipv6_policy.var.detection_multiplier",
      "status": "pass",
      "objects": null
    },
    {
      "object_kind": "var",
      "config_addr": "module.apic2_qos.module.aci_redirect_backup_policy.var.l3_destinations",
      "status": "pass",
      "objects": null
    },
    {
      "object_kind": "var",
      "config_addr": "module.apic2_qos.module.aci_sr_mpls_l3out.var.routed_domain",
      "status": "pass",
      "objects": null
    },
    {
      "object_kind": "var",
      "config_addr": "module.apic1_qos.module.aci_redirect_policy.var.redirect_backup_policy",
      "status": "pass",
      "objects": null
    },
    {
      "object_kind": "var",
      "config_addr": "module.apic2_qos.module.aci_dhcp_relay_policy.var.providers_",
      "status": "pass",
      "objects": null
    },
    {
      "object_kind": "var",
      "config_addr": "module.apic2_qos.module.aci_management_access_policy.var.ssh_port",
      "status": "pass",
      "objects": null
    },
    {
      "object_kind": "var",
      "config_addr": "module.apic2_qos.module.aci_port_channel_member_policy.var.rate",
      "status": "pass",
      "objects": null
    },
    {
      "object_kind": "var",
      "config_addr": "module.apic2_qos.module.aci_set_rule.var.tenant",
      "status": "pass",
      "objects": null
    },
    {
      "object_kind": "var",
      "config_addr": "module.apic1_qos.module.aci_fabric_leaf_switch_profile_auto.var.selectors",
      "status": "pass",
      "objects": null
    },
    {
      "object_kind": "var",
      "config_addr": "module.apic2_qos.module.aci_ospf_timer_policy.var.max_lsa_action",
      "status": "pass",
      "objects": null
    },
    {
      "object_kind": "var",
      "config_addr": "module.apic1_qos.module.aci_aaep.var.description",
      "status": "pass",
      "objects": null
    },
    {
      "object_kind": "var",
      "config_addr": "module.apic2_qos.module.aci_vrf.var.tenant",
      "status": "pass",
      "objects": null
    },
    {
      "object_kind": "resource",
      "config_addr": "module.apic1_qos.terraform_data.validation",
      "status": "pass",
      "objects": [
        {
          "object_addr": "module.apic1_qos.terraform_data.validation",
          "status": "pass"
        }
      ]
    },
    {
      "object_kind": "var",
      "config_addr": "module.apic2_qos.module.aci_leaf_fabric_interface_configuration.var.port",
      "status": "pass",
      "objects": null
    },
    {
      "object_kind": "var",
      "config_addr": "module.apic1_qos.module.aci_netflow_exporter.var.destination_port",
      "status": "pass",
      "objects": null
    },
    {
      "object_kind": "var",
      "config_addr": "module.apic2_qos.module.aci_access_leaf_interface_selector_manual.var.sub_port_blocks",
      "status": "pass",
      "objects": null
    },
    {
      "object_kind": "var",
      "config_addr": "module.apic2_qos.module.aci_bfd_ipv4_policy.var.min_tx_interval",
      "status": "pass",
      "objects": null
    },
    {
      "object_kind": "var",
      "config_addr": "module.apic1_qos.module.aci_bgp_timer_policy.var.hold_interval",
      "status": "pass",
      "objects": null
    },
    {
      "object_kind": "var",
      "config_addr": "module.apic2_qos.module.aci_login_domain.var.ldap_providers",
      "status": "pass",
      "objects": null
    },
    {
      "object_kind": "var",
      "config_addr": "module.apic1_qos.module.aci_config_export.var.remote_location",
      "status": "pass",
      "objects": null
    },
    {
      "object_kind": "var",
      "config_addr": "module.apic1_qos.module.aci_access_spine_interface_policy_group.var.name",
      "status": "pass",
      "objects": null
    },
    {
      "object_kind": "var",
      "config_addr": "module.apic2_qos.module.aci_mst_policy.var.name",
      "status": "pass",
      "objects": null
    },
    {
      "object_kind": "var",
      "config_addr": "module.apic2_qos.module.aci_l3out.var.export_route_map_type",
      "status": "pass",
      "objects": null
    },
    {
      "object_kind": "var",
      "config_addr": "module.apic1_qos.module.aci_date_time_format.var.display_format",
      "status": "pass",
      "objects": null
    },
    {
      "object_kind": "var",
      "config_addr": "module.apic2_qos.module.aci_ptp_profile.var.name",
      "status": "pass",
      "objects": null
    },
    {
      "object_kind": "var",
      "config_addr": "module.apic2_qos.module.aci_vmware_vmm_domain.var.vswitch_port_channel_policy",
      "status": "pass",
      "objects": null
    },
    {
      "object_kind": "var",
      "config_addr": "module.apic1_qos.module.aci_l3out_interface_profile_auto.var.node_profile",
      "status": "pass",
      "objects": null
    },
    {
      "object_kind": "var",
      "config_addr": "module.apic1_qos.module.aci_device_selection_policy.var.provider_bridge_domain_tenant",
      "status": "pass",
      "objects": null
    },
    {
      "object_kind": "var",
      "config_addr": "module.apic1_qos.module.aci_l3out.var.default_route_leak_policy_criteria",
      "status": "pass",
      "objects": null
    },
    {
      "object_kind": "var",
      "config_addr": "module.apic2_qos.module.aci_pod_setup.var.remote_pools",
      "status": "pass",
      "objects": null
    },
    {
      "object_kind": "var",
      "config_addr": "module.apic1_qos.module.aci_fabric_isis_policy.var.redistribute_metric",
      "status": "pass",
      "objects": null
    },
    {
      "object_kind": "var",
      "config_addr": "module.apic2_qos.module.aci_infra_dscp_translation_policy.var.traceroute",
      "status": "pass",
      "objects": null
    },
    {
      "object_kind": "var",
      "config_addr": "module.apic1_qos.module.aci_endpoint_group.var.contract_consumers",
      "status": "pass",
      "objects": null
    },
    {
      "object_kind": "var",
      "config_addr": "module.apic1_qos.module.aci_endpoint_retention_policy.var.move_frequency",
      "status": "pass",
      "objects": null
    },
    {
      "object_kind": "var",
      "config_addr": "module.apic1_qos.module.aci_fabric_pod_profile_auto.var.name",
      "status": "pass",
      "objects": null
    },
    {
      "object_kind": "var",
      "config_addr": "module.apic2_qos.module.aci_ospf_timer_policy.var.lsa_max_interval",
      "status": "pass",
      "objects": null
    },
    {
      "object_kind": "var",
      "config_addr": "module.apic1_qos.module.aci_l4l7_device.var.concrete_devices",
      "status": "pass",
      "objects": null
    },
    {
      "object_kind": "var",
      "config_addr": "module.apic1_qos.module.aci_node_registration.var.pod_id",
      "status": "pass",
      "objects": null
    },
    {
      "object_kind": "var",
      "config_addr": "module.apic2_qos.module.aci_external_endpoint_group.var.contract_consumers",
      "status": "pass",
      "objects": null
    },
    {
      "object_kind": "var",
      "config_addr": "module.apic2_qos.module.aci_bfd_interface_policy.var.detection_multiplier",
      "status": "pass",
      "objects": null
    },
    {
      "object_kind": "var",
      "config_addr": "module.apic2_qos.module.aci_routed_domain.var.vlan_pool",
      "status": "pass",
      "objects": null
    },
    {
      "object_kind": "var",
      "config_addr": "module.apic1_qos.module.aci_node_registration.var.node_id",
      "status": "pass",
      "objects": null
    },
    {
      "object_kind": "var",
      "config_addr": "module.apic2_qos.module.aci_syslog_policy.var.destinations",
      "status": "pass",
      "objects": null
    },
    {
      "object_kind": "var",
      "config_addr": "module.apic1_qos.module.aci_vrf.var.pim_asm_traffic_registry_source_ip",
      "status": "pass",
      "objects": null
    },
    {
      "object_kind": "var",
      "config_addr": "module.apic1_qos.module.aci_keyring.var.name",
      "status": "pass",
      "objects": null
    },
    {
      "object_kind": "var",
      "config_addr": "module.apic1_qos.module.aci_l3out_node_profile_manual.var.nodes",
      "status": "pass",
      "objects": null
    },
    {
      "object_kind": "var",
      "config_addr": "module.apic1_qos.module.aci_user.var.last_name",
      "status": "pass",
      "objects": null
    },
    {
      "object_kind": "var",
      "config_addr": "module.apic1_qos.module.aci_bgp_peer_prefix_policy.var.threshold",
      "status": "pass",
      "objects": null
    },
    {
      "object_kind": "var",
      "config_addr": "module.apic2_qos.module.aci_contract.var.qos_class",
      "status": "pass",
      "objects": null
    },
    {
      "object_kind": "var",
      "config_addr": "module.apic2_qos.module.aci_interface_configuration_fex.var.port_channel_member_policy",
      "status": "pass",
      "objects": null
    },
    {
      "object_kind": "var",
      "config_addr": "module.apic2_qos.module.aci_bridge_domain.var.l3outs",
      "status": "pass",
      "objects": null
    },
    {
      "object_kind": "var",
      "config_addr": "module.apic2_qos.module.aci_vrf.var.endpoint_retention_policy",
      "status": "pass",
      "objects": null
    },
    {
      "object_kind": "var",
      "config_addr": "module.apic2_qos.module.aci_mcp.var.frequency_sec",
      "status": "pass",
      "objects": [
        {
          "object_addr": "module.apic2_qos.module.aci_mcp[0].var.frequency_sec",
          "status": "pass"
        }
      ]
    },
    {
      "object_kind": "var",
      "config_addr": "module.apic2_qos.module.aci_dhcp_option_policy.var.options",
      "status": "pass",
      "objects": null
    },
    {
      "object_kind": "var",
      "config_addr": "module.apic1_qos.module.aci_l3out_node_profile_auto.var.bgp_timer_policy",
      "status": "pass",
      "objects": null
    },
    {
      "object_kind": "var",
      "config_addr": "module.apic2_qos.module.aci_macsec_keychain_policies.var.name",
      "status": "pass",
      "objects": null
    },
    {
      "object_kind": "var",
      "config_addr": "module.apic1_qos.module.aci_l3out_interface_profile_auto.var.pim_policy",
      "status": "pass",
      "objects": null
    },
    {
      "object_kind": "var",
      "config_addr": "module.apic1_qos.module.aci_endpoint_security_group.var.epg_selectors",
      "status": "pass",
      "objects": null
    },
    {
      "object_kind": "var",
      "config_addr": "module.apic2_qos.module.aci_access_leaf_interface_selector_auto.var.policy_group",
      "status": "pass",
      "objects": null
    },
    {
      "object_kind": "var",
      "config_addr": "module.apic2_qos.module.aci_fabric_span_destination_group.var.application_profile",
      "status": "pass",
      "objects": null
    },
    {
      "object_kind": "var",
      "config_addr": "module.apic1_qos.module.aci_fabric_scheduler.var.recurring_windows",
      "status": "pass",
      "objects": null
    },
    {
      "object_kind": "var",
      "config_addr": "module.apic2_qos.module.aci_l3out_node_profile_auto.var.bgp_protocol_profile_name",
      "status": "pass",
      "objects": null
    },
    {
      "object_kind": "var",
      "config_addr": "module.apic2_qos.module.aci_tacacs.var.mgmt_epg_name",
      "status": "pass",
      "objects": null
    },
    {
      "object_kind": "var",
      "config_addr": "module.apic1_qos.module.aci_remote_location.var.description",
      "status": "pass",
      "objects": null
    },
    {
      "object_kind": "var",
      "config_addr": "module.apic2_qos.module.aci_ptp_profile.var.sync_interval",
      "status": "pass",
      "objects": null
    },
    {
      "object_kind": "var",
      "config_addr": "module.apic1_qos.module.aci_aaa.var.password_change_interval",
      "status": "pass",
      "objects": null
    },
    {
      "object_kind": "var",
      "config_addr": "module.apic1_qos.module.aci_monitoring_policy.var.syslog_policies",
      "status": "pass",
      "objects": null
    },
    {
      "object_kind": "var",
      "config_addr": "module.apic1_qos.module.aci_subinterface_shutdown.var.pod_id",
      "status": "pass",
      "objects": null
    },
    {
      "object_kind": "var",
      "config_addr": "module.apic1_qos.module.aci_sr_mpls_l3out_node_profile_manual.var.name",
      "status": "pass",
      "objects": null
    },
    {
      "object_kind": "var",
      "config_addr": "module.apic2_qos.module.aci_l3out_interface_profile_manual.var.eigrp_interface_profile_name",
      "status": "pass",
      "objects": null
    },
    {
      "object_kind": "var",
      "config_addr": "module.apic1_qos.module.aci_l4l7_device.var.context_aware",
      "status": "pass",
      "objects": null
    },
    {
      "object_kind": "var",
      "config_addr": "module.apic2_qos.module.aci_ip_sla_policy.var.frequency",
      "status": "pass",
      "objects": null
    },
    {
      "object_kind": "var",
      "config_addr": "module.apic2_qos.module.aci_endpoint_group.var.physical_domains",
      "status": "pass",
      "objects": null
    },
    {
      "object_kind": "var",
      "config_addr": "module.apic1_qos.module.aci_access_leaf_interface_selector_auto.var.sub_port_blocks",
      "status": "pass",
      "objects": null
    },
    {
      "object_kind": "var",
      "config_addr": "module.apic2_qos.module.aci_bgp_timer_policy.var.name",
      "status": "pass",
      "objects": null
    },
    {
      "object_kind": "var",
      "config_addr": "module.apic1_qos.module.aci_fabric_spine_switch_configuration.var.node_id",
      "status": "pass",
      "objects": null
    },
    {
      "object_kind": "var",
      "config_addr": "module.apic1_qos.module.aci_login_domain.var.ldap_providers",
      "status": "pass",
      "objects": null
    },
    {
      "object_kind": "var",
      "config_addr": "module.apic2_qos.module.aci_spine_interface_configuration.var.policy_group_type",
      "status": "pass",
      "objects": null
    },
    {
      "object_kind": "var",
      "config_addr": "module.apic1_qos.module.aci_radius.var.protocol",
      "status": "pass",
      "objects": null
    },
    {
      "object_kind": "var",
      "config_addr": "module.apic1_qos.module.aci_device_selection_policy.var.node_name",
      "status": "pass",
      "objects": null
    },
    {
      "object_kind": "var",
      "config_addr": "module.apic1_qos.module.aci_access_leaf_interface_policy_group.var.cdp_policy",
      "status": "pass",
      "objects": null
    },
    {
      "object_kind": "var",
      "config_addr": "module.apic1_qos.module.aci_l4l7_device.var.alias",
      "status": "pass",
      "objects": null
    },
    {
      "object_kind": "var",
      "config_addr": "module.apic1_qos.module.aci_bfd_ipv6_policy.var.description",
      "status": "pass",
      "objects": null
    },
    {
      "object_kind": "var",
      "config_addr": "module.apic1_qos.module.aci_link_level_policy.var.name",
      "status": "pass",
      "objects": null
    },
    {
      "object_kind": "var",
      "config_addr": "module.apic1_qos.module.aci_access_span_destination_group.var.port",
      "status": "pass",
      "objects": null
    },
    {
      "object_kind": "var",
      "config_addr": "module.apic2_qos.module.aci_leaf_interface_configuration_sub.var.policy_group",
      "status": "pass",
      "objects": null
    },
    {
      "object_kind": "var",
      "config_addr": "module.apic2_qos.module.aci_l3out.var.target_dscp",
      "status": "pass",
      "objects": null
    },
    {
      "object_kind": "var",
      "config_addr": "module.apic1_qos.module.aci_sr_mpls_external_endpoint_group.var.qos_class",
      "status": "pass",
      "objects": null
    },
    {
      "object_kind": "var",
      "config_addr": "module.apic2_qos.module.aci_leaf_interface_configuration_sub.var.sub_port",
      "status": "pass",
      "objects": null
    },
    {
      "object_kind": "var",
      "config_addr": "module.apic2_qos.module.aci_l3out_interface_profile_auto.var.ospf_authentication_key_id",
      "status": "pass",
      "objects": null
    },
    {
      "object_kind": "var",
      "config_addr": "module.apic2_qos.module.aci_bridge_domain.var.unknown_ipv4_multicast",
      "status": "pass",
      "objects": null
    },
    {
      "object_kind": "var",
      "config_addr": "module.apic1_qos.module.aci_bgp_timer_policy.var.stale_interval",
      "status": "pass",
      "objects": null
    },
    {
      "object_kind": "var",
      "config_addr": "module.apic1_qos.module.aci_netflow_record.var.name",
      "status": "pass",
      "objects": null
    },
    {
      "object_kind": "var",
      "config_addr": "module.apic1_qos.module.aci_track_member.var.name",
      "status": "pass",
      "objects": null
    },
    {
      "object_kind": "var",
      "config_addr": "module.apic1_qos.module.aci_oob_endpoint_group.var.name",
      "status": "pass",
      "objects": null
    },
    {
      "object_kind": "var",
      "config_addr": "module.apic2_qos.module.aci_bfd_ipv4_policy.var.echo_rx_interval",
      "status": "pass",
      "objects": null
    },
    {
      "object_kind": "var",
      "config_addr": "module.apic2_qos.module.aci_igmp_interface_policy.var.description",
      "status": "pass",
      "objects": null
    },
    {
      "object_kind": "var",
      "config_addr": "module.apic2_qos.module.aci_fabric_leaf_switch_policy_group.var.node_control_policy",
      "status": "pass",
      "objects": null
    },
    {
      "object_kind": "var",
      "config_addr": "module.apic2_qos.module.aci_leaf_interface_configuration.var.policy_group",
      "status": "pass",
      "objects": null
    },
    {
      "object_kind": "var",
      "config_addr": "module.apic2_qos.module.aci_interface_type.var.module",
      "status": "pass",
      "objects": null
    },
    {
      "object_kind": "var",
      "config_addr": "module.apic2_qos.module.aci_eigrp_interface_policy.var.hello_interval",
      "status": "pass",
      "objects": null
    },
    {
      "object_kind": "var",
      "config_addr": "module.apic1_qos.module.aci_useg_endpoint_group.var.application_profile",
      "status": "pass",
      "objects": null
    },
    {
      "object_kind": "var",
      "config_addr": "module.apic2_qos.module.aci_infra_dhcp_relay_policy.var.description",
      "status": "pass",
      "objects": null
    },
    {
      "object_kind": "var",
      "config_addr": "module.apic2_qos.module.aci_device_selection_policy.var.consumer_custom_qos_policy",
      "status": "pass",
      "objects": null
    },
    {
      "object_kind": "var",
      "config_addr": "module.apic2_qos.module.aci_external_endpoint_group.var.annotation",
      "status": "pass",
      "objects": null
    },
    {
      "object_kind": "var",
      "config_addr": "module.apic2_qos.module.aci_fabric_pod_policy_group.var.date_time_policy",
      "status": "pass",
      "objects": null
    },
    {
      "object_kind": "var",
      "config_addr": "module.apic2_qos.module.aci_remote_location.var.path",
      "status": "pass",
      "objects": null
    },
    {
      "object_kind": "var",
      "config_addr": "module.apic2_qos.module.aci_igmp_snooping_policy.var.start_query_count",
      "status": "pass",
      "objects": null
    },
    {
      "object_kind": "var",
      "config_addr": "module.apic2_qos.module.aci_access_fex_interface_selector_auto.var.policy_group",
      "status": "pass",
      "objects": null
    },
    {
      "object_kind": "var",
      "config_addr": "module.apic1_qos.module.aci_endpoint_security_group.var.contract_consumers",
      "status": "pass",
      "objects": null
    },
    {
      "object_kind": "var",
      "config_addr": "module.apic2_qos.module.aci_sr_mpls_l3out.var.alias",
      "status": "pass",
      "objects": null
    },
    {
      "object_kind": "var",
      "config_addr": "module.apic1_qos.module.aci_infra_dscp_translation_policy.var.level_6",
      "status": "pass",
      "objects": null
    },
    {
      "object_kind": "var",
      "config_addr": "module.apic2_qos.module.aci_qos_policy.var.dscp_priority_maps",
      "status": "pass",
      "objects": null
    },
    {
      "object_kind": "var",
      "config_addr": "module.apic1_qos.module.aci_ospf_timer_policy.var.spf_init_interval",
      "status": "pass",
      "objects": null
    },
    {
      "object_kind": "var",
      "config_addr": "module.apic2_qos.module.aci_access_spine_interface_selector_auto.var.port_blocks",
      "status": "pass",
      "objects": null
    },
    {
      "object_kind": "var",
      "config_addr": "module.apic1_qos.module.aci_access_fex_interface_selector_manual.var.port_blocks",
      "status": "pass",
      "objects": null
    },
    {
      "object_kind": "var",
      "config_addr": "module.apic1_qos.module.aci_set_rule.var.external_endpoint_group_tenant",
      "status": "pass",
      "objects": null
    },
    {
      "object_kind": "var",
      "config_addr": "module.apic2_qos.module.aci_management_access_policy.var.https_port",
      "status": "pass",
      "objects": null
    },
    {
      "object_kind": "var",
      "config_addr": "module.apic2_qos.module.aci_netflow_exporter.var.application_profile",
      "status": "pass",
      "objects": null
    },
    {
      "object_kind": "var",
      "config_addr": "module.apic1_qos.module.aci_pim_policy.var.name",
      "status": "pass",
      "objects": null
    },
    {
      "object_kind": "var",
      "config_addr": "module.apic2_qos.module.aci_access_spine_switch_profile_manual.var.name",
      "status": "pass",
      "objects": null
    },
    {
      "object_kind": "var",
      "config_addr": "module.apic2_qos.module.aci_fabric_leaf_switch_profile_manual.var.interface_profiles",
      "status": "pass",
      "objects": null
    },
    {
      "object_kind": "var",
      "config_addr": "module.apic1_qos.module.aci_aaa.var.security_domains",
      "status": "pass",
      "objects": null
    },
    {
      "object_kind": "var",
      "config_addr": "module.apic2_qos.module.aci_pim_policy.var.designated_router_priority",
      "status": "pass",
      "objects": null
    },
    {
      "object_kind": "var",
      "config_addr": "module.apic1_qos.module.aci_fabric_span_destination_group.var.span_version",
      "status": "pass",
      "objects": null
    },
    {
      "object_kind": "var",
      "config_addr": "module.apic2_qos.module.aci_leaf_interface_configuration_sub.var.node_id",
      "status": "pass",
      "objects": null
    },
    {
      "object_kind": "var",
      "config_addr": "module.apic2_qos.module.aci_aaa.var.security_domains",
      "status": "pass",
      "objects": null
    },
    {
      "object_kind": "var",
      "config_addr": "module.apic2_qos.module.aci_physical_domain.var.vlan_pool",
      "status": "pass",
      "objects": null
    },
    {
      "object_kind": "var",
      "config_addr": "module.apic2_qos.module.aci_bgp_timer_policy.var.tenant",
      "status": "pass",
      "objects": null
    },
    {
      "object_kind": "var",
      "config_addr": "module.apic1_qos.module.aci_contract.var.qos_class",
      "status": "pass",
      "objects": null
    },
    {
      "object_kind": "var",
      "config_addr": "module.apic2_qos.module.aci_node_control_policy.var.telemetry",
      "status": "pass",
      "objects": null
    },
    {
      "object_kind": "var",
      "config_addr": "module.apic2_qos.module.aci_igmp_interface_policy.var.name",
      "status": "pass",
      "objects": null
    },
    {
      "object_kind": "var",
      "config_addr": "module.apic1_qos.module.aci_route_control_route_map.var.tenant",
      "status": "pass",
      "objects": null
    },
    {
      "object_kind": "var",
      "config_addr": "module.apic2_qos.module.aci_ospf_interface_policy.var.cost",
      "status": "pass",
      "objects": null
    },
    {
      "object_kind": "var",
      "config_addr": "module.apic1_qos.module.aci_fabric_leaf_interface_profile_manual.var.name",
      "status": "pass",
      "objects": null
    },
    {
      "object_kind": "var",
      "config_addr": "module.apic1_qos.module.aci_bgp_peer_prefix_policy.var.action",
      "status": "pass",
      "objects": null
    },
    {
      "object_kind": "var",
      "config_addr": "module.apic2_qos.module.aci_infra_dscp_translation_policy.var.policy_plane",
      "status": "pass",
      "objects": null
    },
    {
      "object_kind": "var",
      "config_addr": "module.apic2_qos.module.aci_useg_endpoint_group.var.application_profile",
      "status": "pass",
      "objects": null
    },
    {
      "object_kind": "var",
      "config_addr": "module.apic2_qos.module.aci_remote_location.var.auth_type",
      "status": "pass",
      "objects": null
    },
    {
      "object_kind": "var",
      "config_addr": "module.apic2_qos.module.aci_remote_location.var.port",
      "status": "pass",
      "objects": null
    },
    {
      "object_kind": "var",
      "config_addr": "module.apic2_qos.module.aci_access_span_source_group.var.sources",
      "status": "pass",
      "objects": null
    },
    {
      "object_kind": "var",
      "config_addr": "module.apic2_qos.module.aci_l3out.var.import_route_map_description",
      "status": "pass",
      "objects": null
    },
    {
      "object_kind": "var",
      "config_addr": "module.apic2_qos.module.aci_inband_endpoint_group.var.vlan",
      "status": "pass",
      "objects": null
    },
    {
      "object_kind": "var",
      "config_addr": "module.apic1_qos.module.aci_useg_endpoint_group.var.static_leafs",
      "status": "pass",
      "objects": null
    },
    {
      "object_kind": "var",
      "config_addr": "module.apic2_qos.module.aci_tacacs.var.mgmt_epg_type",
      "status": "pass",
      "objects": null
    },
    {
      "object_kind": "var",
      "config_addr": "module.apic2_qos.module.aci_spine_interface_configuration.var.policy_group",
      "status": "pass",
      "objects": null
    },
    {
      "object_kind": "var",
      "config_addr": "module.apic1_qos.module.aci_vmware_vmm_domain.var.vlan_pool",
      "status": "pass",
      "objects": null
    },
    {
      "object_kind": "var",
      "config_addr": "module.apic2_qos.module.aci_vrf.var.transit_route_tag_policy",
      "status": "pass",
      "objects": null
    },
    {
      "object_kind": "var",
      "config_addr": "module.apic1_qos.module.aci_endpoint_group.var.static_endpoints",
      "status": "pass",
      "objects": null
    },
    {
      "object_kind": "var",
      "config_addr": "module.apic1_qos.module.aci_bfd_multihop_node_policy.var.tenant",
      "status": "pass",
      "objects": null
    },
    {
      "object_kind": "var",
      "config_addr": "module.apic1_qos.module.aci_qos_policy.var.name",
      "status": "pass",
      "objects": null
    },
    {
      "object_kind": "var",
      "config_addr": "module.apic2_qos.module.aci_access_spine_interface_selector_auto.var.policy_group",
      "status": "pass",
      "objects": null
    },
    {
      "object_kind": "var",
      "config_addr": "module.apic2_qos.module.aci_access_span_destination_group.var.channel",
      "status": "pass",
      "objects": null
    },
    {
      "object_kind": "var",
      "config_addr": "module.apic2_qos.module.aci_access_spine_switch_profile_auto.var.selectors",
      "status": "pass",
      "objects": null
    },
    {
      "object_kind": "var",
      "config_addr": "module.apic1_qos.module.aci_redirect_backup_policy.var.tenant",
      "status": "pass",
      "objects": null
    },
    {
      "object_kind": "var",
      "config_addr": "module.apic1_qos.module.aci_ospf_interface_policy.var.description",
      "status": "pass",
      "objects": null
    },
    {
      "object_kind": "var",
      "config_addr": "module.apic1_qos.module.aci_access_leaf_switch_configuration.var.access_policy_group",
      "status": "pass",
      "objects": null
    },
    {
      "object_kind": "var",
      "config_addr": "module.apic1_qos.module.aci_fabric_leaf_interface_profile_auto.var.name",
      "status": "pass",
      "objects": null
    },
    {
      "object_kind": "var",
      "config_addr": "module.apic2_qos.module.aci_sr_mpls_external_endpoint_group.var.alias",
      "status": "pass",
      "objects": null
    },
    {
      "object_kind": "var",
      "config_addr": "module.apic1_qos.module.aci_dhcp_option_policy.var.options",
      "status": "pass",
      "objects": null
    },
    {
      "object_kind": "var",
      "config_addr": "module.apic1_qos.module.aci_geolocation.var.name",
      "status": "pass",
      "objects": null
    },
    {
      "object_kind": "var",
      "config_addr": "module.apic1_qos.module.aci_l3out.var.alias",
      "status": "pass",
      "objects": null
    },
    {
      "object_kind": "var",
      "config_addr": "module.apic2_qos.module.aci_endpoint_retention_policy.var.description",
      "status": "pass",
      "objects": null
    },
    {
      "object_kind": "var",
      "config_addr": "module.apic1_qos.module.aci_sr_mpls_l3out_interface_profile_manual.var.dhcp_labels",
      "status": "pass",
      "objects": null
    },
    {
      "object_kind": "var",
      "config_addr": "module.apic2_qos.module.aci_bgp_best_path_policy.var.name",
      "status": "pass",
      "objects": null
    },
    {
      "object_kind": "var",
      "config_addr": "module.apic2_qos.module.aci_apic_connectivity_preference.var.interface_preference",
      "status": "pass",
      "objects": null
    },
    {
      "object_kind": "var",
      "config_addr": "module.apic1_qos.module.aci_tenant_span_destination_group.var.destination_application_profile",
      "status": "pass",
      "objects": null
    },
    {
      "object_kind": "var",
      "config_addr": "module.apic1_qos.module.aci_vrf.var.ospf_ipv6_address_family_context_policy",
      "status": "pass",
      "objects": null
    },
    {
      "object_kind": "var",
      "config_addr": "module.apic2_qos.module.aci_service_graph_template.var.template_type",
      "status": "pass",
      "objects": null
    },
    {
      "object_kind": "var",
      "config_addr": "module.apic1_qos.module.aci_access_leaf_interface_selector_auto.var.name",
      "status": "pass",
      "objects": null
    },
    {
      "object_kind": "var",
      "config_addr": "module.apic1_qos.module.aci_fex_interface_shutdown.var.node_id",
      "status": "pass",
      "objects": null
    },
    {
      "object_kind": "var",
      "config_addr": "module.apic2_qos.module.aci_nd_interface_policy.var.nud_retransmit_interval",
      "status": "pass",
      "objects": null
    },
    {
      "object_kind": "var",
      "config_addr": "module.apic1_qos.module.aci_device_selection_policy.var.consumer_logical_interface",
      "status": "pass",
      "objects": null
    },
    {
      "object_kind": "var",
      "config_addr": "module.apic1_qos.module.aci_system_performance.var.calculation_window",
      "status": "pass",
      "objects": null
    },
    {
      "object_kind": "var",
      "config_addr": "module.apic1_qos.module.aci_ca_certificate.var.certificate_chain",
      "status": "pass",
      "objects": null
    },
    {
      "object_kind": "var",
      "config_addr": "module.apic2_qos.module.aci_redirect_backup_policy.var.tenant",
      "status": "pass",
      "objects": null
    },
    {
      "object_kind": "var",
      "config_addr": "module.apic2_qos.module.aci_vrf.var.leaked_internal_prefixes",
      "status": "pass",
      "objects": null
    },
    {
      "object_kind": "var",
      "config_addr": "module.apic1_qos.module.aci_sr_mpls_l3out_node_profile_manual.var.bgp_peers",
      "status": "pass",
      "objects": null
    },
    {
      "object_kind": "var",
      "config_addr": "module.apic1_qos.module.aci_igmp_snooping_policy.var.start_query_interval",
      "status": "pass",
      "objects": null
    },
    {
      "object_kind": "var",
      "config_addr": "module.apic1_qos.module.aci_link_level_policy.var.physical_media_type",
      "status": "pass",
      "objects": null
    },
    {
      "object_kind": "var",
      "config_addr": "module.apic2_qos.module.aci_fabric_leaf_switch_profile_auto.var.interface_profiles",
      "status": "pass",
      "objects": null
    },
    {
      "object_kind": "var",
      "config_addr": "module.apic1_qos.module.aci_filter.var.entries",
      "status": "pass",
      "objects": null
    },
    {
      "object_kind": "var",
      "config_addr": "module.apic2_qos.module.aci_aaep.var.endpoint_groups",
      "status": "pass",
      "objects": null
    },
    {
      "object_kind": "var",
      "config_addr": "module.apic2_qos.module.aci_management_access_policy.var.telnet_port",
      "status": "pass",
      "objects": null
    },
    {
      "object_kind": "var",
      "config_addr": "module.apic2_qos.module.aci_external_endpoint_group.var.description",
      "status": "pass",
      "objects": null
    },
    {
      "object_kind": "var",
      "config_addr": "module.apic2_qos.module.aci_external_endpoint_group.var.contract_imported_consumers",
      "status": "pass",
      "objects": null
    },
    {
      "object_kind": "var",
      "config_addr": "module.apic1_qos.module.aci_fabric_pod_policy_group.var.management_access_policy",
      "status": "pass",
      "objects": null
    },
    {
      "object_kind": "var",
      "config_addr": "module.apic2_qos.module.aci_route_control_route_map.var.tenant",
      "status": "pass",
      "objects": null
    },
    {
      "object_kind": "var",
      "config_addr": "module.apic2_qos.module.aci_vrf.var.description",
      "status": "pass",
      "objects": null
    },
    {
      "object_kind": "var",
      "config_addr": "module.apic2_qos.module.aci_infra_dhcp_relay_policy.var.tenant",
      "status": "pass",
      "objects": null
    },
    {
      "object_kind": "var",
      "config_addr": "module.apic1_qos.module.aci_multicast_route_map.var.entries",
      "status": "pass",
      "objects": null
    },
    {
      "object_kind": "var",
      "config_addr": "module.apic1_qos.module.aci_l3out.var.export_route_map_contexts",
      "status": "pass",
      "objects": null
    },
    {
      "object_kind": "var",
      "config_addr": "module.apic1_qos.module.aci_spine_interface_configuration.var.policy_group",
      "status": "pass",
      "objects": null
    },
    {
      "object_kind": "var",
      "config_addr": "module.apic2_qos.module.aci_access_leaf_interface_selector_sub_auto.var.interface_profile",
      "status": "pass",
      "objects": null
    },
    {
      "object_kind": "var",
      "config_addr": "module.apic1_qos.module.aci_access_spine_interface_selector_manual.var.port_blocks",
      "status": "pass",
      "objects": null
    },
    {
      "object_kind": "var",
      "config_addr": "module.apic1_qos.module.aci_service_epg_policy.var.name",
      "status": "pass",
      "objects": null
    },
    {
      "object_kind": "var",
      "config_addr": "module.apic1_qos.module.aci_mpls_custom_qos_policy.var.alias",
      "status": "pass",
      "objects": null
    },
    {
      "object_kind": "var",
      "config_addr": "module.apic2_qos.module.aci_sr_mpls_external_endpoint_group.var.contract_providers",
      "status": "pass",
      "objects": null
    },
    {
      "object_kind": "var",
      "config_addr": "module.apic1_qos.module.aci_device_selection_policy.var.provider_external_endpoint_group_l3out",
      "status": "pass",
      "objects": null
    },
    {
      "object_kind": "var",
      "config_addr": "module.apic2_qos.module.aci_tenant_span_source_group.var.tenant",
      "status": "pass",
      "objects": null
    },
    {
      "object_kind": "var",
      "config_addr": "module.apic1_qos.module.aci_sr_mpls_l3out_interface_profile_manual.var.ospf_interface_profile_name",
      "status": "pass",
      "objects": null
    },
    {
      "object_kind": "var",
      "config_addr": "module.apic1_qos.module.aci_tenant_span_source_group.var.tenant",
      "status": "pass",
      "objects": null
    },
    {
      "object_kind": "var",
      "config_addr": "module.apic2_qos.module.aci_aaa.var.login_max_failed_attempts_window",
      "status": "pass",
      "objects": null
    },
    {
      "object_kind": "var",
      "config_addr": "module.apic1_qos.module.aci_sr_mpls_l3out_interface_profile_manual.var.eigrp_keychain_policy",
      "status": "pass",
      "objects": null
    },
    {
      "object_kind": "var",
      "config_addr": "module.apic1_qos.module.aci_l3out_interface_profile_manual.var.ospf_interface_profile_name",
      "status": "pass",
      "objects": null
    },
    {
      "object_kind": "var",
      "config_addr": "module.apic2_qos.module.aci_routed_domain.var.security_domains",
      "status": "pass",
      "objects": null
    },
    {
      "object_kind": "var",
      "config_addr": "module.apic1_qos.module.aci_snmp_policy.var.contact",
      "status": "pass",
      "objects": null
    },
    {
      "object_kind": "var",
      "config_addr": "module.apic2_qos.module.aci_mst_policy.var.revision",
      "status": "pass",
      "objects": null
    },
    {
      "object_kind": "var",
      "config_addr": "module.apic2_qos.module.aci_infra_dscp_translation_policy.var.level_6",
      "status": "pass",
      "objects": null
    },
    {
      "object_kind": "var",
      "config_addr": "module.apic2_qos.module.aci_vrf.var.enforcement_direction",
      "status": "pass",
      "objects": null
    },
    {
      "object_kind": "var",
      "config_addr": "module.apic2_qos.module.aci_l3out_interface_profile_manual.var.tenant",
      "status": "pass",
      "objects": null
    },
    {
      "object_kind": "var",
      "config_addr": "module.apic2_qos.module.aci_l3out_interface_profile_manual.var.node_profile",
      "status": "pass",
      "objects": null
    },
    {
      "object_kind": "var",
      "config_addr": "module.apic1_qos.module.aci_external_connectivity_policy.var.site_id",
      "status": "pass",
      "objects": null
    },
    {
      "object_kind": "var",
      "config_addr": "module.apic1_qos.module.aci_bridge_domain.var.dhcp_labels",
      "status": "pass",
      "objects": null
    },
    {
      "object_kind": "var",
      "config_addr": "module.apic1_qos.module.aci_radius.var.port",
      "status": "pass",
      "objects": null
    },
    {
      "object_kind": "var",
      "config_addr": "module.apic2_qos.module.aci_l4l7_device.var.function",
      "status": "pass",
      "objects": null
    },
    {
      "object_kind": "var",
      "config_addr": "module.apic2_qos.module.aci_bfd_ipv6_policy.var.min_rx_interval",
      "status": "pass",
      "objects": null
    },
    {
      "object_kind": "var",
      "config_addr": "module.apic2_qos.module.aci_system_performance.var.calculation_window",
      "status": "pass",
      "objects": null
    },
    {
      "object_kind": "var",
      "config_addr": "module.apic1_qos.module.aci_access_fex_interface_selector_manual.var.policy_group",
      "status": "pass",
      "objects": null
    },
    {
      "object_kind": "var",
      "config_addr": "module.apic2_qos.module.aci_physical_domain.var.vlan_pool_allocation",
      "status": "pass",
      "objects": null
    },
    {
      "object_kind": "var",
      "config_addr": "module.apic1_qos.module.aci_bgp_best_path_policy.var.tenant",
      "status": "pass",
      "objects": null
    },
    {
      "object_kind": "var",
      "config_addr": "module.apic2_qos.module.aci_vrf.var.bgp_ipv4_import_route_target",
      "status": "pass",
      "objects": null
    },
    {
      "object_kind": "var",
      "config_addr": "module.apic1_qos.module.aci_l3out_interface_profile_auto.var.igmp_interface_policy",
      "status": "pass",
      "objects": null
    },
    {
      "object_kind": "var",
      "config_addr": "module.apic2_qos.module.aci_filter.var.name",
      "status": "pass",
      "objects": null
    },
    {
      "object_kind": "var",
      "config_addr": "module.apic2_qos.module.aci_endpoint_group.var.alias",
      "status": "pass",
      "objects": null
    },
    {
      "object_kind": "var",
      "config_addr": "module.apic1_qos.module.aci_fabric_spine_switch_profile_manual.var.interface_profiles",
      "status": "pass",
      "objects": null
    },
    {
      "object_kind": "var",
      "config_addr": "module.apic2_qos.module.aci_l3out_node_profile_manual.var.bgp_infra_peers",
      "status": "pass",
      "objects": null
    },
    {
      "object_kind": "var",
      "config_addr": "module.apic2_qos.module.aci_l3out.var.vrf",
      "status": "pass",
      "objects": null
    },
    {
      "object_kind": "var",
      "config_addr": "module.apic1_qos.module.aci_date_time_policy.var.ntp_servers",
      "status": "pass",
      "objects": null
    },
    {
      "object_kind": "var",
      "config_addr": "module.apic1_qos.module.aci_user.var.status",
      "status": "pass",
      "objects": null
    },
    {
      "object_kind": "var",
      "config_addr": "module.apic2_qos.module.aci_fabric_spine_switch_profile_manual.var.selectors",
      "status": "pass",
      "objects": null
    },
    {
      "object_kind": "var",
      "config_addr": "module.apic2_qos.module.aci_port_channel_policy.var.name",
      "status": "pass",
      "objects": null
    },
    {
      "object_kind": "var",
      "config_addr": "module.apic2_qos.module.aci_endpoint_group.var.static_endpoints",
      "status": "pass",
      "objects": null
    },
    {
      "object_kind": "var",
      "config_addr": "module.apic2_qos.module.aci_sr_mpls_l3out.var.export_route_map_name",
      "status": "pass",
      "objects": null
    },
    {
      "object_kind": "var",
      "config_addr": "module.apic1_qos.module.aci_tacacs.var.hostname_ip",
      "status": "pass",
      "objects": null
    },
    {
      "object_kind": "var",
      "config_addr": "module.apic2_qos.module.aci_access_span_source_group.var.destination_description",
      "status": "pass",
      "objects": null
    },
    {
      "object_kind": "var",
      "config_addr": "module.apic1_qos.module.aci_aaep.var.routed_domains",
      "status": "pass",
      "objects": null
    },
    {
      "object_kind": "var",
      "config_addr": "module.apic2_qos.module.aci_redirect_health_group.var.tenant",
      "status": "pass",
      "objects": null
    },
    {
      "object_kind": "var",
      "config_addr": "module.apic2_qos.module.aci_macsec_interfaces_policy.var.name",
      "status": "pass",
      "objects": null
    },
    {
      "object_kind": "var",
      "config_addr": "module.apic2_qos.module.aci_ospf_timer_policy.var.spf_hold_interval",
      "status": "pass",
      "objects": null
    },
    {
      "object_kind": "var",
      "config_addr": "module.apic2_qos.module.aci_endpoint_ip_tag_policy.var.vrf",
      "status": "pass",
      "objects": null
    },
    {
      "object_kind": "var",
      "config_addr": "module.apic1_qos.module.aci_l3out_node_profile_manual.var.bgp_peers",
      "status": "pass",
      "objects": null
    },
    {
      "object_kind": "var",
      "config_addr": "module.apic1_qos.module.aci_storm_control_policy.var.configuration_type",
      "status": "pass",
      "objects": null
    },
    {
      "object_kind": "var",
      "config_addr": "module.apic2_qos.module.aci_management_access_policy.var.name",
      "status": "pass",
      "objects": null
    },
    {
      "object_kind": "var",
      "config_addr": "module.apic1_qos.module.aci_port_channel_member_policy.var.priority",
      "status": "pass",
      "objects": null
    },
    {
      "object_kind": "var",
      "config_addr": "module.apic2_qos.module.aci_sr_mpls_l3out.var.sr_mpls_infra_l3outs",
      "status": "pass",
      "objects": null
    },
    {
      "object_kind": "var",
      "config_addr": "module.apic1_qos.module.aci_access_leaf_interface_selector_sub_auto.var.description",
      "status": "pass",
      "objects": null
    },
    {
      "object_kind": "var",
      "config_addr": "module.apic1_qos.module.aci_geolocation.var.buildings",
      "status": "pass",
      "objects": null
    },
    {
      "object_kind": "var",
      "config_addr": "module.apic2_qos.module.aci_endpoint_group.var.contract_consumers",
      "status": "pass",
      "objects": null
    },
    {
      "object_kind": "var",
      "config_addr": "module.apic2_qos.module.aci_tenant.var.alias",
      "status": "pass",
      "objects": null
    },
    {
      "object_kind": "var",
      "config_addr": "module.apic2_qos.module.aci_pim_policy.var.join_prune_interval",
      "status": "pass",
      "objects": null
    },
    {
      "object_kind": "var",
      "config_addr": "module.apic2_qos.module.aci_netflow_exporter.var.l3out",
      "status": "pass",
      "objects": null
    },
    {
      "object_kind": "var",
      "config_addr": "module.apic2_qos.module.aci_ospf_timer_policy.var.spf_init_interval",
      "status": "pass",
      "objects": null
    },
    {
      "object_kind": "var",
      "config_addr": "module.apic2_qos.module.aci_storm_control_policy.var.broadcast_rate",
      "status": "pass",
      "objects": null
    },
    {
      "object_kind": "var",
      "config_addr": "module.apic2_qos.module.aci_sr_mpls_l3out_interface_profile_manual.var.description",
      "status": "pass",
      "objects": null
    },
    {
      "object_kind": "var",
      "config_addr": "module.apic2_qos.module.aci_spine_fabric_interface_configuration.var.module",
      "status": "pass",
      "objects": null
    },
    {
      "object_kind": "var",
      "config_addr": "module.apic2_qos.module.aci_l3out_interface_profile_auto.var.node_profile",
      "status": "pass",
      "objects": null
    },
    {
      "object_kind": "var",
      "config_addr": "module.apic1_qos.module.aci_contract.var.alias",
      "status": "pass",
      "objects": null
    },
    {
      "object_kind": "var",
      "config_addr": "module.apic2_qos.module.aci_endpoint_security_group.var.vrf",
      "status": "pass",
      "objects": null
    },
    {
      "object_kind": "var",
      "config_addr": "module.apic1_qos.module.aci_config_export.var.description",
      "status": "pass",
      "objects": null
    },
    {
      "object_kind": "var",
      "config_addr": "module.apic1_qos.module.aci_endpoint_retention_policy.var.remote_endpoint_aging_interval",
      "status": "pass",
      "objects": null
    },
    {
      "object_kind": "var",
      "config_addr": "module.apic1_qos.module.aci_macsec_parameters_policy.var.description",
      "status": "pass",
      "objects": null
    },
    {
      "object_kind": "var",
      "config_addr": "module.apic1_qos.module.aci_l3out_interface_profile_manual.var.qos_class",
      "status": "pass",
      "objects": null
    },
    {
      "object_kind": "var",
      "config_addr": "module.apic2_qos.module.aci_track_list.var.weight_up",
      "status": "pass",
      "objects": null
    },
    {
      "object_kind": "var",
      "config_addr": "module.apic2_qos.module.aci_l3out_node_profile_auto.var.l3out",
      "status": "pass",
      "objects": null
    },
    {
      "object_kind": "var",
      "config_addr": "module.apic1_qos.module.aci_vrf.var.bgp_ipv6_export_route_target",
      "status": "pass",
      "objects": null
    },
    {
      "object_kind": "var",
      "config_addr": "module.apic2_qos.module.aci_fabric_pod_profile_auto.var.name",
      "status": "pass",
      "objects": null
    },
    {
      "object_kind": "var",
      "config_addr": "module.apic2_qos.module.aci_link_level_policy.var.physical_media_type",
      "status": "pass",
      "objects": null
    },
    {
      "object_kind": "var",
      "config_addr": "module.apic2_qos.module.aci_endpoint_group.var.contract_imported_consumers",
      "status": "pass",
      "objects": null
    },
    {
      "object_kind": "var",
      "config_addr": "module.apic2_qos.module.aci_redirect_health_group.var.name",
      "status": "pass",
      "objects": null
    },
    {
      "object_kind": "var",
      "config_addr": "module.apic2_qos.module.aci_external_connectivity_policy.var.name",
      "status": "pass",
      "objects": null
    },
    {
      "object_kind": "var",
      "config_addr": "module.apic1_qos.module.aci_access_leaf_interface_selector_sub_auto.var.policy_group",
      "status": "pass",
      "objects": null
    },
    {
      "object_kind": "var",
      "config_addr": "module.apic2_qos.module.aci_leaf_interface_configuration.var.policy_group_type",
      "status": "pass",
      "objects": null
    },
    {
      "object_kind": "var",
      "config_addr": "module.apic2_qos.module.aci_access_spine_interface_policy_group.var.name",
      "status": "pass",
      "objects": null
    },
    {
      "object_kind": "var",
      "config_addr": "module.apic1_qos.module.aci_contract.var.name",
      "status": "pass",
      "objects": null
    },
    {
      "object_kind": "var",
      "config_addr": "module.apic1_qos.module.aci_endpoint_group.var.name",
      "status": "pass",
      "objects": null
    },
    {
      "object_kind": "var",
      "config_addr": "module.apic2_qos.module.aci_remote_location.var.ssh_passphrase",
      "status": "pass",
      "objects": null
    },
    {
      "object_kind": "var",
      "config_addr": "module.apic1_qos.module.aci_dhcp_relay_policy.var.providers_",
      "status": "pass",
      "objects": null
    },
    {
      "object_kind": "var",
      "config_addr": "module.apic1_qos.module.aci_physical_domain.var.vlan_pool",
      "status": "pass",
      "objects": null
    },
    {
      "object_kind": "var",
      "config_addr": "module.apic2_qos.module.aci_external_connectivity_policy.var.data_plane_teps",
      "status": "pass",
      "objects": null
    },
    {
      "object_kind": "var",
      "config_addr": "module.apic1_qos.module.aci_aaa.var.password_class_flags",
      "status": "pass",
      "objects": null
    },
    {
      "object_kind": "var",
      "config_addr": "module.apic2_qos.module.aci_vlan_pool.var.allocation",
      "status": "pass",
      "objects": null
    },
    {
      "object_kind": "var",
      "config_addr": "module.apic2_qos.module.aci_link_level_policy.var.link_delay_interval",
      "status": "pass",
      "objects": null
    },
    {
      "object_kind": "var",
      "config_addr": "module.apic2_qos.module.aci_access_span_destination_group.var.flow_id",
      "status": "pass",
      "objects": null
    },
    {
      "object_kind": "var",
      "config_addr": "module.apic1_qos.module.aci_access_leaf_switch_profile_auto.var.interface_profiles",
      "status": "pass",
      "objects": null
    },
    {
      "object_kind": "var",
      "config_addr": "module.apic2_qos.module.aci_spine_fabric_interface_configuration.var.role",
      "status": "pass",
      "objects": null
    },
    {
      "object_kind": "var",
      "config_addr": "module.apic1_qos.module.aci_aaa.var.web_session_idle_timeout",
      "status": "pass",
      "objects": null
    },
    {
      "object_kind": "var",
      "config_addr": "module.apic2_qos.module.aci_leaf_interface_configuration_sub.var.module",
      "status": "pass",
      "objects": null
    },
    {
      "object_kind": "var",
      "config_addr": "module.apic2_qos.module.aci_access_leaf_interface_selector_auto.var.policy_group_type",
      "status": "pass",
      "objects": null
    },
    {
      "object_kind": "var",
      "config_addr": "module.apic2_qos.module.aci_ca_certificate.var.certificate_chain",
      "status": "pass",
      "objects": null
    },
    {
      "object_kind": "var",
      "config_addr": "module.apic2_qos.module.aci_sr_mpls_l3out.var.tenant",
      "status": "pass",
      "objects": null
    },
    {
      "object_kind": "var",
      "config_addr": "module.apic1_qos.module.aci_sr_mpls_l3out_interface_profile_manual.var.description",
      "status": "pass",
      "objects": null
    },
    {
      "object_kind": "var",
      "config_addr": "module.apic2_qos.module.aci_inband_endpoint_group.var.contract_providers",
      "status": "pass",
      "objects": null
    },
    {
      "object_kind": "var",
      "config_addr": "module.apic2_qos.module.aci_l3out.var.ospf_area_cost",
      "status": "pass",
      "objects": null
    },
    {
      "object_kind": "var",
      "config_addr": "module.apic1_qos.module.aci_sr_mpls_l3out_interface_profile_manual.var.qos_class",
      "status": "pass",
      "objects": null
    },
    {
      "object_kind": "var",
      "config_addr": "module.apic2_qos.module.aci_l4l7_device.var.logical_interfaces",
      "status": "pass",
      "objects": null
    },
    {
      "object_kind": "var",
      "config_addr": "module.apic2_qos.module.aci_igmp_interface_policy.var.query_interval",
      "status": "pass",
      "objects": null
    },
    {
      "object_kind": "var",
      "config_addr": "module.apic1_qos.module.aci_oob_node_address.var.pod_id",
      "status": "pass",
      "objects": null
    },
    {
      "object_kind": "var",
      "config_addr": "module.apic2_qos.module.aci_external_endpoint_group.var.contract_providers",
      "status": "pass",
      "objects": null
    },
    {
      "object_kind": "var",
      "config_addr": "module.apic1_qos.module.aci_access_spine_switch_profile_auto.var.selectors",
      "status": "pass",
      "objects": null
    },
    {
      "object_kind": "var",
      "config_addr": "module.apic1_qos.module.aci_redirect_policy.var.min_threshold",
      "status": "pass",
      "objects": null
    },
    {
      "object_kind": "var",
      "config_addr": "module.apic2_qos.module.aci_imported_contract.var.name",
      "status": "pass",
      "objects": null
    },
    {
      "object_kind": "var",
      "config_addr": "module.apic1_qos.module.aci_vrf.var.contract_imported_consumers",
      "status": "pass",
      "objects": null
    },
    {
      "object_kind": "var",
      "config_addr": "module.apic2_qos.module.aci_nd_interface_policy.var.ns_tx_interval",
      "status": "pass",
      "objects": null
    },
    {
      "object_kind": "var",
      "config_addr": "module.apic1_qos.module.aci_igmp_snooping_policy.var.query_interval",
      "status": "pass",
      "objects": null
    },
    {
      "object_kind": "var",
      "config_addr": "module.apic2_qos.module.aci_system_performance.var.response_threshold",
      "status": "pass",
      "objects": null
    },
    {
      "object_kind": "var",
      "config_addr": "module.apic2_qos.module.aci_vmware_vmm_domain.var.delimiter",
      "status": "pass",
      "objects": null
    },
    {
      "object_kind": "var",
      "config_addr": "module.apic2_qos.module.aci_vspan_session.var.description",
      "status": "pass",
      "objects": null
    },
    {
      "object_kind": "var",
      "config_addr": "module.apic1_qos.module.aci_vrf.var.enforcement_direction",
      "status": "pass",
      "objects": null
    },
    {
      "object_kind": "var",
      "config_addr": "module.apic2_qos.module.aci_access_fex_interface_selector_manual.var.interface_profile",
      "status": "pass",
      "objects": null
    },
    {
      "object_kind": "var",
      "config_addr": "module.apic1_qos.module.aci_sr_mpls_l3out.var.default_route_leak_policy_criteria",
      "status": "pass",
      "objects": null
    },
    {
      "object_kind": "var",
      "config_addr": "module.apic2_qos.module.aci_track_member.var.name",
      "status": "pass",
      "objects": null
    },
    {
      "object_kind": "var",
      "config_addr": "module.apic1_qos.module.aci_netflow_exporter.var.vrf",
      "status": "pass",
      "objects": null
    },
    {
      "object_kind": "var",
      "config_addr": "module.apic1_qos.module.aci_fabric_leaf_switch_policy_group.var.name",
      "status": "pass",
      "objects": null
    },
    {
      "object_kind": "var",
      "config_addr": "module.apic1_qos.module.aci_oob_external_management_instance.var.oob_contract_consumers",
      "status": "pass",
      "objects": null
    },
    {
      "object_kind": "var",
      "config_addr": "module.apic1_qos.module.aci_link_level_policy.var.link_debounce_interval",
      "status": "pass",
      "objects": null
    },
    {
      "object_kind": "var",
      "config_addr": "module.apic1_qos.module.aci_snmp_policy.var.users",
      "status": "pass",
      "objects": null
    },
    {
      "object_kind": "var",
      "config_addr": "module.apic1_qos.module.aci_leaf_fabric_interface_configuration.var.sub_port",
      "status": "pass",
      "objects": null
    },
    {
      "object_kind": "var",
      "config_addr": "module.apic2_qos.module.aci_vspan_session.var.sources",
      "status": "pass",
      "objects": null
    },
    {
      "object_kind": "var",
      "config_addr": "module.apic1_qos.module.aci_nd_interface_policy.var.ns_tx_interval",
      "status": "pass",
      "objects": null
    },
    {
      "object_kind": "var",
      "config_addr": "module.apic1_qos.module.aci_remote_location.var.path",
      "status": "pass",
      "objects": null
    },
    {
      "object_kind": "var",
      "config_addr": "module.apic1_qos.module.aci_endpoint_group.var.physical_domains",
      "status": "pass",
      "objects": null
    },
    {
      "object_kind": "var",
      "config_addr": "module.apic1_qos.module.aci_mpls_custom_qos_policy.var.name",
      "status": "pass",
      "objects": null
    },
    {
      "object_kind": "var",
      "config_addr": "module.apic1_qos.module.aci_access_span_destination_group.var.node_id",
      "status": "pass",
      "objects": null
    },
    {
      "object_kind": "var",
      "config_addr": "module.apic1_qos.module.aci_aaa.var.default_realm",
      "status": "pass",
      "objects": null
    },
    {
      "object_kind": "var",
      "config_addr": "module.apic1_qos.module.aci_track_list.var.tenant",
      "status": "pass",
      "objects": null
    },
    {
      "object_kind": "var",
      "config_addr": "module.apic1_qos.module.aci_fabric_span_destination_group.var.name",
      "status": "pass",
      "objects": null
    },
    {
      "object_kind": "var",
      "config_addr": "module.apic2_qos.module.aci_igmp_interface_policy.var.max_mcast_entries",
      "status": "pass",
      "objects": null
    },
    {
      "object_kind": "var",
      "config_addr": "module.apic2_qos.module.aci_login_domain.var.radius_providers",
      "status": "pass",
      "objects": null
    },
    {
      "object_kind": "var",
      "config_addr": "module.apic2_qos.module.aci_mcp.var.loop_detection",
      "status": "pass",
      "objects": [
        {
          "object_addr": "module.apic2_qos.module.aci_mcp[0].var.loop_detection",
          "status": "pass"
        }
      ]
    },
    {
      "object_kind": "var",
      "config_addr": "module.apic1_qos.module.aci_netflow_monitor.var.flow_record",
      "status": "pass",
      "objects": null
    },
    {
      "object_kind": "var",
      "config_addr": "module.apic2_qos.module.aci_vrf.var.enforcement_preference",
      "status": "pass",
      "objects": null
    },
    {
      "object_kind": "var",
      "config_addr": "module.apic1_qos.module.aci_l3out_node_profile_manual.var.l3out",
      "status": "pass",
      "objects": null
    },
    {
      "object_kind": "var",
      "config_addr": "module.apic1_qos.module.aci_sr_mpls_l3out.var.vrf",
      "status": "pass",
      "objects": null
    },
    {
      "object_kind": "var",
      "config_addr": "module.apic2_qos.module.aci_tacacs.var.monitoring_username",
      "status": "pass",
      "objects": null
    },
    {
      "object_kind": "var",
      "config_addr": "module.apic1_qos.module.aci_l3out_interface_profile_manual.var.transport_data_plane",
      "status": "pass",
      "objects": null
    },
    {
      "object_kind": "var",
      "config_addr": "module.apic1_qos.module.aci_management_access_policy.var.ssh_port",
      "status": "pass",
      "objects": null
    },
    {
      "object_kind": "var",
      "config_addr": "module.apic1_qos.module.aci_l3out.var.sr_mpls_infra_l3outs",
      "status": "pass",
      "objects": null
    },
    {
      "object_kind": "var",
      "config_addr": "module.apic2_qos.module.aci_sr_mpls_l3out_node_profile_manual.var.nodes",
      "status": "pass",
      "objects": null
    },
    {
      "object_kind": "var",
      "config_addr": "module.apic1_qos.module.aci_igmp_interface_policy.var.version_",
      "status": "pass",
      "objects": null
    },
    {
      "object_kind": "var",
      "config_addr": "module.apic2_qos.module.aci_l3out_node_profile_manual.var.bgp_as_path_policy",
      "status": "pass",
      "objects": null
    },
    {
      "object_kind": "var",
      "config_addr": "module.apic1_qos.module.aci_l3out_interface_profile_manual.var.ospf_interface_policy",
      "status": "pass",
      "objects": null
    },
    {
      "object_kind": "var",
      "config_addr": "module.apic1_qos.module.aci_sr_mpls_l3out_node_profile_manual.var.bgp_protocol_profile_name",
      "status": "pass",
      "objects": null
    },
    {
      "object_kind": "var",
      "config_addr": "module.apic2_qos.module.aci_set_rule.var.metric_type",
      "status": "pass",
      "objects": null
    },
    {
      "object_kind": "var",
      "config_addr": "module.apic1_qos.module.aci_service_graph_template.var.device_function",
      "status": "pass",
      "objects": null
    },
    {
      "object_kind": "var",
      "config_addr": "module.apic2_qos.module.aci_eigrp_interface_policy.var.delay",
      "status": "pass",
      "objects": null
    },
    {
      "object_kind": "var",
      "config_addr": "module.apic2_qos.module.aci_endpoint_group.var.l4l7_virtual_ips",
      "status": "pass",
      "objects": null
    },
    {
      "object_kind": "var",
      "config_addr": "module.apic2_qos.module.aci_sr_mpls_l3out.var.ospf_area_cost",
      "status": "pass",
      "objects": null
    },
    {
      "object_kind": "var",
      "config_addr": "module.apic1_qos.module.aci_l3out.var.export_route_map_name",
      "status": "pass",
      "objects": null
    },
    {
      "object_kind": "var",
      "config_addr": "module.apic2_qos.module.aci_fabric_leaf_switch_profile_auto.var.name",
      "status": "pass",
      "objects": null
    },
    {
      "object_kind": "var",
      "config_addr": "module.apic1_qos.module.aci_endpoint_retention_policy.var.tenant",
      "status": "pass",
      "objects": null
    },
    {
      "object_kind": "var",
      "config_addr": "module.apic1_qos.module.aci_bridge_domain.var.l3outs",
      "status": "pass",
      "objects": null
    },
    {
      "object_kind": "var",
      "config_addr": "module.apic1_qos.module.aci_external_connectivity_policy.var.name",
      "status": "pass",
      "objects": null
    },
    {
      "object_kind": "var",
      "config_addr": "module.apic1_qos.module.aci_snmp_trap_policy.var.description",
      "status": "pass",
      "objects": null
    },
    {
      "object_kind": "var",
      "config_addr": "module.apic2_qos.module.aci_login_domain.var.tacacs_providers",
      "status": "pass",
      "objects": null
    },
    {
      "object_kind": "var",
      "config_addr": "module.apic2_qos.module.aci_sr_mpls_l3out_interface_profile_manual.var.ospf_authentication_type",
      "status": "pass",
      "objects": null
    },
    {
      "object_kind": "var",
      "config_addr": "module.apic2_qos.module.aci_l3out_interface_profile_auto.var.ospf_authentication_type",
      "status": "pass",
      "objects": null
    },
    {
      "object_kind": "var",
      "config_addr": "module.apic1_qos.module.aci_inband_node_address.var.endpoint_group",
      "status": "pass",
      "objects": null
    },
    {
      "object_kind": "var",
      "config_addr": "module.apic2_qos.module.aci_access_span_destination_group.var.application_profile",
      "status": "pass",
      "objects": null
    },
    {
      "object_kind": "var",
      "config_addr": "module.apic2_qos.module.aci_service_epg_policy.var.description",
      "status": "pass",
      "objects": null
    },
    {
      "object_kind": "var",
      "config_addr": "module.apic2_qos.module.aci_user.var.domains",
      "status": "pass",
      "objects": null
    },
    {
      "object_kind": "var",
      "config_addr": "module.apic2_qos.module.aci_sr_mpls_l3out_interface_profile_manual.var.eigrp_interface_policy",
      "status": "pass",
      "objects": null
    },
    {
      "object_kind": "var",
      "config_addr": "module.apic2_qos.module.aci_bfd_interface_policy.var.name",
      "status": "pass",
      "objects": null
    },
    {
      "object_kind": "var",
      "config_addr": "module.apic2_qos.module.aci_access_span_destination_group.var.tenant",
      "status": "pass",
      "objects": null
    },
    {
      "object_kind": "var",
      "config_addr": "module.apic2_qos.module.aci_fabric_leaf_interface_profile_auto.var.name",
      "status": "pass",
      "objects": null
    },
    {
      "object_kind": "var",
      "config_addr": "module.apic2_qos.module.aci_sr_mpls_l3out.var.redistribution_route_maps",
      "status": "pass",
      "objects": null
    },
    {
      "object_kind": "var",
      "config_addr": "module.apic1_qos.module.aci_netflow_monitor.var.name",
      "status": "pass",
      "objects": null
    },
    {
      "object_kind": "var",
      "config_addr": "module.apic2_qos.module.aci_access_fex_interface_selector_manual.var.name",
      "status": "pass",
      "objects": null
    },
    {
      "object_kind": "var",
      "config_addr": "module.apic1_qos.module.aci_fabric_pod_profile_manual.var.selectors",
      "status": "pass",
      "objects": null
    },
    {
      "object_kind": "var",
      "config_addr": "module.apic1_qos.module.aci_l3out_interface_profile_auto.var.ospf_authentication_type",
      "status": "pass",
      "objects": null
    },
    {
      "object_kind": "var",
      "config_addr": "module.apic1_qos.module.aci_access_spine_switch_policy_group.var.bfd_ipv6_policy",
      "status": "pass",
      "objects": null
    },
    {
      "object_kind": "var",
      "config_addr": "module.apic1_qos.module.aci_endpoint_group.var.annotation",
      "status": "pass",
      "objects": null
    },
    {
      "object_kind": "var",
      "config_addr": "module.apic1_qos.module.aci_l3out.var.ospf_area",
      "status": "pass",
      "objects": null
    },
    {
      "object_kind": "var",
      "config_addr": "module.apic1_qos.module.aci_bfd_ipv4_policy.var.min_tx_interval",
      "status": "pass",
      "objects": null
    },
    {
      "object_kind": "var",
      "config_addr": "module.apic2_qos.module.aci_service_epg_policy.var.name",
      "status": "pass",
      "objects": null
    },
    {
      "object_kind": "var",
      "config_addr": "module.apic1_qos.module.aci_fabric_span_destination_group.var.ttl",
      "status": "pass",
      "objects": null
    },
    {
      "object_kind": "var",
      "config_addr": "module.apic1_qos.module.aci_fabric_spine_switch_profile_manual.var.selectors",
      "status": "pass",
      "objects": null
    },
    {
      "object_kind": "var",
      "config_addr": "module.apic1_qos.module.aci_imported_contract.var.name",
      "status": "pass",
      "objects": null
    },
    {
      "object_kind": "var",
      "config_addr": "module.apic2_qos.module.aci_node_registration.var.node_id",
      "status": "pass",
      "objects": null
    },
    {
      "object_kind": "var",
      "config_addr": "module.apic1_qos.module.aci_l2_policy.var.name",
      "status": "pass",
      "objects": null
    },
    {
      "object_kind": "var",
      "config_addr": "module.apic1_qos.module.aci_bfd_ipv4_policy.var.description",
      "status": "pass",
      "objects": null
    },
    {
      "object_kind": "var",
      "config_addr": "module.apic1_qos.module.aci_spine_fabric_interface_configuration.var.policy_group",
      "status": "pass",
      "objects": null
    },
    {
      "object_kind": "var",
      "config_addr": "module.apic1_qos.module.aci_access_leaf_interface_policy_group.var.port_channel_policy",
      "status": "pass",
      "objects": null
    },
    {
      "object_kind": "var",
      "config_addr": "module.apic2_qos.module.aci_vrf.var.contract_imported_consumers",
      "status": "pass",
      "objects": null
    },
    {
      "object_kind": "var",
      "config_addr": "module.apic1_qos.module.aci_endpoint_group.var.alias",
      "status": "pass",
      "objects": null
    },
    {
      "object_kind": "var",
      "config_addr": "module.apic2_qos.module.aci_access_spine_interface_policy_group.var.aaep",
      "status": "pass",
      "objects": null
    },
    {
      "object_kind": "var",
      "config_addr": "module.apic1_qos.module.aci_tenant_span_destination_group.var.description",
      "status": "pass",
      "objects": null
    },
    {
      "object_kind": "var",
      "config_addr": "module.apic1_qos.module.aci_device_selection_policy.var.consumer_service_epg_policy_tenant",
      "status": "pass",
      "objects": null
    },
    {
      "object_kind": "var",
      "config_addr": "module.apic1_qos.module.aci_management_access_policy.var.http_port",
      "status": "pass",
      "objects": null
    },
    {
      "object_kind": "var",
      "config_addr": "module.apic2_qos.module.aci_nd_interface_policy.var.router_lifetime",
      "status": "pass",
      "objects": null
    },
    {
      "object_kind": "var",
      "config_addr": "module.apic1_qos.module.aci_bridge_domain.var.name",
      "status": "pass",
      "objects": null
    },
    {
      "object_kind": "var",
      "config_addr": "module.apic1_qos.module.aci_nd_interface_policy.var.description",
      "status": "pass",
      "objects": null
    },
    {
      "object_kind": "var",
      "config_addr": "module.apic1_qos.module.aci_access_span_filter_group.var.description",
      "status": "pass",
      "objects": null
    },
    {
      "object_kind": "var",
      "config_addr": "module.apic2_qos.module.aci_imported_l4l7_device.var.source_device",
      "status": "pass",
      "objects": null
    },
    {
      "object_kind": "var",
      "config_addr": "module.apic2_qos.module.aci_radius.var.monitoring_username",
      "status": "pass",
      "objects": null
    },
    {
      "object_kind": "var",
      "config_addr": "module.apic2_qos.module.aci_contract.var.description",
      "status": "pass",
      "objects": null
    },
    {
      "object_kind": "var",
      "config_addr": "module.apic1_qos.module.aci_netflow_exporter.var.dscp",
      "status": "pass",
      "objects": null
    },
    {
      "object_kind": "var",
      "config_addr": "module.apic2_qos.module.aci_l3out.var.description",
      "status": "pass",
      "objects": null
    },
    {
      "object_kind": "var",
      "config_addr": "module.apic2_qos.module.aci_l3out_node_profile_manual.var.mpls_custom_qos_policy",
      "status": "pass",
      "objects": null
    },
    {
      "object_kind": "var",
      "config_addr": "module.apic2_qos.module.aci_l3out_interface_profile_manual.var.description",
      "status": "pass",
      "objects": null
    },
    {
      "object_kind": "var",
      "config_addr": "module.apic2_qos.module.aci_track_list.var.name",
      "status": "pass",
      "objects": null
    },
    {
      "object_kind": "var",
      "config_addr": "module.apic1_qos.module.aci_endpoint_group.var.contract_providers",
      "status": "pass",
      "objects": null
    },
    {
      "object_kind": "var",
      "config_addr": "module.apic2_qos.module.aci_l4l7_device.var.physical_domain",
      "status": "pass",
      "objects": null
    },
    {
      "object_kind": "var",
      "config_addr": "module.apic1_qos.module.aci_tenant_span_destination_group.var.mtu",
      "status": "pass",
      "objects": null
    },
    {
      "object_kind": "var",
      "config_addr": "module.apic1_qos.module.aci_endpoint_ip_tag_policy.var.tenant",
      "status": "pass",
      "objects": null
    },
    {
      "object_kind": "var",
      "config_addr": "module.apic2_qos.module.aci_igmp_interface_policy.var.last_member_count",
      "status": "pass",
      "objects": null
    },
    {
      "object_kind": "var",
      "config_addr": "module.apic2_qos.module.aci_ospf_timer_policy.var.lsa_start_interval",
      "status": "pass",
      "objects": null
    },
    {
      "object_kind": "var",
      "config_addr": "module.apic1_qos.module.aci_route_tag_policy.var.description",
      "status": "pass",
      "objects": null
    },
    {
      "object_kind": "var",
      "config_addr": "module.apic1_qos.module.aci_endpoint_mac_tag_policy.var.vrf",
      "status": "pass",
      "objects": null
    },
    {
      "object_kind": "var",
      "config_addr": "module.apic1_qos.module.aci_pim_policy.var.join_prune_filter_policy_in",
      "status": "pass",
      "objects": null
    },
    {
      "object_kind": "var",
      "config_addr": "module.apic1_qos.module.aci_oob_endpoint_group.var.static_routes",
      "status": "pass",
      "objects": null
    },
    {
      "object_kind": "var",
      "config_addr": "module.apic1_qos.module.aci_access_leaf_interface_selector_manual.var.interface_profile",
      "status": "pass",
      "objects": null
    },
    {
      "object_kind": "var",
      "config_addr": "module.apic2_qos.module.aci_leaf_interface_configuration.var.fex_id",
      "status": "pass",
      "objects": null
    },
    {
      "object_kind": "var",
      "config_addr": "module.apic2_qos.module.aci_igmp_interface_policy.var.reserved_mcast_entries",
      "status": "pass",
      "objects": null
    },
    {
      "object_kind": "var",
      "config_addr": "module.apic1_qos.module.aci_l3out.var.tenant",
      "status": "pass",
      "objects": null
    },
    {
      "object_kind": "var",
      "config_addr": "module.apic2_qos.module.aci_sr_mpls_l3out.var.description",
      "status": "pass",
      "objects": null
    },
    {
      "object_kind": "var",
      "config_addr": "module.apic1_qos.module.aci_port_channel_policy.var.max_links",
      "status": "pass",
      "objects": null
    },
    {
      "object_kind": "var",
      "config_addr": "module.apic1_qos.module.aci_l3out_interface_profile_manual.var.ospf_authentication_type",
      "status": "pass",
      "objects": null
    },
    {
      "object_kind": "var",
      "config_addr": "module.apic1_qos.module.aci_sr_mpls_external_endpoint_group.var.subnets",
      "status": "pass",
      "objects": null
    },
    {
      "object_kind": "var",
      "config_addr": "module.apic2_qos.module.aci_endpoint_retention_policy.var.move_frequency",
      "status": "pass",
      "objects": null
    },
    {
      "object_kind": "var",
      "config_addr": "module.apic2_qos.module.aci_redirect_policy.var.l1l2_destinations",
      "status": "pass",
      "objects": null
    },
    {
      "object_kind": "var",
      "config_addr": "module.apic2_qos.module.aci_sr_mpls_l3out_interface_profile_manual.var.igmp_interface_policy",
      "status": "pass",
      "objects": null
    },
    {
      "object_kind": "var",
      "config_addr": "module.apic1_qos.module.aci_device_selection_policy.var.provider_external_endpoint_group",
      "status": "pass",
      "objects": null
    },
    {
      "object_kind": "var",
      "config_addr": "module.apic2_qos.module.aci_sr_mpls_l3out_node_profile_manual.var.bgp_as_path_policy",
      "status": "pass",
      "objects": null
    },
    {
      "object_kind": "var",
      "config_addr": "module.apic1_qos.module.aci_login_domain.var.name",
      "status": "pass",
      "objects": null
    },
    {
      "object_kind": "var",
      "config_addr": "module.apic2_qos.module.aci_psu_policy.var.admin_state",
      "status": "pass",
      "objects": null
    },
    {
      "object_kind": "var",
      "config_addr": "module.apic2_qos.module.aci_vrf.var.contract_providers",
      "status": "pass",
      "objects": null
    },
    {
      "object_kind": "var",
      "config_addr": "module.apic1_qos.module.aci_bgp_best_path_policy.var.name",
      "status": "pass",
      "objects": null
    },
    {
      "object_kind": "var",
      "config_addr": "module.apic2_qos.module.aci_vspan_session.var.destination_name",
      "status": "pass",
      "objects": null
    },
    {
      "object_kind": "var",
      "config_addr": "module.apic2_qos.module.aci_fabric_spine_switch_configuration.var.access_policy_group",
      "status": "pass",
      "objects": null
    },
    {
      "object_kind": "var",
      "config_addr": "module.apic2_qos.module.aci_ospf_timer_policy.var.max_lsa_threshold",
      "status": "pass",
      "objects": null
    },
    {
      "object_kind": "var",
      "config_addr": "module.apic2_qos.module.aci_igmp_snooping_policy.var.query_interval",
      "status": "pass",
      "objects": null
    },
    {
      "object_kind": "var",
      "config_addr": "module.apic1_qos.module.aci_user.var.ssh_keys",
      "status": "pass",
      "objects": null
    },
    {
      "object_kind": "var",
      "config_addr": "module.apic1_qos.module.aci_macsec_interfaces_policy.var.macsec_keychain_policy",
      "status": "pass",
      "objects": null
    },
    {
      "object_kind": "var",
      "config_addr": "module.apic2_qos.module.aci_user.var.description",
      "status": "pass",
      "objects": null
    },
    {
      "object_kind": "var",
      "config_addr": "module.apic1_qos.module.aci_ospf_timer_policy.var.max_lsa_reset_interval",
      "status": "pass",
      "objects": null
    },
    {
      "object_kind": "var",
      "config_addr": "module.apic1_qos.module.aci_l3out_interface_profile_auto.var.name",
      "status": "pass",
      "objects": null
    },
    {
      "object_kind": "var",
      "config_addr": "module.apic2_qos.module.aci_useg_endpoint_group.var.bridge_domain",
      "status": "pass",
      "objects": null
    },
    {
      "object_kind": "var",
      "config_addr": "module.apic2_qos.module.aci_bfd_ipv6_policy.var.echo_rx_interval",
      "status": "pass",
      "objects": null
    },
    {
      "object_kind": "var",
      "config_addr": "module.apic2_qos.module.aci_external_connectivity_policy.var.fabric_id",
      "status": "pass",
      "objects": null
    },
    {
      "object_kind": "var",
      "config_addr": "module.apic1_qos.module.aci_vrf.var.pim_asm_sg_expiry",
      "status": "pass",
      "objects": null
    },
    {
      "object_kind": "var",
      "config_addr": "module.apic1_qos.module.aci_macsec_parameters_policy.var.confidentiality_offset",
      "status": "pass",
      "objects": null
    },
    {
      "object_kind": "var",
      "config_addr": "module.apic2_qos.module.aci_l2_policy.var.vlan_scope",
      "status": "pass",
      "objects": null
    },
    {
      "object_kind": "var",
      "config_addr": "module.apic1_qos.module.aci_external_connectivity_policy.var.routing_profiles",
      "status": "pass",
      "objects": null
    },
    {
      "object_kind": "var",
      "config_addr": "module.apic1_qos.module.aci_user.var.username",
      "status": "pass",
      "objects": null
    },
    {
      "object_kind": "var",
      "config_addr": "module.apic1_qos.module.aci_nd_interface_policy.var.nud_retransmit_interval",
      "status": "pass",
      "objects": null
    },
    {
      "object_kind": "var",
      "config_addr": "module.apic1_qos.module.aci_keyring.var.description",
      "status": "pass",
      "objects": null
    },
    {
      "object_kind": "var",
      "config_addr": "module.apic1_qos.module.aci_track_list.var.name",
      "status": "pass",
      "objects": null
    },
    {
      "object_kind": "var",
      "config_addr": "module.apic1_qos.module.aci_l3out_node_profile_auto.var.bgp_infra_peers",
      "status": "pass",
      "objects": null
    },
    {
      "object_kind": "var",
      "config_addr": "module.apic2_qos.module.aci_physical_domain.var.name",
      "status": "pass",
      "objects": null
    },
    {
      "object_kind": "var",
      "config_addr": "module.apic2_qos.module.aci_bgp_timer_policy.var.hold_interval",
      "status": "pass",
      "objects": null
    },
    {
      "object_kind": "var",
      "config_addr": "module.apic1_qos.module.aci_interface_configuration_fex.var.breakout",
      "status": "pass",
      "objects": null
    },
    {
      "object_kind": "var",
      "config_addr": "module.apic2_qos.module.aci_fabric_link_level_policy.var.link_debounce_interval",
      "status": "pass",
      "objects": null
    },
    {
      "object_kind": "var",
      "config_addr": "module.apic2_qos.module.aci_set_rule.var.description",
      "status": "pass",
      "objects": null
    },
    {
      "object_kind": "var",
      "config_addr": "module.apic2_qos.module.aci_storm_control_policy.var.unknown_unicast_burst_rate",
      "status": "pass",
      "objects": null
    },
    {
      "object_kind": "var",
      "config_addr": "module.apic1_qos.module.aci_igmp_snooping_policy.var.tenant",
      "status": "pass",
      "objects": null
    },
    {
      "object_kind": "var",
      "config_addr": "module.apic2_qos.module.aci_tenant_span_destination_group.var.description",
      "status": "pass",
      "objects": null
    },
    {
      "object_kind": "var",
      "config_addr": "module.apic2_qos.module.aci_bfd_interface_policy.var.tenant",
      "status": "pass",
      "objects": null
    },
    {
      "object_kind": "var",
      "config_addr": "module.apic2_qos.module.aci_bfd_multihop_node_policy.var.description",
      "status": "pass",
      "objects": null
    },
    {
      "object_kind": "var",
      "config_addr": "module.apic2_qos.module.aci_storm_control_policy.var.broadcast_burst_pps",
      "status": "pass",
      "objects": null
    },
    {
      "object_kind": "var",
      "config_addr": "module.apic1_qos.module.aci_endpoint_group.var.qos_class",
      "status": "pass",
      "objects": null
    },
    {
      "object_kind": "var",
      "config_addr": "module.apic1_qos.module.aci_vrf.var.bgp_ipv4_address_family_context_policy",
      "status": "pass",
      "objects": null
    },
    {
      "object_kind": "var",
      "config_addr": "module.apic2_qos.module.aci_bgp_peer_prefix_policy.var.restart_time",
      "status": "pass",
      "objects": null
    },
    {
      "object_kind": "var",
      "config_addr": "module.apic2_qos.module.aci_port_channel_member_policy.var.name",
      "status": "pass",
      "objects": null
    },
    {
      "object_kind": "var",
      "config_addr": "module.apic1_qos.module.aci_contract.var.target_dscp",
      "status": "pass",
      "objects": null
    },
    {
      "object_kind": "var",
      "config_addr": "module.apic1_qos.module.aci_service_graph_template.var.description",
      "status": "pass",
      "objects": null
    },
    {
      "object_kind": "var",
      "config_addr": "module.apic1_qos.module.aci_useg_endpoint_group.var.tenant",
      "status": "pass",
      "objects": null
    },
    {
      "object_kind": "var",
      "config_addr": "module.apic2_qos.module.aci_node_registration.var.name",
      "status": "pass",
      "objects": null
    },
    {
      "object_kind": "var",
      "config_addr": "module.apic2_qos.module.aci_syslog_policy.var.console_severity",
      "status": "pass",
      "objects": null
    },
    {
      "object_kind": "var",
      "config_addr": "module.apic1_qos.module.aci_set_rule.var.external_endpoint_group_l3out",
      "status": "pass",
      "objects": null
    },
    {
      "object_kind": "var",
      "config_addr": "module.apic2_qos.module.aci_oob_node_address.var.node_id",
      "status": "pass",
      "objects": null
    },
    {
      "object_kind": "var",
      "config_addr": "module.apic2_qos.module.aci_endpoint_security_group.var.tag_selectors",
      "status": "pass",
      "objects": null
    },
    {
      "object_kind": "var",
      "config_addr": "module.apic2_qos.module.aci_access_leaf_switch_profile_manual.var.selectors",
      "status": "pass",
      "objects": null
    },
    {
      "object_kind": "var",
      "config_addr": "module.apic1_qos.module.aci_bgp_timer_policy.var.keepalive_interval",
      "status": "pass",
      "objects": null
    },
    {
      "object_kind": "var",
      "config_addr": "module.apic1_qos.module.aci_maintenance_group.var.node_ids",
      "status": "pass",
      "objects": null
    },
    {
      "object_kind": "var",
      "config_addr": "module.apic2_qos.module.aci_inband_node_address.var.pod_id",
      "status": "pass",
      "objects": null
    },
    {
      "object_kind": "var",
      "config_addr": "module.apic1_qos.module.aci_endpoint_ip_tag_policy.var.tags",
      "status": "pass",
      "objects": null
    },
    {
      "object_kind": "var",
      "config_addr": "module.apic2_qos.module.aci_forwarding_scale_policy.var.name",
      "status": "pass",
      "objects": null
    },
    {
      "object_kind": "var",
      "config_addr": "module.apic2_qos.module.aci_snmp_policy.var.clients",
      "status": "pass",
      "objects": null
    },
    {
      "object_kind": "var",
      "config_addr": "module.apic2_qos.module.aci_macsec_interfaces_policy.var.description",
      "status": "pass",
      "objects": null
    },
    {
      "object_kind": "var",
      "config_addr": "module.apic2_qos.module.aci_sr_mpls_l3out_node_profile_manual.var.name",
      "status": "pass",
      "objects": null
    },
    {
      "object_kind": "var",
      "config_addr": "module.apic1_qos.module.aci_service_epg_policy.var.description",
      "status": "pass",
      "objects": null
    },
    {
      "object_kind": "var",
      "config_addr": "module.apic1_qos.module.aci_storm_control_policy.var.unknown_unicast_rate",
      "status": "pass",
      "objects": null
    },
    {
      "object_kind": "var",
      "config_addr": "module.apic2_qos.module.aci_track_list.var.track_members",
      "status": "pass",
      "objects": null
    },
    {
      "object_kind": "var",
      "config_addr": "module.apic2_qos.module.aci_filter.var.description",
      "status": "pass",
      "objects": null
    },
    {
      "object_kind": "var",
      "config_addr": "module.apic1_qos.module.aci_sr_mpls_external_endpoint_group.var.description",
      "status": "pass",
      "objects": null
    },
    {
      "object_kind": "var",
      "config_addr": "module.apic2_qos.module.aci_fex_interface_shutdown.var.sub_port",
      "status": "pass",
      "objects": null
    },
    {
      "object_kind": "var",
      "config_addr": "module.apic1_qos.module.aci_redirect_backup_policy.var.description",
      "status": "pass",
      "objects": null
    },
    {
      "object_kind": "var",
      "config_addr": "module.apic2_qos.module.aci_l3out.var.dampening_ipv4_route_map",
      "status": "pass",
      "objects": null
    },
    {
      "object_kind": "var",
      "config_addr": "module.apic1_qos.module.aci_vrf.var.pim_max_multicast_entries",
      "status": "pass",
      "objects": null
    },
    {
      "object_kind": "var",
      "config_addr": "module.apic1_qos.module.aci_useg_endpoint_group.var.contract_consumers",
      "status": "pass",
      "objects": null
    },
    {
      "object_kind": "var",
      "config_addr": "module.apic1_qos.module.aci_access_span_destination_group.var.description",
      "status": "pass",
      "objects": null
    },
    {
      "object_kind": "var",
      "config_addr": "module.apic2_qos.module.aci_endpoint_group.var.contract_intra_epgs",
      "status": "pass",
      "objects": null
    },
    {
      "object_kind": "var",
      "config_addr": "module.apic1_qos.module.aci_vmware_vmm_domain.var.allocation",
      "status": "pass",
      "objects": null
    },
    {
      "object_kind": "var",
      "config_addr": "module.apic1_qos.module.aci_endpoint_group.var.l4l7_address_pools",
      "status": "pass",
      "objects": null
    },
    {
      "object_kind": "var",
      "config_addr": "module.apic1_qos.module.aci_device_selection_policy.var.contract",
      "status": "pass",
      "objects": null
    },
    {
      "object_kind": "var",
      "config_addr": "module.apic1_qos.module.aci_access_leaf_switch_configuration.var.node_id",
      "status": "pass",
      "objects": null
    },
    {
      "object_kind": "var",
      "config_addr": "module.apic2_qos.module.aci_fabric_spine_switch_policy_group.var.name",
      "status": "pass",
      "objects": null
    },
    {
      "object_kind": "var",
      "config_addr": "module.apic1_qos.module.aci_tenant.var.security_domains",
      "status": "pass",
      "objects": null
    },
    {
      "object_kind": "var",
      "config_addr": "module.apic1_qos.module.aci_ptp_profile.var.mismatch_handling",
      "status": "pass",
      "objects": null
    },
    {
      "object_kind": "var",
      "config_addr": "module.apic2_qos.module.aci_useg_endpoint_group.var.tags",
      "status": "pass",
      "objects": null
    },
    {
      "object_kind": "var",
      "config_addr": "module.apic1_qos.module.aci_tenant_span_source_group.var.sources",
      "status": "pass",
      "objects": null
    },
    {
      "object_kind": "var",
      "config_addr": "module.apic1_qos.module.aci_l3out_node_profile_auto.var.mpls_custom_qos_policy",
      "status": "pass",
      "objects": null
    },
    {
      "object_kind": "var",
      "config_addr": "module.apic1_qos.module.aci_l3out_node_profile_auto.var.tenant",
      "status": "pass",
      "objects": null
    },
    {
      "object_kind": "var",
      "config_addr": "module.apic1_qos.module.aci_leaf_interface_configuration_sub.var.policy_group",
      "status": "pass",
      "objects": null
    },
    {
      "object_kind": "var",
      "config_addr": "module.apic2_qos.module.aci_endpoint_security_group.var.application_profile",
      "status": "pass",
      "objects": null
    },
    {
      "object_kind": "var",
      "config_addr": "module.apic2_qos.module.aci_contract.var.tenant",
      "status": "pass",
      "objects": null
    },
    {
      "object_kind": "var",
      "config_addr": "module.apic1_qos.module.aci_port_channel_policy.var.mode",
      "status": "pass",
      "objects": null
    },
    {
      "object_kind": "var",
      "config_addr": "module.apic2_qos.module.aci_redirect_backup_policy.var.description",
      "status": "pass",
      "objects": null
    },
    {
      "object_kind": "var",
      "config_addr": "module.apic1_qos.module.aci_inband_endpoint_group.var.vlan",
      "status": "pass",
      "objects": null
    },
    {
      "object_kind": "var",
      "config_addr": "module.apic1_qos.module.aci_leaf_interface_configuration.var.port_channel_member_policy",
      "status": "pass",
      "objects": null
    },
    {
      "object_kind": "var",
      "config_addr": "module.apic1_qos.module.aci_node_registration.var.name",
      "status": "pass",
      "objects": null
    },
    {
      "object_kind": "var",
      "config_addr": "module.apic1_qos.module.aci_ospf_timer_policy.var.lsa_hold_interval",
      "status": "pass",
      "objects": null
    },
    {
      "object_kind": "var",
      "config_addr": "module.apic1_qos.module.aci_syslog_policy.var.console_severity",
      "status": "pass",
      "objects": null
    },
    {
      "object_kind": "var",
      "config_addr": "module.apic1_qos.module.aci_vpc_group.var.groups",
      "status": "pass",
      "objects": null
    },
    {
      "object_kind": "var",
      "config_addr": "module.apic1_qos.module.aci_set_rule.var.metric_type",
      "status": "pass",
      "objects": null
    },
    {
      "object_kind": "var",
      "config_addr": "module.apic1_qos.module.aci_vrf.var.pim_auto_rp_filter_multicast_route_map",
      "status": "pass",
      "objects": null
    },
    {
      "object_kind": "var",
      "config_addr": "module.apic2_qos.module.aci_bgp_timer_policy.var.description",
      "status": "pass",
      "objects": null
    },
    {
      "object_kind": "var",
      "config_addr": "module.apic1_qos.module.aci_bfd_interface_policy.var.min_rx_interval",
      "status": "pass",
      "objects": null
    },
    {
      "object_kind": "var",
      "config_addr": "module.apic2_qos.module.aci_vmware_vmm_domain.var.uplinks",
      "status": "pass",
      "objects": null
    },
    {
      "object_kind": "var",
      "config_addr": "module.apic1_qos.module.aci_igmp_interface_policy.var.max_mcast_entries",
      "status": "pass",
      "objects": null
    },
    {
      "object_kind": "var",
      "config_addr": "module.apic2_qos.module.aci_aaa.var.password_history_count",
      "status": "pass",
      "objects": null
    },
    {
      "object_kind": "var",
      "config_addr": "module.apic1_qos.module.aci_macsec_parameters_policy.var.key_server_priority",
      "status": "pass",
      "objects": null
    },
    {
      "object_kind": "var",
      "config_addr": "module.apic1_qos.module.aci_device_selection_policy.var.consumer_external_endpoint_group_l3out",
      "status": "pass",
      "objects": null
    },
    {
      "object_kind": "var",
      "config_addr": "module.apic2_qos.module.aci_spine_interface_configuration.var.breakout",
      "status": "pass",
      "objects": null
    },
    {
      "object_kind": "var",
      "config_addr": "module.apic2_qos.module.aci_leaf_interface_configuration_sub.var.description",
      "status": "pass",
      "objects": null
    },
    {
      "object_kind": "var",
      "config_addr": "module.apic2_qos.module.aci_access_spine_interface_selector_manual.var.name",
      "status": "pass",
      "objects": null
    },
    {
      "object_kind": "var",
      "config_addr": "module.apic2_qos.module.aci_keyring.var.description",
      "status": "pass",
      "objects": null
    },
    {
      "object_kind": "var",
      "config_addr": "module.apic2_qos.module.aci_endpoint_retention_policy.var.local_endpoint_aging_interval",
      "status": "pass",
      "objects": null
    },
    {
      "object_kind": "var",
      "config_addr": "module.apic2_qos.module.aci_access_leaf_switch_configuration.var.node_id",
      "status": "pass",
      "objects": null
    },
    {
      "object_kind": "var",
      "config_addr": "module.apic2_qos.module.aci_snmp_policy.var.name",
      "status": "pass",
      "objects": null
    },
    {
      "object_kind": "var",
      "config_addr": "module.apic2_qos.module.aci_netflow_exporter.var.tenant",
      "status": "pass",
      "objects": null
    },
    {
      "object_kind": "var",
      "config_addr": "module.apic2_qos.module.aci_vrf.var.pim_asm_traffic_registry_source_ip",
      "status": "pass",
      "objects": null
    },
    {
      "object_kind": "var",
      "config_addr": "module.apic2_qos.module.aci_ptp.var.delay_interval",
      "status": "pass",
      "objects": null
    },
    {
      "object_kind": "var",
      "config_addr": "module.apic1_qos.module.aci_route_control_route_map.var.type",
      "status": "pass",
      "objects": null
    },
    {
      "object_kind": "var",
      "config_addr": "module.apic1_qos.module.aci_subinterface_shutdown.var.port",
      "status": "pass",
      "objects": null
    },
    {
      "object_kind": "var",
      "config_addr": "module.apic2_qos.module.aci_interface_configuration_fex.var.node_id",
      "status": "pass",
      "objects": null
    },
    {
      "object_kind": "var",
      "config_addr": "module.apic1_qos.module.aci_l3out_interface_profile_manual.var.eigrp_interface_profile_name",
      "status": "pass",
      "objects": null
    },
    {
      "object_kind": "var",
      "config_addr": "module.apic1_qos.module.aci_ospf_timer_policy.var.max_lsa_action",
      "status": "pass",
      "objects": null
    },
    {
      "object_kind": "var",
      "config_addr": "module.apic1_qos.module.aci_bfd_ipv4_policy.var.detection_multiplier",
      "status": "pass",
      "objects": null
    },
    {
      "object_kind": "var",
      "config_addr": "module.apic1_qos.module.aci_bgp_timer_policy.var.name",
      "status": "pass",
      "objects": null
    },
    {
      "object_kind": "var",
      "config_addr": "module.apic1_qos.module.aci_netflow_exporter.var.name",
      "status": "pass",
      "objects": null
    },
    {
      "object_kind": "var",
      "config_addr": "module.apic2_qos.module.aci_fabric_span_source_group.var.destination_description",
      "status": "pass",
      "objects": null
    },
    {
      "object_kind": "var",
      "config_addr": "module.apic1_qos.module.aci_match_rule.var.name",
      "status": "pass",
      "objects": null
    },
    {
      "object_kind": "var",
      "config_addr": "module.apic1_qos.module.aci_bfd_multihop_node_policy.var.name",
      "status": "pass",
      "objects": null
    },
    {
      "object_kind": "var",
      "config_addr": "module.apic2_qos.module.aci_tenant.var.security_domains",
      "status": "pass",
      "objects": null
    },
    {
      "object_kind": "var",
      "config_addr": "module.apic1_qos.module.aci_sr_mpls_l3out.var.annotation",
      "status": "pass",
      "objects": null
    },
    {
      "object_kind": "var",
      "config_addr": "module.apic1_qos.module.aci_fabric_leaf_switch_configuration.var.access_policy_group",
      "status": "pass",
      "objects": null
    },
    {
      "object_kind": "var",
      "config_addr": "module.apic2_qos.module.aci_tenant_span_destination_group.var.span_version",
      "status": "pass",
      "objects": null
    },
    {
      "object_kind": "var",
      "config_addr": "module.apic2_qos.module.aci_ldap.var.ldap_providers",
      "status": "pass",
      "objects": null
    },
    {
      "object_kind": "var",
      "config_addr": "module.apic1_qos.module.aci_radius.var.hostname_ip",
      "status": "pass",
      "objects": null
    },
    {
      "object_kind": "var",
      "config_addr": "module.apic1_qos.module.aci_endpoint_security_group.var.application_profile",
      "status": "pass",
      "objects": null
    },
    {
      "object_kind": "var",
      "config_addr": "module.apic2_qos.module.aci_remote_location.var.name",
      "status": "pass",
      "objects": null
    },
    {
      "object_kind": "var",
      "config_addr": "module.apic1_qos.module.aci_external_endpoint_group.var.route_control_profiles",
      "status": "pass",
      "objects": null
    },
    {
      "object_kind": "var",
      "config_addr": "module.apic1_qos.module.aci_port_channel_policy.var.name",
      "status": "pass",
      "objects": null
    },
    {
      "object_kind": "var",
      "config_addr": "module.apic2_qos.module.aci_access_fex_interface_selector_manual.var.policy_group",
      "status": "pass",
      "objects": null
    },
    {
      "object_kind": "var",
      "config_addr": "module.apic1_qos.module.aci_l3out_node_profile_auto.var.name",
      "status": "pass",
      "objects": null
    },
    {
      "object_kind": "var",
      "config_addr": "module.apic2_qos.module.aci_igmp_snooping_policy.var.start_query_interval",
      "status": "pass",
      "objects": null
    },
    {
      "object_kind": "var",
      "config_addr": "module.apic1_qos.module.aci_netflow_exporter.var.endpoint_group",
      "status": "pass",
      "objects": null
    },
    {
      "object_kind": "var",
      "config_addr": "module.apic1_qos.module.aci_syslog_policy.var.name",
      "status": "pass",
      "objects": null
    },
    {
      "object_kind": "var",
      "config_addr": "module.apic2_qos.module.aci_external_endpoint_group.var.target_dscp",
      "status": "pass",
      "objects": null
    },
    {
      "object_kind": "var",
      "config_addr": "module.apic2_qos.module.aci_l3out_node_profile_auto.var.tenant",
      "status": "pass",
      "objects": null
    },
    {
      "object_kind": "var",
      "config_addr": "module.apic1_qos.module.aci_user.var.email",
      "status": "pass",
      "objects": null
    },
    {
      "object_kind": "var",
      "config_addr": "module.apic1_qos.module.aci_l3out_interface_profile_manual.var.interfaces",
      "status": "pass",
      "objects": null
    },
    {
      "object_kind": "var",
      "config_addr": "module.apic1_qos.module.aci_service_epg_policy.var.tenant",
      "status": "pass",
      "objects": null
    },
    {
      "object_kind": "var",
      "config_addr": "module.apic1_qos.module.aci_igmp_interface_policy.var.static_report_multicast_route_map",
      "status": "pass",
      "objects": null
    },
    {
      "object_kind": "var",
      "config_addr": "module.apic2_qos.module.aci_sr_mpls_external_endpoint_group.var.description",
      "status": "pass",
      "objects": null
    },
    {
      "object_kind": "var",
      "config_addr": "module.apic1_qos.module.aci_filter.var.description",
      "status": "pass",
      "objects": null
    },
    {
      "object_kind": "var",
      "config_addr": "module.apic2_qos.module.aci_l3out_interface_profile_auto.var.interfaces",
      "status": "pass",
      "objects": null
    },
    {
      "object_kind": "var",
      "config_addr": "module.apic1_qos.module.aci_aaep.var.vmware_vmm_domains",
      "status": "pass",
      "objects": null
    },
    {
      "object_kind": "var",
      "config_addr": "module.apic1_qos.module.aci_endpoint_security_group.var.tenant",
      "status": "pass",
      "objects": null
    },
    {
      "object_kind": "var",
      "config_addr": "module.apic2_qos.module.aci_set_rule.var.external_endpoint_group",
      "status": "pass",
      "objects": null
    },
    {
      "object_kind": "var",
      "config_addr": "module.apic2_qos.module.aci_l3out_interface_profile_auto.var.pim_policy",
      "status": "pass",
      "objects": null
    },
    {
      "object_kind": "var",
      "config_addr": "module.apic2_qos.module.aci_access_span_destination_group.var.module",
      "status": "pass",
      "objects": null
    },
    {
      "object_kind": "var",
      "config_addr": "module.apic1_qos.module.aci_aaa.var.default_login_domain",
      "status": "pass",
      "objects": null
    },
    {
      "object_kind": "var",
      "config_addr": "module.apic1_qos.module.aci_l3out_interface_profile_manual.var.node_profile",
      "status": "pass",
      "objects": null
    },
    {
      "object_kind": "var",
      "config_addr": "module.apic1_qos.module.aci_fabric_span_destination_group.var.tenant",
      "status": "pass",
      "objects": null
    },
    {
      "object_kind": "var",
      "config_addr": "module.apic1_qos.module.aci_tacacs.var.timeout",
      "status": "pass",
      "objects": null
    },
    {
      "object_kind": "var",
      "config_addr": "module.apic2_qos.module.aci_macsec_interfaces_policy.var.macsec_keychain_policy",
      "status": "pass",
      "objects": null
    },
    {
      "object_kind": "var",
      "config_addr": "module.apic1_qos.module.aci_inband_endpoint_group.var.contract_consumers",
      "status": "pass",
      "objects": null
    },
    {
      "object_kind": "var",
      "config_addr": "module.apic1_qos.module.aci_leaf_interface_configuration.var.policy_group",
      "status": "pass",
      "objects": null
    },
    {
      "object_kind": "var",
      "config_addr": "module.apic1_qos.module.aci_access_fex_interface_selector_auto.var.port_blocks",
      "status": "pass",
      "objects": null
    },
    {
      "object_kind": "var",
      "config_addr": "module.apic1_qos.module.aci_l4l7_device.var.logical_interfaces",
      "status": "pass",
      "objects": null
    },
    {
      "object_kind": "var",
      "config_addr": "module.apic2_qos.module.aci_ldap.var.group_maps",
      "status": "pass",
      "objects": null
    },
    {
      "object_kind": "var",
      "config_addr": "module.apic1_qos.module.aci_tacacs.var.monitoring_username",
      "status": "pass",
      "objects": null
    },
    {
      "object_kind": "var",
      "config_addr": "module.apic1_qos.module.aci_igmp_interface_policy.var.reserved_mcast_entries",
      "status": "pass",
      "objects": null
    },
    {
      "object_kind": "var",
      "config_addr": "module.apic2_qos.module.aci_access_spine_interface_selector_auto.var.name",
      "status": "pass",
      "objects": null
    },
    {
      "object_kind": "var",
      "config_addr": "module.apic2_qos.module.aci_vrf.var.pim_asm_sg_expiry_multicast_route_map",
      "status": "pass",
      "objects": null
    },
    {
      "object_kind": "var",
      "config_addr": "module.apic2_qos.module.aci_vrf.var.pim_mtu",
      "status": "pass",
      "objects": null
    },
    {
      "object_kind": "var",
      "config_addr": "module.apic1_qos.module.aci_vrf.var.pim_asm_sg_expiry_multicast_route_map",
      "status": "pass",
      "objects": null
    },
    {
      "object_kind": "var",
      "config_addr": "module.apic2_qos.module.aci_aaep.var.infra_vlan",
      "status": "pass",
      "objects": null
    },
    {
      "object_kind": "var",
      "config_addr": "module.apic1_qos.module.aci_access_leaf_switch_policy_group.var.forwarding_scale_policy",
      "status": "pass",
      "objects": null
    },
    {
      "object_kind": "var",
      "config_addr": "module.apic1_qos.module.aci_snmp_policy.var.communities",
      "status": "pass",
      "objects": null
    },
    {
      "object_kind": "var",
      "config_addr": "module.apic1_qos.module.aci_tacacs.var.description",
      "status": "pass",
      "objects": null
    },
    {
      "object_kind": "var",
      "config_addr": "module.apic2_qos.module.aci_l4l7_device.var.service_type",
      "status": "pass",
      "objects": null
    },
    {
      "object_kind": "var",
      "config_addr": "module.apic2_qos.module.aci_l3out.var.alias",
      "status": "pass",
      "objects": null
    },
    {
      "object_kind": "var",
      "config_addr": "module.apic1_qos.module.aci_vmware_vmm_domain.var.security_domains",
      "status": "pass",
      "objects": null
    },
    {
      "object_kind": "var",
      "config_addr": "module.apic2_qos.module.aci_config_export.var.remote_location",
      "status": "pass",
      "objects": null
    },
    {
      "object_kind": "var",
      "config_addr": "module.apic2_qos.module.aci_bgp_timer_policy.var.keepalive_interval",
      "status": "pass",
      "objects": null
    },
    {
      "object_kind": "var",
      "config_addr": "module.apic1_qos.module.aci_nd_ra_prefix_policy.var.tenant",
      "status": "pass",
      "objects": null
    },
    {
      "object_kind": "var",
      "config_addr": "module.apic1_qos.module.aci_device_selection_policy.var.consumer_external_endpoint_group",
      "status": "pass",
      "objects": null
    },
    {
      "object_kind": "var",
      "config_addr": "module.apic1_qos.module.aci_netflow_exporter.var.epg_type",
      "status": "pass",
      "objects": null
    },
    {
      "object_kind": "var",
      "config_addr": "module.apic2_qos.module.aci_sr_mpls_l3out.var.interleak_route_map",
      "status": "pass",
      "objects": null
    },
    {
      "object_kind": "var",
      "config_addr": "module.apic2_qos.module.aci_storm_control_policy.var.multicast_burst_pps",
      "status": "pass",
      "objects": null
    },
    {
      "object_kind": "var",
      "config_addr": "module.apic1_qos.module.aci_tenant_span_source_group.var.description",
      "status": "pass",
      "objects": null
    },
    {
      "object_kind": "var",
      "config_addr": "module.apic2_qos.module.aci_vmware_vmm_domain.var.credential_policies",
      "status": "pass",
      "objects": null
    },
    {
      "object_kind": "var",
      "config_addr": "module.apic2_qos.module.aci_fabric_spine_switch_profile_auto.var.name",
      "status": "pass",
      "objects": null
    },
    {
      "object_kind": "var",
      "config_addr": "module.apic1_qos.module.aci_lldp_policy.var.name",
      "status": "pass",
      "objects": null
    },
    {
      "object_kind": "var",
      "config_addr": "module.apic1_qos.module.aci_tenant.var.alias",
      "status": "pass",
      "objects": null
    },
    {
      "object_kind": "var",
      "config_addr": "module.apic1_qos.module.aci_vlan_pool.var.allocation",
      "status": "pass",
      "objects": null
    },
    {
      "object_kind": "var",
      "config_addr": "module.apic1_qos.module.aci_access_leaf_interface_selector_sub_auto.var.fex_id",
      "status": "pass",
      "objects": null
    },
    {
      "object_kind": "var",
      "config_addr": "module.apic2_qos.module.aci_tacacs.var.timeout",
      "status": "pass",
      "objects": null
    },
    {
      "object_kind": "var",
      "config_addr": "module.apic2_qos.module.aci_l3out.var.sr_mpls_infra_l3outs",
      "status": "pass",
      "objects": null
    },
    {
      "object_kind": "var",
      "config_addr": "module.apic2_qos.module.aci_bridge_domain.var.alias",
      "status": "pass",
      "objects": null
    },
    {
      "object_kind": "var",
      "config_addr": "module.apic1_qos.module.aci_storm_control_policy.var.multicast_rate",
      "status": "pass",
      "objects": null
    },
    {
      "object_kind": "var",
      "config_addr": "module.apic2_qos.module.aci_radius.var.hostname_ip",
      "status": "pass",
      "objects": null
    },
    {
      "object_kind": "var",
      "config_addr": "module.apic2_qos.module.aci_l4l7_device.var.tenant",
      "status": "pass",
      "objects": null
    },
    {
      "object_kind": "var",
      "config_addr": "module.apic2_qos.module.aci_pim_policy.var.name",
      "status": "pass",
      "objects": null
    },
    {
      "object_kind": "var",
      "config_addr": "module.apic1_qos.module.aci_filter.var.alias",
      "status": "pass",
      "objects": null
    },
    {
      "object_kind": "var",
      "config_addr": "module.apic2_qos.module.aci_ospf_interface_policy.var.lsa_transmit_delay",
      "status": "pass",
      "objects": null
    },
    {
      "object_kind": "var",
      "config_addr": "module.apic2_qos.module.aci_sr_mpls_l3out_interface_profile_manual.var.ospf_authentication_key_id",
      "status": "pass",
      "objects": null
    },
    {
      "object_kind": "var",
      "config_addr": "module.apic2_qos.module.aci_redirect_backup_policy.var.name",
      "status": "pass",
      "objects": null
    },
    {
      "object_kind": "var",
      "config_addr": "module.apic2_qos.module.aci_l3out_interface_profile_manual.var.name",
      "status": "pass",
      "objects": null
    },
    {
      "object_kind": "var",
      "config_addr": "module.apic2_qos.module.aci_oob_endpoint_group.var.oob_contract_providers",
      "status": "pass",
      "objects": null
    },
    {
      "object_kind": "var",
      "config_addr": "module.apic2_qos.module.aci_l3out_node_profile_auto.var.bfd_multihop_node_policy",
      "status": "pass",
      "objects": null
    },
    {
      "object_kind": "var",
      "config_addr": "module.apic1_qos.module.aci_access_leaf_interface_selector_sub_auto.var.fex_interface_profile",
      "status": "pass",
      "objects": null
    },
    {
      "object_kind": "var",
      "config_addr": "module.apic2_qos.module.aci_access_leaf_interface_policy_group.var.port_channel_member_policy",
      "status": "pass",
      "objects": null
    },
    {
      "object_kind": "var",
      "config_addr": "module.apic1_qos.module.aci_l3out.var.target_dscp",
      "status": "pass",
      "objects": null
    },
    {
      "object_kind": "var",
      "config_addr": "module.apic2_qos.module.aci_aaa.var.login_block_duration",
      "status": "pass",
      "objects": null
    },
    {
      "object_kind": "var",
      "config_addr": "module.apic1_qos.module.aci_macsec_parameters_policy.var.cipher_suite",
      "status": "pass",
      "objects": null
    },
    {
      "object_kind": "var",
      "config_addr": "module.apic2_qos.module.aci_endpoint_group.var.tenant",
      "status": "pass",
      "objects": null
    },
    {
      "object_kind": "var",
      "config_addr": "module.apic2_qos.module.aci_storm_control_policy.var.multicast_rate",
      "status": "pass",
      "objects": null
    },
    {
      "object_kind": "var",
      "config_addr": "module.apic2_qos.module.aci_fabric_span_source_group.var.description",
      "status": "pass",
      "objects": null
    },
    {
      "object_kind": "var",
      "config_addr": "module.apic2_qos.module.aci_tenant_span_destination_group.var.tenant",
      "status": "pass",
      "objects": null
    },
    {
      "object_kind": "var",
      "config_addr": "module.apic2_qos.module.aci_sr_mpls_l3out_interface_profile_manual.var.pim_policy",
      "status": "pass",
      "objects": null
    },
    {
      "object_kind": "var",
      "config_addr": "module.apic1_qos.module.aci_netflow_exporter.var.tenant",
      "status": "pass",
      "objects": null
    },
    {
      "object_kind": "var",
      "config_addr": "module.apic2_qos.module.aci_ospf_interface_policy.var.hello_interval",
      "status": "pass",
      "objects": null
    },
    {
      "object_kind": "var",
      "config_addr": "module.apic2_qos.module.aci_management_access_policy.var.https_dh",
      "status": "pass",
      "objects": null
    },
    {
      "object_kind": "var",
      "config_addr": "module.apic1_qos.module.aci_access_spine_switch_policy_group.var.name",
      "status": "pass",
      "objects": null
    },
    {
      "object_kind": "var",
      "config_addr": "module.apic2_qos.module.aci_infra_dscp_translation_policy.var.control_plane",
      "status": "pass",
      "objects": null
    },
    {
      "object_kind": "var",
      "config_addr": "module.apic2_qos.module.aci_vpc_policy.var.peer_dead_interval",
      "status": "pass",
      "objects": null
    },
    {
      "object_kind": "var",
      "config_addr": "module.apic1_qos.module.aci_sr_mpls_l3out.var.export_route_map_type",
      "status": "pass",
      "objects": null
    },
    {
      "object_kind": "var",
      "config_addr": "module.apic2_qos.module.aci_access_spine_interface_profile_manual.var.name",
      "status": "pass",
      "objects": null
    },
    {
      "object_kind": "var",
      "config_addr": "module.apic2_qos.module.aci_psu_policy.var.name",
      "status": "pass",
      "objects": null
    },
    {
      "object_kind": "var",
      "config_addr": "module.apic2_qos.module.aci_l3out_interface_profile_auto.var.eigrp_interface_profile_name",
      "status": "pass",
      "objects": null
    },
    {
      "object_kind": "var",
      "config_addr": "module.apic1_qos.module.aci_sr_mpls_external_endpoint_group.var.name",
      "status": "pass",
      "objects": null
    },
    {
      "object_kind": "var",
      "config_addr": "module.apic1_qos.module.aci_sr_mpls_global_configuration.var.sr_global_block_minimum",
      "status": "pass",
      "objects": null
    },
    {
      "object_kind": "var",
      "config_addr": "module.apic2_qos.module.aci_spine_interface_configuration.var.fex_id",
      "status": "pass",
      "objects": null
    },
    {
      "object_kind": "var",
      "config_addr": "module.apic1_qos.module.aci_nd_interface_policy.var.route_advertise_interval",
      "status": "pass",
      "objects": null
    },
    {
      "object_kind": "var",
      "config_addr": "module.apic1_qos.module.aci_oob_contract.var.alias",
      "status": "pass",
      "objects": null
    },
    {
      "object_kind": "var",
      "config_addr": "module.apic1_qos.module.aci_physical_domain.var.name",
      "status": "pass",
      "objects": null
    },
    {
      "object_kind": "var",
      "config_addr": "module.apic2_qos.module.aci_l3out_interface_profile_auto.var.igmp_interface_policy",
      "status": "pass",
      "objects": null
    },
    {
      "object_kind": "var",
      "config_addr": "module.apic1_qos.module.aci_access_fex_interface_selector_auto.var.name",
      "status": "pass",
      "objects": null
    },
    {
      "object_kind": "var",
      "config_addr": "module.apic1_qos.module.aci_access_leaf_interface_policy_group.var.aaep",
      "status": "pass",
      "objects": null
    },
    {
      "object_kind": "var",
      "config_addr": "module.apic2_qos.module.aci_sr_mpls_l3out.var.ospf_area",
      "status": "pass",
      "objects": null
    },
    {
      "object_kind": "var",
      "config_addr": "module.apic1_qos.module.aci_fabric_span_source_group.var.sources",
      "status": "pass",
      "objects": null
    },
    {
      "object_kind": "var",
      "config_addr": "module.apic1_qos.module.aci_bfd_interface_policy.var.name",
      "status": "pass",
      "objects": null
    },
    {
      "object_kind": "var",
      "config_addr": "module.apic1_qos.module.aci_l3out_interface_profile_manual.var.name",
      "status": "pass",
      "objects": null
    },
    {
      "object_kind": "var",
      "config_addr": "module.apic2_qos.module.aci_endpoint_group.var.contract_providers",
      "status": "pass",
      "objects": null
    },
    {
      "object_kind": "var",
      "config_addr": "module.apic2_qos.module.aci_access_span_destination_group.var.name",
      "status": "pass",
      "objects": null
    },
    {
      "object_kind": "var",
      "config_addr": "module.apic1_qos.module.aci_port_channel_policy.var.hash_key",
      "status": "pass",
      "objects": null
    },
    {
      "object_kind": "var",
      "config_addr": "module.apic2_qos.module.aci_sr_mpls_l3out.var.route_maps",
      "status": "pass",
      "objects": null
    },
    {
      "object_kind": "var",
      "config_addr": "module.apic1_qos.module.aci_service_graph_template.var.name",
      "status": "pass",
      "objects": null
    },
    {
      "object_kind": "var",
      "config_addr": "module.apic2_qos.module.aci_useg_endpoint_group.var.mac_statements",
      "status": "pass",
      "objects": null
    },
    {
      "object_kind": "var",
      "config_addr": "module.apic2_qos.module.aci_l3out_interface_profile_manual.var.eigrp_interface_policy",
      "status": "pass",
      "objects": null
    },
    {
      "object_kind": "var",
      "config_addr": "module.apic1_qos.module.aci_spine_fabric_interface_configuration.var.module",
      "status": "pass",
      "objects": null
    },
    {
      "object_kind": "var",
      "config_addr": "module.apic1_qos.module.aci_service_graph_template.var.template_type",
      "status": "pass",
      "objects": null
    },
    {
      "object_kind": "var",
      "config_addr": "module.apic2_qos.module.aci_remote_location.var.username",
      "status": "pass",
      "objects": null
    },
    {
      "object_kind": "var",
      "config_addr": "module.apic1_qos.module.aci_ospf_timer_policy.var.description",
      "status": "pass",
      "objects": null
    },
    {
      "object_kind": "var",
      "config_addr": "module.apic1_qos.module.aci_eigrp_interface_policy.var.name",
      "status": "pass",
      "objects": null
    },
    {
      "object_kind": "var",
      "config_addr": "module.apic1_qos.module.aci_subinterface_shutdown.var.sub_port",
      "status": "pass",
      "objects": null
    },
    {
      "object_kind": "var",
      "config_addr": "module.apic1_qos.module.aci_redirect_policy.var.name",
      "status": "pass",
      "objects": null
    },
    {
      "object_kind": "var",
      "config_addr": "module.apic1_qos.module.aci_access_leaf_interface_selector_manual.var.port_blocks",
      "status": "pass",
      "objects": null
    },
    {
      "object_kind": "var",
      "config_addr": "module.apic2_qos.module.aci_snmp_trap_policy.var.destinations",
      "status": "pass",
      "objects": null
    },
    {
      "object_kind": "var",
      "config_addr": "module.apic1_qos.module.aci_config_export.var.name",
      "status": "pass",
      "objects": null
    },
    {
      "object_kind": "var",
      "config_addr": "module.apic1_qos.module.aci_storm_control_policy.var.unknown_unicast_burst_rate",
      "status": "pass",
      "objects": null
    },
    {
      "object_kind": "var",
      "config_addr": "module.apic1_qos.module.aci_storm_control_policy.var.alias",
      "status": "pass",
      "objects": null
    },
    {
      "object_kind": "var",
      "config_addr": "module.apic1_qos.module.aci_login_domain.var.ldap_group_map",
      "status": "pass",
      "objects": null
    },
    {
      "object_kind": "var",
      "config_addr": "module.apic1_qos.module.aci_system_performance.var.response_threshold",
      "status": "pass",
      "objects": null
    },
    {
      "object_kind": "var",
      "config_addr": "module.apic2_qos.module.aci_tacacs.var.description",
      "status": "pass",
      "objects": null
    },
    {
      "object_kind": "var",
      "config_addr": "module.apic2_qos.module.aci_sr_mpls_l3out_node_profile_manual.var.bgp_timer_policy",
      "status": "pass",
      "objects": null
    },
    {
      "object_kind": "var",
      "config_addr": "module.apic2_qos.module.aci_node_control_policy.var.name",
      "status": "pass",
      "objects": null
    },
    {
      "object_kind": "var",
      "config_addr": "module.apic2_qos.module.aci_access_leaf_interface_selector_manual.var.interface_profile",
      "status": "pass",
      "objects": null
    },
    {
      "object_kind": "var",
      "config_addr": "module.apic1_qos.module.aci_port_channel_member_policy.var.rate",
      "status": "pass",
      "objects": null
    },
    {
      "object_kind": "var",
      "config_addr": "module.apic1_qos.module.aci_spine_interface_configuration.var.port",
      "status": "pass",
      "objects": null
    },
    {
      "object_kind": "var",
      "config_addr": "module.apic1_qos.module.aci_storm_control_policy.var.name",
      "status": "pass",
      "objects": null
    },
    {
      "object_kind": "var",
      "config_addr": "module.apic1_qos.module.aci_set_rule.var.dampening_max_suppress_time",
      "status": "pass",
      "objects": null
    },
    {
      "object_kind": "var",
      "config_addr": "module.apic1_qos.module.aci_redirect_policy.var.tenant",
      "status": "pass",
      "objects": null
    },
    {
      "object_kind": "var",
      "config_addr": "module.apic2_qos.module.aci_fabric_leaf_switch_profile_manual.var.name",
      "status": "pass",
      "objects": null
    },
    {
      "object_kind": "var",
      "config_addr": "module.apic2_qos.module.aci_tenant_span_destination_group.var.mtu",
      "status": "pass",
      "objects": null
    },
    {
      "object_kind": "var",
      "config_addr": "module.apic2_qos.module.aci_ospf_timer_policy.var.lsa_group_pacing_interval",
      "status": "pass",
      "objects": null
    },
    {
      "object_kind": "var",
      "config_addr": "module.apic1_qos.module.aci_oob_contract.var.name",
      "status": "pass",
      "objects": null
    },
    {
      "object_kind": "var",
      "config_addr": "module.apic1_qos.module.aci_remote_location.var.ssh_passphrase",
      "status": "pass",
      "objects": null
    },
    {
      "object_kind": "var",
      "config_addr": "module.apic2_qos.module.aci_fabric_spine_switch_profile_manual.var.interface_profiles",
      "status": "pass",
      "objects": null
    },
    {
      "object_kind": "var",
      "config_addr": "module.apic2_qos.module.aci_nd_interface_policy.var.controller_state",
      "status": "pass",
      "objects": null
    },
    {
      "object_kind": "var",
      "config_addr": "module.apic1_qos.module.aci_useg_endpoint_group.var.mac_statements",
      "status": "pass",
      "objects": null
    },
    {
      "object_kind": "var",
      "config_addr": "module.apic1_qos.module.aci_access_fex_interface_selector_manual.var.name",
      "status": "pass",
      "objects": null
    },
    {
      "object_kind": "var",
      "config_addr": "module.apic1_qos.module.aci_nd_interface_policy.var.tenant",
      "status": "pass",
      "objects": null
    },
    {
      "object_kind": "var",
      "config_addr": "module.apic2_qos.module.aci_sr_mpls_l3out_interface_profile_manual.var.qos_class",
      "status": "pass",
      "objects": null
    },
    {
      "object_kind": "var",
      "config_addr": "module.apic2_qos.module.aci_inband_node_address.var.node_id",
      "status": "pass",
      "objects": null
    },
    {
      "object_kind": "var",
      "config_addr": "module.apic2_qos.module.aci_l3out_node_profile_auto.var.bgp_peers",
      "status": "pass",
      "objects": null
    },
    {
      "object_kind": "var",
      "config_addr": "module.apic2_qos.module.aci_infra_dhcp_relay_policy.var.name",
      "status": "pass",
      "objects": null
    },
    {
      "object_kind": "var",
      "config_addr": "module.apic2_qos.module.aci_interface_shutdown.var.port",
      "status": "pass",
      "objects": null
    },
    {
      "object_kind": "var",
      "config_addr": "module.apic2_qos.module.aci_bgp_address_family_context_policy.var.description",
      "status": "pass",
      "objects": null
    },
    {
      "object_kind": "var",
      "config_addr": "module.apic1_qos.module.aci_l3out.var.export_route_map_type",
      "status": "pass",
      "objects": null
    },
    {
      "object_kind": "var",
      "config_addr": "module.apic2_qos.module.aci_leaf_interface_configuration.var.port",
      "status": "pass",
      "objects": null
    },
    {
      "object_kind": "var",
      "config_addr": "module.apic2_qos.module.aci_track_member.var.scope_type",
      "status": "pass",
      "objects": null
    },
    {
      "object_kind": "var",
      "config_addr": "module.apic2_qos.module.aci_netflow_exporter.var.external_endpoint_group",
      "status": "pass",
      "objects": null
    },
    {
      "object_kind": "var",
      "config_addr": "module.apic2_qos.module.aci_interface_configuration_fex.var.role",
      "status": "pass",
      "objects": null
    },
    {
      "object_kind": "var",
      "config_addr": "module.apic2_qos.module.aci_mcp_policy.var.name",
      "status": "pass",
      "objects": null
    },
    {
      "object_kind": "var",
      "config_addr": "module.apic1_qos.module.aci_dhcp_option_policy.var.name",
      "status": "pass",
      "objects": null
    },
    {
      "object_kind": "var",
      "config_addr": "module.apic1_qos.module.aci_igmp_snooping_policy.var.query_response_interval",
      "status": "pass",
      "objects": null
    },
    {
      "object_kind": "var",
      "config_addr": "module.apic1_qos.module.aci_vrf.var.pim_asm_traffic_registry_max_rate",
      "status": "pass",
      "objects": null
    },
    {
      "object_kind": "var",
      "config_addr": "module.apic2_qos.module.aci_tenant_span_source_group.var.description",
      "status": "pass",
      "objects": null
    },
    {
      "object_kind": "var",
      "config_addr": "module.apic1_qos.module.aci_aaep.var.physical_domains",
      "status": "pass",
      "objects": null
    },
    {
      "object_kind": "var",
      "config_addr": "module.apic2_qos.module.aci_redirect_health_group.var.description",
      "status": "pass",
      "objects": null
    },
    {
      "object_kind": "var",
      "config_addr": "module.apic2_qos.module.aci_config_export.var.scheduler",
      "status": "pass",
      "objects": null
    },
    {
      "object_kind": "var",
      "config_addr": "module.apic1_qos.module.aci_sr_mpls_l3out_node_profile_manual.var.mpls_custom_qos_policy",
      "status": "pass",
      "objects": null
    },
    {
      "object_kind": "var",
      "config_addr": "module.apic2_qos.module.aci_l3out.var.annotation",
      "status": "pass",
      "objects": null
    },
    {
      "object_kind": "var",
      "config_addr": "module.apic2_qos.module.aci_sr_mpls_l3out.var.dampening_ipv4_route_map",
      "status": "pass",
      "objects": null
    },
    {
      "object_kind": "var",
      "config_addr": "module.apic1_qos.module.aci_leaf_interface_configuration_sub.var.module",
      "status": "pass",
      "objects": null
    },
    {
      "object_kind": "var",
      "config_addr": "module.apic2_qos.module.aci_bgp_address_family_context_policy.var.ebgp_distance",
      "status": "pass",
      "objects": null
    },
    {
      "object_kind": "var",
      "config_addr": "module.apic2_qos.module.aci_dns_policy.var.domains",
      "status": "pass",
      "objects": null
    },
    {
      "object_kind": "var",
      "config_addr": "module.apic1_qos.module.aci_netflow_vmm_exporter.var.description",
      "status": "pass",
      "objects": null
    },
    {
      "object_kind": "var",
      "config_addr": "module.apic1_qos.module.aci_bgp_timer_policy.var.description",
      "status": "pass",
      "objects": null
    },
    {
      "object_kind": "var",
      "config_addr": "module.apic2_qos.module.aci_igmp_interface_policy.var.query_response_interval",
      "status": "pass",
      "objects": null
    },
    {
      "object_kind": "var",
      "config_addr": "module.apic1_qos.module.aci_sr_mpls_l3out.var.target_dscp",
      "status": "pass",
      "objects": null
    },
    {
      "object_kind": "var",
      "config_addr": "module.apic2_qos.module.aci_route_control_route_map.var.description",
      "status": "pass",
      "objects": null
    },
    {
      "object_kind": "var",
      "config_addr": "module.apic1_qos.module.aci_track_member.var.tenant",
      "status": "pass",
      "objects": null
    },
    {
      "object_kind": "var",
      "config_addr": "module.apic1_qos.module.aci_device_selection_policy.var.copy_logical_interface",
      "status": "pass",
      "objects": null
    },
    {
      "object_kind": "var",
      "config_addr": "module.apic1_qos.module.aci_access_spine_interface_selector_auto.var.policy_group",
      "status": "pass",
      "objects": null
    },
    {
      "object_kind": "var",
      "config_addr": "module.apic2_qos.module.aci_l3out_interface_profile_manual.var.dhcp_labels",
      "status": "pass",
      "objects": null
    },
    {
      "object_kind": "var",
      "config_addr": "module.apic2_qos.module.aci_endpoint_retention_policy.var.remote_endpoint_aging_interval",
      "status": "pass",
      "objects": null
    },
    {
      "object_kind": "var",
      "config_addr": "module.apic2_qos.module.aci_access_leaf_switch_policy_group.var.bfd_ipv4_policy",
      "status": "pass",
      "objects": null
    },
    {
      "object_kind": "var",
      "config_addr": "module.apic1_qos.module.aci_eigrp_interface_policy.var.hold_interval",
      "status": "pass",
      "objects": null
    },
    {
      "object_kind": "var",
      "config_addr": "module.apic1_qos.module.aci_set_rule.var.tag",
      "status": "pass",
      "objects": null
    },
    {
      "object_kind": "var",
      "config_addr": "module.apic2_qos.module.aci_endpoint_group.var.qos_class",
      "status": "pass",
      "objects": null
    },
    {
      "object_kind": "var",
      "config_addr": "module.apic2_qos.module.aci_bgp_address_family_context_policy.var.local_max_ecmp",
      "status": "pass",
      "objects": null
    },
    {
      "object_kind": "var",
      "config_addr": "module.apic2_qos.module.aci_fabric_spine_switch_configuration.var.fabric_policy_group",
      "status": "pass",
      "objects": null
    },
    {
      "object_kind": "var",
      "config_addr": "module.apic1_qos.module.aci_bfd_ipv6_policy.var.type",
      "status": "pass",
      "objects": null
    },
    {
      "object_kind": "var",
      "config_addr": "module.apic2_qos.module.aci_nd_interface_policy.var.name",
      "status": "pass",
      "objects": null
    },
    {
      "object_kind": "var",
      "config_addr": "module.apic1_qos.module.aci_pim_policy.var.join_prune_filter_policy_out",
      "status": "pass",
      "objects": null
    },
    {
      "object_kind": "var",
      "config_addr": "module.apic2_qos.module.aci_vrf.var.bgp_ipv6_import_route_target",
      "status": "pass",
      "objects": null
    },
    {
      "object_kind": "var",
      "config_addr": "module.apic2_qos.module.aci_bgp_address_family_context_policy.var.ibgp_max_ecmp",
      "status": "pass",
      "objects": null
    },
    {
      "object_kind": "var",
      "config_addr": "module.apic2_qos.module.aci_access_fex_interface_selector_manual.var.description",
      "status": "pass",
      "objects": null
    },
    {
      "object_kind": "var",
      "config_addr": "module.apic1_qos.module.aci_access_spine_interface_policy_group.var.cdp_policy",
      "status": "pass",
      "objects": null
    },
    {
      "object_kind": "var",
      "config_addr": "module.apic1_qos.module.aci_tacacs.var.port",
      "status": "pass",
      "objects": null
    },
    {
      "object_kind": "var",
      "config_addr": "module.apic2_qos.module.aci_access_leaf_switch_profile_manual.var.interface_profiles",
      "status": "pass",
      "objects": null
    },
    {
      "object_kind": "var",
      "config_addr": "module.apic2_qos.module.aci_vmware_vmm_domain.var.vlan_pool",
      "status": "pass",
      "objects": null
    },
    {
      "object_kind": "var",
      "config_addr": "module.apic2_qos.module.aci_l3out.var.tenant",
      "status": "pass",
      "objects": null
    },
    {
      "object_kind": "var",
      "config_addr": "module.apic1_qos.module.aci_bgp_policy.var.fabric_bgp_external_rr",
      "status": "pass",
      "objects": null
    },
    {
      "object_kind": "var",
      "config_addr": "module.apic2_qos.module.aci_device_selection_policy.var.provider_bridge_domain",
      "status": "pass",
      "objects": null
    },
    {
      "object_kind": "var",
      "config_addr": "module.apic2_qos.module.aci_bgp_address_family_context_policy.var.tenant",
      "status": "pass",
      "objects": null
    },
    {
      "object_kind": "var",
      "config_addr": "module.apic1_qos.module.aci_track_list.var.percentage_down",
      "status": "pass",
      "objects": null
    },
    {
      "object_kind": "var",
      "config_addr": "module.apic2_qos.module.aci_smart_licensing.var.proxy_hostname_ip",
      "status": "pass",
      "objects": null
    },
    {
      "object_kind": "var",
      "config_addr": "module.apic2_qos.module.aci_access_leaf_interface_profile_auto.var.name",
      "status": "pass",
      "objects": null
    },
    {
      "object_kind": "var",
      "config_addr": "module.apic1_qos.module.aci_l3out_node_profile_manual.var.mpls_custom_qos_policy",
      "status": "pass",
      "objects": null
    },
    {
      "object_kind": "var",
      "config_addr": "module.apic2_qos.module.aci_interface_type.var.pod_id",
      "status": "pass",
      "objects": null
    },
    {
      "object_kind": "var",
      "config_addr": "module.apic2_qos.module.aci_track_list.var.percentage_down",
      "status": "pass",
      "objects": null
    },
    {
      "object_kind": "var",
      "config_addr": "module.apic1_qos.module.aci_error_disabled_recovery.var.interval",
      "status": "pass",
      "objects": null
    },
    {
      "object_kind": "var",
      "config_addr": "module.apic1_qos.module.aci_login_domain.var.radius_providers",
      "status": "pass",
      "objects": null
    },
    {
      "object_kind": "var",
      "config_addr": "module.apic1_qos.module.aci_access_leaf_interface_policy_group.var.spanning_tree_policy",
      "status": "pass",
      "objects": null
    },
    {
      "object_kind": "var",
      "config_addr": "module.apic1_qos.module.aci_infra_dhcp_relay_policy.var.tenant",
      "status": "pass",
      "objects": null
    },
    {
      "object_kind": "var",
      "config_addr": "module.apic1_qos.module.aci_external_endpoint_group.var.qos_class",
      "status": "pass",
      "objects": null
    },
    {
      "object_kind": "var",
      "config_addr": "module.apic1_qos.module.aci_ospf_timer_policy.var.spf_max_interval",
      "status": "pass",
      "objects": null
    },
    {
      "object_kind": "var",
      "config_addr": "module.apic1_qos.module.aci_useg_endpoint_group.var.ip_statements",
      "status": "pass",
      "objects": null
    },
    {
      "object_kind": "var",
      "config_addr": "module.apic2_qos.module.aci_vrf.var.pim_inter_vrf_policies",
      "status": "pass",
      "objects": null
    },
    {
      "object_kind": "var",
      "config_addr": "module.apic2_qos.module.aci_ospf_timer_policy.var.description",
      "status": "pass",
      "objects": null
    },
    {
      "object_kind": "var",
      "config_addr": "module.apic2_qos.module.aci_l3out_interface_profile_auto.var.tenant",
      "status": "pass",
      "objects": null
    },
    {
      "object_kind": "var",
      "config_addr": "module.apic1_qos.module.aci_pim_policy.var.neighbor_filter_policy",
      "status": "pass",
      "objects": null
    },
    {
      "object_kind": "var",
      "config_addr": "module.apic1_qos.module.aci_access_leaf_interface_selector_manual.var.fex_interface_profile",
      "status": "pass",
      "objects": null
    },
    {
      "object_kind": "var",
      "config_addr": "module.apic1_qos.module.aci_netflow_exporter.var.source_type",
      "status": "pass",
      "objects": null
    },
    {
      "object_kind": "var",
      "config_addr": "module.apic2_qos.module.aci_keyring.var.ca_certificate",
      "status": "pass",
      "objects": null
    },
    {
      "object_kind": "var",
      "config_addr": "module.apic1_qos.module.aci_fex_interface_shutdown.var.fex_id",
      "status": "pass",
      "objects": null
    },
    {
      "object_kind": "var",
      "config_addr": "module.apic1_qos.module.aci_fabric_pod_policy_group.var.snmp_policy",
      "status": "pass",
      "objects": null
    },
    {
      "object_kind": "var",
      "config_addr": "module.apic2_qos.module.aci_access_span_destination_group.var.span_version",
      "status": "pass",
      "objects": null
    },
    {
      "object_kind": "var",
      "config_addr": "module.apic2_qos.module.aci_access_spine_switch_profile_auto.var.interface_profiles",
      "status": "pass",
      "objects": null
    },
    {
      "object_kind": "var",
      "config_addr": "module.apic2_qos.module.aci_node_registration.var.role",
      "status": "pass",
      "objects": null
    },
    {
      "object_kind": "var",
      "config_addr": "module.apic2_qos.module.aci_device_selection_policy.var.consumer_service_epg_policy",
      "status": "pass",
      "objects": null
    },
    {
      "object_kind": "var",
      "config_addr": "module.apic2_qos.module.aci_l3out_interface_profile_manual.var.ospf_interface_policy",
      "status": "pass",
      "objects": null
    },
    {
      "object_kind": "var",
      "config_addr": "module.apic1_qos.module.aci_bfd_ipv6_policy.var.min_tx_interval",
      "status": "pass",
      "objects": null
    },
    {
      "object_kind": "var",
      "config_addr": "module.apic1_qos.module.aci_subinterface_shutdown.var.fex_id",
      "status": "pass",
      "objects": null
    },
    {
      "object_kind": "var",
      "config_addr": "module.apic2_qos.module.aci_remote_location.var.description",
      "status": "pass",
      "objects": null
    },
    {
      "object_kind": "var",
      "config_addr": "module.apic1_qos.module.aci_external_connectivity_policy.var.data_plane_teps",
      "status": "pass",
      "objects": null
    },
    {
      "object_kind": "var",
      "config_addr": "module.apic1_qos.module.aci_endpoint_security_group.var.ip_subnet_selectors",
      "status": "pass",
      "objects": null
    },
    {
      "object_kind": "var",
      "config_addr": "module.apic2_qos.module.aci_access_spine_interface_selector_manual.var.interface_profile",
      "status": "pass",
      "objects": null
    },
    {
      "object_kind": "var",
      "config_addr": "module.apic1_qos.module.aci_fabric_leaf_switch_policy_group.var.psu_policy",
      "status": "pass",
      "objects": null
    },
    {
      "object_kind": "var",
      "config_addr": "module.apic2_qos.module.aci_endpoint_mac_tag_policy.var.mac",
      "status": "pass",
      "objects": null
    },
    {
      "object_kind": "var",
      "config_addr": "module.apic1_qos.module.aci_tenant_span_destination_group.var.destination_tenant",
      "status": "pass",
      "objects": null
    },
    {
      "object_kind": "var",
      "config_addr": "module.apic1_qos.module.aci_useg_endpoint_group.var.contract_intra_epgs",
      "status": "pass",
      "objects": null
    },
    {
      "object_kind": "var",
      "config_addr": "module.apic2_qos.module.aci_service_graph_template.var.device_node_name",
      "status": "pass",
      "objects": null
    },
    {
      "object_kind": "var",
      "config_addr": "module.apic2_qos.module.aci_bridge_domain.var.unknown_ipv6_multicast",
      "status": "pass",
      "objects": null
    },
    {
      "object_kind": "var",
      "config_addr": "module.apic1_qos.module.aci_infra_dscp_translation_policy.var.span",
      "status": "pass",
      "objects": null
    },
    {
      "object_kind": "var",
      "config_addr": "module.apic2_qos.module.aci_device_selection_policy.var.provider_redirect_policy",
      "status": "pass",
      "objects": null
    },
    {
      "object_kind": "var",
      "config_addr": "module.apic1_qos.module.aci_sr_mpls_l3out.var.interleak_route_map",
      "status": "pass",
      "objects": null
    },
    {
      "object_kind": "var",
      "config_addr": "module.apic2_qos.module.aci_l4l7_device.var.context_aware",
      "status": "pass",
      "objects": null
    },
    {
      "object_kind": "var",
      "config_addr": "module.apic1_qos.module.aci_nd_ra_prefix_policy.var.valid_lifetime",
      "status": "pass",
      "objects": null
    },
    {
      "object_kind": "var",
      "config_addr": "module.apic1_qos.module.aci_inband_endpoint_group.var.static_routes",
      "status": "pass",
      "objects": null
    },
    {
      "object_kind": "var",
      "config_addr": "module.apic1_qos.module.aci_device_selection_policy.var.provider_redirect_policy_tenant",
      "status": "pass",
      "objects": null
    },
    {
      "object_kind": "var",
      "config_addr": "module.apic2_qos.module.aci_monitoring_policy.var.syslog_policies",
      "status": "pass",
      "objects": null
    },
    {
      "object_kind": "var",
      "config_addr": "module.apic1_qos.module.aci_nd_interface_policy.var.controller_state",
      "status": "pass",
      "objects": null
    },
    {
      "object_kind": "var",
      "config_addr": "module.apic2_qos.module.aci_redirect_policy.var.description",
      "status": "pass",
      "objects": null
    },
    {
      "object_kind": "var",
      "config_addr": "module.apic1_qos.module.aci_sr_mpls_l3out_interface_profile_manual.var.ospf_authentication_key_id",
      "status": "pass",
      "objects": null
    },
    {
      "object_kind": "var",
      "config_addr": "module.apic1_qos.module.aci_set_rule.var.dampening_half_life",
      "status": "pass",
      "objects": null
    },
    {
      "object_kind": "var",
      "config_addr": "module.apic1_qos.module.aci_sr_mpls_l3out.var.redistribution_route_maps",
      "status": "pass",
      "objects": null
    },
    {
      "object_kind": "var",
      "config_addr": "module.apic2_qos.module.aci_aaa.var.min_password_length",
      "status": "pass",
      "objects": null
    },
    {
      "object_kind": "var",
      "config_addr": "module.apic2_qos.module.aci_service_graph_template.var.tenant",
      "status": "pass",
      "objects": null
    },
    {
      "object_kind": "var",
      "config_addr": "module.apic1_qos.module.aci_infra_dhcp_relay_policy.var.description",
      "status": "pass",
      "objects": null
    },
    {
      "object_kind": "var",
      "config_addr": "module.apic2_qos.module.aci_device_selection_policy.var.consumer_logical_interface",
      "status": "pass",
      "objects": null
    },
    {
      "object_kind": "var",
      "config_addr": "module.apic2_qos.module.aci_vrf.var.pim_asm_shared_range_multicast_route_map",
      "status": "pass",
      "objects": null
    },
    {
      "object_kind": "var",
      "config_addr": "module.apic1_qos.module.aci_ospf_interface_policy.var.name",
      "status": "pass",
      "objects": null
    },
    {
      "object_kind": "var",
      "config_addr": "module.apic2_qos.module.aci_igmp_interface_policy.var.report_policy_multicast_route_map",
      "status": "pass",
      "objects": null
    },
    {
      "object_kind": "var",
      "config_addr": "module.apic2_qos.module.aci_fabric_leaf_switch_configuration.var.access_policy_group",
      "status": "pass",
      "objects": null
    },
    {
      "object_kind": "var",
      "config_addr": "module.apic2_qos.module.aci_route_tag_policy.var.description",
      "status": "pass",
      "objects": null
    },
    {
      "object_kind": "var",
      "config_addr": "module.apic2_qos.module.aci_nd_interface_policy.var.route_advertise_interval",
      "status": "pass",
      "objects": null
    },
    {
      "object_kind": "var",
      "config_addr": "module.apic2_qos.module.aci_endpoint_security_group.var.esg_contract_masters",
      "status": "pass",
      "objects": null
    },
    {
      "object_kind": "var",
      "config_addr": "module.apic1_qos.module.aci_track_list.var.description",
      "status": "pass",
      "objects": null
    },
    {
      "object_kind": "var",
      "config_addr": "module.apic2_qos.module.aci_sr_mpls_l3out_node_profile_manual.var.bgp_protocol_profile_name",
      "status": "pass",
      "objects": null
    },
    {
      "object_kind": "var",
      "config_addr": "module.apic2_qos.module.aci_ip_sla_policy.var.multiplier",
      "status": "pass",
      "objects": null
    },
    {
      "object_kind": "var",
      "config_addr": "module.apic2_qos.module.aci_device_selection_policy.var.provider_bridge_domain_tenant",
      "status": "pass",
      "objects": null
    },
    {
      "object_kind": "var",
      "config_addr": "module.apic1_qos.module.aci_fabric_span_destination_group.var.dscp",
      "status": "pass",
      "objects": null
    },
    {
      "object_kind": "var",
      "config_addr": "module.apic1_qos.module.aci_spanning_tree_policy.var.name",
      "status": "pass",
      "objects": null
    },
    {
      "object_kind": "var",
      "config_addr": "module.apic2_qos.module.aci_radius.var.protocol",
      "status": "pass",
      "objects": null
    },
    {
      "object_kind": "var",
      "config_addr": "module.apic2_qos.module.aci_access_leaf_interface_selector_auto.var.sub_port_blocks",
      "status": "pass",
      "objects": null
    },
    {
      "object_kind": "var",
      "config_addr": "module.apic2_qos.module.aci_l3out_interface_profile_manual.var.qos_class",
      "status": "pass",
      "objects": null
    },
    {
      "object_kind": "var",
      "config_addr": "module.apic1_qos.module.aci_pim_policy.var.join_prune_interval",
      "status": "pass",
      "objects": null
    },
    {
      "object_kind": "var",
      "config_addr": "module.apic2_qos.module.aci_fabric_pod_policy_group.var.snmp_policy",
      "status": "pass",
      "objects": null
    },
    {
      "object_kind": "var",
      "config_addr": "module.apic2_qos.module.aci_netflow_exporter.var.dscp",
      "status": "pass",
      "objects": null
    },
    {
      "object_kind": "var",
      "config_addr": "module.apic2_qos.module.aci_l3out.var.import_route_map_name",
      "status": "pass",
      "objects": null
    },
    {
      "object_kind": "var",
      "config_addr": "module.apic2_qos.module.aci_bridge_domain.var.dhcp_labels",
      "status": "pass",
      "objects": null
    },
    {
      "object_kind": "var",
      "config_addr": "module.apic1_qos.module.aci_interface_shutdown.var.node_id",
      "status": "pass",
      "objects": null
    },
    {
      "object_kind": "var",
      "config_addr": "module.apic1_qos.module.aci_aaa.var.console_login_domain",
      "status": "pass",
      "objects": null
    },
    {
      "object_kind": "var",
      "config_addr": "module.apic2_qos.module.aci_vrf.var.bgp_ipv4_address_family_context_policy",
      "status": "pass",
      "objects": null
    },
    {
      "object_kind": "var",
      "config_addr": "module.apic2_qos.module.aci_spine_interface_configuration.var.port",
      "status": "pass",
      "objects": null
    },
    {
      "object_kind": "var",
      "config_addr": "module.apic1_qos.module.aci_mcp_policy.var.name",
      "status": "pass",
      "objects": null
    },
    {
      "object_kind": "var",
      "config_addr": "module.apic1_qos.module.aci_l3out_interface_profile_manual.var.pim_policy",
      "status": "pass",
      "objects": null
    },
    {
      "object_kind": "var",
      "config_addr": "module.apic1_qos.module.aci_useg_endpoint_group.var.tags",
      "status": "pass",
      "objects": null
    },
    {
      "object_kind": "var",
      "config_addr": "module.apic1_qos.module.aci_l3out_interface_profile_manual.var.eigrp_interface_policy",
      "status": "pass",
      "objects": null
    },
    {
      "object_kind": "var",
      "config_addr": "module.apic1_qos.module.aci_config_export.var.format",
      "status": "pass",
      "objects": null
    },
    {
      "object_kind": "var",
      "config_addr": "module.apic2_qos.module.aci_macsec_parameters_policy.var.key_expiry_time",
      "status": "pass",
      "objects": null
    },
    {
      "object_kind": "var",
      "config_addr": "module.apic2_qos.module.aci_eigrp_interface_policy.var.name",
      "status": "pass",
      "objects": null
    },
    {
      "object_kind": "var",
      "config_addr": "module.apic2_qos.module.aci_netflow_monitor.var.description",
      "status": "pass",
      "objects": null
    },
    {
      "object_kind": "var",
      "config_addr": "module.apic1_qos.module.aci_tenant_span_destination_group.var.ttl",
      "status": "pass",
      "objects": null
    },
    {
      "object_kind": "var",
      "config_addr": "module.apic2_qos.module.aci_fabric_pod_profile_manual.var.name",
      "status": "pass",
      "objects": null
    },
    {
      "object_kind": "var",
      "config_addr": "module.apic2_qos.module.aci_access_spine_interface_policy_group.var.macsec_interface_policy",
      "status": "pass",
      "objects": null
    },
    {
      "object_kind": "var",
      "config_addr": "module.apic2_qos.module.aci_port_channel_policy.var.mode",
      "status": "pass",
      "objects": null
    },
    {
      "object_kind": "var",
      "config_addr": "module.apic2_qos.module.aci_sr_mpls_l3out_interface_profile_manual.var.custom_qos_policy",
      "status": "pass",
      "objects": null
    },
    {
      "object_kind": "var",
      "config_addr": "module.apic1_qos.module.aci_remote_location.var.name",
      "status": "pass",
      "objects": null
    },
    {
      "object_kind": "var",
      "config_addr": "module.apic1_qos.module.aci_fabric_spine_switch_profile_auto.var.selectors",
      "status": "pass",
      "objects": null
    },
    {
      "object_kind": "var",
      "config_addr": "module.apic2_qos.module.aci_bgp_peer_prefix_policy.var.max_prefixes",
      "status": "pass",
      "objects": null
    },
    {
      "object_kind": "var",
      "config_addr": "module.apic1_qos.module.aci_bfd_interface_policy.var.tenant",
      "status": "pass",
      "objects": null
    },
    {
      "object_kind": "var",
      "config_addr": "module.apic2_qos.module.aci_storm_control_policy.var.burst_pps",
      "status": "pass",
      "objects": null
    },
    {
      "object_kind": "var",
      "config_addr": "module.apic2_qos.module.aci_endpoint_security_group.var.ip_subnet_selectors",
      "status": "pass",
      "objects": null
    },
    {
      "object_kind": "var",
      "config_addr": "module.apic1_qos.module.aci_route_tag_policy.var.tag",
      "status": "pass",
      "objects": null
    },
    {
      "object_kind": "var",
      "config_addr": "module.apic2_qos.module.aci_qos_policy.var.dot1p_classifiers",
      "status": "pass",
      "objects": null
    },
    {
      "object_kind": "var",
      "config_addr": "module.apic1_qos.module.aci_sr_mpls_l3out_interface_profile_manual.var.ospf_interface_policy",
      "status": "pass",
      "objects": null
    },
    {
      "object_kind": "var",
      "config_addr": "module.apic1_qos.module.aci_device_selection_policy.var.provider_service_epg_policy",
      "status": "pass",
      "objects": null
    },
    {
      "object_kind": "var",
      "config_addr": "module.apic2_qos.module.aci_sr_mpls_l3out_interface_profile_manual.var.ospf_interface_policy",
      "status": "pass",
      "objects": null
    },
    {
      "object_kind": "var",
      "config_addr": "module.apic1_qos.module.aci_ptp_profile.var.priority",
      "status": "pass",
      "objects": null
    },
    {
      "object_kind": "var",
      "config_addr": "module.apic1_qos.module.aci_interface_shutdown.var.sub_port",
      "status": "pass",
      "objects": null
    },
    {
      "object_kind": "var",
      "config_addr": "module.apic1_qos.module.aci_spine_interface_configuration.var.module",
      "status": "pass",
      "objects": null
    },
    {
      "object_kind": "var",
      "config_addr": "module.apic1_qos.module.aci_user.var.password",
      "status": "pass",
      "objects": null
    },
    {
      "object_kind": "var",
      "config_addr": "module.apic2_qos.module.aci_aaa.var.default_login_domain",
      "status": "pass",
      "objects": null
    },
    {
      "object_kind": "var",
      "config_addr": "module.apic2_qos.module.aci_device_selection_policy.var.consumer_service_epg_policy_tenant",
      "status": "pass",
      "objects": null
    },
    {
      "object_kind": "var",
      "config_addr": "module.apic1_qos.module.aci_vspan_session.var.sources",
      "status": "pass",
      "objects": null
    },
    {
      "object_kind": "var",
      "config_addr": "module.apic2_qos.module.aci_remote_location.var.protocol",
      "status": "pass",
      "objects": null
    },
    {
      "object_kind": "var",
      "config_addr": "module.apic2_qos.module.aci_access_leaf_interface_selector_auto.var.interface_profile",
      "status": "pass",
      "objects": null
    },
    {
      "object_kind": "var",
      "config_addr": "module.apic1_qos.module.aci_vrf.var.alias",
      "status": "pass",
      "objects": null
    },
    {
      "object_kind": "var",
      "config_addr": "module.apic2_qos.module.aci_access_span_filter_group.var.entries",
      "status": "pass",
      "objects": null
    },
    {
      "object_kind": "var",
      "config_addr": "module.apic1_qos.module.aci_mcp.var.initial_delay",
      "status": "pass",
      "objects": [
        {
          "object_addr": "module.apic1_qos.module.aci_mcp[0].var.initial_delay",
          "status": "pass"
        }
      ]
    },
    {
      "object_kind": "var",
      "config_addr": "module.apic2_qos.module.aci_access_fex_interface_profile_auto.var.name",
      "status": "pass",
      "objects": null
    },
    {
      "object_kind": "var",
      "config_addr": "module.apic1_qos.module.aci_sr_mpls_l3out.var.ospf_area_type",
      "status": "pass",
      "objects": null
    },
    {
      "object_kind": "var",
      "config_addr": "module.apic2_qos.module.aci_contract.var.scope",
      "status": "pass",
      "objects": null
    },
    {
      "object_kind": "var",
      "config_addr": "module.apic1_qos.module.aci_igmp_interface_policy.var.querier_timeout",
      "status": "pass",
      "objects": null
    },
    {
      "object_kind": "var",
      "config_addr": "module.apic1_qos.module.aci_imported_l4l7_device.var.tenant",
      "status": "pass",
      "objects": null
    },
    {
      "object_kind": "var",
      "config_addr": "module.apic2_qos.module.aci_bridge_domain.var.annotation",
      "status": "pass",
      "objects": null
    },
    {
      "object_kind": "var",
      "config_addr": "module.apic2_qos.module.aci_bgp_route_summarization_policy.var.tenant",
      "status": "pass",
      "objects": null
    },
    {
      "object_kind": "var",
      "config_addr": "module.apic1_qos.module.aci_external_endpoint_group.var.description",
      "status": "pass",
      "objects": null
    },
    {
      "object_kind": "var",
      "config_addr": "module.apic2_qos.module.aci_bgp_address_family_context_policy.var.local_distance",
      "status": "pass",
      "objects": null
    },
    {
      "object_kind": "var",
      "config_addr": "module.apic1_qos.module.aci_vmware_vmm_domain.var.vswitch_lldp_policy",
      "status": "pass",
      "objects": null
    },
    {
      "object_kind": "var",
      "config_addr": "module.apic2_qos.module.aci_nd_interface_policy.var.retransmit_retry_count",
      "status": "pass",
      "objects": null
    },
    {
      "object_kind": "var",
      "config_addr": "module.apic2_qos.module.aci_banner.var.apic_app_banner_severity",
      "status": "pass",
      "objects": null
    },
    {
      "object_kind": "var",
      "config_addr": "module.apic1_qos.module.aci_l3out_interface_profile_auto.var.eigrp_interface_policy",
      "status": "pass",
      "objects": null
    },
    {
      "object_kind": "var",
      "config_addr": "module.apic2_qos.module.aci_set_rule.var.set_as_paths",
      "status": "pass",
      "objects": null
    },
    {
      "object_kind": "var",
      "config_addr": "module.apic2_qos.module.aci_bfd_interface_policy.var.echo_rx_interval",
      "status": "pass",
      "objects": null
    },
    {
      "object_kind": "var",
      "config_addr": "module.apic2_qos.module.aci_user.var.ssh_keys",
      "status": "pass",
      "objects": null
    },
    {
      "object_kind": "var",
      "config_addr": "module.apic1_qos.module.aci_device_selection_policy.var.service_graph_template",
      "status": "pass",
      "objects": null
    },
    {
      "object_kind": "var",
      "config_addr": "module.apic2_qos.module.aci_l3out.var.ospf_area",
      "status": "pass",
      "objects": null
    },
    {
      "object_kind": "var",
      "config_addr": "module.apic1_qos.module.aci_bgp_route_summarization_policy.var.tenant",
      "status": "pass",
      "objects": null
    },
    {
      "object_kind": "var",
      "config_addr": "module.apic1_qos.module.aci_port_channel_member_policy.var.name",
      "status": "pass",
      "objects": null
    },
    {
      "object_kind": "var",
      "config_addr": "module.apic1_qos.module.aci_macsec_keychain_policies.var.key_policies",
      "status": "pass",
      "objects": null
    },
    {
      "object_kind": "var",
      "config_addr": "module.apic2_qos.module.aci_inband_endpoint_group.var.bridge_domain",
      "status": "pass",
      "objects": null
    },
    {
      "object_kind": "var",
      "config_addr": "module.apic2_qos.module.aci_storm_control_policy.var.burst_rate",
      "status": "pass",
      "objects": null
    },
    {
      "object_kind": "var",
      "config_addr": "module.apic1_qos.module.aci_forwarding_scale_policy.var.name",
      "status": "pass",
      "objects": null
    },
    {
      "object_kind": "var",
      "config_addr": "module.apic2_qos.module.aci_fabric_span_destination_group.var.endpoint_group",
      "status": "pass",
      "objects": null
    },
    {
      "object_kind": "var",
      "config_addr": "module.apic2_qos.module.aci_ospf_interface_policy.var.dead_interval",
      "status": "pass",
      "objects": null
    },
    {
      "object_kind": "var",
      "config_addr": "module.apic2_qos.module.aci_interface_shutdown.var.pod_id",
      "status": "pass",
      "objects": null
    },
    {
      "object_kind": "var",
      "config_addr": "module.apic1_qos.module.aci_match_rule.var.tenant",
      "status": "pass",
      "objects": null
    },
    {
      "object_kind": "var",
      "config_addr": "module.apic1_qos.module.aci_vmware_vmm_domain.var.delimiter",
      "status": "pass",
      "objects": null
    },
    {
      "object_kind": "var",
      "config_addr": "module.apic2_qos.module.aci_sr_mpls_l3out_interface_profile_manual.var.eigrp_interface_profile_name",
      "status": "pass",
      "objects": null
    },
    {
      "object_kind": "var",
      "config_addr": "module.apic1_qos.module.aci_aaa.var.password_strength_test_type",
      "status": "pass",
      "objects": null
    },
    {
      "object_kind": "var",
      "config_addr": "module.apic2_qos.module.aci_pim_policy.var.auth_type",
      "status": "pass",
      "objects": null
    },
    {
      "object_kind": "var",
      "config_addr": "module.apic2_qos.module.aci_external_endpoint_group.var.tenant",
      "status": "pass",
      "objects": null
    },
    {
      "object_kind": "var",
      "config_addr": "module.apic2_qos.module.aci_access_leaf_interface_policy_group.var.cdp_policy",
      "status": "pass",
      "objects": null
    },
    {
      "object_kind": "var",
      "config_addr": "module.apic1_qos.module.aci_l3out.var.dampening_ipv4_route_map",
      "status": "pass",
      "objects": null
    },
    {
      "object_kind": "var",
      "config_addr": "module.apic1_qos.module.aci_aaep.var.endpoint_groups",
      "status": "pass",
      "objects": null
    },
    {
      "object_kind": "var",
      "config_addr": "module.apic1_qos.module.aci_bridge_domain.var.mac",
      "status": "pass",
      "objects": null
    },
    {
      "object_kind": "var",
      "config_addr": "module.apic2_qos.module.aci_l3out_node_profile_manual.var.tenant",
      "status": "pass",
      "objects": null
    },
    {
      "object_kind": "var",
      "config_addr": "module.apic1_qos.module.aci_sr_mpls_external_endpoint_group.var.tenant",
      "status": "pass",
      "objects": null
    },
    {
      "object_kind": "var",
      "config_addr": "module.apic1_qos.module.aci_radius.var.description",
      "status": "pass",
      "objects": null
    },
    {
      "object_kind": "var",
      "config_addr": "module.apic2_qos.module.aci_access_leaf_interface_policy_group.var.description",
      "status": "pass",
      "objects": null
    },
    {
      "object_kind": "var",
      "config_addr": "module.apic2_qos.module.aci_l4l7_device.var.concrete_devices",
      "status": "pass",
      "objects": null
    },
    {
      "object_kind": "var",
      "config_addr": "module.apic1_qos.module.aci_bgp_route_summarization_policy.var.name",
      "status": "pass",
      "objects": null
    },
    {
      "object_kind": "var",
      "config_addr": "module.apic1_qos.module.aci_access_spine_switch_profile_manual.var.selectors",
      "status": "pass",
      "objects": null
    },
    {
      "object_kind": "var",
      "config_addr": "module.apic1_qos.module.aci_leaf_interface_configuration_sub.var.sub_port",
      "status": "pass",
      "objects": null
    },
    {
      "object_kind": "var",
      "config_addr": "module.apic2_qos.module.aci_l3out_node_profile_auto.var.name",
      "status": "pass",
      "objects": null
    },
    {
      "object_kind": "var",
      "config_addr": "module.apic1_qos.module.aci_sr_mpls_l3out.var.ospf_area_cost",
      "status": "pass",
      "objects": null
    },
    {
      "object_kind": "var",
      "config_addr": "module.apic1_qos.module.aci_fabric_pod_profile_auto.var.selectors",
      "status": "pass",
      "objects": null
    },
    {
      "object_kind": "var",
      "config_addr": "module.apic1_qos.module.aci_pim_policy.var.designated_router_priority",
      "status": "pass",
      "objects": null
    },
    {
      "object_kind": "var",
      "config_addr": "module.apic2_qos.module.aci_ca_certificate.var.description",
      "status": "pass",
      "objects": null
    },
    {
      "object_kind": "var",
      "config_addr": "module.apic2_qos.module.aci_access_leaf_interface_selector_manual.var.fex_interface_profile",
      "status": "pass",
      "objects": null
    },
    {
      "object_kind": "var",
      "config_addr": "module.apic1_qos.module.aci_external_connectivity_policy.var.peering_type",
      "status": "pass",
      "objects": null
    },
    {
      "object_kind": "var",
      "config_addr": "module.apic1_qos.module.aci_access_spine_interface_policy_group.var.macsec_interface_policy",
      "status": "pass",
      "objects": null
    },
    {
      "object_kind": "var",
      "config_addr": "module.apic1_qos.module.aci_oob_contract.var.subjects",
      "status": "pass",
      "objects": null
    },
    {
      "object_kind": "var",
      "config_addr": "module.apic2_qos.module.aci_access_leaf_switch_profile_manual.var.name",
      "status": "pass",
      "objects": null
    },
    {
      "object_kind": "var",
      "config_addr": "module.apic1_qos.module.aci_nd_interface_policy.var.retransmit_retry_count",
      "status": "pass",
      "objects": null
    },
    {
      "object_kind": "var",
      "config_addr": "module.apic2_qos.module.aci_aaa.var.console_realm",
      "status": "pass",
      "objects": null
    },
    {
      "object_kind": "var",
      "config_addr": "module.apic2_qos.module.aci_l3out.var.export_route_map_contexts",
      "status": "pass",
      "objects": null
    },
    {
      "object_kind": "var",
      "config_addr": "module.apic1_qos.module.aci_macsec_interfaces_policy.var.description",
      "status": "pass",
      "objects": null
    },
    {
      "object_kind": "var",
      "config_addr": "module.apic1_qos.module.aci_firmware_group.var.node_ids",
      "status": "pass",
      "objects": null
    },
    {
      "object_kind": "var",
      "config_addr": "module.apic2_qos.module.aci_endpoint_group.var.static_ports",
      "status": "pass",
      "objects": null
    },
    {
      "object_kind": "var",
      "config_addr": "module.apic1_qos.module.aci_l3out.var.description",
      "status": "pass",
      "objects": null
    },
    {
      "object_kind": "var",
      "config_addr": "module.apic2_qos.module.aci_tacacs.var.protocol",
      "status": "pass",
      "objects": null
    },
    {
      "object_kind": "var",
      "config_addr": "module.apic2_qos.module.aci_sr_mpls_l3out.var.export_route_map_contexts",
      "status": "pass",
      "objects": null
    },
    {
      "object_kind": "var",
      "config_addr": "module.apic2_qos.module.aci_redirect_policy.var.max_threshold",
      "status": "pass",
      "objects": null
    },
    {
      "object_kind": "var",
      "config_addr": "module.apic1_qos.module.aci_sr_mpls_external_endpoint_group.var.annotation",
      "status": "pass",
      "objects": null
    },
    {
      "object_kind": "var",
      "config_addr": "module.apic2_qos.module.aci_vspan_destination_group.var.name",
      "status": "pass",
      "objects": null
    },
    {
      "object_kind": "var",
      "config_addr": "module.apic1_qos.module.aci_endpoint_group.var.contract_intra_epgs",
      "status": "pass",
      "objects": null
    },
    {
      "object_kind": "var",
      "config_addr": "module.apic1_qos.module.aci_access_spine_interface_policy_group.var.link_level_policy",
      "status": "pass",
      "objects": null
    },
    {
      "object_kind": "var",
      "config_addr": "module.apic1_qos.module.aci_ca_certificate.var.name",
      "status": "pass",
      "objects": null
    },
    {
      "object_kind": "var",
      "config_addr": "module.apic2_qos.module.aci_error_disabled_recovery.var.interval",
      "status": "pass",
      "objects": null
    },
    {
      "object_kind": "var",
      "config_addr": "module.apic1_qos.module.aci_ca_certificate.var.description",
      "status": "pass",
      "objects": null
    },
    {
      "object_kind": "var",
      "config_addr": "module.apic1_qos.module.aci_access_span_destination_group.var.sub_port",
      "status": "pass",
      "objects": null
    },
    {
      "object_kind": "var",
      "config_addr": "module.apic2_qos.module.aci_igmp_interface_policy.var.tenant",
      "status": "pass",
      "objects": null
    },
    {
      "object_kind": "var",
      "config_addr": "module.apic1_qos.module.aci_leaf_interface_configuration_sub.var.role",
      "status": "pass",
      "objects": null
    },
    {
      "object_kind": "var",
      "config_addr": "module.apic2_qos.module.aci_snmp_policy.var.location",
      "status": "pass",
      "objects": null
    },
    {
      "object_kind": "var",
      "config_addr": "module.apic1_qos.module.aci_leaf_interface_configuration.var.fex_id",
      "status": "pass",
      "objects": null
    },
    {
      "object_kind": "var",
      "config_addr": "module.apic1_qos.module.aci_interface_type.var.port",
      "status": "pass",
      "objects": null
    },
    {
      "object_kind": "var",
      "config_addr": "module.apic2_qos.module.aci_vlan_pool.var.description",
      "status": "pass",
      "objects": null
    },
    {
      "object_kind": "var",
      "config_addr": "module.apic2_qos.module.aci_mpls_custom_qos_policy.var.egress_rules",
      "status": "pass",
      "objects": null
    },
    {
      "object_kind": "var",
      "config_addr": "module.apic1_qos.module.aci_fabric_span_source_group.var.destination_name",
      "status": "pass",
      "objects": null
    },
    {
      "object_kind": "var",
      "config_addr": "module.apic1_qos.module.aci_redirect_policy.var.max_threshold",
      "status": "pass",
      "objects": null
    },
    {
      "object_kind": "var",
      "config_addr": "module.apic1_qos.module.aci_l3out_interface_profile_auto.var.custom_qos_policy",
      "status": "pass",
      "objects": null
    },
    {
      "object_kind": "var",
      "config_addr": "module.apic1_qos.module.aci_application_profile.var.alias",
      "status": "pass",
      "objects": null
    },
    {
      "object_kind": "var",
      "config_addr": "module.apic2_qos.module.aci_imported_contract.var.tenant",
      "status": "pass",
      "objects": null
    },
    {
      "object_kind": "var",
      "config_addr": "module.apic2_qos.module.aci_syslog_policy.var.local_severity",
      "status": "pass",
      "objects": null
    },
    {
      "object_kind": "var",
      "config_addr": "module.apic1_qos.module.aci_inband_node_address.var.endpoint_group_vlan",
      "status": "pass",
      "objects": null
    },
    {
      "object_kind": "var",
      "config_addr": "module.apic2_qos.module.aci_filter.var.entries",
      "status": "pass",
      "objects": null
    },
    {
      "object_kind": "var",
      "config_addr": "module.apic1_qos.module.aci_storm_control_policy.var.broadcast_rate",
      "status": "pass",
      "objects": null
    },
    {
      "object_kind": "var",
      "config_addr": "module.apic1_qos.module.aci_vrf.var.bgp_ipv4_import_route_target",
      "status": "pass",
      "objects": null
    },
    {
      "object_kind": "var",
      "config_addr": "module.apic2_qos.module.aci_oob_external_management_instance.var.name",
      "status": "pass",
      "objects": null
    },
    {
      "object_kind": "var",
      "config_addr": "module.apic2_qos.module.aci_infra_dscp_translation_policy.var.span",
      "status": "pass",
      "objects": null
    },
    {
      "object_kind": "var",
      "config_addr": "module.apic1_qos.module.aci_aaa.var.login_block_duration",
      "status": "pass",
      "objects": null
    },
    {
      "object_kind": "var",
      "config_addr": "module.apic1_qos.module.aci_multicast_route_map.var.name",
      "status": "pass",
      "objects": null
    },
    {
      "object_kind": "var",
      "config_addr": "module.apic1_qos.module.aci_leaf_fabric_interface_configuration_sub.var.module",
      "status": "pass",
      "objects": null
    },
    {
      "object_kind": "var",
      "config_addr": "module.apic1_qos.module.aci_useg_endpoint_group.var.name",
      "status": "pass",
      "objects": null
    },
    {
      "object_kind": "var",
      "config_addr": "module.apic1_qos.module.aci_netflow_exporter.var.l3out",
      "status": "pass",
      "objects": null
    },
    {
      "object_kind": "var",
      "config_addr": "module.apic1_qos.module.aci_redirect_health_group.var.description",
      "status": "pass",
      "objects": null
    },
    {
      "object_kind": "var",
      "config_addr": "module.apic2_qos.module.aci_fabric_span_destination_group.var.name",
      "status": "pass",
      "objects": null
    },
    {
      "object_kind": "var",
      "config_addr": "module.apic2_qos.module.aci_access_leaf_interface_selector_manual.var.policy_group_type",
      "status": "pass",
      "objects": null
    },
    {
      "object_kind": "var",
      "config_addr": "module.apic1_qos.module.aci_vrf.var.tenant",
      "status": "pass",
      "objects": null
    },
    {
      "object_kind": "var",
      "config_addr": "module.apic1_qos.module.aci_node_control_policy.var.name",
      "status": "pass",
      "objects": null
    },
    {
      "object_kind": "var",
      "config_addr": "module.apic1_qos.module.aci_fabric_leaf_switch_profile_auto.var.name",
      "status": "pass",
      "objects": null
    },
    {
      "object_kind": "var",
      "config_addr": "module.apic2_qos.module.aci_mpls_custom_qos_policy.var.name",
      "status": "pass",
      "objects": null
    },
    {
      "object_kind": "var",
      "config_addr": "module.apic1_qos.module.aci_useg_endpoint_group.var.description",
      "status": "pass",
      "objects": null
    },
    {
      "object_kind": "var",
      "config_addr": "module.apic2_qos.module.aci_spanning_tree_policy.var.name",
      "status": "pass",
      "objects": null
    },
    {
      "object_kind": "var",
      "config_addr": "module.apic2_qos.module.aci_access_leaf_interface_selector_manual.var.policy_group",
      "status": "pass",
      "objects": null
    },
    {
      "object_kind": "var",
      "config_addr": "module.apic2_qos.module.aci_access_spine_interface_profile_auto.var.name",
      "status": "pass",
      "objects": null
    },
    {
      "object_kind": "var",
      "config_addr": "module.apic2_qos.module.aci_bridge_domain.var.tenant",
      "status": "pass",
      "objects": null
    },
    {
      "object_kind": "var",
      "config_addr": "module.apic2_qos.module.aci_oob_endpoint_group.var.name",
      "status": "pass",
      "objects": null
    },
    {
      "object_kind": "var",
      "config_addr": "module.apic2_qos.module.aci_leaf_interface_configuration.var.breakout",
      "status": "pass",
      "objects": null
    },
    {
      "object_kind": "var",
      "config_addr": "module.apic1_qos.module.aci_interface_type.var.pod_id",
      "status": "pass",
      "objects": null
    },
    {
      "object_kind": "var",
      "config_addr": "module.apic2_qos.module.aci_track_list.var.weight_down",
      "status": "pass",
      "objects": null
    },
    {
      "object_kind": "var",
      "config_addr": "module.apic2_qos.module.aci_l3out_node_profile_auto.var.mpls_custom_qos_policy",
      "status": "pass",
      "objects": null
    },
    {
      "object_kind": "var",
      "config_addr": "module.apic2_qos.module.aci_leaf_interface_configuration_sub.var.role",
      "status": "pass",
      "objects": null
    },
    {
      "object_kind": "var",
      "config_addr": "module.apic1_qos.module.aci_access_fex_interface_selector_manual.var.description",
      "status": "pass",
      "objects": null
    },
    {
      "object_kind": "var",
      "config_addr": "module.apic2_qos.module.aci_imported_contract.var.source_tenant",
      "status": "pass",
      "objects": null
    },
    {
      "object_kind": "var",
      "config_addr": "module.apic1_qos.module.aci_sr_mpls_external_endpoint_group.var.contract_imported_consumers",
      "status": "pass",
      "objects": null
    },
    {
      "object_kind": "var",
      "config_addr": "module.apic2_qos.module.aci_access_span_destination_group.var.dscp",
      "status": "pass",
      "objects": null
    },
    {
      "object_kind": "var",
      "config_addr": "module.apic2_qos.module.aci_access_leaf_interface_selector_manual.var.description",
      "status": "pass",
      "objects": null
    },
    {
      "object_kind": "var",
      "config_addr": "module.apic1_qos.module.aci_interface_configuration_fex.var.policy_group",
      "status": "pass",
      "objects": null
    },
    {
      "object_kind": "var",
      "config_addr": "module.apic1_qos.module.aci_vrf.var.bgp_timer_policy",
      "status": "pass",
      "objects": null
    },
    {
      "object_kind": "var",
      "config_addr": "module.apic2_qos.module.aci_sr_mpls_l3out_interface_profile_manual.var.bfd_policy",
      "status": "pass",
      "objects": null
    },
    {
      "object_kind": "var",
      "config_addr": "module.apic2_qos.module.aci_endpoint_retention_policy.var.hold_interval",
      "status": "pass",
      "objects": null
    },
    {
      "object_kind": "var",
      "config_addr": "module.apic2_qos.module.aci_trust_control_policy.var.description",
      "status": "pass",
      "objects": null
    },
    {
      "object_kind": "var",
      "config_addr": "module.apic2_qos.module.aci_aaep.var.vmware_vmm_domains",
      "status": "pass",
      "objects": null
    },
    {
      "object_kind": "var",
      "config_addr": "module.apic1_qos.module.aci_sr_mpls_l3out.var.sr_mpls_infra_l3outs",
      "status": "pass",
      "objects": null
    },
    {
      "object_kind": "var",
      "config_addr": "module.apic2_qos.module.aci_ptp.var.global_domain",
      "status": "pass",
      "objects": null
    },
    {
      "object_kind": "var",
      "config_addr": "module.apic1_qos.module.aci_access_span_filter_group.var.entries",
      "status": "pass",
      "objects": null
    },
    {
      "object_kind": "var",
      "config_addr": "module.apic1_qos.module.aci_bgp_route_summarization_policy.var.description",
      "status": "pass",
      "objects": null
    },
    {
      "object_kind": "var",
      "config_addr": "module.apic1_qos.module.aci_smart_licensing.var.proxy_hostname_ip",
      "status": "pass",
      "objects": null
    },
    {
      "object_kind": "var",
      "config_addr": "module.apic2_qos.module.aci_fabric_span_source_group.var.destination_name",
      "status": "pass",
      "objects": null
    },
    {
      "object_kind": "var",
      "config_addr": "module.apic1_qos.module.aci_ldap.var.group_map_rules",
      "status": "pass",
      "objects": null
    },
    {
      "object_kind": "var",
      "config_addr": "module.apic2_qos.module.aci_set_rule.var.name",
      "status": "pass",
      "objects": null
    },
    {
      "object_kind": "var",
      "config_addr": "module.apic2_qos.module.aci_filter.var.alias",
      "status": "pass",
      "objects": null
    },
    {
      "object_kind": "var",
      "config_addr": "module.apic2_qos.module.aci_vlan_pool.var.ranges",
      "status": "pass",
      "objects": null
    },
    {
      "object_kind": "var",
      "config_addr": "module.apic1_qos.module.aci_leaf_interface_configuration_sub.var.port_channel_member_policy",
      "status": "pass",
      "objects": null
    },
    {
      "object_kind": "var",
      "config_addr": "module.apic2_qos.module.aci_access_fex_interface_selector_auto.var.name",
      "status": "pass",
      "objects": null
    },
    {
      "object_kind": "var",
      "config_addr": "module.apic1_qos.module.aci_service_graph_template.var.tenant",
      "status": "pass",
      "objects": null
    },
    {
      "object_kind": "var",
      "config_addr": "module.apic2_qos.module.aci_netflow_exporter.var.source_type",
      "status": "pass",
      "objects": null
    },
    {
      "object_kind": "var",
      "config_addr": "module.apic2_qos.module.aci_storm_control_policy.var.rate",
      "status": "pass",
      "objects": null
    },
    {
      "object_kind": "var",
      "config_addr": "module.apic2_qos.module.aci_access_span_source_group.var.description",
      "status": "pass",
      "objects": null
    },
    {
      "object_kind": "var",
      "config_addr": "module.apic2_qos.module.aci_user.var.certificate_name",
      "status": "pass",
      "objects": null
    },
    {
      "object_kind": "var",
      "config_addr": "module.apic2_qos.module.aci_rogue_endpoint_control.var.detection_multiplier",
      "status": "pass",
      "objects": null
    },
    {
      "object_kind": "var",
      "config_addr": "module.apic2_qos.module.aci_snmp_policy.var.contact",
      "status": "pass",
      "objects": null
    },
    {
      "object_kind": "var",
      "config_addr": "module.apic1_qos.module.aci_useg_endpoint_group.var.vmware_vmm_domains",
      "status": "pass",
      "objects": null
    },
    {
      "object_kind": "var",
      "config_addr": "module.apic2_qos.module.aci_access_leaf_interface_selector_auto.var.name",
      "status": "pass",
      "objects": null
    },
    {
      "object_kind": "var",
      "config_addr": "module.apic2_qos.module.aci_access_spine_switch_configuration.var.fabric_policy_group",
      "status": "pass",
      "objects": null
    },
    {
      "object_kind": "var",
      "config_addr": "module.apic1_qos.module.aci_match_rule.var.community_terms",
      "status": "pass",
      "objects": null
    },
    {
      "object_kind": "var",
      "config_addr": "module.apic2_qos.module.aci_contract.var.name",
      "status": "pass",
      "objects": null
    },
    {
      "object_kind": "var",
      "config_addr": "module.apic1_qos.module.aci_mcp.var.loop_detection",
      "status": "pass",
      "objects": [
        {
          "object_addr": "module.apic1_qos.module.aci_mcp[0].var.loop_detection",
          "status": "pass"
        }
      ]
    },
    {
      "object_kind": "resource",
      "config_addr": "module.apic2_qos.terraform_data.validation",
      "status": "pass",
      "objects": [
        {
          "object_addr": "module.apic2_qos.terraform_data.validation",
          "status": "pass"
        }
      ]
    },
    {
      "object_kind": "var",
      "config_addr": "module.apic1_qos.module.aci_fabric_span_destination_group.var.endpoint_group",
      "status": "pass",
      "objects": null
    },
    {
      "object_kind": "var",
      "config_addr": "module.apic1_qos.module.aci_l2_mtu_policy.var.name",
      "status": "pass",
      "objects": null
    },
    {
      "object_kind": "var",
      "config_addr": "module.apic2_qos.module.aci_storm_control_policy.var.broadcast_pps",
      "status": "pass",
      "objects": null
    },
    {
      "object_kind": "var",
      "config_addr": "module.apic2_qos.module.aci_interface_configuration_fex.var.breakout",
      "status": "pass",
      "objects": null
    },
    {
      "object_kind": "var",
      "config_addr": "module.apic1_qos.module.aci_endpoint_mac_tag_policy.var.tags",
      "status": "pass",
      "objects": null
    },
    {
      "object_kind": "var",
      "config_addr": "module.apic1_qos.module.aci_access_spine_interface_selector_auto.var.interface_profile",
      "status": "pass",
      "objects": null
    },
    {
      "object_kind": "var",
      "config_addr": "module.apic2_qos.module.aci_oob_node_address.var.endpoint_group",
      "status": "pass",
      "objects": null
    },
    {
      "object_kind": "var",
      "config_addr": "module.apic1_qos.module.aci_bgp_timer_policy.var.tenant",
      "status": "pass",
      "objects": null
    },
    {
      "object_kind": "var",
      "config_addr": "module.apic2_qos.module.aci_ip_sla_policy.var.name",
      "status": "pass",
      "objects": null
    },
    {
      "object_kind": "var",
      "config_addr": "module.apic2_qos.module.aci_vrf.var.pim_fabric_rps",
      "status": "pass",
      "objects": null
    },
    {
      "object_kind": "var",
      "config_addr": "module.apic1_qos.module.aci_l3out.var.routed_domain",
      "status": "pass",
      "objects": null
    },
    {
      "object_kind": "var",
      "config_addr": "module.apic1_qos.module.aci_access_leaf_switch_policy_group.var.bfd_ipv4_policy",
      "status": "pass",
      "objects": null
    },
    {
      "object_kind": "var",
      "config_addr": "module.apic1_qos.module.aci_storm_control_policy.var.action",
      "status": "pass",
      "objects": null
    },
    {
      "object_kind": "var",
      "config_addr": "module.apic2_qos.module.aci_interface_type.var.node_id",
      "status": "pass",
      "objects": null
    },
    {
      "object_kind": "var",
      "config_addr": "module.apic2_qos.module.aci_sr_mpls_external_endpoint_group.var.tenant",
      "status": "pass",
      "objects": null
    },
    {
      "object_kind": "var",
      "config_addr": "module.apic1_qos.module.aci_access_leaf_interface_selector_auto.var.description",
      "status": "pass",
      "objects": null
    },
    {
      "object_kind": "var",
      "config_addr": "module.apic1_qos.module.aci_pod_setup.var.pod_id",
      "status": "pass",
      "objects": null
    },
    {
      "object_kind": "var",
      "config_addr": "module.apic1_qos.module.aci_endpoint_loop_protection.var.detection_interval",
      "status": "pass",
      "objects": null
    },
    {
      "object_kind": "var",
      "config_addr": "module.apic2_qos.module.aci_aaep.var.name",
      "status": "pass",
      "objects": null
    },
    {
      "object_kind": "var",
      "config_addr": "module.apic2_qos.module.aci_fex_interface_shutdown.var.fex_id",
      "status": "pass",
      "objects": null
    },
    {
      "object_kind": "var",
      "config_addr": "module.apic1_qos.module.aci_l3out_interface_profile_manual.var.tenant",
      "status": "pass",
      "objects": null
    },
    {
      "object_kind": "var",
      "config_addr": "module.apic1_qos.module.aci_remote_location.var.mgmt_epg_type",
      "status": "pass",
      "objects": null
    },
    {
      "object_kind": "var",
      "config_addr": "module.apic1_qos.module.aci_set_rule.var.preference",
      "status": "pass",
      "objects": null
    },
    {
      "object_kind": "var",
      "config_addr": "module.apic1_qos.module.aci_interface_type.var.node_id",
      "status": "pass",
      "objects": null
    },
    {
      "object_kind": "var",
      "config_addr": "module.apic1_qos.module.aci_tenant_span_source_group.var.name",
      "status": "pass",
      "objects": null
    },
    {
      "object_kind": "var",
      "config_addr": "module.apic2_qos.module.aci_route_control_route_map.var.type",
      "status": "pass",
      "objects": null
    },
    {
      "object_kind": "var",
      "config_addr": "module.apic1_qos.module.aci_access_spine_switch_configuration.var.role",
      "status": "pass",
      "objects": null
    },
    {
      "object_kind": "var",
      "config_addr": "module.apic1_qos.module.aci_storm_control_policy.var.rate_pps",
      "status": "pass",
      "objects": null
    },
    {
      "object_kind": "var",
      "config_addr": "module.apic1_qos.module.aci_set_rule.var.weight",
      "status": "pass",
      "objects": null
    },
    {
      "object_kind": "var",
      "config_addr": "module.apic1_qos.module.aci_leaf_interface_configuration.var.description",
      "status": "pass",
      "objects": null
    },
    {
      "object_kind": "var",
      "config_addr": "module.apic2_qos.module.aci_nd_interface_policy.var.retransmit_timer",
      "status": "pass",
      "objects": null
    },
    {
      "object_kind": "var",
      "config_addr": "module.apic1_qos.module.aci_storm_control_policy.var.burst_rate",
      "status": "pass",
      "objects": null
    },
    {
      "object_kind": "var",
      "config_addr": "module.apic2_qos.module.aci_fabric_span_destination_group.var.tenant",
      "status": "pass",
      "objects": null
    },
    {
      "object_kind": "var",
      "config_addr": "module.apic2_qos.module.aci_ospf_interface_policy.var.lsa_retransmit_interval",
      "status": "pass",
      "objects": null
    },
    {
      "object_kind": "var",
      "config_addr": "module.apic2_qos.module.aci_endpoint_security_group.var.tenant",
      "status": "pass",
      "objects": null
    },
    {
      "object_kind": "var",
      "config_addr": "module.apic2_qos.module.aci_endpoint_mac_tag_policy.var.bridge_domain",
      "status": "pass",
      "objects": null
    },
    {
      "object_kind": "var",
      "config_addr": "module.apic2_qos.module.aci_link_level_policy.var.fec_mode",
      "status": "pass",
      "objects": null
    },
    {
      "object_kind": "var",
      "config_addr": "module.apic2_qos.module.aci_l3out_node_profile_manual.var.bfd_multihop_node_policy",
      "status": "pass",
      "objects": null
    },
    {
      "object_kind": "var",
      "config_addr": "module.apic1_qos.module.aci_apic_connectivity_preference.var.interface_preference",
      "status": "pass",
      "objects": null
    },
    {
      "object_kind": "var",
      "config_addr": "module.apic1_qos.module.aci_redirect_health_group.var.tenant",
      "status": "pass",
      "objects": null
    },
    {
      "object_kind": "var",
      "config_addr": "module.apic1_qos.module.aci_port_tracking.var.min_links",
      "status": "pass",
      "objects": null
    },
    {
      "object_kind": "var",
      "config_addr": "module.apic2_qos.module.aci_vrf.var.pim_static_rps",
      "status": "pass",
      "objects": null
    },
    {
      "object_kind": "var",
      "config_addr": "module.apic2_qos.module.aci_external_connectivity_policy.var.unicast_teps",
      "status": "pass",
      "objects": null
    },
    {
      "object_kind": "var",
      "config_addr": "module.apic2_qos.module.aci_eigrp_interface_policy.var.delay_unit",
      "status": "pass",
      "objects": null
    },
    {
      "object_kind": "var",
      "config_addr": "module.apic1_qos.module.aci_sr_mpls_l3out.var.alias",
      "status": "pass",
      "objects": null
    },
    {
      "object_kind": "var",
      "config_addr": "module.apic2_qos.module.aci_l3out.var.ospf_area_type",
      "status": "pass",
      "objects": null
    },
    {
      "object_kind": "var",
      "config_addr": "module.apic2_qos.module.aci_l3out_interface_profile_auto.var.eigrp_interface_policy",
      "status": "pass",
      "objects": null
    },
    {
      "object_kind": "var",
      "config_addr": "module.apic2_qos.module.aci_ospf_timer_policy.var.max_lsa_sleep_interval",
      "status": "pass",
      "objects": null
    },
    {
      "object_kind": "var",
      "config_addr": "module.apic2_qos.module.aci_management_access_policy.var.https_allow_origins",
      "status": "pass",
      "objects": null
    },
    {
      "object_kind": "var",
      "config_addr": "module.apic2_qos.module.aci_ip_sla_policy.var.sla_type",
      "status": "pass",
      "objects": null
    },
    {
      "object_kind": "var",
      "config_addr": "module.apic1_qos.module.aci_sr_mpls_l3out_interface_profile_manual.var.l3out",
      "status": "pass",
      "objects": null
    },
    {
      "object_kind": "var",
      "config_addr": "module.apic1_qos.module.aci_sr_mpls_l3out_interface_profile_manual.var.ospf_authentication_type",
      "status": "pass",
      "objects": null
    },
    {
      "object_kind": "var",
      "config_addr": "module.apic2_qos.module.aci_subinterface_shutdown.var.module",
      "status": "pass",
      "objects": null
    },
    {
      "object_kind": "var",
      "config_addr": "module.apic2_qos.module.aci_fabric_leaf_switch_policy_group.var.psu_policy",
      "status": "pass",
      "objects": null
    },
    {
      "object_kind": "var",
      "config_addr": "module.apic1_qos.module.aci_access_span_destination_group.var.flow_id",
      "status": "pass",
      "objects": null
    },
    {
      "object_kind": "var",
      "config_addr": "module.apic2_qos.module.aci_access_span_destination_group.var.pod_id",
      "status": "pass",
      "objects": null
    },
    {
      "object_kind": "var",
      "config_addr": "module.apic1_qos.module.aci_fabric_spine_switch_configuration.var.access_policy_group",
      "status": "pass",
      "objects": null
    },
    {
      "object_kind": "var",
      "config_addr": "module.apic2_qos.module.aci_vmware_vmm_domain.var.vswitch_mtu_policy",
      "status": "pass",
      "objects": null
    },
    {
      "object_kind": "var",
      "config_addr": "module.apic2_qos.module.aci_service_graph_template.var.alias",
      "status": "pass",
      "objects": null
    },
    {
      "object_kind": "var",
      "config_addr": "module.apic1_qos.module.aci_access_leaf_interface_policy_group.var.port_channel_member_policy",
      "status": "pass",
      "objects": null
    },
    {
      "object_kind": "var",
      "config_addr": "module.apic2_qos.module.aci_leaf_fabric_interface_configuration_sub.var.role",
      "status": "pass",
      "objects": null
    },
    {
      "object_kind": "var",
      "config_addr": "module.apic1_qos.module.aci_bridge_domain.var.endpoint_retention_policy",
      "status": "pass",
      "objects": null
    },
    {
      "object_kind": "var",
      "config_addr": "module.apic1_qos.module.aci_vrf.var.ospf_ipv4_address_family_context_policy",
      "status": "pass",
      "objects": null
    },
    {
      "object_kind": "var",
      "config_addr": "module.apic1_qos.module.aci_endpoint_group.var.tags",
      "status": "pass",
      "objects": null
    },
    {
      "object_kind": "var",
      "config_addr": "module.apic2_qos.module.aci_access_leaf_interface_profile_manual.var.name",
      "status": "pass",
      "objects": null
    },
    {
      "object_kind": "var",
      "config_addr": "module.apic2_qos.module.aci_vrf.var.pim_ssm_group_range_multicast_route_map",
      "status": "pass",
      "objects": null
    },
    {
      "object_kind": "var",
      "config_addr": "module.apic2_qos.module.aci_fabric_spine_switch_configuration.var.role",
      "status": "pass",
      "objects": null
    },
    {
      "object_kind": "var",
      "config_addr": "module.apic2_qos.module.aci_access_leaf_interface_selector_manual.var.port_blocks",
      "status": "pass",
      "objects": null
    },
    {
      "object_kind": "var",
      "config_addr": "module.apic2_qos.module.aci_fabric_spine_switch_profile_auto.var.selectors",
      "status": "pass",
      "objects": null
    },
    {
      "object_kind": "var",
      "config_addr": "module.apic2_qos.module.aci_inband_endpoint_group.var.name",
      "status": "pass",
      "objects": null
    },
    {
      "object_kind": "var",
      "config_addr": "module.apic1_qos.module.aci_sr_mpls_l3out_interface_profile_manual.var.tenant",
      "status": "pass",
      "objects": null
    },
    {
      "object_kind": "var",
      "config_addr": "module.apic1_qos.module.aci_ptp.var.announce_interval",
      "status": "pass",
      "objects": null
    },
    {
      "object_kind": "var",
      "config_addr": "module.apic2_qos.module.aci_service_graph_template.var.description",
      "status": "pass",
      "objects": null
    },
    {
      "object_kind": "var",
      "config_addr": "module.apic1_qos.module.aci_ptp_profile.var.name",
      "status": "pass",
      "objects": null
    },
    {
      "object_kind": "var",
      "config_addr": "module.apic1_qos.module.aci_endpoint_security_group.var.name",
      "status": "pass",
      "objects": null
    },
    {
      "object_kind": "var",
      "config_addr": "module.apic1_qos.module.aci_interface_configuration_fex.var.node_id",
      "status": "pass",
      "objects": null
    },
    {
      "object_kind": "var",
      "config_addr": "module.apic2_qos.module.aci_dns_policy.var.mgmt_epg_name",
      "status": "pass",
      "objects": null
    },
    {
      "object_kind": "var",
      "config_addr": "module.apic1_qos.module.aci_tacacs.var.mgmt_epg_type",
      "status": "pass",
      "objects": null
    },
    {
      "object_kind": "var",
      "config_addr": "module.apic2_qos.module.aci_igmp_interface_policy.var.state_limit_multicast_route_map",
      "status": "pass",
      "objects": null
    },
    {
      "object_kind": "var",
      "config_addr": "module.apic1_qos.module.aci_bgp_address_family_context_policy.var.tenant",
      "status": "pass",
      "objects": null
    },
    {
      "object_kind": "var",
      "config_addr": "module.apic1_qos.module.aci_l3out_interface_profile_manual.var.igmp_interface_policy",
      "status": "pass",
      "objects": null
    },
    {
      "object_kind": "var",
      "config_addr": "module.apic2_qos.module.aci_infra_dscp_translation_policy.var.level_1",
      "status": "pass",
      "objects": null
    },
    {
      "object_kind": "var",
      "config_addr": "module.apic2_qos.module.aci_endpoint_mac_tag_policy.var.vrf",
      "status": "pass",
      "objects": null
    },
    {
      "object_kind": "var",
      "config_addr": "module.apic1_qos.module.aci_netflow_exporter.var.description",
      "status": "pass",
      "objects": null
    },
    {
      "object_kind": "var",
      "config_addr": "module.apic2_qos.module.aci_l3out.var.export_route_map_name",
      "status": "pass",
      "objects": null
    },
    {
      "object_kind": "var",
      "config_addr": "module.apic2_qos.module.aci_access_spine_interface_selector_manual.var.port_blocks",
      "status": "pass",
      "objects": null
    },
    {
      "object_kind": "var",
      "config_addr": "module.apic2_qos.module.aci_storm_control_policy.var.unknown_unicast_rate",
      "status": "pass",
      "objects": null
    },
    {
      "object_kind": "var",
      "config_addr": "module.apic2_qos.module.aci_netflow_record.var.match_parameters",
      "status": "pass",
      "objects": null
    },
    {
      "object_kind": "var",
      "config_addr": "module.apic1_qos.module.aci_bfd_ipv6_policy.var.startup_timer_interval",
      "status": "pass",
      "objects": null
    },
    {
      "object_kind": "var",
      "config_addr": "module.apic2_qos.module.aci_external_connectivity_policy.var.routing_profiles",
      "status": "pass",
      "objects": null
    },
    {
      "object_kind": "var",
      "config_addr": "module.apic2_qos.module.aci_sr_mpls_l3out.var.ospf_area_type",
      "status": "pass",
      "objects": null
    },
    {
      "object_kind": "var",
      "config_addr": "module.apic1_qos.module.aci_endpoint_group.var.vmware_vmm_domains",
      "status": "pass",
      "objects": null
    },
    {
      "object_kind": "var",
      "config_addr": "module.apic1_qos.module.aci_service_graph_template.var.device_tenant",
      "status": "pass",
      "objects": null
    },
    {
      "object_kind": "var",
      "config_addr": "module.apic1_qos.module.aci_igmp_interface_policy.var.last_member_response_time",
      "status": "pass",
      "objects": null
    },
    {
      "object_kind": "var",
      "config_addr": "module.apic2_qos.module.aci_dhcp_relay_policy.var.tenant",
      "status": "pass",
      "objects": null
    },
    {
      "object_kind": "var",
      "config_addr": "module.apic2_qos.module.aci_access_leaf_interface_policy_group.var.l2_policy",
      "status": "pass",
      "objects": null
    },
    {
      "object_kind": "var",
      "config_addr": "module.apic2_qos.module.aci_storm_control_policy.var.multicast_burst_rate",
      "status": "pass",
      "objects": null
    },
    {
      "object_kind": "var",
      "config_addr": "module.apic2_qos.module.aci_set_rule.var.metric",
      "status": "pass",
      "objects": null
    },
    {
      "object_kind": "var",
      "config_addr": "module.apic2_qos.module.aci_l3out_interface_profile_auto.var.ospf_interface_policy",
      "status": "pass",
      "objects": null
    },
    {
      "object_kind": "var",
      "config_addr": "module.apic2_qos.module.aci_oob_external_management_instance.var.oob_contract_consumers",
      "status": "pass",
      "objects": null
    },
    {
      "object_kind": "var",
      "config_addr": "module.apic1_qos.module.aci_ip_sla_policy.var.name",
      "status": "pass",
      "objects": null
    },
    {
      "object_kind": "var",
      "config_addr": "module.apic1_qos.module.aci_access_leaf_interface_selector_manual.var.description",
      "status": "pass",
      "objects": null
    },
    {
      "object_kind": "var",
      "config_addr": "module.apic1_qos.module.aci_ospf_timer_policy.var.lsa_group_pacing_interval",
      "status": "pass",
      "objects": null
    },
    {
      "object_kind": "var",
      "config_addr": "module.apic2_qos.module.aci_cdp_policy.var.name",
      "status": "pass",
      "objects": null
    },
    {
      "object_kind": "var",
      "config_addr": "module.apic1_qos.module.aci_vrf.var.pim_fabric_rps",
      "status": "pass",
      "objects": null
    },
    {
      "object_kind": "var",
      "config_addr": "module.apic2_qos.module.aci_infra_dscp_translation_policy.var.level_5",
      "status": "pass",
      "objects": null
    },
    {
      "object_kind": "var",
      "config_addr": "module.apic1_qos.module.aci_vspan_session.var.name",
      "status": "pass",
      "objects": null
    },
    {
      "object_kind": "var",
      "config_addr": "module.apic2_qos.module.aci_ospf_timer_policy.var.max_lsa_sleep_count",
      "status": "pass",
      "objects": null
    },
    {
      "object_kind": "var",
      "config_addr": "module.apic1_qos.module.aci_login_domain.var.description",
      "status": "pass",
      "objects": null
    },
    {
      "object_kind": "var",
      "config_addr": "module.apic1_qos.module.aci_access_span_destination_group.var.span_version",
      "status": "pass",
      "objects": null
    },
    {
      "object_kind": "var",
      "config_addr": "module.apic1_qos.module.aci_macsec_interfaces_policy.var.macsec_parameters_policy",
      "status": "pass",
      "objects": null
    },
    {
      "object_kind": "var",
      "config_addr": "module.apic2_qos.module.aci_routed_domain.var.name",
      "status": "pass",
      "objects": null
    },
    {
      "object_kind": "var",
      "config_addr": "module.apic2_qos.module.aci_login_domain.var.realm",
      "status": "pass",
      "objects": null
    },
    {
      "object_kind": "var",
      "config_addr": "module.apic2_qos.module.aci_bgp_policy.var.fabric_bgp_external_rr",
      "status": "pass",
      "objects": null
    },
    {
      "object_kind": "var",
      "config_addr": "module.apic2_qos.module.aci_vrf.var.pim_bsr_filter_multicast_route_map",
      "status": "pass",
      "objects": null
    },
    {
      "object_kind": "var",
      "config_addr": "module.apic1_qos.module.aci_fabric_spine_interface_profile_manual.var.name",
      "status": "pass",
      "objects": null
    },
    {
      "object_kind": "var",
      "config_addr": "module.apic2_qos.module.aci_fabric_spine_switch_profile_auto.var.interface_profiles",
      "status": "pass",
      "objects": null
    },
    {
      "object_kind": "var",
      "config_addr": "module.apic1_qos.module.aci_endpoint_group.var.static_leafs",
      "status": "pass",
      "objects": null
    },
    {
      "object_kind": "var",
      "config_addr": "module.apic1_qos.module.aci_fabric_leaf_switch_configuration.var.node_id",
      "status": "pass",
      "objects": null
    },
    {
      "object_kind": "var",
      "config_addr": "module.apic1_qos.module.aci_ospf_timer_policy.var.max_lsa_threshold",
      "status": "pass",
      "objects": null
    },
    {
      "object_kind": "var",
      "config_addr": "module.apic1_qos.module.aci_igmp_interface_policy.var.state_limit_multicast_route_map",
      "status": "pass",
      "objects": null
    },
    {
      "object_kind": "var",
      "config_addr": "module.apic2_qos.module.aci_bfd_ipv4_policy.var.name",
      "status": "pass",
      "objects": null
    },
    {
      "object_kind": "var",
      "config_addr": "module.apic1_qos.module.aci_bridge_domain.var.unknown_unicast",
      "status": "pass",
      "objects": null
    },
    {
      "object_kind": "var",
      "config_addr": "module.apic2_qos.module.aci_device_selection_policy.var.consumer_bridge_domain_tenant",
      "status": "pass",
      "objects": null
    },
    {
      "object_kind": "var",
      "config_addr": "module.apic2_qos.module.aci_external_endpoint_group.var.alias",
      "status": "pass",
      "objects": null
    },
    {
      "object_kind": "var",
      "config_addr": "module.apic2_qos.module.aci_sr_mpls_external_endpoint_group.var.name",
      "status": "pass",
      "objects": null
    },
    {
      "object_kind": "var",
      "config_addr": "module.apic2_qos.module.aci_endpoint_mac_tag_policy.var.tenant",
      "status": "pass",
      "objects": null
    },
    {
      "object_kind": "var",
      "config_addr": "module.apic1_qos.module.aci_syslog_policy.var.destinations",
      "status": "pass",
      "objects": null
    },
    {
      "object_kind": "var",
      "config_addr": "module.apic1_qos.module.aci_inband_node_address.var.node_id",
      "status": "pass",
      "objects": null
    },
    {
      "object_kind": "var",
      "config_addr": "module.apic2_qos.module.aci_tenant_span_destination_group.var.ttl",
      "status": "pass",
      "objects": null
    },
    {
      "object_kind": "var",
      "config_addr": "module.apic2_qos.module.aci_nd_interface_policy.var.reachable_time",
      "status": "pass",
      "objects": null
    },
    {
      "object_kind": "var",
      "config_addr": "module.apic1_qos.module.aci_leaf_fabric_interface_configuration.var.policy_group",
      "status": "pass",
      "objects": null
    },
    {
      "object_kind": "var",
      "config_addr": "module.apic2_qos.module.aci_l3out.var.default_route_leak_policy_criteria",
      "status": "pass",
      "objects": null
    },
    {
      "object_kind": "var",
      "config_addr": "module.apic1_qos.module.aci_useg_endpoint_group.var.match_type",
      "status": "pass",
      "objects": null
    },
    {
      "object_kind": "var",
      "config_addr": "module.apic1_qos.module.aci_l3out.var.redistribution_route_maps",
      "status": "pass",
      "objects": null
    },
    {
      "object_kind": "var",
      "config_addr": "module.apic1_qos.module.aci_aaa.var.min_password_length",
      "status": "pass",
      "objects": null
    },
    {
      "object_kind": "var",
      "config_addr": "module.apic2_qos.module.aci_aaa.var.console_login_domain",
      "status": "pass",
      "objects": null
    },
    {
      "object_kind": "var",
      "config_addr": "module.apic1_qos.module.aci_l3out.var.import_route_map_name",
      "status": "pass",
      "objects": null
    },
    {
      "object_kind": "var",
      "config_addr": "module.apic1_qos.module.aci_firmware_group.var.name",
      "status": "pass",
      "objects": null
    },
    {
      "object_kind": "var",
      "config_addr": "module.apic2_qos.module.aci_l3out_node_profile_manual.var.bgp_protocol_profile_name",
      "status": "pass",
      "objects": null
    },
    {
      "object_kind": "var",
      "config_addr": "module.apic2_qos.module.aci_atomic_counter.var.mode",
      "status": "pass",
      "objects": null
    },
    {
      "object_kind": "var",
      "config_addr": "module.apic2_qos.module.aci_rbac_node_rule.var.port_rules",
      "status": "pass",
      "objects": null
    },
    {
      "object_kind": "var",
      "config_addr": "module.apic2_qos.module.aci_infra_dscp_translation_policy.var.level_2",
      "status": "pass",
      "objects": null
    },
    {
      "object_kind": "var",
      "config_addr": "module.apic1_qos.module.aci_access_leaf_interface_selector_manual.var.sub_port_blocks",
      "status": "pass",
      "objects": null
    },
    {
      "object_kind": "var",
      "config_addr": "module.apic2_qos.module.aci_access_spine_switch_policy_group.var.name",
      "status": "pass",
      "objects": null
    },
    {
      "object_kind": "var",
      "config_addr": "module.apic2_qos.module.aci_access_leaf_interface_policy_group.var.netflow_monitor_policies",
      "status": "pass",
      "objects": null
    },
    {
      "object_kind": "var",
      "config_addr": "module.apic2_qos.module.aci_qos_policy.var.alias",
      "status": "pass",
      "objects": null
    },
    {
      "object_kind": "var",
      "config_addr": "module.apic1_qos.module.aci_interface_configuration_fex.var.port",
      "status": "pass",
      "objects": null
    },
    {
      "object_kind": "var",
      "config_addr": "module.apic1_qos.module.aci_vpc_policy.var.peer_dead_interval",
      "status": "pass",
      "objects": null
    },
    {
      "object_kind": "var",
      "config_addr": "module.apic2_qos.module.aci_l3out_interface_profile_auto.var.eigrp_keychain_policy",
      "status": "pass",
      "objects": null
    },
    {
      "object_kind": "var",
      "config_addr": "module.apic2_qos.module.aci_l3out_interface_profile_manual.var.custom_qos_policy",
      "status": "pass",
      "objects": null
    },
    {
      "object_kind": "var",
      "config_addr": "module.apic2_qos.module.aci_access_leaf_interface_policy_group.var.aaep",
      "status": "pass",
      "objects": null
    },
    {
      "object_kind": "var",
      "config_addr": "module.apic1_qos.module.aci_device_selection_policy.var.consumer_external_endpoint_group_tenant",
      "status": "pass",
      "objects": null
    },
    {
      "object_kind": "var",
      "config_addr": "module.apic1_qos.module.aci_access_spine_switch_profile_manual.var.name",
      "status": "pass",
      "objects": null
    },
    {
      "object_kind": "var",
      "config_addr": "module.apic1_qos.module.aci_vspan_session.var.destination_name",
      "status": "pass",
      "objects": null
    },
    {
      "object_kind": "var",
      "config_addr": "module.apic2_qos.module.aci_redirect_policy.var.name",
      "status": "pass",
      "objects": null
    },
    {
      "object_kind": "var",
      "config_addr": "module.apic1_qos.module.aci_storm_control_policy.var.multicast_burst_rate",
      "status": "pass",
      "objects": null
    },
    {
      "object_kind": "var",
      "config_addr": "module.apic1_qos.module.aci_trust_control_policy.var.tenant",
      "status": "pass",
      "objects": null
    },
    {
      "object_kind": "var",
      "config_addr": "module.apic1_qos.module.aci_leaf_interface_configuration.var.role",
      "status": "pass",
      "objects": null
    },
    {
      "object_kind": "var",
      "config_addr": "module.apic2_qos.module.aci_interface_shutdown.var.fex_id",
      "status": "pass",
      "objects": null
    },
    {
      "object_kind": "var",
      "config_addr": "module.apic1_qos.module.aci_fabric_spine_switch_profile_manual.var.name",
      "status": "pass",
      "objects": null
    },
    {
      "object_kind": "var",
      "config_addr": "module.apic1_qos.module.aci_pod_setup.var.remote_pools",
      "status": "pass",
      "objects": null
    },
    {
      "object_kind": "var",
      "config_addr": "module.apic1_qos.module.aci_endpoint_retention_policy.var.description",
      "status": "pass",
      "objects": null
    },
    {
      "object_kind": "var",
      "config_addr": "module.apic1_qos.module.aci_igmp_interface_policy.var.tenant",
      "status": "pass",
      "objects": null
    },
    {
      "object_kind": "var",
      "config_addr": "module.apic1_qos.module.aci_fex_interface_shutdown.var.sub_port",
      "status": "pass",
      "objects": null
    },
    {
      "object_kind": "var",
      "config_addr": "module.apic2_qos.module.aci_access_leaf_switch_profile_auto.var.interface_profiles",
      "status": "pass",
      "objects": null
    },
    {
      "object_kind": "var",
      "config_addr": "module.apic1_qos.module.aci_fabric_pod_profile_manual.var.name",
      "status": "pass",
      "objects": null
    },
    {
      "object_kind": "var",
      "config_addr": "module.apic2_qos.module.aci_port_channel_policy.var.hash_key",
      "status": "pass",
      "objects": null
    },
    {
      "object_kind": "var",
      "config_addr": "module.apic2_qos.module.aci_set_rule.var.weight",
      "status": "pass",
      "objects": null
    },
    {
      "object_kind": "var",
      "config_addr": "module.apic2_qos.module.aci_radius.var.retries",
      "status": "pass",
      "objects": null
    },
    {
      "object_kind": "var",
      "config_addr": "module.apic1_qos.module.aci_sr_mpls_l3out_interface_profile_manual.var.pim_policy",
      "status": "pass",
      "objects": null
    },
    {
      "object_kind": "var",
      "config_addr": "module.apic2_qos.module.aci_device_selection_policy.var.service_graph_template",
      "status": "pass",
      "objects": null
    },
    {
      "object_kind": "var",
      "config_addr": "module.apic1_qos.module.aci_ospf_interface_policy.var.lsa_retransmit_interval",
      "status": "pass",
      "objects": null
    },
    {
      "object_kind": "var",
      "config_addr": "module.apic1_qos.module.aci_interface_type.var.module",
      "status": "pass",
      "objects": null
    },
    {
      "object_kind": "var",
      "config_addr": "module.apic2_qos.module.aci_l3out.var.import_route_map_type",
      "status": "pass",
      "objects": null
    },
    {
      "object_kind": "var",
      "config_addr": "module.apic1_qos.module.aci_igmp_snooping_policy.var.description",
      "status": "pass",
      "objects": null
    },
    {
      "object_kind": "var",
      "config_addr": "module.apic1_qos.module.aci_fabric_span_destination_group.var.flow_id",
      "status": "pass",
      "objects": null
    },
    {
      "object_kind": "var",
      "config_addr": "module.apic1_qos.module.aci_access_spine_switch_configuration.var.fabric_policy_group",
      "status": "pass",
      "objects": null
    },
    {
      "object_kind": "var",
      "config_addr": "module.apic1_qos.module.aci_eigrp_interface_policy.var.description",
      "status": "pass",
      "objects": null
    },
    {
      "object_kind": "var",
      "config_addr": "module.apic1_qos.module.aci_endpoint_group.var.contract_imported_consumers",
      "status": "pass",
      "objects": null
    },
    {
      "object_kind": "var",
      "config_addr": "module.apic2_qos.module.aci_igmp_interface_policy.var.querier_timeout",
      "status": "pass",
      "objects": null
    },
    {
      "object_kind": "var",
      "config_addr": "module.apic1_qos.module.aci_geolocation.var.description",
      "status": "pass",
      "objects": null
    },
    {
      "object_kind": "var",
      "config_addr": "module.apic1_qos.module.aci_node_registration.var.serial_number",
      "status": "pass",
      "objects": null
    },
    {
      "object_kind": "var",
      "config_addr": "module.apic1_qos.module.aci_bfd_ipv6_policy.var.min_rx_interval",
      "status": "pass",
      "objects": null
    },
    {
      "object_kind": "var",
      "config_addr": "module.apic1_qos.module.aci_access_leaf_interface_policy_group.var.link_level_policy",
      "status": "pass",
      "objects": null
    },
    {
      "object_kind": "var",
      "config_addr": "module.apic1_qos.module.aci_endpoint_security_group.var.description",
      "status": "pass",
      "objects": null
    },
    {
      "object_kind": "var",
      "config_addr": "module.apic1_qos.module.aci_qos_policy.var.description",
      "status": "pass",
      "objects": null
    },
    {
      "object_kind": "var",
      "config_addr": "module.apic1_qos.module.aci_fabric_span_source_group.var.destination_description",
      "status": "pass",
      "objects": null
    },
    {
      "object_kind": "var",
      "config_addr": "module.apic1_qos.module.aci_imported_l4l7_device.var.source_device",
      "status": "pass",
      "objects": null
    },
    {
      "object_kind": "var",
      "config_addr": "module.apic2_qos.module.aci_bfd_ipv6_policy.var.min_tx_interval",
      "status": "pass",
      "objects": null
    },
    {
      "object_kind": "var",
      "config_addr": "module.apic2_qos.module.aci_netflow_vmm_exporter.var.name",
      "status": "pass",
      "objects": null
    },
    {
      "object_kind": "var",
      "config_addr": "module.apic2_qos.module.aci_ospf_interface_policy.var.priority",
      "status": "pass",
      "objects": null
    },
    {
      "object_kind": "var",
      "config_addr": "module.apic1_qos.module.aci_management_access_policy.var.name",
      "status": "pass",
      "objects": null
    },
    {
      "object_kind": "var",
      "config_addr": "module.apic1_qos.module.aci_redirect_health_group.var.name",
      "status": "pass",
      "objects": null
    },
    {
      "object_kind": "var",
      "config_addr": "module.apic1_qos.module.aci_ospf_timer_policy.var.max_ecmp",
      "status": "pass",
      "objects": null
    },
    {
      "object_kind": "var",
      "config_addr": "module.apic1_qos.module.aci_fabric_span_destination_group.var.mtu",
      "status": "pass",
      "objects": null
    },
    {
      "object_kind": "var",
      "config_addr": "module.apic1_qos.module.aci_remote_location.var.protocol",
      "status": "pass",
      "objects": null
    },
    {
      "object_kind": "var",
      "config_addr": "module.apic2_qos.module.aci_vrf.var.contract_consumers",
      "status": "pass",
      "objects": null
    },
    {
      "object_kind": "var",
      "config_addr": "module.apic2_qos.module.aci_mpls_custom_qos_policy.var.ingress_rules",
      "status": "pass",
      "objects": null
    },
    {
      "object_kind": "var",
      "config_addr": "module.apic2_qos.module.aci_radius.var.port",
      "status": "pass",
      "objects": null
    },
    {
      "object_kind": "var",
      "config_addr": "module.apic2_qos.module.aci_access_leaf_switch_policy_group.var.bfd_ipv6_policy",
      "status": "pass",
      "objects": null
    },
    {
      "object_kind": "var",
      "config_addr": "module.apic1_qos.module.aci_access_leaf_interface_policy_group.var.description",
      "status": "pass",
      "objects": null
    },
    {
      "object_kind": "var",
      "config_addr": "module.apic1_qos.module.aci_external_endpoint_group.var.annotation",
      "status": "pass",
      "objects": null
    },
    {
      "object_kind": "var",
      "config_addr": "module.apic2_qos.module.aci_route_tag_policy.var.tenant",
      "status": "pass",
      "objects": null
    },
    {
      "object_kind": "var",
      "config_addr": "module.apic1_qos.module.aci_routed_domain.var.name",
      "status": "pass",
      "objects": null
    },
    {
      "object_kind": "var",
      "config_addr": "module.apic1_qos.module.aci_endpoint_group.var.custom_qos_policy",
      "status": "pass",
      "objects": null
    },
    {
      "object_kind": "var",
      "config_addr": "module.apic1_qos.module.aci_bgp_best_path_policy.var.description",
      "status": "pass",
      "objects": null
    },
    {
      "object_kind": "var",
      "config_addr": "module.apic1_qos.module.aci_sr_mpls_l3out_interface_profile_manual.var.node_profile",
      "status": "pass",
      "objects": null
    },
    {
      "object_kind": "var",
      "config_addr": "module.apic2_qos.module.aci_endpoint_retention_policy.var.name",
      "status": "pass",
      "objects": null
    },
    {
      "object_kind": "var",
      "config_addr": "module.apic2_qos.module.aci_l3out_node_profile_auto.var.nodes",
      "status": "pass",
      "objects": null
    },
    {
      "object_kind": "var",
      "config_addr": "module.apic1_qos.module.aci_remote_location.var.hostname_ip",
      "status": "pass",
      "objects": null
    },
    {
      "object_kind": "var",
      "config_addr": "module.apic2_qos.module.aci_nd_ra_prefix_policy.var.description",
      "status": "pass",
      "objects": null
    },
    {
      "object_kind": "var",
      "config_addr": "module.apic2_qos.module.aci_vmware_vmm_domain.var.security_domains",
      "status": "pass",
      "objects": null
    },
    {
      "object_kind": "var",
      "config_addr": "module.apic1_qos.module.aci_l3out.var.import_route_map_contexts",
      "status": "pass",
      "objects": null
    },
    {
      "object_kind": "var",
      "config_addr": "module.apic2_qos.module.aci_macsec_parameters_policy.var.confidentiality_offset",
      "status": "pass",
      "objects": null
    },
    {
      "object_kind": "var",
      "config_addr": "module.apic1_qos.module.aci_service_graph_template.var.device_name",
      "status": "pass",
      "objects": null
    },
    {
      "object_kind": "var",
      "config_addr": "module.apic2_qos.module.aci_user.var.email",
      "status": "pass",
      "objects": null
    },
    {
      "object_kind": "var",
      "config_addr": "module.apic2_qos.module.aci_bgp_peer_prefix_policy.var.description",
      "status": "pass",
      "objects": null
    },
    {
      "object_kind": "var",
      "config_addr": "module.apic1_qos.module.aci_sr_mpls_external_endpoint_group.var.alias",
      "status": "pass",
      "objects": null
    },
    {
      "object_kind": "var",
      "config_addr": "module.apic1_qos.module.aci_bridge_domain.var.description",
      "status": "pass",
      "objects": null
    },
    {
      "object_kind": "var",
      "config_addr": "module.apic1_qos.module.aci_redirect_policy.var.threshold_down_action",
      "status": "pass",
      "objects": null
    },
    {
      "object_kind": "var",
      "config_addr": "module.apic2_qos.module.aci_leaf_interface_configuration_sub.var.port",
      "status": "pass",
      "objects": null
    },
    {
      "object_kind": "var",
      "config_addr": "module.apic1_qos.module.aci_storm_control_policy.var.unknown_unicast_burst_pps",
      "status": "pass",
      "objects": null
    },
    {
      "object_kind": "var",
      "config_addr": "module.apic1_qos.module.aci_link_level_policy.var.speed",
      "status": "pass",
      "objects": null
    },
    {
      "object_kind": "var",
      "config_addr": "module.apic1_qos.module.aci_fabric_leaf_switch_policy_group.var.node_control_policy",
      "status": "pass",
      "objects": null
    },
    {
      "object_kind": "var",
      "config_addr": "module.apic1_qos.module.aci_bfd_interface_policy.var.description",
      "status": "pass",
      "objects": null
    },
    {
      "object_kind": "var",
      "config_addr": "module.apic1_qos.module.aci_syslog_policy.var.local_severity",
      "status": "pass",
      "objects": null
    },
    {
      "object_kind": "var",
      "config_addr": "module.apic2_qos.module.aci_vmware_vmm_domain.var.access_mode",
      "status": "pass",
      "objects": null
    },
    {
      "object_kind": "var",
      "config_addr": "module.apic1_qos.module.aci_igmp_interface_policy.var.report_policy_multicast_route_map",
      "status": "pass",
      "objects": null
    },
    {
      "object_kind": "var",
      "config_addr": "module.apic2_qos.module.aci_fabric_leaf_switch_policy_group.var.name",
      "status": "pass",
      "objects": null
    },
    {
      "object_kind": "var",
      "config_addr": "module.apic1_qos.module.aci_radius.var.mgmt_epg_type",
      "status": "pass",
      "objects": null
    },
    {
      "object_kind": "var",
      "config_addr": "module.apic1_qos.module.aci_tenant_span_destination_group.var.span_version",
      "status": "pass",
      "objects": null
    },
    {
      "object_kind": "var",
      "config_addr": "module.apic1_qos.module.aci_rogue_endpoint_control.var.hold_interval",
      "status": "pass",
      "objects": null
    },
    {
      "object_kind": "var",
      "config_addr": "module.apic1_qos.module.aci_route_control_route_map.var.contexts",
      "status": "pass",
      "objects": null
    },
    {
      "object_kind": "var",
      "config_addr": "module.apic2_qos.module.aci_bfd_ipv6_policy.var.type",
      "status": "pass",
      "objects": null
    },
    {
      "object_kind": "var",
      "config_addr": "module.apic2_qos.module.aci_access_leaf_interface_selector_sub_auto.var.policy_group",
      "status": "pass",
      "objects": null
    },
    {
      "object_kind": "var",
      "config_addr": "module.apic1_qos.module.aci_match_rule.var.regex_community_terms",
      "status": "pass",
      "objects": null
    },
    {
      "object_kind": "var",
      "config_addr": "module.apic1_qos.module.aci_eigrp_interface_policy.var.delay_unit",
      "status": "pass",
      "objects": null
    },
    {
      "object_kind": "var",
      "config_addr": "module.apic2_qos.module.aci_sr_mpls_external_endpoint_group.var.subnets",
      "status": "pass",
      "objects": null
    },
    {
      "object_kind": "var",
      "config_addr": "module.apic2_qos.module.aci_user.var.username",
      "status": "pass",
      "objects": null
    },
    {
      "object_kind": "var",
      "config_addr": "module.apic2_qos.module.aci_tenant.var.annotation",
      "status": "pass",
      "objects": null
    },
    {
      "object_kind": "var",
      "config_addr": "module.apic2_qos.module.aci_leaf_fabric_interface_configuration.var.sub_port",
      "status": "pass",
      "objects": null
    },
    {
      "object_kind": "var",
      "config_addr": "module.apic1_qos.module.aci_management_access_policy.var.https_port",
      "status": "pass",
      "objects": null
    },
    {
      "object_kind": "var",
      "config_addr": "module.apic2_qos.module.aci_sr_mpls_l3out_node_profile_manual.var.l3out",
      "status": "pass",
      "objects": null
    },
    {
      "object_kind": "var",
      "config_addr": "module.apic2_qos.module.aci_access_leaf_interface_policy_group.var.mcp_policy",
      "status": "pass",
      "objects": null
    },
    {
      "object_kind": "var",
      "config_addr": "module.apic2_qos.module.aci_fabric_spine_switch_policy_group.var.node_control_policy",
      "status": "pass",
      "objects": null
    },
    {
      "object_kind": "var",
      "config_addr": "module.apic1_qos.module.aci_spine_interface_configuration.var.node_id",
      "status": "pass",
      "objects": null
    },
    {
      "object_kind": "var",
      "config_addr": "module.apic2_qos.module.aci_l3out_interface_profile_manual.var.ospf_interface_profile_name",
      "status": "pass",
      "objects": null
    },
    {
      "object_kind": "var",
      "config_addr": "module.apic1_qos.module.aci_access_spine_interface_profile_manual.var.name",
      "status": "pass",
      "objects": null
    },
    {
      "object_kind": "var",
      "config_addr": "module.apic1_qos.module.aci_aaa.var.password_change_count",
      "status": "pass",
      "objects": null
    },
    {
      "object_kind": "var",
      "config_addr": "module.apic1_qos.module.aci_sr_mpls_l3out.var.name",
      "status": "pass",
      "objects": null
    },
    {
      "object_kind": "var",
      "config_addr": "module.apic1_qos.module.aci_management_access_policy.var.description",
      "status": "pass",
      "objects": null
    },
    {
      "object_kind": "var",
      "config_addr": "module.apic1_qos.module.aci_fabric_span_destination_group.var.description",
      "status": "pass",
      "objects": null
    },
    {
      "object_kind": "var",
      "config_addr": "module.apic2_qos.module.aci_oob_contract.var.description",
      "status": "pass",
      "objects": null
    },
    {
      "object_kind": "var",
      "config_addr": "module.apic1_qos.module.aci_device_selection_policy.var.copy_service_epg_policy_tenant",
      "status": "pass",
      "objects": null
    },
    {
      "object_kind": "var",
      "config_addr": "module.apic1_qos.module.aci_access_span_destination_group.var.name",
      "status": "pass",
      "objects": null
    },
    {
      "object_kind": "var",
      "config_addr": "module.apic1_qos.module.aci_interface_type.var.type",
      "status": "pass",
      "objects": null
    },
    {
      "object_kind": "var",
      "config_addr": "module.apic2_qos.module.aci_ospf_timer_policy.var.max_lsa_reset_interval",
      "status": "pass",
      "objects": null
    },
    {
      "object_kind": "var",
      "config_addr": "module.apic2_qos.module.aci_vrf.var.pim_asm_sg_expiry",
      "status": "pass",
      "objects": null
    },
    {
      "object_kind": "var",
      "config_addr": "module.apic2_qos.module.aci_bfd_interface_policy.var.min_rx_interval",
      "status": "pass",
      "objects": null
    },
    {
      "object_kind": "var",
      "config_addr": "module.apic1_qos.module.aci_sr_mpls_l3out_interface_profile_manual.var.igmp_interface_policy",
      "status": "pass",
      "objects": null
    },
    {
      "object_kind": "var",
      "config_addr": "module.apic1_qos.module.aci_fabric_link_level_policy.var.name",
      "status": "pass",
      "objects": null
    },
    {
      "object_kind": "var",
      "config_addr": "module.apic1_qos.module.aci_l3out.var.route_maps",
      "status": "pass",
      "objects": null
    },
    {
      "object_kind": "var",
      "config_addr": "module.apic1_qos.module.aci_qos_policy.var.dot1p_classifiers",
      "status": "pass",
      "objects": null
    },
    {
      "object_kind": "var",
      "config_addr": "module.apic2_qos.module.aci_service_graph_template.var.annotation",
      "status": "pass",
      "objects": null
    },
    {
      "object_kind": "var",
      "config_addr": "module.apic1_qos.module.aci_fabric_scheduler.var.name",
      "status": "pass",
      "objects": null
    },
    {
      "object_kind": "var",
      "config_addr": "module.apic1_qos.module.aci_fex_interface_shutdown.var.module",
      "status": "pass",
      "objects": null
    },
    {
      "object_kind": "var",
      "config_addr": "module.apic1_qos.module.aci_useg_endpoint_group.var.contract_imported_consumers",
      "status": "pass",
      "objects": null
    },
    {
      "object_kind": "var",
      "config_addr": "module.apic1_qos.module.aci_bgp_address_family_context_policy.var.ebgp_distance",
      "status": "pass",
      "objects": null
    },
    {
      "object_kind": "var",
      "config_addr": "module.apic2_qos.module.aci_sr_mpls_external_endpoint_group.var.l3out",
      "status": "pass",
      "objects": null
    },
    {
      "object_kind": "var",
      "config_addr": "module.apic1_qos.module.aci_leaf_fabric_interface_configuration_sub.var.policy_group",
      "status": "pass",
      "objects": null
    },
    {
      "object_kind": "var",
      "config_addr": "module.apic2_qos.module.aci_bgp_peer_prefix_policy.var.tenant",
      "status": "pass",
      "objects": null
    },
    {
      "object_kind": "var",
      "config_addr": "module.apic2_qos.module.aci_access_leaf_interface_policy_group.var.spanning_tree_policy",
      "status": "pass",
      "objects": null
    },
    {
      "object_kind": "var",
      "config_addr": "module.apic2_qos.module.aci_snmp_policy.var.users",
      "status": "pass",
      "objects": null
    },
    {
      "object_kind": "var",
      "config_addr": "module.apic2_qos.module.aci_l3out_interface_profile_manual.var.bfd_policy",
      "status": "pass",
      "objects": null
    },
    {
      "object_kind": "var",
      "config_addr": "module.apic1_qos.module.aci_useg_endpoint_group.var.bridge_domain",
      "status": "pass",
      "objects": null
    },
    {
      "object_kind": "var",
      "config_addr": "module.apic1_qos.module.aci_multicast_route_map.var.description",
      "status": "pass",
      "objects": null
    },
    {
      "object_kind": "var",
      "config_addr": "module.apic2_qos.module.aci_multicast_route_map.var.description",
      "status": "pass",
      "objects": null
    },
    {
      "object_kind": "var",
      "config_addr": "module.apic1_qos.module.aci_aaa.var.login_max_failed_attempts_window",
      "status": "pass",
      "objects": null
    },
    {
      "object_kind": "var",
      "config_addr": "module.apic1_qos.module.aci_leaf_interface_configuration_sub.var.policy_group_type",
      "status": "pass",
      "objects": null
    },
    {
      "object_kind": "var",
      "config_addr": "module.apic1_qos.module.aci_route_control_route_map.var.name",
      "status": "pass",
      "objects": null
    },
    {
      "object_kind": "var",
      "config_addr": "module.apic1_qos.module.aci_tenant_span_destination_group.var.flow_id",
      "status": "pass",
      "objects": null
    },
    {
      "object_kind": "var",
      "config_addr": "module.apic2_qos.module.aci_access_span_source_group.var.destination_name",
      "status": "pass",
      "objects": null
    },
    {
      "object_kind": "var",
      "config_addr": "module.apic1_qos.module.aci_leaf_interface_configuration.var.sub_port",
      "status": "pass",
      "objects": null
    },
    {
      "object_kind": "var",
      "config_addr": "module.apic1_qos.module.aci_access_spine_interface_selector_manual.var.name",
      "status": "pass",
      "objects": null
    },
    {
      "object_kind": "var",
      "config_addr": "module.apic2_qos.module.aci_qos_policy.var.name",
      "status": "pass",
      "objects": null
    },
    {
      "object_kind": "var",
      "config_addr": "module.apic2_qos.module.aci_match_rule.var.name",
      "status": "pass",
      "objects": null
    },
    {
      "object_kind": "var",
      "config_addr": "module.apic1_qos.module.aci_bridge_domain.var.alias",
      "status": "pass",
      "objects": null
    },
    {
      "object_kind": "var",
      "config_addr": "module.apic2_qos.module.aci_ptp.var.announce_interval",
      "status": "pass",
      "objects": null
    },
    {
      "object_kind": "var",
      "config_addr": "module.apic1_qos.module.aci_igmp_interface_policy.var.grp_timeout",
      "status": "pass",
      "objects": null
    },
    {
      "object_kind": "var",
      "config_addr": "module.apic1_qos.module.aci_vrf.var.contract_consumers",
      "status": "pass",
      "objects": null
    },
    {
      "object_kind": "var",
      "config_addr": "module.apic2_qos.module.aci_nd_ra_prefix_policy.var.preferred_lifetime",
      "status": "pass",
      "objects": null
    },
    {
      "object_kind": "var",
      "config_addr": "module.apic1_qos.module.aci_interface_shutdown.var.pod_id",
      "status": "pass",
      "objects": null
    },
    {
      "object_kind": "var",
      "config_addr": "module.apic2_qos.module.aci_storm_control_policy.var.description",
      "status": "pass",
      "objects": null
    },
    {
      "object_kind": "var",
      "config_addr": "module.apic2_qos.module.aci_mst_policy.var.instances",
      "status": "pass",
      "objects": null
    },
    {
      "object_kind": "var",
      "config_addr": "module.apic2_qos.module.aci_tacacs.var.port",
      "status": "pass",
      "objects": null
    },
    {
      "object_kind": "var",
      "config_addr": "module.apic2_qos.module.aci_coop_policy.var.coop_group_policy",
      "status": "pass",
      "objects": null
    },
    {
      "object_kind": "var",
      "config_addr": "module.apic1_qos.module.aci_tacacs.var.retries",
      "status": "pass",
      "objects": null
    },
    {
      "object_kind": "var",
      "config_addr": "module.apic1_qos.module.aci_qos.var.qos_classes",
      "status": "pass",
      "objects": [
        {
          "object_addr": "module.apic1_qos.module.aci_qos[0].var.qos_classes",
          "status": "pass"
        }
      ]
    },
    {
      "object_kind": "var",
      "config_addr": "module.apic2_qos.module.aci_fabric_span_destination_group.var.mtu",
      "status": "pass",
      "objects": null
    },
    {
      "object_kind": "var",
      "config_addr": "module.apic2_qos.module.aci_tenant.var.name",
      "status": "pass",
      "objects": null
    },
    {
      "object_kind": "var",
      "config_addr": "module.apic1_qos.module.aci_vrf.var.bgp_ipv4_export_route_target",
      "status": "pass",
      "objects": null
    },
    {
      "object_kind": "var",
      "config_addr": "module.apic1_qos.module.aci_macsec_interfaces_policy.var.name",
      "status": "pass",
      "objects": null
    },
    {
      "object_kind": "var",
      "config_addr": "module.apic2_qos.module.aci_inband_node_address.var.endpoint_group",
      "status": "pass",
      "objects": null
    },
    {
      "object_kind": "var",
      "config_addr": "module.apic1_qos.module.aci_storm_control_policy.var.broadcast_burst_rate",
      "status": "pass",
      "objects": null
    },
    {
      "object_kind": "var",
      "config_addr": "module.apic1_qos.module.aci_snmp_policy.var.trap_forwarders",
      "status": "pass",
      "objects": null
    },
    {
      "object_kind": "var",
      "config_addr": "module.apic1_qos.module.aci_route_control_route_map.var.description",
      "status": "pass",
      "objects": null
    },
    {
      "object_kind": "var",
      "config_addr": "module.apic1_qos.module.aci_l3out_interface_profile_auto.var.description",
      "status": "pass",
      "objects": null
    },
    {
      "object_kind": "var",
      "config_addr": "module.apic1_qos.module.aci_device_selection_policy.var.copy_service_epg_policy",
      "status": "pass",
      "objects": null
    },
    {
      "object_kind": "var",
      "config_addr": "module.apic2_qos.module.aci_vmware_vmm_domain.var.vswitch_enhanced_lags",
      "status": "pass",
      "objects": null
    },
    {
      "object_kind": "var",
      "config_addr": "module.apic2_qos.module.aci_set_rule.var.dampening_half_life",
      "status": "pass",
      "objects": null
    },
    {
      "object_kind": "var",
      "config_addr": "module.apic2_qos.module.aci_ptp.var.profile",
      "status": "pass",
      "objects": null
    },
    {
      "object_kind": "var",
      "config_addr": "module.apic1_qos.module.aci_routed_domain.var.security_domains",
      "status": "pass",
      "objects": null
    },
    {
      "object_kind": "var",
      "config_addr": "module.apic2_qos.module.aci_ca_certificate.var.name",
      "status": "pass",
      "objects": null
    },
    {
      "object_kind": "var",
      "config_addr": "module.apic2_qos.module.aci_vrf.var.bgp_timer_policy",
      "status": "pass",
      "objects": null
    },
    {
      "object_kind": "var",
      "config_addr": "module.apic1_qos.module.aci_access_leaf_interface_selector_manual.var.policy_group_type",
      "status": "pass",
      "objects": null
    },
    {
      "object_kind": "var",
      "config_addr": "module.apic1_qos.module.aci_access_fex_interface_profile_auto.var.name",
      "status": "pass",
      "objects": null
    },
    {
      "object_kind": "var",
      "config_addr": "module.apic2_qos.module.aci_fabric_leaf_switch_configuration.var.fabric_policy_group",
      "status": "pass",
      "objects": null
    },
    {
      "object_kind": "var",
      "config_addr": "module.apic2_qos.module.aci_bfd_ipv6_policy.var.startup_timer_interval",
      "status": "pass",
      "objects": null
    },
    {
      "object_kind": "var",
      "config_addr": "module.apic1_qos.module.aci_access_leaf_interface_policy_group.var.netflow_monitor_policies",
      "status": "pass",
      "objects": null
    },
    {
      "object_kind": "var",
      "config_addr": "module.apic2_qos.module.aci_netflow_monitor.var.name",
      "status": "pass",
      "objects": null
    },
    {
      "object_kind": "var",
      "config_addr": "module.apic2_qos.module.aci_fabric_leaf_interface_profile_manual.var.name",
      "status": "pass",
      "objects": null
    },
    {
      "object_kind": "var",
      "config_addr": "module.apic1_qos.module.aci_l4l7_device.var.tenant",
      "status": "pass",
      "objects": null
    },
    {
      "object_kind": "var",
      "config_addr": "module.apic2_qos.module.aci_leaf_interface_configuration.var.role",
      "status": "pass",
      "objects": null
    },
    {
      "object_kind": "var",
      "config_addr": "module.apic1_qos.module.aci_access_leaf_interface_policy_group.var.type",
      "status": "pass",
      "objects": null
    },
    {
      "object_kind": "var",
      "config_addr": "module.apic1_qos.module.aci_access_leaf_interface_selector_sub_auto.var.policy_group_type",
      "status": "pass",
      "objects": null
    },
    {
      "object_kind": "var",
      "config_addr": "module.apic1_qos.module.aci_access_leaf_interface_selector_sub_auto.var.interface_profile",
      "status": "pass",
      "objects": null
    },
    {
      "object_kind": "var",
      "config_addr": "module.apic1_qos.module.aci_access_span_source_group.var.description",
      "status": "pass",
      "objects": null
    },
    {
      "object_kind": "var",
      "config_addr": "module.apic1_qos.module.aci_leaf_interface_configuration_sub.var.port",
      "status": "pass",
      "objects": null
    },
    {
      "object_kind": "var",
      "config_addr": "module.apic2_qos.module.aci_fabric_span_source_group.var.name",
      "status": "pass",
      "objects": null
    },
    {
      "object_kind": "var",
      "config_addr": "module.apic1_qos.module.aci_useg_endpoint_group.var.custom_qos_policy",
      "status": "pass",
      "objects": null
    },
    {
      "object_kind": "var",
      "config_addr": "module.apic1_qos.module.aci_access_leaf_interface_selector_auto.var.fex_id",
      "status": "pass",
      "objects": null
    },
    {
      "object_kind": "var",
      "config_addr": "module.apic2_qos.module.aci_vspan_destination_group.var.destinations",
      "status": "pass",
      "objects": null
    },
    {
      "object_kind": "var",
      "config_addr": "module.apic1_qos.module.aci_l3out_node_profile_auto.var.nodes",
      "status": "pass",
      "objects": null
    },
    {
      "object_kind": "var",
      "config_addr": "module.apic1_qos.module.aci_aaa.var.password_history_count",
      "status": "pass",
      "objects": null
    },
    {
      "object_kind": "var",
      "config_addr": "module.apic1_qos.module.aci_ptp.var.global_domain",
      "status": "pass",
      "objects": null
    },
    {
      "object_kind": "var",
      "config_addr": "module.apic1_qos.module.aci_date_time_policy.var.name",
      "status": "pass",
      "objects": null
    },
    {
      "object_kind": "var",
      "config_addr": "module.apic2_qos.module.aci_sr_mpls_l3out.var.vrf",
      "status": "pass",
      "objects": null
    },
    {
      "object_kind": "var",
      "config_addr": "module.apic1_qos.module.aci_infra_dscp_translation_policy.var.level_3",
      "status": "pass",
      "objects": null
    },
    {
      "object_kind": "var",
      "config_addr": "module.apic2_qos.module.aci_device_selection_policy.var.consumer_redirect_policy",
      "status": "pass",
      "objects": null
    },
    {
      "object_kind": "var",
      "config_addr": "module.apic1_qos.module.aci_inband_endpoint_group.var.bridge_domain",
      "status": "pass",
      "objects": null
    },
    {
      "object_kind": "var",
      "config_addr": "module.apic1_qos.module.aci_vspan_session.var.description",
      "status": "pass",
      "objects": null
    },
    {
      "object_kind": "var",
      "config_addr": "module.apic1_qos.module.aci_access_leaf_interface_selector_manual.var.fex_id",
      "status": "pass",
      "objects": null
    },
    {
      "object_kind": "var",
      "config_addr": "module.apic2_qos.module.aci_access_spine_interface_selector_manual.var.policy_group",
      "status": "pass",
      "objects": null
    },
    {
      "object_kind": "var",
      "config_addr": "module.apic2_qos.module.aci_endpoint_security_group.var.name",
      "status": "pass",
      "objects": null
    },
    {
      "object_kind": "var",
      "config_addr": "module.apic2_qos.module.aci_multicast_route_map.var.entries",
      "status": "pass",
      "objects": null
    },
    {
      "object_kind": "var",
      "config_addr": "module.apic2_qos.module.aci_access_span_destination_group.var.description",
      "status": "pass",
      "objects": null
    },
    {
      "object_kind": "var",
      "config_addr": "module.apic1_qos.module.aci_contract.var.scope",
      "status": "pass",
      "objects": null
    },
    {
      "object_kind": "var",
      "config_addr": "module.apic2_qos.module.aci_ospf_timer_policy.var.distance",
      "status": "pass",
      "objects": null
    },
    {
      "object_kind": "var",
      "config_addr": "module.apic1_qos.module.aci_pim_policy.var.auth_type",
      "status": "pass",
      "objects": null
    },
    {
      "object_kind": "var",
      "config_addr": "module.apic1_qos.module.aci_sr_mpls_external_endpoint_group.var.route_control_profiles",
      "status": "pass",
      "objects": null
    },
    {
      "object_kind": "var",
      "config_addr": "module.apic2_qos.module.aci_bfd_multihop_node_policy.var.detection_multiplier",
      "status": "pass",
      "objects": null
    },
    {
      "object_kind": "var",
      "config_addr": "module.apic2_qos.module.aci_device_selection_policy.var.consumer_redirect_policy_tenant",
      "status": "pass",
      "objects": null
    },
    {
      "object_kind": "var",
      "config_addr": "module.apic2_qos.module.aci_aaa.var.web_token_max_validity",
      "status": "pass",
      "objects": null
    },
    {
      "object_kind": "var",
      "config_addr": "module.apic1_qos.module.aci_access_span_source_group.var.destination_description",
      "status": "pass",
      "objects": null
    },
    {
      "object_kind": "var",
      "config_addr": "module.apic2_qos.module.aci_endpoint_group.var.custom_qos_policy",
      "status": "pass",
      "objects": null
    },
    {
      "object_kind": "var",
      "config_addr": "module.apic1_qos.module.aci_endpoint_mac_tag_policy.var.mac",
      "status": "pass",
      "objects": null
    },
    {
      "object_kind": "var",
      "config_addr": "module.apic2_qos.module.aci_dhcp_relay_policy.var.description",
      "status": "pass",
      "objects": null
    },
    {
      "object_kind": "var",
      "config_addr": "module.apic2_qos.module.aci_bfd_ipv4_policy.var.type",
      "status": "pass",
      "objects": null
    },
    {
      "object_kind": "var",
      "config_addr": "module.apic2_qos.module.aci_device_selection_policy.var.consumer_external_endpoint_group_l3out",
      "status": "pass",
      "objects": null
    },
    {
      "object_kind": "var",
      "config_addr": "module.apic1_qos.module.aci_storm_control_policy.var.unknown_unicast_pps",
      "status": "pass",
      "objects": null
    },
    {
      "object_kind": "var",
      "config_addr": "module.apic2_qos.module.aci_oob_contract.var.alias",
      "status": "pass",
      "objects": null
    },
    {
      "object_kind": "var",
      "config_addr": "module.apic2_qos.module.aci_bfd_ipv4_policy.var.startup_timer_interval",
      "status": "pass",
      "objects": null
    },
    {
      "object_kind": "var",
      "config_addr": "module.apic1_qos.module.aci_l3out.var.import_route_map_type",
      "status": "pass",
      "objects": null
    },
    {
      "object_kind": "var",
      "config_addr": "module.apic2_qos.module.aci_filter.var.tenant",
      "status": "pass",
      "objects": null
    },
    {
      "object_kind": "var",
      "config_addr": "module.apic1_qos.module.aci_inband_endpoint_group.var.contract_providers",
      "status": "pass",
      "objects": null
    },
    {
      "object_kind": "var",
      "config_addr": "module.apic2_qos.module.aci_netflow_record.var.description",
      "status": "pass",
      "objects": null
    },
    {
      "object_kind": "var",
      "config_addr": "module.apic1_qos.module.aci_bgp_address_family_context_policy.var.ibgp_distance",
      "status": "pass",
      "objects": null
    },
    {
      "object_kind": "var",
      "config_addr": "module.apic1_qos.module.aci_leaf_interface_configuration_sub.var.fex_id",
      "status": "pass",
      "objects": null
    },
    {
      "object_kind": "var",
      "config_addr": "module.apic2_qos.module.aci_useg_endpoint_group.var.trust_control_policy",
      "status": "pass",
      "objects": null
    },
    {
      "object_kind": "var",
      "config_addr": "module.apic2_qos.module.aci_access_fex_interface_profile_manual.var.name",
      "status": "pass",
      "objects": null
    },
    {
      "object_kind": "var",
      "config_addr": "module.apic2_qos.module.aci_useg_endpoint_group.var.contract_intra_epgs",
      "status": "pass",
      "objects": null
    },
    {
      "object_kind": "var",
      "config_addr": "module.apic2_qos.module.aci_geolocation.var.buildings",
      "status": "pass",
      "objects": null
    },
    {
      "object_kind": "var",
      "config_addr": "module.apic2_qos.module.aci_nd_interface_policy.var.hop_limit",
      "status": "pass",
      "objects": null
    },
    {
      "object_kind": "var",
      "config_addr": "module.apic1_qos.module.aci_sr_mpls_l3out_node_profile_manual.var.bgp_timer_policy",
      "status": "pass",
      "objects": null
    },
    {
      "object_kind": "var",
      "config_addr": "module.apic2_qos.module.aci_ptp.var.sync_interval",
      "status": "pass",
      "objects": null
    },
    {
      "object_kind": "var",
      "config_addr": "module.apic2_qos.module.aci_interface_configuration_fex.var.description",
      "status": "pass",
      "objects": null
    },
    {
      "object_kind": "var",
      "config_addr": "module.apic2_qos.module.aci_aaa.var.login_max_failed_attempts",
      "status": "pass",
      "objects": null
    },
    {
      "object_kind": "var",
      "config_addr": "module.apic2_qos.module.aci_interface_shutdown.var.node_id",
      "status": "pass",
      "objects": null
    },
    {
      "object_kind": "var",
      "config_addr": "module.apic2_qos.module.aci_match_rule.var.community_terms",
      "status": "pass",
      "objects": null
    },
    {
      "object_kind": "var",
      "config_addr": "module.apic1_qos.module.aci_fabric_spine_switch_policy_group.var.psu_policy",
      "status": "pass",
      "objects": null
    },
    {
      "object_kind": "var",
      "config_addr": "module.apic1_qos.module.aci_access_span_destination_group.var.ttl",
      "status": "pass",
      "objects": null
    },
    {
      "object_kind": "var",
      "config_addr": "module.apic2_qos.module.aci_interface_shutdown.var.module",
      "status": "pass",
      "objects": null
    },
    {
      "object_kind": "var",
      "config_addr": "module.apic1_qos.module.aci_infra_dhcp_relay_policy.var.name",
      "status": "pass",
      "objects": null
    },
    {
      "object_kind": "var",
      "config_addr": "module.apic1_qos.module.aci_mpls_custom_qos_policy.var.ingress_rules",
      "status": "pass",
      "objects": null
    },
    {
      "object_kind": "var",
      "config_addr": "module.apic2_qos.module.aci_user.var.phone",
      "status": "pass",
      "objects": null
    },
    {
      "object_kind": "var",
      "config_addr": "module.apic2_qos.module.aci_sr_mpls_external_endpoint_group.var.contract_imported_consumers",
      "status": "pass",
      "objects": null
    },
    {
      "object_kind": "var",
      "config_addr": "module.apic2_qos.module.aci_macsec_keychain_policies.var.description",
      "status": "pass",
      "objects": null
    },
    {
      "object_kind": "var",
      "config_addr": "module.apic2_qos.module.aci_access_leaf_interface_selector_sub_auto.var.fex_id",
      "status": "pass",
      "objects": null
    },
    {
      "object_kind": "var",
      "config_addr": "module.apic1_qos.module.aci_redirect_policy.var.l1l2_destinations",
      "status": "pass",
      "objects": null
    },
    {
      "object_kind": "var",
      "config_addr": "module.apic1_qos.module.aci_fabric_spine_switch_profile_auto.var.name",
      "status": "pass",
      "objects": null
    },
    {
      "object_kind": "var",
      "config_addr": "module.apic2_qos.module.aci_access_leaf_interface_selector_sub_auto.var.name",
      "status": "pass",
      "objects": null
    },
    {
      "object_kind": "var",
      "config_addr": "module.apic2_qos.module.aci_port_tracking.var.delay",
      "status": "pass",
      "objects": null
    },
    {
      "object_kind": "var",
      "config_addr": "module.apic2_qos.module.aci_pod_setup.var.pod_id",
      "status": "pass",
      "objects": null
    },
    {
      "object_kind": "var",
      "config_addr": "module.apic1_qos.module.aci_igmp_interface_policy.var.startup_query_count",
      "status": "pass",
      "objects": null
    },
    {
      "object_kind": "var",
      "config_addr": "module.apic2_qos.module.aci_access_spine_interface_policy_group.var.cdp_policy",
      "status": "pass",
      "objects": null
    },
    {
      "object_kind": "var",
      "config_addr": "module.apic1_qos.module.aci_aaa.var.web_token_max_validity",
      "status": "pass",
      "objects": null
    },
    {
      "object_kind": "var",
      "config_addr": "module.apic2_qos.module.aci_nd_interface_policy.var.mtu",
      "status": "pass",
      "objects": null
    },
    {
      "object_kind": "var",
      "config_addr": "module.apic2_qos.module.aci_oob_contract.var.subjects",
      "status": "pass",
      "objects": null
    },
    {
      "object_kind": "var",
      "config_addr": "module.apic1_qos.module.aci_interface_shutdown.var.module",
      "status": "pass",
      "objects": null
    },
    {
      "object_kind": "var",
      "config_addr": "module.apic2_qos.module.aci_match_rule.var.tenant",
      "status": "pass",
      "objects": null
    },
    {
      "object_kind": "var",
      "config_addr": "module.apic2_qos.module.aci_nd_interface_policy.var.tenant",
      "status": "pass",
      "objects": null
    },
    {
      "object_kind": "var",
      "config_addr": "module.apic1_qos.module.aci_vrf.var.description",
      "status": "pass",
      "objects": null
    },
    {
      "object_kind": "var",
      "config_addr": "module.apic1_qos.module.aci_mst_policy.var.name",
      "status": "pass",
      "objects": null
    },
    {
      "object_kind": "var",
      "config_addr": "module.apic2_qos.module.aci_port_channel_policy.var.min_links",
      "status": "pass",
      "objects": null
    },
    {
      "object_kind": "var",
      "config_addr": "module.apic2_qos.module.aci_l3out_interface_profile_manual.var.l3out",
      "status": "pass",
      "objects": null
    },
    {
      "object_kind": "var",
      "config_addr": "module.apic1_qos.module.aci_monitoring_policy.var.snmp_trap_policies",
      "status": "pass",
      "objects": null
    },
    {
      "object_kind": "var",
      "config_addr": "module.apic1_qos.module.aci_banner.var.apic_app_banner_severity",
      "status": "pass",
      "objects": null
    },
    {
      "object_kind": "var",
      "config_addr": "module.apic2_qos.module.aci_tacacs.var.hostname_ip",
      "status": "pass",
      "objects": null
    },
    {
      "object_kind": "var",
      "config_addr": "module.apic2_qos.module.aci_login_domain.var.ldap_group_map",
      "status": "pass",
      "objects": null
    },
    {
      "object_kind": "var",
      "config_addr": "module.apic2_qos.module.aci_access_leaf_switch_profile_auto.var.name",
      "status": "pass",
      "objects": null
    },
    {
      "object_kind": "var",
      "config_addr": "module.apic2_qos.module.aci_endpoint_security_group.var.contract_consumers",
      "status": "pass",
      "objects": null
    },
    {
      "object_kind": "var",
      "config_addr": "module.apic1_qos.module.aci_access_leaf_interface_selector_sub_auto.var.name",
      "status": "pass",
      "objects": null
    },
    {
      "object_kind": "var",
      "config_addr": "module.apic1_qos.module.aci_l3out.var.ospf_area_type",
      "status": "pass",
      "objects": null
    },
    {
      "object_kind": "var",
      "config_addr": "module.apic2_qos.module.aci_tenant_span_destination_group.var.dscp",
      "status": "pass",
      "objects": null
    },
    {
      "object_kind": "var",
      "config_addr": "module.apic1_qos.module.aci_snmp_policy.var.location",
      "status": "pass",
      "objects": null
    },
    {
      "object_kind": "var",
      "config_addr": "module.apic2_qos.module.aci_bgp_address_family_context_policy.var.name",
      "status": "pass",
      "objects": null
    },
    {
      "object_kind": "var",
      "config_addr": "module.apic2_qos.module.aci_track_list.var.description",
      "status": "pass",
      "objects": null
    },
    {
      "object_kind": "var",
      "config_addr": "module.apic1_qos.module.aci_qos_policy.var.tenant",
      "status": "pass",
      "objects": null
    },
    {
      "object_kind": "var",
      "config_addr": "module.apic1_qos.module.aci_ospf_timer_policy.var.spf_hold_interval",
      "status": "pass",
      "objects": null
    },
    {
      "object_kind": "var",
      "config_addr": "module.apic2_qos.module.aci_access_span_destination_group.var.endpoint_group",
      "status": "pass",
      "objects": null
    },
    {
      "object_kind": "var",
      "config_addr": "module.apic2_qos.module.aci_access_spine_switch_configuration.var.access_policy_group",
      "status": "pass",
      "objects": null
    },
    {
      "object_kind": "var",
      "config_addr": "module.apic1_qos.module.aci_sr_mpls_external_endpoint_group.var.contract_providers",
      "status": "pass",
      "objects": null
    },
    {
      "object_kind": "var",
      "config_addr": "module.apic1_qos.module.aci_multicast_route_map.var.tenant",
      "status": "pass",
      "objects": null
    },
    {
      "object_kind": "var",
      "config_addr": "module.apic1_qos.module.aci_config_passphrase.var.config_passphrase",
      "status": "pass",
      "objects": null
    },
    {
      "object_kind": "var",
      "config_addr": "module.apic1_qos.module.aci_vlan_pool.var.name",
      "status": "pass",
      "objects": null
    },
    {
      "object_kind": "var",
      "config_addr": "module.apic1_qos.module.aci_spine_fabric_interface_configuration.var.description",
      "status": "pass",
      "objects": null
    },
    {
      "object_kind": "var",
      "config_addr": "module.apic2_qos.module.aci_access_spine_switch_policy_group.var.bfd_ipv6_policy",
      "status": "pass",
      "objects": null
    },
    {
      "object_kind": "var",
      "config_addr": "module.apic2_qos.module.aci_l3out.var.routed_domain",
      "status": "pass",
      "objects": null
    },
    {
      "object_kind": "var",
      "config_addr": "module.apic1_qos.module.aci_ip_sla_policy.var.port",
      "status": "pass",
      "objects": null
    },
    {
      "object_kind": "var",
      "config_addr": "module.apic2_qos.module.aci_redirect_policy.var.l3_destinations",
      "status": "pass",
      "objects": null
    },
    {
      "object_kind": "var",
      "config_addr": "module.apic1_qos.module.aci_igmp_interface_policy.var.name",
      "status": "pass",
      "objects": null
    },
    {
      "object_kind": "var",
      "config_addr": "module.apic2_qos.module.aci_remote_location.var.hostname_ip",
      "status": "pass",
      "objects": null
    },
    {
      "object_kind": "var",
      "config_addr": "module.apic2_qos.module.aci_tenant_span_destination_group.var.destination_endpoint_group",
      "status": "pass",
      "objects": null
    },
    {
      "object_kind": "var",
      "config_addr": "module.apic1_qos.module.aci_endpoint_retention_policy.var.name",
      "status": "pass",
      "objects": null
    },
    {
      "object_kind": "var",
      "config_addr": "module.apic1_qos.module.aci_spine_fabric_interface_configuration.var.sub_port",
      "status": "pass",
      "objects": null
    },
    {
      "object_kind": "var",
      "config_addr": "module.apic1_qos.module.aci_leaf_fabric_interface_configuration_sub.var.role",
      "status": "pass",
      "objects": null
    },
    {
      "object_kind": "var",
      "config_addr": "module.apic2_qos.module.aci_endpoint_ip_tag_policy.var.tags",
      "status": "pass",
      "objects": null
    },
    {
      "object_kind": "var",
      "config_addr": "module.apic2_qos.module.aci_match_rule.var.regex_community_terms",
      "status": "pass",
      "objects": null
    },
    {
      "object_kind": "var",
      "config_addr": "module.apic1_qos.module.aci_set_rule.var.additional_communities",
      "status": "pass",
      "objects": null
    },
    {
      "object_kind": "var",
      "config_addr": "module.apic1_qos.module.aci_access_leaf_interface_profile_auto.var.name",
      "status": "pass",
      "objects": null
    },
    {
      "object_kind": "var",
      "config_addr": "module.apic1_qos.module.aci_pim_policy.var.designated_router_delay",
      "status": "pass",
      "objects": null
    },
    {
      "object_kind": "var",
      "config_addr": "module.apic1_qos.module.aci_sr_mpls_l3out_node_profile_manual.var.bgp_infra_peers",
      "status": "pass",
      "objects": null
    },
    {
      "object_kind": "var",
      "config_addr": "module.apic2_qos.module.aci_qos.var.qos_classes",
      "status": "pass",
      "objects": [
        {
          "object_addr": "module.apic2_qos.module.aci_qos[0].var.qos_classes",
          "status": "pass"
        }
      ]
    },
    {
      "object_kind": "var",
      "config_addr": "module.apic2_qos.module.aci_endpoint_security_group.var.contract_providers",
      "status": "pass",
      "objects": null
    },
    {
      "object_kind": "var",
      "config_addr": "module.apic1_qos.module.aci_l4l7_device.var.vmm_domain",
      "status": "pass",
      "objects": null
    },
    {
      "object_kind": "var",
      "config_addr": "module.apic2_qos.module.aci_application_profile.var.alias",
      "status": "pass",
      "objects": null
    },
    {
      "object_kind": "var",
      "config_addr": "module.apic2_qos.module.aci_application_profile.var.annotation",
      "status": "pass",
      "objects": null
    },
    {
      "object_kind": "var",
      "config_addr": "module.apic1_qos.module.aci_aaep.var.name",
      "status": "pass",
      "objects": null
    },
    {
      "object_kind": "var",
      "config_addr": "module.apic1_qos.module.aci_useg_endpoint_group.var.trust_control_policy",
      "status": "pass",
      "objects": null
    },
    {
      "object_kind": "var",
      "config_addr": "module.apic1_qos.module.aci_ip_sla_policy.var.description",
      "status": "pass",
      "objects": null
    },
    {
      "object_kind": "var",
      "config_addr": "module.apic1_qos.module.aci_access_leaf_switch_profile_auto.var.selectors",
      "status": "pass",
      "objects": null
    },
    {
      "object_kind": "var",
      "config_addr": "module.apic1_qos.module.aci_user.var.first_name",
      "status": "pass",
      "objects": null
    },
    {
      "object_kind": "var",
      "config_addr": "module.apic2_qos.module.aci_set_rule.var.tag",
      "status": "pass",
      "objects": null
    },
    {
      "object_kind": "var",
      "config_addr": "module.apic2_qos.module.aci_l3out_interface_profile_auto.var.qos_class",
      "status": "pass",
      "objects": null
    },
    {
      "object_kind": "var",
      "config_addr": "module.apic2_qos.module.aci_system_performance.var.top_slowest_requests",
      "status": "pass",
      "objects": null
    },
    {
      "object_kind": "var",
      "config_addr": "module.apic1_qos.module.aci_access_span_source_group.var.destination_name",
      "status": "pass",
      "objects": null
    },
    {
      "object_kind": "var",
      "config_addr": "module.apic2_qos.module.aci_igmp_interface_policy.var.last_member_response_time",
      "status": "pass",
      "objects": null
    },
    {
      "object_kind": "var",
      "config_addr": "module.apic2_qos.module.aci_trust_control_policy.var.tenant",
      "status": "pass",
      "objects": null
    },
    {
      "object_kind": "var",
      "config_addr": "module.apic2_qos.module.aci_fabric_pod_policy_group.var.management_access_policy",
      "status": "pass",
      "objects": null
    },
    {
      "object_kind": "var",
      "config_addr": "module.apic1_qos.module.aci_fex_interface_shutdown.var.port",
      "status": "pass",
      "objects": null
    },
    {
      "object_kind": "var",
      "config_addr": "module.apic2_qos.module.aci_redirect_policy.var.tenant",
      "status": "pass",
      "objects": null
    },
    {
      "object_kind": "var",
      "config_addr": "module.apic1_qos.module.aci_smart_licensing.var.mode",
      "status": "pass",
      "objects": null
    },
    {
      "object_kind": "var",
      "config_addr": "module.apic2_qos.module.aci_l2_policy.var.name",
      "status": "pass",
      "objects": null
    },
    {
      "object_kind": "var",
      "config_addr": "module.apic1_qos.module.aci_nd_ra_prefix_policy.var.name",
      "status": "pass",
      "objects": null
    },
    {
      "object_kind": "var",
      "config_addr": "module.apic1_qos.module.aci_tacacs.var.protocol",
      "status": "pass",
      "objects": null
    },
    {
      "object_kind": "var",
      "config_addr": "module.apic1_qos.module.aci_storm_control_policy.var.multicast_pps",
      "status": "pass",
      "objects": null
    },
    {
      "object_kind": "var",
      "config_addr": "module.apic1_qos.module.aci_ldap.var.ldap_providers",
      "status": "pass",
      "objects": null
    },
    {
      "object_kind": "var",
      "config_addr": "module.apic2_qos.module.aci_l3out_interface_profile_manual.var.eigrp_keychain_policy",
      "status": "pass",
      "objects": null
    },
    {
      "object_kind": "var",
      "config_addr": "module.apic2_qos.module.aci_access_leaf_interface_selector_auto.var.description",
      "status": "pass",
      "objects": null
    },
    {
      "object_kind": "var",
      "config_addr": "module.apic1_qos.module.aci_dns_policy.var.mgmt_epg_type",
      "status": "pass",
      "objects": null
    },
    {
      "object_kind": "var",
      "config_addr": "module.apic1_qos.module.aci_useg_endpoint_group.var.l4l7_address_pools",
      "status": "pass",
      "objects": null
    },
    {
      "object_kind": "var",
      "config_addr": "module.apic1_qos.module.aci_tenant.var.annotation",
      "status": "pass",
      "objects": null
    },
    {
      "object_kind": "var",
      "config_addr": "module.apic1_qos.module.aci_bgp_address_family_context_policy.var.ibgp_max_ecmp",
      "status": "pass",
      "objects": null
    },
    {
      "object_kind": "var",
      "config_addr": "module.apic1_qos.module.aci_device_selection_policy.var.consumer_redirect_policy_tenant",
      "status": "pass",
      "objects": null
    },
    {
      "object_kind": "var",
      "config_addr": "module.apic2_qos.module.aci_leaf_fabric_interface_configuration.var.node_id",
      "status": "pass",
      "objects": null
    },
    {
      "object_kind": "var",
      "config_addr": "module.apic2_qos.module.aci_aaep.var.description",
      "status": "pass",
      "objects": null
    },
    {
      "object_kind": "var",
      "config_addr": "module.apic1_qos.module.aci_bgp_peer_prefix_policy.var.tenant",
      "status": "pass",
      "objects": null
    },
    {
      "object_kind": "var",
      "config_addr": "module.apic1_qos.module.aci_spine_interface_configuration.var.description",
      "status": "pass",
      "objects": null
    },
    {
      "object_kind": "var",
      "config_addr": "module.apic1_qos.module.aci_vrf.var.pim_reserved_multicast_entries",
      "status": "pass",
      "objects": null
    },
    {
      "object_kind": "var",
      "config_addr": "module.apic2_qos.module.aci_vrf.var.annotation",
      "status": "pass",
      "objects": null
    },
    {
      "object_kind": "var",
      "config_addr": "module.apic2_qos.module.aci_vrf.var.pim_reserved_multicast_entries",
      "status": "pass",
      "objects": null
    },
    {
      "object_kind": "var",
      "config_addr": "module.apic2_qos.module.aci_snmp_policy.var.trap_forwarders",
      "status": "pass",
      "objects": null
    },
    {
      "object_kind": "var",
      "config_addr": "module.apic2_qos.module.aci_pim_policy.var.neighbor_filter_policy",
      "status": "pass",
      "objects": null
    },
    {
      "object_kind": "var",
      "config_addr": "module.apic2_qos.module.aci_node_registration.var.serial_number",
      "status": "pass",
      "objects": null
    },
    {
      "object_kind": "var",
      "config_addr": "module.apic1_qos.module.aci_tacacs.var.mgmt_epg_name",
      "status": "pass",
      "objects": null
    },
    {
      "object_kind": "var",
      "config_addr": "module.apic2_qos.module.aci_storm_control_policy.var.multicast_pps",
      "status": "pass",
      "objects": null
    },
    {
      "object_kind": "var",
      "config_addr": "module.apic1_qos.module.aci_qos_policy.var.alias",
      "status": "pass",
      "objects": null
    },
    {
      "object_kind": "var",
      "config_addr": "module.apic1_qos.module.aci_vspan_session.var.destination_description",
      "status": "pass",
      "objects": null
    },
    {
      "object_kind": "var",
      "config_addr": "module.apic1_qos.module.aci_fabric_scheduler.var.description",
      "status": "pass",
      "objects": null
    },
    {
      "object_kind": "var",
      "config_addr": "module.apic1_qos.module.aci_fabric_l2_mtu.var.l2_port_mtu",
      "status": "pass",
      "objects": null
    },
    {
      "object_kind": "var",
      "config_addr": "module.apic2_qos.module.aci_ptp_profile.var.priority",
      "status": "pass",
      "objects": null
    },
    {
      "object_kind": "var",
      "config_addr": "module.apic2_qos.module.aci_device_selection_policy.var.copy_service_epg_policy_tenant",
      "status": "pass",
      "objects": null
    },
    {
      "object_kind": "var",
      "config_addr": "module.apic2_qos.module.aci_endpoint_group.var.application_profile",
      "status": "pass",
      "objects": null
    },
    {
      "object_kind": "var",
      "config_addr": "module.apic1_qos.module.aci_netflow_exporter.var.external_endpoint_group",
      "status": "pass",
      "objects": null
    },
    {
      "object_kind": "var",
      "config_addr": "module.apic2_qos.module.aci_sr_mpls_l3out.var.annotation",
      "status": "pass",
      "objects": null
    },
    {
      "object_kind": "var",
      "config_addr": "module.apic1_qos.module.aci_management_access_policy.var.https_keyring",
      "status": "pass",
      "objects": null
    },
    {
      "object_kind": "var",
      "config_addr": "module.apic2_qos.module.aci_tenant_span_source_group.var.name",
      "status": "pass",
      "objects": null
    },
    {
      "object_kind": "var",
      "config_addr": "module.apic2_qos.module.aci_igmp_snooping_policy.var.tenant",
      "status": "pass",
      "objects": null
    },
    {
      "object_kind": "var",
      "config_addr": "module.apic1_qos.module.aci_vrf.var.ospf_timer_policy",
      "status": "pass",
      "objects": null
    },
    {
      "object_kind": "var",
      "config_addr": "module.apic1_qos.module.aci_bgp_address_family_context_policy.var.ebgp_max_ecmp",
      "status": "pass",
      "objects": null
    },
    {
      "object_kind": "var",
      "config_addr": "module.apic2_qos.module.aci_access_span_source_group.var.filter_group",
      "status": "pass",
      "objects": null
    },
    {
      "object_kind": "var",
      "config_addr": "module.apic2_qos.module.aci_access_leaf_interface_policy_group.var.lldp_policy",
      "status": "pass",
      "objects": null
    },
    {
      "object_kind": "var",
      "config_addr": "module.apic1_qos.module.aci_device_selection_policy.var.provider_logical_interface",
      "status": "pass",
      "objects": null
    },
    {
      "object_kind": "var",
      "config_addr": "module.apic2_qos.module.aci_bfd_multihop_node_policy.var.name",
      "status": "pass",
      "objects": null
    },
    {
      "object_kind": "var",
      "config_addr": "module.apic1_qos.module.aci_infra_dscp_translation_policy.var.traceroute",
      "status": "pass",
      "objects": null
    },
    {
      "object_kind": "var",
      "config_addr": "module.apic2_qos.module.aci_external_endpoint_group.var.route_control_profiles",
      "status": "pass",
      "objects": null
    },
    {
      "object_kind": "var",
      "config_addr": "module.apic2_qos.module.aci_sr_mpls_l3out.var.default_route_leak_policy_criteria",
      "status": "pass",
      "objects": null
    },
    {
      "object_kind": "var",
      "config_addr": "module.apic1_qos.module.aci_infra_dscp_translation_policy.var.level_1",
      "status": "pass",
      "objects": null
    },
    {
      "object_kind": "var",
      "config_addr": "module.apic1_qos.module.aci_l3out_interface_profile_auto.var.ospf_interface_profile_name",
      "status": "pass",
      "objects": null
    },
    {
      "object_kind": "var",
      "config_addr": "module.apic2_qos.module.aci_fabric_pod_profile_manual.var.selectors",
      "status": "pass",
      "objects": null
    },
    {
      "object_kind": "var",
      "config_addr": "module.apic1_qos.module.aci_endpoint_security_group.var.contract_providers",
      "status": "pass",
      "objects": null
    },
    {
      "object_kind": "var",
      "config_addr": "module.apic2_qos.module.aci_bridge_domain.var.virtual_mac",
      "status": "pass",
      "objects": null
    },
    {
      "object_kind": "var",
      "config_addr": "module.apic1_qos.module.aci_sr_mpls_l3out.var.dampening_ipv4_route_map",
      "status": "pass",
      "objects": null
    },
    {
      "object_kind": "var",
      "config_addr": "module.apic2_qos.module.aci_oob_endpoint_group.var.static_routes",
      "status": "pass",
      "objects": null
    },
    {
      "object_kind": "var",
      "config_addr": "module.apic1_qos.module.aci_useg_endpoint_group.var.contract_providers",
      "status": "pass",
      "objects": null
    },
    {
      "object_kind": "var",
      "config_addr": "module.apic1_qos.module.aci_bfd_interface_policy.var.min_tx_interval",
      "status": "pass",
      "objects": null
    },
    {
      "object_kind": "var",
      "config_addr": "module.apic2_qos.module.aci_access_span_source_group.var.name",
      "status": "pass",
      "objects": null
    },
    {
      "object_kind": "var",
      "config_addr": "module.apic1_qos.module.aci_bfd_ipv4_policy.var.echo_rx_interval",
      "status": "pass",
      "objects": null
    },
    {
      "object_kind": "var",
      "config_addr": "module.apic1_qos.module.aci_sr_mpls_l3out.var.dampening_ipv6_route_map",
      "status": "pass",
      "objects": null
    },
    {
      "object_kind": "var",
      "config_addr": "module.apic1_qos.module.aci_coop_policy.var.coop_group_policy",
      "status": "pass",
      "objects": null
    },
    {
      "object_kind": "var",
      "config_addr": "module.apic2_qos.module.aci_vrf.var.bgp_ipv6_address_family_context_policy",
      "status": "pass",
      "objects": null
    },
    {
      "object_kind": "var",
      "config_addr": "module.apic2_qos.module.aci_mpls_custom_qos_policy.var.description",
      "status": "pass",
      "objects": null
    },
    {
      "object_kind": "var",
      "config_addr": "module.apic2_qos.module.aci_storm_control_policy.var.rate_pps",
      "status": "pass",
      "objects": null
    },
    {
      "object_kind": "var",
      "config_addr": "module.apic2_qos.module.aci_l3out_interface_profile_manual.var.igmp_interface_policy",
      "status": "pass",
      "objects": null
    },
    {
      "object_kind": "var",
      "config_addr": "module.apic1_qos.module.aci_igmp_interface_policy.var.robustness_variable",
      "status": "pass",
      "objects": null
    },
    {
      "object_kind": "var",
      "config_addr": "module.apic2_qos.module.aci_link_level_policy.var.link_debounce_interval",
      "status": "pass",
      "objects": null
    },
    {
      "object_kind": "var",
      "config_addr": "module.apic2_qos.module.aci_bfd_ipv6_policy.var.name",
      "status": "pass",
      "objects": null
    },
    {
      "object_kind": "var",
      "config_addr": "module.apic2_qos.module.aci_ip_sla_policy.var.port",
      "status": "pass",
      "objects": null
    },
    {
      "object_kind": "var",
      "config_addr": "module.apic2_qos.module.aci_date_time_policy.var.apic_ntp_server_master_stratum",
      "status": "pass",
      "objects": null
    },
    {
      "object_kind": "var",
      "config_addr": "module.apic2_qos.module.aci_vlan_pool.var.name",
      "status": "pass",
      "objects": null
    },
    {
      "object_kind": "var",
      "config_addr": "module.apic1_qos.module.aci_leaf_interface_configuration_sub.var.breakout",
      "status": "pass",
      "objects": null
    },
    {
      "object_kind": "var",
      "config_addr": "module.apic1_qos.module.aci_l3out_node_profile_manual.var.bgp_timer_policy",
      "status": "pass",
      "objects": null
    },
    {
      "object_kind": "var",
      "config_addr": "module.apic1_qos.module.aci_access_leaf_interface_selector_auto.var.interface_profile",
      "status": "pass",
      "objects": null
    },
    {
      "object_kind": "var",
      "config_addr": "module.apic1_qos.module.aci_bgp_address_family_context_policy.var.name",
      "status": "pass",
      "objects": null
    },
    {
      "object_kind": "var",
      "config_addr": "module.apic2_qos.module.aci_vrf.var.pim_resource_policy_multicast_route_map",
      "status": "pass",
      "objects": null
    },
    {
      "object_kind": "var",
      "config_addr": "module.apic1_qos.module.aci_trust_control_policy.var.name",
      "status": "pass",
      "objects": null
    },
    {
      "object_kind": "var",
      "config_addr": "module.apic1_qos.module.aci_bridge_domain.var.unknown_ipv6_multicast",
      "status": "pass",
      "objects": null
    },
    {
      "object_kind": "var",
      "config_addr": "module.apic1_qos.module.aci_l3out_interface_profile_auto.var.dhcp_labels",
      "status": "pass",
      "objects": null
    },
    {
      "object_kind": "var",
      "config_addr": "module.apic1_qos.module.aci_macsec_keychain_policies.var.description",
      "status": "pass",
      "objects": null
    },
    {
      "object_kind": "var",
      "config_addr": "module.apic1_qos.module.aci_bridge_domain.var.virtual_mac",
      "status": "pass",
      "objects": null
    },
    {
      "object_kind": "var",
      "config_addr": "module.apic1_qos.module.aci_l3out_interface_profile_manual.var.description",
      "status": "pass",
      "objects": null
    },
    {
      "object_kind": "var",
      "config_addr": "module.apic2_qos.module.aci_sr_mpls_external_endpoint_group.var.annotation",
      "status": "pass",
      "objects": null
    },
    {
      "object_kind": "var",
      "config_addr": "module.apic1_qos.module.aci_l3out_interface_profile_auto.var.ospf_interface_policy",
      "status": "pass",
      "objects": null
    },
    {
      "object_kind": "var",
      "config_addr": "module.apic1_qos.module.aci_port_channel_policy.var.min_links",
      "status": "pass",
      "objects": null
    },
    {
      "object_kind": "var",
      "config_addr": "module.apic2_qos.module.aci_access_leaf_interface_selector_manual.var.name",
      "status": "pass",
      "objects": null
    },
    {
      "object_kind": "var",
      "config_addr": "module.apic2_qos.module.aci_pim_policy.var.hello_interval",
      "status": "pass",
      "objects": null
    },
    {
      "object_kind": "var",
      "config_addr": "module.apic2_qos.module.aci_ospf_timer_policy.var.max_ecmp",
      "status": "pass",
      "objects": null
    },
    {
      "object_kind": "var",
      "config_addr": "module.apic1_qos.module.aci_aaa.var.console_realm",
      "status": "pass",
      "objects": null
    },
    {
      "object_kind": "var",
      "config_addr": "module.apic1_qos.module.aci_storm_control_policy.var.broadcast_pps",
      "status": "pass",
      "objects": null
    },
    {
      "object_kind": "var",
      "config_addr": "module.apic1_qos.module.aci_sr_mpls_l3out.var.routed_domain",
      "status": "pass",
      "objects": null
    },
    {
      "object_kind": "var",
      "config_addr": "module.apic1_qos.module.aci_vrf.var.bgp_ipv6_import_route_target",
      "status": "pass",
      "objects": null
    },
    {
      "object_kind": "var",
      "config_addr": "module.apic1_qos.module.aci_tenant.var.name",
      "status": "pass",
      "objects": null
    },
    {
      "object_kind": "var",
      "config_addr": "module.apic1_qos.module.aci_access_leaf_interface_selector_auto.var.policy_group_type",
      "status": "pass",
      "objects": null
    },
    {
      "object_kind": "var",
      "config_addr": "module.apic1_qos.module.aci_access_fex_interface_selector_auto.var.description",
      "status": "pass",
      "objects": null
    },
    {
      "object_kind": "var",
      "config_addr": "module.apic2_qos.module.aci_fabric_scheduler.var.description",
      "status": "pass",
      "objects": null
    },
    {
      "object_kind": "var",
      "config_addr": "module.apic1_qos.module.aci_l4l7_device.var.function",
      "status": "pass",
      "objects": null
    },
    {
      "object_kind": "var",
      "config_addr": "module.apic2_qos.module.aci_fex_interface_shutdown.var.module",
      "status": "pass",
      "objects": null
    },
    {
      "object_kind": "var",
      "config_addr": "module.apic2_qos.module.aci_config_export.var.format",
      "status": "pass",
      "objects": null
    },
    {
      "object_kind": "var",
      "config_addr": "module.apic1_qos.module.aci_leaf_interface_configuration.var.module",
      "status": "pass",
      "objects": null
    },
    {
      "object_kind": "var",
      "config_addr": "module.apic1_qos.module.aci_sr_mpls_l3out.var.import_route_map_type",
      "status": "pass",
      "objects": null
    },
    {
      "object_kind": "var",
      "config_addr": "module.apic2_qos.module.aci_ospf_timer_policy.var.spf_max_interval",
      "status": "pass",
      "objects": null
    },
    {
      "object_kind": "var",
      "config_addr": "module.apic1_qos.module.aci_storm_control_policy.var.burst_pps",
      "status": "pass",
      "objects": null
    },
    {
      "object_kind": "var",
      "config_addr": "module.apic1_qos.module.aci_snmp_trap_policy.var.destinations",
      "status": "pass",
      "objects": null
    },
    {
      "object_kind": "var",
      "config_addr": "module.apic1_qos.module.aci_access_leaf_interface_policy_group.var.map",
      "status": "pass",
      "objects": null
    },
    {
      "object_kind": "var",
      "config_addr": "module.apic1_qos.module.aci_interface_configuration_fex.var.sub_port",
      "status": "pass",
      "objects": null
    },
    {
      "object_kind": "var",
      "config_addr": "module.apic2_qos.module.aci_spine_interface_configuration.var.role",
      "status": "pass",
      "objects": null
    },
    {
      "object_kind": "var",
      "config_addr": "module.apic1_qos.module.aci_sr_mpls_global_configuration.var.sr_global_block_maximum",
      "status": "pass",
      "objects": null
    },
    {
      "object_kind": "var",
      "config_addr": "module.apic1_qos.module.aci_external_endpoint_group.var.subnets",
      "status": "pass",
      "objects": null
    },
    {
      "object_kind": "var",
      "config_addr": "module.apic1_qos.module.aci_vrf.var.endpoint_retention_policy",
      "status": "pass",
      "objects": null
    },
    {
      "object_kind": "var",
      "config_addr": "module.apic2_qos.module.aci_l3out.var.dampening_ipv6_route_map",
      "status": "pass",
      "objects": null
    },
    {
      "object_kind": "var",
      "config_addr": "module.apic2_qos.module.aci_endpoint_security_group.var.epg_selectors",
      "status": "pass",
      "objects": null
    },
    {
      "object_kind": "var",
      "config_addr": "module.apic1_qos.module.aci_l3out_node_profile_auto.var.bgp_peers",
      "status": "pass",
      "objects": null
    },
    {
      "object_kind": "var",
      "config_addr": "module.apic2_qos.module.aci_l3out_interface_profile_auto.var.bfd_policy",
      "status": "pass",
      "objects": null
    },
    {
      "object_kind": "var",
      "config_addr": "module.apic1_qos.module.aci_l3out_interface_profile_auto.var.eigrp_keychain_policy",
      "status": "pass",
      "objects": null
    },
    {
      "object_kind": "var",
      "config_addr": "module.apic2_qos.module.aci_fabric_spine_switch_configuration.var.node_id",
      "status": "pass",
      "objects": null
    },
    {
      "object_kind": "var",
      "config_addr": "module.apic1_qos.module.aci_spine_interface_configuration.var.fex_id",
      "status": "pass",
      "objects": null
    },
    {
      "object_kind": "var",
      "config_addr": "module.apic2_qos.module.aci_macsec_parameters_policy.var.key_server_priority",
      "status": "pass",
      "objects": null
    },
    {
      "object_kind": "var",
      "config_addr": "module.apic1_qos.module.aci_subinterface_shutdown.var.node_id",
      "status": "pass",
      "objects": null
    },
    {
      "object_kind": "var",
      "config_addr": "module.apic2_qos.module.aci_tenant_span_source_group.var.destination",
      "status": "pass",
      "objects": null
    },
    {
      "object_kind": "var",
      "config_addr": "module.apic1_qos.module.aci_ptp_profile.var.announce_timeout",
      "status": "pass",
      "objects": null
    },
    {
      "object_kind": "var",
      "config_addr": "module.apic2_qos.module.aci_bfd_ipv6_policy.var.detection_multiplier",
      "status": "pass",
      "objects": null
    },
    {
      "object_kind": "var",
      "config_addr": "module.apic1_qos.module.aci_inband_endpoint_group.var.contract_imported_consumers",
      "status": "pass",
      "objects": null
    },
    {
      "object_kind": "var",
      "config_addr": "module.apic1_qos.module.aci_sr_mpls_l3out_node_profile_manual.var.nodes",
      "status": "pass",
      "objects": null
    },
    {
      "object_kind": "var",
      "config_addr": "module.apic1_qos.module.aci_device_selection_policy.var.sgt_device_tenant",
      "status": "pass",
      "objects": null
    },
    {
      "object_kind": "var",
      "config_addr": "module.apic1_qos.module.aci_vlan_pool.var.ranges",
      "status": "pass",
      "objects": null
    },
    {
      "object_kind": "var",
      "config_addr": "module.apic1_qos.module.aci_endpoint_group.var.bridge_domain",
      "status": "pass",
      "objects": null
    },
    {
      "object_kind": "var",
      "config_addr": "module.apic1_qos.module.aci_psu_policy.var.admin_state",
      "status": "pass",
      "objects": null
    },
    {
      "object_kind": "var",
      "config_addr": "module.apic1_qos.module.aci_access_span_destination_group.var.module",
      "status": "pass",
      "objects": null
    },
    {
      "object_kind": "var",
      "config_addr": "module.apic1_qos.module.aci_spine_interface_configuration.var.role",
      "status": "pass",
      "objects": null
    },
    {
      "object_kind": "var",
      "config_addr": "module.apic1_qos.module.aci_redirect_policy.var.l3_destinations",
      "status": "pass",
      "objects": null
    },
    {
      "object_kind": "var",
      "config_addr": "module.apic2_qos.module.aci_ospf_interface_policy.var.network_type",
      "status": "pass",
      "objects": null
    },
    {
      "object_kind": "var",
      "config_addr": "module.apic2_qos.module.aci_access_leaf_interface_selector_sub_auto.var.fex_interface_profile",
      "status": "pass",
      "objects": null
    },
    {
      "object_kind": "var",
      "config_addr": "module.apic2_qos.module.aci_access_span_destination_group.var.sub_port",
      "status": "pass",
      "objects": null
    },
    {
      "object_kind": "var",
      "config_addr": "module.apic1_qos.module.aci_ospf_timer_policy.var.tenant",
      "status": "pass",
      "objects": null
    },
    {
      "object_kind": "var",
      "config_addr": "module.apic2_qos.module.aci_bfd_multihop_node_policy.var.tenant",
      "status": "pass",
      "objects": null
    },
    {
      "object_kind": "var",
      "config_addr": "module.apic1_qos.module.aci_spine_fabric_interface_configuration.var.role",
      "status": "pass",
      "objects": null
    },
    {
      "object_kind": "var",
      "config_addr": "module.apic2_qos.module.aci_aaa.var.password_no_change_interval",
      "status": "pass",
      "objects": null
    },
    {
      "object_kind": "var",
      "config_addr": "module.apic2_qos.module.aci_set_rule.var.additional_communities",
      "status": "pass",
      "objects": null
    },
    {
      "object_kind": "var",
      "config_addr": "module.apic1_qos.module.aci_syslog_policy.var.format",
      "status": "pass",
      "objects": null
    },
    {
      "object_kind": "var",
      "config_addr": "module.apic2_qos.module.aci_endpoint_ip_tag_policy.var.tenant",
      "status": "pass",
      "objects": null
    },
    {
      "object_kind": "var",
      "config_addr": "module.apic1_qos.module.aci_imported_l4l7_device.var.description",
      "status": "pass",
      "objects": null
    },
    {
      "object_kind": "var",
      "config_addr": "module.apic1_qos.module.aci_l4l7_device.var.service_type",
      "status": "pass",
      "objects": null
    },
    {
      "object_kind": "var",
      "config_addr": "module.apic1_qos.module.aci_track_list.var.percentage_up",
      "status": "pass",
      "objects": null
    },
    {
      "object_kind": "var",
      "config_addr": "module.apic1_qos.module.aci_match_rule.var.prefixes",
      "status": "pass",
      "objects": null
    },
    {
      "object_kind": "var",
      "config_addr": "module.apic1_qos.module.aci_leaf_fabric_interface_configuration_sub.var.description",
      "status": "pass",
      "objects": null
    },
    {
      "object_kind": "var",
      "config_addr": "module.apic2_qos.module.aci_aaep.var.routed_domains",
      "status": "pass",
      "objects": null
    },
    {
      "object_kind": "var",
      "config_addr": "module.apic1_qos.module.aci_remote_location.var.auth_type",
      "status": "pass",
      "objects": null
    },
    {
      "object_kind": "var",
      "config_addr": "module.apic2_qos.module.aci_node_registration.var.type",
      "status": "pass",
      "objects": null
    },
    {
      "object_kind": "var",
      "config_addr": "module.apic2_qos.module.aci_endpoint_group.var.name",
      "status": "pass",
      "objects": null
    },
    {
      "object_kind": "var",
      "config_addr": "module.apic1_qos.module.aci_l3out_interface_profile_auto.var.qos_class",
      "status": "pass",
      "objects": null
    },
    {
      "object_kind": "var",
      "config_addr": "module.apic1_qos.module.aci_access_span_destination_group.var.pod_id",
      "status": "pass",
      "objects": null
    },
    {
      "object_kind": "var",
      "config_addr": "module.apic1_qos.module.aci_redirect_policy.var.ip_sla_policy",
      "status": "pass",
      "objects": null
    },
    {
      "object_kind": "var",
      "config_addr": "module.apic2_qos.module.aci_device_selection_policy.var.tenant",
      "status": "pass",
      "objects": null
    },
    {
      "object_kind": "var",
      "config_addr": "module.apic1_qos.module.aci_endpoint_ip_tag_policy.var.vrf",
      "status": "pass",
      "objects": null
    },
    {
      "object_kind": "var",
      "config_addr": "module.apic2_qos.module.aci_macsec_parameters_policy.var.security_policy",
      "status": "pass",
      "objects": null
    },
    {
      "object_kind": "var",
      "config_addr": "module.apic2_qos.module.aci_sr_mpls_global_configuration.var.sr_global_block_maximum",
      "status": "pass",
      "objects": null
    },
    {
      "object_kind": "var",
      "config_addr": "module.apic1_qos.module.aci_access_leaf_switch_policy_group.var.name",
      "status": "pass",
      "objects": null
    },
    {
      "object_kind": "var",
      "config_addr": "module.apic1_qos.module.aci_sr_mpls_l3out_interface_profile_manual.var.interfaces",
      "status": "pass",
      "objects": null
    },
    {
      "object_kind": "var",
      "config_addr": "module.apic1_qos.module.aci_endpoint_retention_policy.var.hold_interval",
      "status": "pass",
      "objects": null
    },
    {
      "object_kind": "var",
      "config_addr": "module.apic2_qos.module.aci_endpoint_group.var.l4l7_address_pools",
      "status": "pass",
      "objects": null
    },
    {
      "object_kind": "var",
      "config_addr": "module.apic2_qos.module.aci_spine_fabric_interface_configuration.var.description",
      "status": "pass",
      "objects": null
    },
    {
      "object_kind": "var",
      "config_addr": "module.apic2_qos.module.aci_subinterface_shutdown.var.sub_port",
      "status": "pass",
      "objects": null
    },
    {
      "object_kind": "var",
      "config_addr": "module.apic2_qos.module.aci_set_rule.var.dampening_reuse_limit",
      "status": "pass",
      "objects": null
    },
    {
      "object_kind": "var",
      "config_addr": "module.apic2_qos.module.aci_storm_control_policy.var.unknown_unicast_pps",
      "status": "pass",
      "objects": null
    },
    {
      "object_kind": "var",
      "config_addr": "module.apic2_qos.module.aci_bgp_route_summarization_policy.var.name",
      "status": "pass",
      "objects": null
    },
    {
      "object_kind": "var",
      "config_addr": "module.apic1_qos.module.aci_rbac_node_rule.var.node_id",
      "status": "pass",
      "objects": null
    },
    {
      "object_kind": "var",
      "config_addr": "module.apic2_qos.module.aci_ptp_profile.var.template",
      "status": "pass",
      "objects": null
    },
    {
      "object_kind": "var",
      "config_addr": "module.apic1_qos.module.aci_l3out.var.eigrp_asn",
      "status": "pass",
      "objects": null
    },
    {
      "object_kind": "var",
      "config_addr": "module.apic2_qos.module.aci_access_leaf_switch_configuration.var.role",
      "status": "pass",
      "objects": null
    },
    {
      "object_kind": "var",
      "config_addr": "module.apic2_qos.module.aci_macsec_interfaces_policy.var.macsec_parameters_policy",
      "status": "pass",
      "objects": null
    },
    {
      "object_kind": "var",
      "config_addr": "module.apic2_qos.module.aci_leaf_interface_configuration.var.node_id",
      "status": "pass",
      "objects": null
    },
    {
      "object_kind": "var",
      "config_addr": "module.apic1_qos.module.aci_ospf_timer_policy.var.name",
      "status": "pass",
      "objects": null
    },
    {
      "object_kind": "var",
      "config_addr": "module.apic1_qos.module.aci_fabric_pod_policy_group.var.name",
      "status": "pass",
      "objects": null
    },
    {
      "object_kind": "var",
      "config_addr": "module.apic1_qos.module.aci_endpoint_group.var.subnets",
      "status": "pass",
      "objects": null
    },
    {
      "object_kind": "var",
      "config_addr": "module.apic2_qos.module.aci_mcp.var.initial_delay",
      "status": "pass",
      "objects": [
        {
          "object_addr": "module.apic2_qos.module.aci_mcp[0].var.initial_delay",
          "status": "pass"
        }
      ]
    },
    {
      "object_kind": "var",
      "config_addr": "module.apic2_qos.module.aci_contract.var.alias",
      "status": "pass",
      "objects": null
    },
    {
      "object_kind": "var",
      "config_addr": "module.apic2_qos.module.aci_sr_mpls_l3out.var.import_route_map_contexts",
      "status": "pass",
      "objects": null
    },
    {
      "object_kind": "var",
      "config_addr": "module.apic2_qos.module.aci_netflow_exporter.var.name",
      "status": "pass",
      "objects": null
    },
    {
      "object_kind": "var",
      "config_addr": "module.apic2_qos.module.aci_ospf_timer_policy.var.lsa_arrival_interval",
      "status": "pass",
      "objects": null
    },
    {
      "object_kind": "var",
      "config_addr": "module.apic2_qos.module.aci_bgp_peer_prefix_policy.var.name",
      "status": "pass",
      "objects": null
    },
    {
      "object_kind": "var",
      "config_addr": "module.apic2_qos.module.aci_access_span_destination_group.var.node_id",
      "status": "pass",
      "objects": null
    },
    {
      "object_kind": "var",
      "config_addr": "module.apic2_qos.module.aci_bridge_domain.var.endpoint_retention_policy",
      "status": "pass",
      "objects": null
    },
    {
      "object_kind": "var",
      "config_addr": "module.apic2_qos.module.aci_ptp_profile.var.delay_interval",
      "status": "pass",
      "objects": null
    }
  ]
}
